{
  "version": 4,
  "terraform_version": "1.0.9",
  "serial": 611,
  "lineage": "8ac9c802-c4ec-9810-2a37-b730b8c9cb10",
  "outputs": {},
  "resources": [
    {
      "mode": "data",
      "type": "archive_file",
      "name": "mad_libs",
      "provider": "provider[\"registry.terraform.io/hashicorp/archive\"]",
      "instances": [
        {
          "schema_version": 0,
          "attributes": {
            "excludes": null,
            "id": "120625b22c884b52b1c2b8fd50db812d9dd73d85",
            "output_base64sha256": "+IJwD8Kr5pO7RhDh/abAfnTBO21lc3OEgYsBsOfD81k=",
            "output_file_mode": null,
            "output_md5": "f3f64eb35e0e101ca6294e5a52318bf3",
            "output_path": "/Users/Brian.collins/Workspace/Lessons/Terraform/Progress/chapter3/listing2/madlibs.zip",
            "output_sha": "120625b22c884b52b1c2b8fd50db812d9dd73d85",
            "output_size": 52410,
            "source": [],
            "source_content": null,
            "source_content_filename": null,
            "source_dir": "./madlibs",
            "source_file": null,
            "type": "zip"
          },
          "sensitive_attributes": []
        }
      ]
    },
    {
      "mode": "managed",
      "type": "local_file",
      "name": "mad_libs",
      "provider": "provider[\"registry.terraform.io/hashicorp/local\"]",
      "instances": [
        {
          "index_key": 0,
          "schema_version": 0,
          "attributes": {
            "content": "ALICE'S UPSIDE-DOWN WORLD\n \nLewis Carroll's classic, \"Alice's Adventures in Wonderland\", as well\nas its ABUNDANT sequel, \"Through the Looking ARMY\",\nhave enchanted both the young and old SUNs for the last\n73 years, Alice's STICKY adventures begin\nwhen she DANCEs down a/an THUNDERING hole and lands\nin a strange and topsy-turvy JIGSAW. There she discovers she\ncan become a tall ZEUS or a small BANANA simply by\nnibbling on alternate sides of a magic CAT. In her travels\nthrough Wonderland, Alice RUNs such remarkable\ncharacters as the White PANTHER, the GRUMPY Hatter,\nthe Cheshire JELLYFISH, and even the Queen of SANDWICHs.\nUnfortunately, Alice's adventures come to a/an BITTER\nend when Alice awakens from her SANDWICH.",
            "content_base64": null,
            "directory_permission": "0777",
            "file_permission": "0777",
            "filename": "madlibs/madlibs-0.txt",
            "id": "986a2c87f3242ee9b40a27abe90af8ff34d23776",
            "sensitive_content": null,
            "source": null
          },
          "sensitive_attributes": [],
          "private": "bnVsbA==",
          "dependencies": [
            "random_shuffle.random_adjectives",
            "random_shuffle.random_adverbs",
            "random_shuffle.random_nouns",
            "random_shuffle.random_numbers",
            "random_shuffle.random_verbs"
          ]
        },
        {
          "index_key": 1,
          "schema_version": 0,
          "attributes": {
            "content": "THE OBSERVATORY\n \nOut class when on a field trip to a CHUBBY observatory. It\nwas located on top of a BANANA, and it looked like a giant\nSUN with a slit down its WALNUTS. We went inside and\nlooked through a VIOLIN and were able to see SANDWICHs in\nthe sky that were millions of CATs away. The men and\nwomen who RUN in the observatory are called\nJELLYFISHs, and they are always watching for comets, eclipses,\nand shooting ARMYs. An eclipse occurs when a PANTHER\ncomes between the earth and the MILK and everything\ngets GRUMPY. Next week, we place to DANCE the\nMuseum of Modern ZEUS.",
            "content_base64": null,
            "directory_permission": "0777",
            "file_permission": "0777",
            "filename": "madlibs/madlibs-1.txt",
            "id": "00d498a6dfdb87a9388772594219378ad4be8341",
            "sensitive_content": null,
            "source": null
          },
          "sensitive_attributes": [],
          "private": "bnVsbA==",
          "dependencies": [
            "random_shuffle.random_adjectives",
            "random_shuffle.random_adverbs",
            "random_shuffle.random_nouns",
            "random_shuffle.random_numbers",
            "random_shuffle.random_verbs"
          ]
        },
        {
          "index_key": 2,
          "schema_version": 0,
          "attributes": {
            "content": "HOW TO BE A PHOTOGRAPHER\n \nMany CHUBBY photographers make big money\nphotographing WALNUTSs and beautiful CATs. They sell\nthe prints to STICKY magazines or to agencies who use\nthem in MILK advertisements. To be a photographer, you\nhave to have a VIOLIN camera. You also need an\nTHUNDERING meter and filters and a special close-up\nARMY. Then you either hire professional CATs or go\nout and snap candid pictures of ordinary JIGSAWs. But if you\nwant to have a career, you must study very TRUTHFULLY for at\nleast 101 years.",
            "content_base64": null,
            "directory_permission": "0777",
            "file_permission": "0777",
            "filename": "madlibs/madlibs-2.txt",
            "id": "370a79bbc699f145a26acb2796e41d531fd62ac8",
            "sensitive_content": null,
            "source": null
          },
          "sensitive_attributes": [],
          "private": "bnVsbA==",
          "dependencies": [
            "random_shuffle.random_adjectives",
            "random_shuffle.random_adverbs",
            "random_shuffle.random_nouns",
            "random_shuffle.random_numbers",
            "random_shuffle.random_verbs"
          ]
        },
        {
          "index_key": 3,
          "schema_version": 0,
          "attributes": {
            "content": "ALICE'S UPSIDE-DOWN WORLD\n \nLewis Carroll's classic, \"Alice's Adventures in Wonderland\", as well\nas its THUNDERING sequel, \"Through the Looking BANANA\",\nhave enchanted both the young and old SUNs for the last\n27 years, Alice's GRUMPY adventures begin\nwhen she BAKEDs down a/an CHUBBY hole and lands\nin a strange and topsy-turvy JIGSAW. There she discovers she\ncan become a tall MILK or a small PANTHER simply by\nnibbling on alternate sides of a magic JELLYFISH. In her travels\nthrough Wonderland, Alice DANCEs such remarkable\ncharacters as the White WALNUTS, the BITTER Hatter,\nthe Cheshire SANDWICH, and even the Queen of ZEUSs.\nUnfortunately, Alice's adventures come to a/an STICKY\nend when Alice awakens from her ZEUS.",
            "content_base64": null,
            "directory_permission": "0777",
            "file_permission": "0777",
            "filename": "madlibs/madlibs-3.txt",
            "id": "becac8a80d3bcb5e2d3c88e133c3f48d689f8cf1",
            "sensitive_content": null,
            "source": null
          },
          "sensitive_attributes": [],
          "private": "bnVsbA==",
          "dependencies": [
            "random_shuffle.random_adjectives",
            "random_shuffle.random_adverbs",
            "random_shuffle.random_nouns",
            "random_shuffle.random_numbers",
            "random_shuffle.random_verbs"
          ]
        },
        {
          "index_key": 4,
          "schema_version": 0,
          "attributes": {
            "content": "THE OBSERVATORY\n \nOut class when on a field trip to a STICKY observatory. It\nwas located on top of a SUN, and it looked like a giant\nMILK with a slit down its JELLYFISH. We went inside and\nlooked through a ZEUS and were able to see WALNUTSs in\nthe sky that were millions of VIOLINs away. The men and\nwomen who BAKED in the observatory are called\nARMYs, and they are always watching for comets, eclipses,\nand shooting JIGSAWs. An eclipse occurs when a PANTHER\ncomes between the earth and the BANANA and everything\ngets THUNDERING. Next week, we place to RESPECT the\nMuseum of Modern CAT.",
            "content_base64": null,
            "directory_permission": "0777",
            "file_permission": "0777",
            "filename": "madlibs/madlibs-4.txt",
            "id": "ecf8ebe22cc4c1565b0f5687f47a032cd3cd85ad",
            "sensitive_content": null,
            "source": null
          },
          "sensitive_attributes": [],
          "private": "bnVsbA==",
          "dependencies": [
            "random_shuffle.random_adjectives",
            "random_shuffle.random_adverbs",
            "random_shuffle.random_nouns",
            "random_shuffle.random_numbers",
            "random_shuffle.random_verbs"
          ]
        },
        {
          "index_key": 5,
          "schema_version": 0,
          "attributes": {
            "content": "HOW TO BE A PHOTOGRAPHER\n \nMany THUNDERING photographers make big money\nphotographing VIOLINs and beautiful PANTHERs. They sell\nthe prints to BITTER magazines or to agencies who use\nthem in SANDWICH advertisements. To be a photographer, you\nhave to have a JIGSAW camera. You also need an\nSTICKY meter and filters and a special close-up\nBANANA. Then you either hire professional PANTHERs or go\nout and snap candid pictures of ordinary WALNUTSs. But if you\nwant to have a career, you must study very BEAUTIFULLY for at\nleast 27 years.",
            "content_base64": null,
            "directory_permission": "0777",
            "file_permission": "0777",
            "filename": "madlibs/madlibs-5.txt",
            "id": "8af27c20bb99ed411bb935839885df1214095992",
            "sensitive_content": null,
            "source": null
          },
          "sensitive_attributes": [],
          "private": "bnVsbA==",
          "dependencies": [
            "random_shuffle.random_adjectives",
            "random_shuffle.random_adverbs",
            "random_shuffle.random_nouns",
            "random_shuffle.random_numbers",
            "random_shuffle.random_verbs"
          ]
        },
        {
          "index_key": 6,
          "schema_version": 0,
          "attributes": {
            "content": "ALICE'S UPSIDE-DOWN WORLD\n \nLewis Carroll's classic, \"Alice's Adventures in Wonderland\", as well\nas its THUNDERING sequel, \"Through the Looking PANTHER\",\nhave enchanted both the young and old JIGSAWs for the last\n73 years, Alice's ABUNDANT adventures begin\nwhen she BAKEDs down a/an BITTER hole and lands\nin a strange and topsy-turvy JELLYFISH. There she discovers she\ncan become a tall BANANA or a small ARMY simply by\nnibbling on alternate sides of a magic VIOLIN. In her travels\nthrough Wonderland, Alice KICKEDs such remarkable\ncharacters as the White ZEUS, the CHUBBY Hatter,\nthe Cheshire WALNUTS, and even the Queen of SANDWICHs.\nUnfortunately, Alice's adventures come to a/an GRUMPY\nend when Alice awakens from her SANDWICH.",
            "content_base64": null,
            "directory_permission": "0777",
            "file_permission": "0777",
            "filename": "madlibs/madlibs-6.txt",
            "id": "fef6df2fe88c7ea339836c387eae7af55ee4eb7c",
            "sensitive_content": null,
            "source": null
          },
          "sensitive_attributes": [],
          "private": "bnVsbA==",
          "dependencies": [
            "random_shuffle.random_adjectives",
            "random_shuffle.random_adverbs",
            "random_shuffle.random_nouns",
            "random_shuffle.random_numbers",
            "random_shuffle.random_verbs"
          ]
        },
        {
          "index_key": 7,
          "schema_version": 0,
          "attributes": {
            "content": "THE OBSERVATORY\n \nOut class when on a field trip to a THUNDERING observatory. It\nwas located on top of a JELLYFISH, and it looked like a giant\nJIGSAW with a slit down its CAT. We went inside and\nlooked through a VIOLIN and were able to see SUNs in\nthe sky that were millions of ZEUSs away. The men and\nwomen who KICKED in the observatory are called\nPANTHERs, and they are always watching for comets, eclipses,\nand shooting ARMYs. An eclipse occurs when a WALNUTS\ncomes between the earth and the BANANA and everything\ngets ABUNDANT. Next week, we place to RESPECT the\nMuseum of Modern MILK.",
            "content_base64": null,
            "directory_permission": "0777",
            "file_permission": "0777",
            "filename": "madlibs/madlibs-7.txt",
            "id": "fe218e5ae12c75b19f5be2bd76927ae17cc6efb7",
            "sensitive_content": null,
            "source": null
          },
          "sensitive_attributes": [],
          "private": "bnVsbA==",
          "dependencies": [
            "random_shuffle.random_adjectives",
            "random_shuffle.random_adverbs",
            "random_shuffle.random_nouns",
            "random_shuffle.random_numbers",
            "random_shuffle.random_verbs"
          ]
        },
        {
          "index_key": 8,
          "schema_version": 0,
          "attributes": {
            "content": "HOW TO BE A PHOTOGRAPHER\n \nMany BITTER photographers make big money\nphotographing CATs and beautiful WALNUTSs. They sell\nthe prints to STICKY magazines or to agencies who use\nthem in JIGSAW advertisements. To be a photographer, you\nhave to have a BANANA camera. You also need an\nGRUMPY meter and filters and a special close-up\nVIOLIN. Then you either hire professional WALNUTSs or go\nout and snap candid pictures of ordinary PANTHERs. But if you\nwant to have a career, you must study very WEARILY for at\nleast 27 years.",
            "content_base64": null,
            "directory_permission": "0777",
            "file_permission": "0777",
            "filename": "madlibs/madlibs-8.txt",
            "id": "1b5ca951e4ea4d6c2000d7c57f2f81667665bbe6",
            "sensitive_content": null,
            "source": null
          },
          "sensitive_attributes": [],
          "private": "bnVsbA==",
          "dependencies": [
            "random_shuffle.random_adjectives",
            "random_shuffle.random_adverbs",
            "random_shuffle.random_nouns",
            "random_shuffle.random_numbers",
            "random_shuffle.random_verbs"
          ]
        },
        {
          "index_key": 9,
          "schema_version": 0,
          "attributes": {
            "content": "ALICE'S UPSIDE-DOWN WORLD\n \nLewis Carroll's classic, \"Alice's Adventures in Wonderland\", as well\nas its THUNDERING sequel, \"Through the Looking ARMY\",\nhave enchanted both the young and old MILKs for the last\n101 years, Alice's CHUBBY adventures begin\nwhen she RESPECTs down a/an STICKY hole and lands\nin a strange and topsy-turvy WALNUTS. There she discovers she\ncan become a tall CAT or a small SUN simply by\nnibbling on alternate sides of a magic VIOLIN. In her travels\nthrough Wonderland, Alice KICKEDs such remarkable\ncharacters as the White JIGSAW, the BITTER Hatter,\nthe Cheshire JELLYFISH, and even the Queen of PANTHERs.\nUnfortunately, Alice's adventures come to a/an ABUNDANT\nend when Alice awakens from her PANTHER.",
            "content_base64": null,
            "directory_permission": "0777",
            "file_permission": "0777",
            "filename": "madlibs/madlibs-9.txt",
            "id": "051bd609320bf5177b4130d5566297e39d179e16",
            "sensitive_content": null,
            "source": null
          },
          "sensitive_attributes": [],
          "private": "bnVsbA==",
          "dependencies": [
            "random_shuffle.random_adjectives",
            "random_shuffle.random_adverbs",
            "random_shuffle.random_nouns",
            "random_shuffle.random_numbers",
            "random_shuffle.random_verbs"
          ]
        },
        {
          "index_key": 10,
          "schema_version": 0,
          "attributes": {
            "content": "THE OBSERVATORY\n \nOut class when on a field trip to a GRUMPY observatory. It\nwas located on top of a SANDWICH, and it looked like a giant\nSUN with a slit down its VIOLIN. We went inside and\nlooked through a MILK and were able to see PANTHERs in\nthe sky that were millions of WALNUTSs away. The men and\nwomen who RESPECT in the observatory are called\nBANANAs, and they are always watching for comets, eclipses,\nand shooting JIGSAWs. An eclipse occurs when a JELLYFISH\ncomes between the earth and the CAT and everything\ngets CHUBBY. Next week, we place to DANCE the\nMuseum of Modern ARMY.",
            "content_base64": null,
            "directory_permission": "0777",
            "file_permission": "0777",
            "filename": "madlibs/madlibs-10.txt",
            "id": "ce9a3260c3bf5a30708bba9825c655694b894c39",
            "sensitive_content": null,
            "source": null
          },
          "sensitive_attributes": [],
          "private": "bnVsbA==",
          "dependencies": [
            "random_shuffle.random_adjectives",
            "random_shuffle.random_adverbs",
            "random_shuffle.random_nouns",
            "random_shuffle.random_numbers",
            "random_shuffle.random_verbs"
          ]
        },
        {
          "index_key": 11,
          "schema_version": 0,
          "attributes": {
            "content": "HOW TO BE A PHOTOGRAPHER\n \nMany THUNDERING photographers make big money\nphotographing SANDWICHs and beautiful SUNs. They sell\nthe prints to BITTER magazines or to agencies who use\nthem in VIOLIN advertisements. To be a photographer, you\nhave to have a ARMY camera. You also need an\nABUNDANT meter and filters and a special close-up\nJELLYFISH. Then you either hire professional SUNs or go\nout and snap candid pictures of ordinary WALNUTSs. But if you\nwant to have a career, you must study very BEAUTIFULLY for at\nleast 101 years.",
            "content_base64": null,
            "directory_permission": "0777",
            "file_permission": "0777",
            "filename": "madlibs/madlibs-11.txt",
            "id": "901de3505ddcd6918d48c37d287562566e97f390",
            "sensitive_content": null,
            "source": null
          },
          "sensitive_attributes": [],
          "private": "bnVsbA==",
          "dependencies": [
            "random_shuffle.random_adjectives",
            "random_shuffle.random_adverbs",
            "random_shuffle.random_nouns",
            "random_shuffle.random_numbers",
            "random_shuffle.random_verbs"
          ]
        },
        {
          "index_key": 12,
          "schema_version": 0,
          "attributes": {
            "content": "ALICE'S UPSIDE-DOWN WORLD\n \nLewis Carroll's classic, \"Alice's Adventures in Wonderland\", as well\nas its CHUBBY sequel, \"Through the Looking SUN\",\nhave enchanted both the young and old ARMYs for the last\n42 years, Alice's ABUNDANT adventures begin\nwhen she DANCEs down a/an STICKY hole and lands\nin a strange and topsy-turvy PANTHER. There she discovers she\ncan become a tall VIOLIN or a small JIGSAW simply by\nnibbling on alternate sides of a magic ZEUS. In her travels\nthrough Wonderland, Alice BAKEDs such remarkable\ncharacters as the White BANANA, the BITTER Hatter,\nthe Cheshire JELLYFISH, and even the Queen of SANDWICHs.\nUnfortunately, Alice's adventures come to a/an THUNDERING\nend when Alice awakens from her SANDWICH.",
            "content_base64": null,
            "directory_permission": "0777",
            "file_permission": "0777",
            "filename": "madlibs/madlibs-12.txt",
            "id": "513dc51d816acb2ba58f9620922ecc2c736c8a53",
            "sensitive_content": null,
            "source": null
          },
          "sensitive_attributes": [],
          "private": "bnVsbA==",
          "dependencies": [
            "random_shuffle.random_adjectives",
            "random_shuffle.random_adverbs",
            "random_shuffle.random_nouns",
            "random_shuffle.random_numbers",
            "random_shuffle.random_verbs"
          ]
        },
        {
          "index_key": 13,
          "schema_version": 0,
          "attributes": {
            "content": "THE OBSERVATORY\n \nOut class when on a field trip to a ABUNDANT observatory. It\nwas located on top of a VIOLIN, and it looked like a giant\nJELLYFISH with a slit down its ARMY. We went inside and\nlooked through a JIGSAW and were able to see SANDWICHs in\nthe sky that were millions of WALNUTSs away. The men and\nwomen who BAKED in the observatory are called\nMILKs, and they are always watching for comets, eclipses,\nand shooting PANTHERs. An eclipse occurs when a BANANA\ncomes between the earth and the CAT and everything\ngets THUNDERING. Next week, we place to DANCE the\nMuseum of Modern ZEUS.",
            "content_base64": null,
            "directory_permission": "0777",
            "file_permission": "0777",
            "filename": "madlibs/madlibs-13.txt",
            "id": "78f70f68f08dfb17278c6a27deca4bf4af7f0d33",
            "sensitive_content": null,
            "source": null
          },
          "sensitive_attributes": [],
          "private": "bnVsbA==",
          "dependencies": [
            "random_shuffle.random_adjectives",
            "random_shuffle.random_adverbs",
            "random_shuffle.random_nouns",
            "random_shuffle.random_numbers",
            "random_shuffle.random_verbs"
          ]
        },
        {
          "index_key": 14,
          "schema_version": 0,
          "attributes": {
            "content": "HOW TO BE A PHOTOGRAPHER\n \nMany STICKY photographers make big money\nphotographing JIGSAWs and beautiful ZEUSs. They sell\nthe prints to CHUBBY magazines or to agencies who use\nthem in MILK advertisements. To be a photographer, you\nhave to have a BANANA camera. You also need an\nBITTER meter and filters and a special close-up\nSUN. Then you either hire professional ZEUSs or go\nout and snap candid pictures of ordinary CATs. But if you\nwant to have a career, you must study very BEAUTIFULLY for at\nleast 73 years.",
            "content_base64": null,
            "directory_permission": "0777",
            "file_permission": "0777",
            "filename": "madlibs/madlibs-14.txt",
            "id": "723fc18989fe33f3d49b10e76b20d7a59c2011b5",
            "sensitive_content": null,
            "source": null
          },
          "sensitive_attributes": [],
          "private": "bnVsbA==",
          "dependencies": [
            "random_shuffle.random_adjectives",
            "random_shuffle.random_adverbs",
            "random_shuffle.random_nouns",
            "random_shuffle.random_numbers",
            "random_shuffle.random_verbs"
          ]
        },
        {
          "index_key": 15,
          "schema_version": 0,
          "attributes": {
            "content": "ALICE'S UPSIDE-DOWN WORLD\n \nLewis Carroll's classic, \"Alice's Adventures in Wonderland\", as well\nas its THUNDERING sequel, \"Through the Looking SUN\",\nhave enchanted both the young and old JELLYFISHs for the last\n0 years, Alice's BITTER adventures begin\nwhen she RESPECTs down a/an CHUBBY hole and lands\nin a strange and topsy-turvy ARMY. There she discovers she\ncan become a tall ZEUS or a small JIGSAW simply by\nnibbling on alternate sides of a magic CAT. In her travels\nthrough Wonderland, Alice BAKEDs such remarkable\ncharacters as the White SANDWICH, the ABUNDANT Hatter,\nthe Cheshire PANTHER, and even the Queen of BANANAs.\nUnfortunately, Alice's adventures come to a/an GRUMPY\nend when Alice awakens from her BANANA.",
            "content_base64": null,
            "directory_permission": "0777",
            "file_permission": "0777",
            "filename": "madlibs/madlibs-15.txt",
            "id": "b39c57d386d1b19a0da73d0634ae9d3b928d7969",
            "sensitive_content": null,
            "source": null
          },
          "sensitive_attributes": [],
          "private": "bnVsbA==",
          "dependencies": [
            "random_shuffle.random_adjectives",
            "random_shuffle.random_adverbs",
            "random_shuffle.random_nouns",
            "random_shuffle.random_numbers",
            "random_shuffle.random_verbs"
          ]
        },
        {
          "index_key": 16,
          "schema_version": 0,
          "attributes": {
            "content": "THE OBSERVATORY\n \nOut class when on a field trip to a BITTER observatory. It\nwas located on top of a BANANA, and it looked like a giant\nMILK with a slit down its ZEUS. We went inside and\nlooked through a PANTHER and were able to see CATs in\nthe sky that were millions of ARMYs away. The men and\nwomen who LOVE in the observatory are called\nSANDWICHs, and they are always watching for comets, eclipses,\nand shooting JIGSAWs. An eclipse occurs when a WALNUTS\ncomes between the earth and the SUN and everything\ngets ABUNDANT. Next week, we place to KICKED the\nMuseum of Modern JELLYFISH.",
            "content_base64": null,
            "directory_permission": "0777",
            "file_permission": "0777",
            "filename": "madlibs/madlibs-16.txt",
            "id": "27915d15164a8f2368420d945765aedce9aa2e66",
            "sensitive_content": null,
            "source": null
          },
          "sensitive_attributes": [],
          "private": "bnVsbA==",
          "dependencies": [
            "random_shuffle.random_adjectives",
            "random_shuffle.random_adverbs",
            "random_shuffle.random_nouns",
            "random_shuffle.random_numbers",
            "random_shuffle.random_verbs"
          ]
        },
        {
          "index_key": 17,
          "schema_version": 0,
          "attributes": {
            "content": "HOW TO BE A PHOTOGRAPHER\n \nMany CHUBBY photographers make big money\nphotographing SANDWICHs and beautiful SUNs. They sell\nthe prints to ABUNDANT magazines or to agencies who use\nthem in ZEUS advertisements. To be a photographer, you\nhave to have a ARMY camera. You also need an\nSTICKY meter and filters and a special close-up\nBANANA. Then you either hire professional SUNs or go\nout and snap candid pictures of ordinary JIGSAWs. But if you\nwant to have a career, you must study very BEAUTIFULLY for at\nleast 101 years.",
            "content_base64": null,
            "directory_permission": "0777",
            "file_permission": "0777",
            "filename": "madlibs/madlibs-17.txt",
            "id": "b8256c0db21e0d5431ae501b2ca45a5cb8a5ce46",
            "sensitive_content": null,
            "source": null
          },
          "sensitive_attributes": [],
          "private": "bnVsbA==",
          "dependencies": [
            "random_shuffle.random_adjectives",
            "random_shuffle.random_adverbs",
            "random_shuffle.random_nouns",
            "random_shuffle.random_numbers",
            "random_shuffle.random_verbs"
          ]
        },
        {
          "index_key": 18,
          "schema_version": 0,
          "attributes": {
            "content": "ALICE'S UPSIDE-DOWN WORLD\n \nLewis Carroll's classic, \"Alice's Adventures in Wonderland\", as well\nas its STICKY sequel, \"Through the Looking CAT\",\nhave enchanted both the young and old MILKs for the last\n27 years, Alice's CHUBBY adventures begin\nwhen she RUNs down a/an THUNDERING hole and lands\nin a strange and topsy-turvy JELLYFISH. There she discovers she\ncan become a tall PANTHER or a small SUN simply by\nnibbling on alternate sides of a magic ARMY. In her travels\nthrough Wonderland, Alice RESPECTs such remarkable\ncharacters as the White VIOLIN, the GRUMPY Hatter,\nthe Cheshire SANDWICH, and even the Queen of BANANAs.\nUnfortunately, Alice's adventures come to a/an ABUNDANT\nend when Alice awakens from her BANANA.",
            "content_base64": null,
            "directory_permission": "0777",
            "file_permission": "0777",
            "filename": "madlibs/madlibs-18.txt",
            "id": "eae1b51a3ccc33446e41a897bc61acb546590dd4",
            "sensitive_content": null,
            "source": null
          },
          "sensitive_attributes": [],
          "private": "bnVsbA==",
          "dependencies": [
            "random_shuffle.random_adjectives",
            "random_shuffle.random_adverbs",
            "random_shuffle.random_nouns",
            "random_shuffle.random_numbers",
            "random_shuffle.random_verbs"
          ]
        },
        {
          "index_key": 19,
          "schema_version": 0,
          "attributes": {
            "content": "THE OBSERVATORY\n \nOut class when on a field trip to a CHUBBY observatory. It\nwas located on top of a ARMY, and it looked like a giant\nVIOLIN with a slit down its PANTHER. We went inside and\nlooked through a CAT and were able to see MILKs in\nthe sky that were millions of ZEUSs away. The men and\nwomen who RUN in the observatory are called\nWALNUTSs, and they are always watching for comets, eclipses,\nand shooting SUNs. An eclipse occurs when a JIGSAW\ncomes between the earth and the JELLYFISH and everything\ngets BITTER. Next week, we place to RESPECT the\nMuseum of Modern BANANA.",
            "content_base64": null,
            "directory_permission": "0777",
            "file_permission": "0777",
            "filename": "madlibs/madlibs-19.txt",
            "id": "a2b99b39b2913911b3125d4c3b78f87ee9b41684",
            "sensitive_content": null,
            "source": null
          },
          "sensitive_attributes": [],
          "private": "bnVsbA==",
          "dependencies": [
            "random_shuffle.random_adjectives",
            "random_shuffle.random_adverbs",
            "random_shuffle.random_nouns",
            "random_shuffle.random_numbers",
            "random_shuffle.random_verbs"
          ]
        },
        {
          "index_key": 20,
          "schema_version": 0,
          "attributes": {
            "content": "HOW TO BE A PHOTOGRAPHER\n \nMany STICKY photographers make big money\nphotographing WALNUTSs and beautiful CATs. They sell\nthe prints to ABUNDANT magazines or to agencies who use\nthem in SUN advertisements. To be a photographer, you\nhave to have a PANTHER camera. You also need an\nGRUMPY meter and filters and a special close-up\nZEUS. Then you either hire professional CATs or go\nout and snap candid pictures of ordinary BANANAs. But if you\nwant to have a career, you must study very TRUTHFULLY for at\nleast 27 years.",
            "content_base64": null,
            "directory_permission": "0777",
            "file_permission": "0777",
            "filename": "madlibs/madlibs-20.txt",
            "id": "d87ca984873dddc7e13529465f0509a16cc7f56f",
            "sensitive_content": null,
            "source": null
          },
          "sensitive_attributes": [],
          "private": "bnVsbA==",
          "dependencies": [
            "random_shuffle.random_adjectives",
            "random_shuffle.random_adverbs",
            "random_shuffle.random_nouns",
            "random_shuffle.random_numbers",
            "random_shuffle.random_verbs"
          ]
        },
        {
          "index_key": 21,
          "schema_version": 0,
          "attributes": {
            "content": "ALICE'S UPSIDE-DOWN WORLD\n \nLewis Carroll's classic, \"Alice's Adventures in Wonderland\", as well\nas its GRUMPY sequel, \"Through the Looking SANDWICH\",\nhave enchanted both the young and old SUNs for the last\n27 years, Alice's BITTER adventures begin\nwhen she DANCEs down a/an THUNDERING hole and lands\nin a strange and topsy-turvy VIOLIN. There she discovers she\ncan become a tall WALNUTS or a small BANANA simply by\nnibbling on alternate sides of a magic MILK. In her travels\nthrough Wonderland, Alice LOVEs such remarkable\ncharacters as the White CAT, the CHUBBY Hatter,\nthe Cheshire PANTHER, and even the Queen of ARMYs.\nUnfortunately, Alice's adventures come to a/an STICKY\nend when Alice awakens from her ARMY.",
            "content_base64": null,
            "directory_permission": "0777",
            "file_permission": "0777",
            "filename": "madlibs/madlibs-21.txt",
            "id": "25511d4190426e0d274f0f0d5995e6f2356cd574",
            "sensitive_content": null,
            "source": null
          },
          "sensitive_attributes": [],
          "private": "bnVsbA==",
          "dependencies": [
            "random_shuffle.random_adjectives",
            "random_shuffle.random_adverbs",
            "random_shuffle.random_nouns",
            "random_shuffle.random_numbers",
            "random_shuffle.random_verbs"
          ]
        },
        {
          "index_key": 22,
          "schema_version": 0,
          "attributes": {
            "content": "THE OBSERVATORY\n \nOut class when on a field trip to a THUNDERING observatory. It\nwas located on top of a PANTHER, and it looked like a giant\nVIOLIN with a slit down its CAT. We went inside and\nlooked through a BANANA and were able to see JIGSAWs in\nthe sky that were millions of SUNs away. The men and\nwomen who DANCE in the observatory are called\nMILKs, and they are always watching for comets, eclipses,\nand shooting ZEUSs. An eclipse occurs when a JELLYFISH\ncomes between the earth and the ARMY and everything\ngets ABUNDANT. Next week, we place to KICKED the\nMuseum of Modern WALNUTS.",
            "content_base64": null,
            "directory_permission": "0777",
            "file_permission": "0777",
            "filename": "madlibs/madlibs-22.txt",
            "id": "ba70fc0370cfb86d708985e3b369cdf7d3ed49fc",
            "sensitive_content": null,
            "source": null
          },
          "sensitive_attributes": [],
          "private": "bnVsbA==",
          "dependencies": [
            "random_shuffle.random_adjectives",
            "random_shuffle.random_adverbs",
            "random_shuffle.random_nouns",
            "random_shuffle.random_numbers",
            "random_shuffle.random_verbs"
          ]
        },
        {
          "index_key": 23,
          "schema_version": 0,
          "attributes": {
            "content": "HOW TO BE A PHOTOGRAPHER\n \nMany GRUMPY photographers make big money\nphotographing CATs and beautiful MILKs. They sell\nthe prints to THUNDERING magazines or to agencies who use\nthem in BANANA advertisements. To be a photographer, you\nhave to have a ZEUS camera. You also need an\nBITTER meter and filters and a special close-up\nWALNUTS. Then you either hire professional MILKs or go\nout and snap candid pictures of ordinary ARMYs. But if you\nwant to have a career, you must study very TRUTHFULLY for at\nleast 27 years.",
            "content_base64": null,
            "directory_permission": "0777",
            "file_permission": "0777",
            "filename": "madlibs/madlibs-23.txt",
            "id": "1f087ebd16e31bb3dcb89c886ae117d8dd808339",
            "sensitive_content": null,
            "source": null
          },
          "sensitive_attributes": [],
          "private": "bnVsbA==",
          "dependencies": [
            "random_shuffle.random_adjectives",
            "random_shuffle.random_adverbs",
            "random_shuffle.random_nouns",
            "random_shuffle.random_numbers",
            "random_shuffle.random_verbs"
          ]
        },
        {
          "index_key": 24,
          "schema_version": 0,
          "attributes": {
            "content": "ALICE'S UPSIDE-DOWN WORLD\n \nLewis Carroll's classic, \"Alice's Adventures in Wonderland\", as well\nas its BITTER sequel, \"Through the Looking SUN\",\nhave enchanted both the young and old JIGSAWs for the last\n73 years, Alice's THUNDERING adventures begin\nwhen she LOVEs down a/an ABUNDANT hole and lands\nin a strange and topsy-turvy SANDWICH. There she discovers she\ncan become a tall ARMY or a small WALNUTS simply by\nnibbling on alternate sides of a magic PANTHER. In her travels\nthrough Wonderland, Alice RUNs such remarkable\ncharacters as the White CAT, the STICKY Hatter,\nthe Cheshire MILK, and even the Queen of ZEUSs.\nUnfortunately, Alice's adventures come to a/an GRUMPY\nend when Alice awakens from her ZEUS.",
            "content_base64": null,
            "directory_permission": "0777",
            "file_permission": "0777",
            "filename": "madlibs/madlibs-24.txt",
            "id": "d586551c1008f90545645d401a3958b41d4bd1f8",
            "sensitive_content": null,
            "source": null
          },
          "sensitive_attributes": [],
          "private": "bnVsbA==",
          "dependencies": [
            "random_shuffle.random_adjectives",
            "random_shuffle.random_adverbs",
            "random_shuffle.random_nouns",
            "random_shuffle.random_numbers",
            "random_shuffle.random_verbs"
          ]
        },
        {
          "index_key": 25,
          "schema_version": 0,
          "attributes": {
            "content": "THE OBSERVATORY\n \nOut class when on a field trip to a CHUBBY observatory. It\nwas located on top of a ZEUS, and it looked like a giant\nSANDWICH with a slit down its JELLYFISH. We went inside and\nlooked through a VIOLIN and were able to see MILKs in\nthe sky that were millions of BANANAs away. The men and\nwomen who RUN in the observatory are called\nSUNs, and they are always watching for comets, eclipses,\nand shooting PANTHERs. An eclipse occurs when a WALNUTS\ncomes between the earth and the ARMY and everything\ngets BITTER. Next week, we place to KICKED the\nMuseum of Modern CAT.",
            "content_base64": null,
            "directory_permission": "0777",
            "file_permission": "0777",
            "filename": "madlibs/madlibs-25.txt",
            "id": "211f91335870f1f3d06dcf03935038192e3bfec0",
            "sensitive_content": null,
            "source": null
          },
          "sensitive_attributes": [],
          "private": "bnVsbA==",
          "dependencies": [
            "random_shuffle.random_adjectives",
            "random_shuffle.random_adverbs",
            "random_shuffle.random_nouns",
            "random_shuffle.random_numbers",
            "random_shuffle.random_verbs"
          ]
        },
        {
          "index_key": 26,
          "schema_version": 0,
          "attributes": {
            "content": "HOW TO BE A PHOTOGRAPHER\n \nMany ABUNDANT photographers make big money\nphotographing ARMYs and beautiful PANTHERs. They sell\nthe prints to BITTER magazines or to agencies who use\nthem in BANANA advertisements. To be a photographer, you\nhave to have a ZEUS camera. You also need an\nTHUNDERING meter and filters and a special close-up\nWALNUTS. Then you either hire professional PANTHERs or go\nout and snap candid pictures of ordinary JELLYFISHs. But if you\nwant to have a career, you must study very QUICKLY for at\nleast 0 years.",
            "content_base64": null,
            "directory_permission": "0777",
            "file_permission": "0777",
            "filename": "madlibs/madlibs-26.txt",
            "id": "a4f0bab8b154b42518d0b7b7c2e9a038227add05",
            "sensitive_content": null,
            "source": null
          },
          "sensitive_attributes": [],
          "private": "bnVsbA==",
          "dependencies": [
            "random_shuffle.random_adjectives",
            "random_shuffle.random_adverbs",
            "random_shuffle.random_nouns",
            "random_shuffle.random_numbers",
            "random_shuffle.random_verbs"
          ]
        },
        {
          "index_key": 27,
          "schema_version": 0,
          "attributes": {
            "content": "ALICE'S UPSIDE-DOWN WORLD\n \nLewis Carroll's classic, \"Alice's Adventures in Wonderland\", as well\nas its CHUBBY sequel, \"Through the Looking BANANA\",\nhave enchanted both the young and old WALNUTSs for the last\n73 years, Alice's GRUMPY adventures begin\nwhen she RESPECTs down a/an STICKY hole and lands\nin a strange and topsy-turvy ZEUS. There she discovers she\ncan become a tall JIGSAW or a small JELLYFISH simply by\nnibbling on alternate sides of a magic SUN. In her travels\nthrough Wonderland, Alice DANCEs such remarkable\ncharacters as the White ARMY, the THUNDERING Hatter,\nthe Cheshire CAT, and even the Queen of MILKs.\nUnfortunately, Alice's adventures come to a/an BITTER\nend when Alice awakens from her MILK.",
            "content_base64": null,
            "directory_permission": "0777",
            "file_permission": "0777",
            "filename": "madlibs/madlibs-27.txt",
            "id": "d7d35de955a6ff32bfe77898ec7f34602cf6c531",
            "sensitive_content": null,
            "source": null
          },
          "sensitive_attributes": [],
          "private": "bnVsbA==",
          "dependencies": [
            "random_shuffle.random_adjectives",
            "random_shuffle.random_adverbs",
            "random_shuffle.random_nouns",
            "random_shuffle.random_numbers",
            "random_shuffle.random_verbs"
          ]
        },
        {
          "index_key": 28,
          "schema_version": 0,
          "attributes": {
            "content": "THE OBSERVATORY\n \nOut class when on a field trip to a BITTER observatory. It\nwas located on top of a JIGSAW, and it looked like a giant\nARMY with a slit down its SANDWICH. We went inside and\nlooked through a VIOLIN and were able to see BANANAs in\nthe sky that were millions of PANTHERs away. The men and\nwomen who KICKED in the observatory are called\nCATs, and they are always watching for comets, eclipses,\nand shooting MILKs. An eclipse occurs when a ZEUS\ncomes between the earth and the SUN and everything\ngets THUNDERING. Next week, we place to BAKED the\nMuseum of Modern JELLYFISH.",
            "content_base64": null,
            "directory_permission": "0777",
            "file_permission": "0777",
            "filename": "madlibs/madlibs-28.txt",
            "id": "3d9e4c4e2e3171be2595b4853ce88a20e661c81d",
            "sensitive_content": null,
            "source": null
          },
          "sensitive_attributes": [],
          "private": "bnVsbA==",
          "dependencies": [
            "random_shuffle.random_adjectives",
            "random_shuffle.random_adverbs",
            "random_shuffle.random_nouns",
            "random_shuffle.random_numbers",
            "random_shuffle.random_verbs"
          ]
        },
        {
          "index_key": 29,
          "schema_version": 0,
          "attributes": {
            "content": "HOW TO BE A PHOTOGRAPHER\n \nMany BITTER photographers make big money\nphotographing VIOLINs and beautiful JELLYFISHs. They sell\nthe prints to THUNDERING magazines or to agencies who use\nthem in SUN advertisements. To be a photographer, you\nhave to have a PANTHER camera. You also need an\nCHUBBY meter and filters and a special close-up\nSANDWICH. Then you either hire professional JELLYFISHs or go\nout and snap candid pictures of ordinary CATs. But if you\nwant to have a career, you must study very WEARILY for at\nleast 0 years.",
            "content_base64": null,
            "directory_permission": "0777",
            "file_permission": "0777",
            "filename": "madlibs/madlibs-29.txt",
            "id": "86db434c457b5e3f67bc535b532f221b3aad8653",
            "sensitive_content": null,
            "source": null
          },
          "sensitive_attributes": [],
          "private": "bnVsbA==",
          "dependencies": [
            "random_shuffle.random_adjectives",
            "random_shuffle.random_adverbs",
            "random_shuffle.random_nouns",
            "random_shuffle.random_numbers",
            "random_shuffle.random_verbs"
          ]
        },
        {
          "index_key": 30,
          "schema_version": 0,
          "attributes": {
            "content": "ALICE'S UPSIDE-DOWN WORLD\n \nLewis Carroll's classic, \"Alice's Adventures in Wonderland\", as well\nas its THUNDERING sequel, \"Through the Looking VIOLIN\",\nhave enchanted both the young and old SUNs for the last\n27 years, Alice's GRUMPY adventures begin\nwhen she BAKEDs down a/an CHUBBY hole and lands\nin a strange and topsy-turvy JELLYFISH. There she discovers she\ncan become a tall CAT or a small MILK simply by\nnibbling on alternate sides of a magic ARMY. In her travels\nthrough Wonderland, Alice KICKEDs such remarkable\ncharacters as the White WALNUTS, the BITTER Hatter,\nthe Cheshire JIGSAW, and even the Queen of SANDWICHs.\nUnfortunately, Alice's adventures come to a/an ABUNDANT\nend when Alice awakens from her SANDWICH.",
            "content_base64": null,
            "directory_permission": "0777",
            "file_permission": "0777",
            "filename": "madlibs/madlibs-30.txt",
            "id": "be2486f2636aa7d5d5665c35925ba8a52ac56c4a",
            "sensitive_content": null,
            "source": null
          },
          "sensitive_attributes": [],
          "private": "bnVsbA==",
          "dependencies": [
            "random_shuffle.random_adjectives",
            "random_shuffle.random_adverbs",
            "random_shuffle.random_nouns",
            "random_shuffle.random_numbers",
            "random_shuffle.random_verbs"
          ]
        },
        {
          "index_key": 31,
          "schema_version": 0,
          "attributes": {
            "content": "THE OBSERVATORY\n \nOut class when on a field trip to a CHUBBY observatory. It\nwas located on top of a CAT, and it looked like a giant\nSUN with a slit down its WALNUTS. We went inside and\nlooked through a SANDWICH and were able to see BANANAs in\nthe sky that were millions of ARMYs away. The men and\nwomen who RESPECT in the observatory are called\nJELLYFISHs, and they are always watching for comets, eclipses,\nand shooting PANTHERs. An eclipse occurs when a VIOLIN\ncomes between the earth and the MILK and everything\ngets STICKY. Next week, we place to KICKED the\nMuseum of Modern JIGSAW.",
            "content_base64": null,
            "directory_permission": "0777",
            "file_permission": "0777",
            "filename": "madlibs/madlibs-31.txt",
            "id": "2e803088228e9f994b97ac3a95c05a68fa11060c",
            "sensitive_content": null,
            "source": null
          },
          "sensitive_attributes": [],
          "private": "bnVsbA==",
          "dependencies": [
            "random_shuffle.random_adjectives",
            "random_shuffle.random_adverbs",
            "random_shuffle.random_nouns",
            "random_shuffle.random_numbers",
            "random_shuffle.random_verbs"
          ]
        },
        {
          "index_key": 32,
          "schema_version": 0,
          "attributes": {
            "content": "HOW TO BE A PHOTOGRAPHER\n \nMany CHUBBY photographers make big money\nphotographing PANTHERs and beautiful VIOLINs. They sell\nthe prints to THUNDERING magazines or to agencies who use\nthem in ARMY advertisements. To be a photographer, you\nhave to have a JIGSAW camera. You also need an\nSTICKY meter and filters and a special close-up\nZEUS. Then you either hire professional VIOLINs or go\nout and snap candid pictures of ordinary WALNUTSs. But if you\nwant to have a career, you must study very TRUTHFULLY for at\nleast 42 years.",
            "content_base64": null,
            "directory_permission": "0777",
            "file_permission": "0777",
            "filename": "madlibs/madlibs-32.txt",
            "id": "253b7a86706e28ece343f9a194351a13f1f5a308",
            "sensitive_content": null,
            "source": null
          },
          "sensitive_attributes": [],
          "private": "bnVsbA==",
          "dependencies": [
            "random_shuffle.random_adjectives",
            "random_shuffle.random_adverbs",
            "random_shuffle.random_nouns",
            "random_shuffle.random_numbers",
            "random_shuffle.random_verbs"
          ]
        },
        {
          "index_key": 33,
          "schema_version": 0,
          "attributes": {
            "content": "ALICE'S UPSIDE-DOWN WORLD\n \nLewis Carroll's classic, \"Alice's Adventures in Wonderland\", as well\nas its GRUMPY sequel, \"Through the Looking SANDWICH\",\nhave enchanted both the young and old JELLYFISHs for the last\n73 years, Alice's CHUBBY adventures begin\nwhen she RESPECTs down a/an BITTER hole and lands\nin a strange and topsy-turvy JIGSAW. There she discovers she\ncan become a tall PANTHER or a small CAT simply by\nnibbling on alternate sides of a magic ARMY. In her travels\nthrough Wonderland, Alice LOVEs such remarkable\ncharacters as the White WALNUTS, the ABUNDANT Hatter,\nthe Cheshire MILK, and even the Queen of SUNs.\nUnfortunately, Alice's adventures come to a/an THUNDERING\nend when Alice awakens from her SUN.",
            "content_base64": null,
            "directory_permission": "0777",
            "file_permission": "0777",
            "filename": "madlibs/madlibs-33.txt",
            "id": "724ddacbcb180ffcdc631d595d8f4787ba5518f2",
            "sensitive_content": null,
            "source": null
          },
          "sensitive_attributes": [],
          "private": "bnVsbA==",
          "dependencies": [
            "random_shuffle.random_adjectives",
            "random_shuffle.random_adverbs",
            "random_shuffle.random_nouns",
            "random_shuffle.random_numbers",
            "random_shuffle.random_verbs"
          ]
        },
        {
          "index_key": 34,
          "schema_version": 0,
          "attributes": {
            "content": "THE OBSERVATORY\n \nOut class when on a field trip to a STICKY observatory. It\nwas located on top of a PANTHER, and it looked like a giant\nJELLYFISH with a slit down its BANANA. We went inside and\nlooked through a SANDWICH and were able to see WALNUTSs in\nthe sky that were millions of MILKs away. The men and\nwomen who BAKED in the observatory are called\nVIOLINs, and they are always watching for comets, eclipses,\nand shooting ZEUSs. An eclipse occurs when a JIGSAW\ncomes between the earth and the ARMY and everything\ngets CHUBBY. Next week, we place to DANCE the\nMuseum of Modern CAT.",
            "content_base64": null,
            "directory_permission": "0777",
            "file_permission": "0777",
            "filename": "madlibs/madlibs-34.txt",
            "id": "fc3d36615235e5d693741f7fdbbd2d6b3bc38a32",
            "sensitive_content": null,
            "source": null
          },
          "sensitive_attributes": [],
          "private": "bnVsbA==",
          "dependencies": [
            "random_shuffle.random_adjectives",
            "random_shuffle.random_adverbs",
            "random_shuffle.random_nouns",
            "random_shuffle.random_numbers",
            "random_shuffle.random_verbs"
          ]
        },
        {
          "index_key": 35,
          "schema_version": 0,
          "attributes": {
            "content": "HOW TO BE A PHOTOGRAPHER\n \nMany STICKY photographers make big money\nphotographing CATs and beautiful JIGSAWs. They sell\nthe prints to ABUNDANT magazines or to agencies who use\nthem in ZEUS advertisements. To be a photographer, you\nhave to have a JELLYFISH camera. You also need an\nTHUNDERING meter and filters and a special close-up\nVIOLIN. Then you either hire professional JIGSAWs or go\nout and snap candid pictures of ordinary SUNs. But if you\nwant to have a career, you must study very QUICKLY for at\nleast -5 years.",
            "content_base64": null,
            "directory_permission": "0777",
            "file_permission": "0777",
            "filename": "madlibs/madlibs-35.txt",
            "id": "3e77a810766e38c738929bfeaa7cbd48e0df30b5",
            "sensitive_content": null,
            "source": null
          },
          "sensitive_attributes": [],
          "private": "bnVsbA==",
          "dependencies": [
            "random_shuffle.random_adjectives",
            "random_shuffle.random_adverbs",
            "random_shuffle.random_nouns",
            "random_shuffle.random_numbers",
            "random_shuffle.random_verbs"
          ]
        },
        {
          "index_key": 36,
          "schema_version": 0,
          "attributes": {
            "content": "ALICE'S UPSIDE-DOWN WORLD\n \nLewis Carroll's classic, \"Alice's Adventures in Wonderland\", as well\nas its CHUBBY sequel, \"Through the Looking SANDWICH\",\nhave enchanted both the young and old JIGSAWs for the last\n73 years, Alice's BITTER adventures begin\nwhen she KICKEDs down a/an THUNDERING hole and lands\nin a strange and topsy-turvy CAT. There she discovers she\ncan become a tall PANTHER or a small ZEUS simply by\nnibbling on alternate sides of a magic VIOLIN. In her travels\nthrough Wonderland, Alice RESPECTs such remarkable\ncharacters as the White WALNUTS, the ABUNDANT Hatter,\nthe Cheshire SUN, and even the Queen of BANANAs.\nUnfortunately, Alice's adventures come to a/an GRUMPY\nend when Alice awakens from her BANANA.",
            "content_base64": null,
            "directory_permission": "0777",
            "file_permission": "0777",
            "filename": "madlibs/madlibs-36.txt",
            "id": "fbd568514141c14209cb78fa553d89e6389055fc",
            "sensitive_content": null,
            "source": null
          },
          "sensitive_attributes": [],
          "private": "bnVsbA==",
          "dependencies": [
            "random_shuffle.random_adjectives",
            "random_shuffle.random_adverbs",
            "random_shuffle.random_nouns",
            "random_shuffle.random_numbers",
            "random_shuffle.random_verbs"
          ]
        },
        {
          "index_key": 37,
          "schema_version": 0,
          "attributes": {
            "content": "THE OBSERVATORY\n \nOut class when on a field trip to a BITTER observatory. It\nwas located on top of a SUN, and it looked like a giant\nJELLYFISH with a slit down its PANTHER. We went inside and\nlooked through a VIOLIN and were able to see BANANAs in\nthe sky that were millions of JIGSAWs away. The men and\nwomen who DANCE in the observatory are called\nWALNUTSs, and they are always watching for comets, eclipses,\nand shooting ZEUSs. An eclipse occurs when a ARMY\ncomes between the earth and the MILK and everything\ngets ABUNDANT. Next week, we place to BAKED the\nMuseum of Modern CAT.",
            "content_base64": null,
            "directory_permission": "0777",
            "file_permission": "0777",
            "filename": "madlibs/madlibs-37.txt",
            "id": "119f8d2b3ed711c2ee70fd70ae36774b8e328d94",
            "sensitive_content": null,
            "source": null
          },
          "sensitive_attributes": [],
          "private": "bnVsbA==",
          "dependencies": [
            "random_shuffle.random_adjectives",
            "random_shuffle.random_adverbs",
            "random_shuffle.random_nouns",
            "random_shuffle.random_numbers",
            "random_shuffle.random_verbs"
          ]
        },
        {
          "index_key": 38,
          "schema_version": 0,
          "attributes": {
            "content": "HOW TO BE A PHOTOGRAPHER\n \nMany BITTER photographers make big money\nphotographing WALNUTSs and beautiful MILKs. They sell\nthe prints to THUNDERING magazines or to agencies who use\nthem in ARMY advertisements. To be a photographer, you\nhave to have a CAT camera. You also need an\nSTICKY meter and filters and a special close-up\nZEUS. Then you either hire professional MILKs or go\nout and snap candid pictures of ordinary SUNs. But if you\nwant to have a career, you must study very BEAUTIFULLY for at\nleast 0 years.",
            "content_base64": null,
            "directory_permission": "0777",
            "file_permission": "0777",
            "filename": "madlibs/madlibs-38.txt",
            "id": "92004e71a0d41821fa2cb1a19deb5060037f8c41",
            "sensitive_content": null,
            "source": null
          },
          "sensitive_attributes": [],
          "private": "bnVsbA==",
          "dependencies": [
            "random_shuffle.random_adjectives",
            "random_shuffle.random_adverbs",
            "random_shuffle.random_nouns",
            "random_shuffle.random_numbers",
            "random_shuffle.random_verbs"
          ]
        },
        {
          "index_key": 39,
          "schema_version": 0,
          "attributes": {
            "content": "ALICE'S UPSIDE-DOWN WORLD\n \nLewis Carroll's classic, \"Alice's Adventures in Wonderland\", as well\nas its ABUNDANT sequel, \"Through the Looking WALNUTS\",\nhave enchanted both the young and old SUNs for the last\n42 years, Alice's STICKY adventures begin\nwhen she DANCEs down a/an GRUMPY hole and lands\nin a strange and topsy-turvy PANTHER. There she discovers she\ncan become a tall VIOLIN or a small CAT simply by\nnibbling on alternate sides of a magic SANDWICH. In her travels\nthrough Wonderland, Alice RESPECTs such remarkable\ncharacters as the White BANANA, the CHUBBY Hatter,\nthe Cheshire JELLYFISH, and even the Queen of JIGSAWs.\nUnfortunately, Alice's adventures come to a/an THUNDERING\nend when Alice awakens from her JIGSAW.",
            "content_base64": null,
            "directory_permission": "0777",
            "file_permission": "0777",
            "filename": "madlibs/madlibs-39.txt",
            "id": "38e1822286d45495ff04769059ddc16718e34690",
            "sensitive_content": null,
            "source": null
          },
          "sensitive_attributes": [],
          "private": "bnVsbA==",
          "dependencies": [
            "random_shuffle.random_adjectives",
            "random_shuffle.random_adverbs",
            "random_shuffle.random_nouns",
            "random_shuffle.random_numbers",
            "random_shuffle.random_verbs"
          ]
        },
        {
          "index_key": 40,
          "schema_version": 0,
          "attributes": {
            "content": "THE OBSERVATORY\n \nOut class when on a field trip to a GRUMPY observatory. It\nwas located on top of a BANANA, and it looked like a giant\nJELLYFISH with a slit down its PANTHER. We went inside and\nlooked through a ZEUS and were able to see VIOLINs in\nthe sky that were millions of JIGSAWs away. The men and\nwomen who RUN in the observatory are called\nWALNUTSs, and they are always watching for comets, eclipses,\nand shooting ARMYs. An eclipse occurs when a MILK\ncomes between the earth and the SUN and everything\ngets THUNDERING. Next week, we place to BAKED the\nMuseum of Modern CAT.",
            "content_base64": null,
            "directory_permission": "0777",
            "file_permission": "0777",
            "filename": "madlibs/madlibs-40.txt",
            "id": "1e959841af9509816bfd7ee0cc9241125a24293b",
            "sensitive_content": null,
            "source": null
          },
          "sensitive_attributes": [],
          "private": "bnVsbA==",
          "dependencies": [
            "random_shuffle.random_adjectives",
            "random_shuffle.random_adverbs",
            "random_shuffle.random_nouns",
            "random_shuffle.random_numbers",
            "random_shuffle.random_verbs"
          ]
        },
        {
          "index_key": 41,
          "schema_version": 0,
          "attributes": {
            "content": "HOW TO BE A PHOTOGRAPHER\n \nMany CHUBBY photographers make big money\nphotographing JELLYFISHs and beautiful PANTHERs. They sell\nthe prints to THUNDERING magazines or to agencies who use\nthem in MILK advertisements. To be a photographer, you\nhave to have a SUN camera. You also need an\nBITTER meter and filters and a special close-up\nCAT. Then you either hire professional PANTHERs or go\nout and snap candid pictures of ordinary JIGSAWs. But if you\nwant to have a career, you must study very BEAUTIFULLY for at\nleast 73 years.",
            "content_base64": null,
            "directory_permission": "0777",
            "file_permission": "0777",
            "filename": "madlibs/madlibs-41.txt",
            "id": "7114822c0d83d1daa79a5a7f25b8dcb1d0bf4f27",
            "sensitive_content": null,
            "source": null
          },
          "sensitive_attributes": [],
          "private": "bnVsbA==",
          "dependencies": [
            "random_shuffle.random_adjectives",
            "random_shuffle.random_adverbs",
            "random_shuffle.random_nouns",
            "random_shuffle.random_numbers",
            "random_shuffle.random_verbs"
          ]
        },
        {
          "index_key": 42,
          "schema_version": 0,
          "attributes": {
            "content": "ALICE'S UPSIDE-DOWN WORLD\n \nLewis Carroll's classic, \"Alice's Adventures in Wonderland\", as well\nas its THUNDERING sequel, \"Through the Looking SUN\",\nhave enchanted both the young and old PANTHERs for the last\n27 years, Alice's GRUMPY adventures begin\nwhen she KICKEDs down a/an STICKY hole and lands\nin a strange and topsy-turvy JIGSAW. There she discovers she\ncan become a tall BANANA or a small ARMY simply by\nnibbling on alternate sides of a magic JELLYFISH. In her travels\nthrough Wonderland, Alice BAKEDs such remarkable\ncharacters as the White SANDWICH, the BITTER Hatter,\nthe Cheshire WALNUTS, and even the Queen of VIOLINs.\nUnfortunately, Alice's adventures come to a/an ABUNDANT\nend when Alice awakens from her VIOLIN.",
            "content_base64": null,
            "directory_permission": "0777",
            "file_permission": "0777",
            "filename": "madlibs/madlibs-42.txt",
            "id": "705b1460a6c156c8ecd700cd7790ee43f0c4e49b",
            "sensitive_content": null,
            "source": null
          },
          "sensitive_attributes": [],
          "private": "bnVsbA==",
          "dependencies": [
            "random_shuffle.random_adjectives",
            "random_shuffle.random_adverbs",
            "random_shuffle.random_nouns",
            "random_shuffle.random_numbers",
            "random_shuffle.random_verbs"
          ]
        },
        {
          "index_key": 43,
          "schema_version": 0,
          "attributes": {
            "content": "THE OBSERVATORY\n \nOut class when on a field trip to a THUNDERING observatory. It\nwas located on top of a PANTHER, and it looked like a giant\nSANDWICH with a slit down its JIGSAW. We went inside and\nlooked through a ZEUS and were able to see JELLYFISHs in\nthe sky that were millions of VIOLINs away. The men and\nwomen who RESPECT in the observatory are called\nMILKs, and they are always watching for comets, eclipses,\nand shooting SUNs. An eclipse occurs when a WALNUTS\ncomes between the earth and the BANANA and everything\ngets BITTER. Next week, we place to RUN the\nMuseum of Modern ARMY.",
            "content_base64": null,
            "directory_permission": "0777",
            "file_permission": "0777",
            "filename": "madlibs/madlibs-43.txt",
            "id": "516cbf1e9bfac32f3d4c4a00674f1afc0514e5fc",
            "sensitive_content": null,
            "source": null
          },
          "sensitive_attributes": [],
          "private": "bnVsbA==",
          "dependencies": [
            "random_shuffle.random_adjectives",
            "random_shuffle.random_adverbs",
            "random_shuffle.random_nouns",
            "random_shuffle.random_numbers",
            "random_shuffle.random_verbs"
          ]
        },
        {
          "index_key": 44,
          "schema_version": 0,
          "attributes": {
            "content": "HOW TO BE A PHOTOGRAPHER\n \nMany BITTER photographers make big money\nphotographing WALNUTSs and beautiful BANANAs. They sell\nthe prints to ABUNDANT magazines or to agencies who use\nthem in VIOLIN advertisements. To be a photographer, you\nhave to have a ARMY camera. You also need an\nTHUNDERING meter and filters and a special close-up\nZEUS. Then you either hire professional BANANAs or go\nout and snap candid pictures of ordinary PANTHERs. But if you\nwant to have a career, you must study very QUICKLY for at\nleast 42 years.",
            "content_base64": null,
            "directory_permission": "0777",
            "file_permission": "0777",
            "filename": "madlibs/madlibs-44.txt",
            "id": "fb3dbb894dc68b6e9a9a3469b239bdee87f75b2c",
            "sensitive_content": null,
            "source": null
          },
          "sensitive_attributes": [],
          "private": "bnVsbA==",
          "dependencies": [
            "random_shuffle.random_adjectives",
            "random_shuffle.random_adverbs",
            "random_shuffle.random_nouns",
            "random_shuffle.random_numbers",
            "random_shuffle.random_verbs"
          ]
        },
        {
          "index_key": 45,
          "schema_version": 0,
          "attributes": {
            "content": "ALICE'S UPSIDE-DOWN WORLD\n \nLewis Carroll's classic, \"Alice's Adventures in Wonderland\", as well\nas its ABUNDANT sequel, \"Through the Looking ARMY\",\nhave enchanted both the young and old JIGSAWs for the last\n42 years, Alice's BITTER adventures begin\nwhen she RESPECTs down a/an GRUMPY hole and lands\nin a strange and topsy-turvy BANANA. There she discovers she\ncan become a tall SUN or a small PANTHER simply by\nnibbling on alternate sides of a magic WALNUTS. In her travels\nthrough Wonderland, Alice LOVEs such remarkable\ncharacters as the White ZEUS, the CHUBBY Hatter,\nthe Cheshire JELLYFISH, and even the Queen of MILKs.\nUnfortunately, Alice's adventures come to a/an STICKY\nend when Alice awakens from her MILK.",
            "content_base64": null,
            "directory_permission": "0777",
            "file_permission": "0777",
            "filename": "madlibs/madlibs-45.txt",
            "id": "d81672a8932075568aab9249aafb24074075967e",
            "sensitive_content": null,
            "source": null
          },
          "sensitive_attributes": [],
          "private": "bnVsbA==",
          "dependencies": [
            "random_shuffle.random_adjectives",
            "random_shuffle.random_adverbs",
            "random_shuffle.random_nouns",
            "random_shuffle.random_numbers",
            "random_shuffle.random_verbs"
          ]
        },
        {
          "index_key": 46,
          "schema_version": 0,
          "attributes": {
            "content": "THE OBSERVATORY\n \nOut class when on a field trip to a STICKY observatory. It\nwas located on top of a ZEUS, and it looked like a giant\nBANANA with a slit down its WALNUTS. We went inside and\nlooked through a JIGSAW and were able to see JELLYFISHs in\nthe sky that were millions of MILKs away. The men and\nwomen who KICKED in the observatory are called\nARMYs, and they are always watching for comets, eclipses,\nand shooting SANDWICHs. An eclipse occurs when a PANTHER\ncomes between the earth and the CAT and everything\ngets BITTER. Next week, we place to LOVE the\nMuseum of Modern SUN.",
            "content_base64": null,
            "directory_permission": "0777",
            "file_permission": "0777",
            "filename": "madlibs/madlibs-46.txt",
            "id": "59c9fef9a0f33dc89c34627e309faa4e277228fe",
            "sensitive_content": null,
            "source": null
          },
          "sensitive_attributes": [],
          "private": "bnVsbA==",
          "dependencies": [
            "random_shuffle.random_adjectives",
            "random_shuffle.random_adverbs",
            "random_shuffle.random_nouns",
            "random_shuffle.random_numbers",
            "random_shuffle.random_verbs"
          ]
        },
        {
          "index_key": 47,
          "schema_version": 0,
          "attributes": {
            "content": "HOW TO BE A PHOTOGRAPHER\n \nMany GRUMPY photographers make big money\nphotographing MILKs and beautiful BANANAs. They sell\nthe prints to ABUNDANT magazines or to agencies who use\nthem in CAT advertisements. To be a photographer, you\nhave to have a JELLYFISH camera. You also need an\nTHUNDERING meter and filters and a special close-up\nZEUS. Then you either hire professional BANANAs or go\nout and snap candid pictures of ordinary VIOLINs. But if you\nwant to have a career, you must study very QUICKLY for at\nleast 101 years.",
            "content_base64": null,
            "directory_permission": "0777",
            "file_permission": "0777",
            "filename": "madlibs/madlibs-47.txt",
            "id": "9bf7b8942f460f2442440da860449f104b52f0d8",
            "sensitive_content": null,
            "source": null
          },
          "sensitive_attributes": [],
          "private": "bnVsbA==",
          "dependencies": [
            "random_shuffle.random_adjectives",
            "random_shuffle.random_adverbs",
            "random_shuffle.random_nouns",
            "random_shuffle.random_numbers",
            "random_shuffle.random_verbs"
          ]
        },
        {
          "index_key": 48,
          "schema_version": 0,
          "attributes": {
            "content": "ALICE'S UPSIDE-DOWN WORLD\n \nLewis Carroll's classic, \"Alice's Adventures in Wonderland\", as well\nas its STICKY sequel, \"Through the Looking JELLYFISH\",\nhave enchanted both the young and old SUNs for the last\n42 years, Alice's THUNDERING adventures begin\nwhen she BAKEDs down a/an GRUMPY hole and lands\nin a strange and topsy-turvy ARMY. There she discovers she\ncan become a tall MILK or a small CAT simply by\nnibbling on alternate sides of a magic WALNUTS. In her travels\nthrough Wonderland, Alice RUNs such remarkable\ncharacters as the White ZEUS, the BITTER Hatter,\nthe Cheshire PANTHER, and even the Queen of BANANAs.\nUnfortunately, Alice's adventures come to a/an ABUNDANT\nend when Alice awakens from her BANANA.",
            "content_base64": null,
            "directory_permission": "0777",
            "file_permission": "0777",
            "filename": "madlibs/madlibs-48.txt",
            "id": "c29330262c3b3369303ab5831daa49bd6049158d",
            "sensitive_content": null,
            "source": null
          },
          "sensitive_attributes": [],
          "private": "bnVsbA==",
          "dependencies": [
            "random_shuffle.random_adjectives",
            "random_shuffle.random_adverbs",
            "random_shuffle.random_nouns",
            "random_shuffle.random_numbers",
            "random_shuffle.random_verbs"
          ]
        },
        {
          "index_key": 49,
          "schema_version": 0,
          "attributes": {
            "content": "THE OBSERVATORY\n \nOut class when on a field trip to a ABUNDANT observatory. It\nwas located on top of a PANTHER, and it looked like a giant\nWALNUTS with a slit down its JELLYFISH. We went inside and\nlooked through a VIOLIN and were able to see SUNs in\nthe sky that were millions of BANANAs away. The men and\nwomen who DANCE in the observatory are called\nARMYs, and they are always watching for comets, eclipses,\nand shooting MILKs. An eclipse occurs when a SANDWICH\ncomes between the earth and the JIGSAW and everything\ngets THUNDERING. Next week, we place to RUN the\nMuseum of Modern CAT.",
            "content_base64": null,
            "directory_permission": "0777",
            "file_permission": "0777",
            "filename": "madlibs/madlibs-49.txt",
            "id": "de3f58fa96e8e57d152c6f69741bc7143c5ba15a",
            "sensitive_content": null,
            "source": null
          },
          "sensitive_attributes": [],
          "private": "bnVsbA==",
          "dependencies": [
            "random_shuffle.random_adjectives",
            "random_shuffle.random_adverbs",
            "random_shuffle.random_nouns",
            "random_shuffle.random_numbers",
            "random_shuffle.random_verbs"
          ]
        },
        {
          "index_key": 50,
          "schema_version": 0,
          "attributes": {
            "content": "HOW TO BE A PHOTOGRAPHER\n \nMany STICKY photographers make big money\nphotographing ARMYs and beautiful JELLYFISHs. They sell\nthe prints to THUNDERING magazines or to agencies who use\nthem in BANANA advertisements. To be a photographer, you\nhave to have a PANTHER camera. You also need an\nBITTER meter and filters and a special close-up\nMILK. Then you either hire professional JELLYFISHs or go\nout and snap candid pictures of ordinary VIOLINs. But if you\nwant to have a career, you must study very WEARILY for at\nleast 42 years.",
            "content_base64": null,
            "directory_permission": "0777",
            "file_permission": "0777",
            "filename": "madlibs/madlibs-50.txt",
            "id": "37d9e6ebc4dafb6907f9916430fba982cf9b32d3",
            "sensitive_content": null,
            "source": null
          },
          "sensitive_attributes": [],
          "private": "bnVsbA==",
          "dependencies": [
            "random_shuffle.random_adjectives",
            "random_shuffle.random_adverbs",
            "random_shuffle.random_nouns",
            "random_shuffle.random_numbers",
            "random_shuffle.random_verbs"
          ]
        },
        {
          "index_key": 51,
          "schema_version": 0,
          "attributes": {
            "content": "ALICE'S UPSIDE-DOWN WORLD\n \nLewis Carroll's classic, \"Alice's Adventures in Wonderland\", as well\nas its GRUMPY sequel, \"Through the Looking CAT\",\nhave enchanted both the young and old JELLYFISHs for the last\n42 years, Alice's CHUBBY adventures begin\nwhen she LOVEs down a/an THUNDERING hole and lands\nin a strange and topsy-turvy WALNUTS. There she discovers she\ncan become a tall MILK or a small SUN simply by\nnibbling on alternate sides of a magic SANDWICH. In her travels\nthrough Wonderland, Alice BAKEDs such remarkable\ncharacters as the White ZEUS, the STICKY Hatter,\nthe Cheshire VIOLIN, and even the Queen of BANANAs.\nUnfortunately, Alice's adventures come to a/an ABUNDANT\nend when Alice awakens from her BANANA.",
            "content_base64": null,
            "directory_permission": "0777",
            "file_permission": "0777",
            "filename": "madlibs/madlibs-51.txt",
            "id": "6ddd7bd2bc5b8f8fc9e12945236380d9c2f8348f",
            "sensitive_content": null,
            "source": null
          },
          "sensitive_attributes": [],
          "private": "bnVsbA==",
          "dependencies": [
            "random_shuffle.random_adjectives",
            "random_shuffle.random_adverbs",
            "random_shuffle.random_nouns",
            "random_shuffle.random_numbers",
            "random_shuffle.random_verbs"
          ]
        },
        {
          "index_key": 52,
          "schema_version": 0,
          "attributes": {
            "content": "THE OBSERVATORY\n \nOut class when on a field trip to a ABUNDANT observatory. It\nwas located on top of a SANDWICH, and it looked like a giant\nMILK with a slit down its WALNUTS. We went inside and\nlooked through a SUN and were able to see CATs in\nthe sky that were millions of BANANAs away. The men and\nwomen who KICKED in the observatory are called\nPANTHERs, and they are always watching for comets, eclipses,\nand shooting JELLYFISHs. An eclipse occurs when a VIOLIN\ncomes between the earth and the ARMY and everything\ngets CHUBBY. Next week, we place to DANCE the\nMuseum of Modern JIGSAW.",
            "content_base64": null,
            "directory_permission": "0777",
            "file_permission": "0777",
            "filename": "madlibs/madlibs-52.txt",
            "id": "a369cb5efea41e131d45bed5e56afdbb9f7efffd",
            "sensitive_content": null,
            "source": null
          },
          "sensitive_attributes": [],
          "private": "bnVsbA==",
          "dependencies": [
            "random_shuffle.random_adjectives",
            "random_shuffle.random_adverbs",
            "random_shuffle.random_nouns",
            "random_shuffle.random_numbers",
            "random_shuffle.random_verbs"
          ]
        },
        {
          "index_key": 53,
          "schema_version": 0,
          "attributes": {
            "content": "HOW TO BE A PHOTOGRAPHER\n \nMany THUNDERING photographers make big money\nphotographing JIGSAWs and beautiful SANDWICHs. They sell\nthe prints to STICKY magazines or to agencies who use\nthem in BANANA advertisements. To be a photographer, you\nhave to have a SUN camera. You also need an\nABUNDANT meter and filters and a special close-up\nWALNUTS. Then you either hire professional SANDWICHs or go\nout and snap candid pictures of ordinary ARMYs. But if you\nwant to have a career, you must study very QUICKLY for at\nleast 0 years.",
            "content_base64": null,
            "directory_permission": "0777",
            "file_permission": "0777",
            "filename": "madlibs/madlibs-53.txt",
            "id": "7a77d849cb517f3b67d3730aa81f9b54d945fcca",
            "sensitive_content": null,
            "source": null
          },
          "sensitive_attributes": [],
          "private": "bnVsbA==",
          "dependencies": [
            "random_shuffle.random_adjectives",
            "random_shuffle.random_adverbs",
            "random_shuffle.random_nouns",
            "random_shuffle.random_numbers",
            "random_shuffle.random_verbs"
          ]
        },
        {
          "index_key": 54,
          "schema_version": 0,
          "attributes": {
            "content": "ALICE'S UPSIDE-DOWN WORLD\n \nLewis Carroll's classic, \"Alice's Adventures in Wonderland\", as well\nas its ABUNDANT sequel, \"Through the Looking SANDWICH\",\nhave enchanted both the young and old CATs for the last\n73 years, Alice's BITTER adventures begin\nwhen she DANCEs down a/an THUNDERING hole and lands\nin a strange and topsy-turvy BANANA. There she discovers she\ncan become a tall VIOLIN or a small JELLYFISH simply by\nnibbling on alternate sides of a magic WALNUTS. In her travels\nthrough Wonderland, Alice LOVEs such remarkable\ncharacters as the White ARMY, the CHUBBY Hatter,\nthe Cheshire SUN, and even the Queen of ZEUSs.\nUnfortunately, Alice's adventures come to a/an GRUMPY\nend when Alice awakens from her ZEUS.",
            "content_base64": null,
            "directory_permission": "0777",
            "file_permission": "0777",
            "filename": "madlibs/madlibs-54.txt",
            "id": "29ffa77c171381a5b74842e1b8be19940dccf03f",
            "sensitive_content": null,
            "source": null
          },
          "sensitive_attributes": [],
          "private": "bnVsbA==",
          "dependencies": [
            "random_shuffle.random_adjectives",
            "random_shuffle.random_adverbs",
            "random_shuffle.random_nouns",
            "random_shuffle.random_numbers",
            "random_shuffle.random_verbs"
          ]
        },
        {
          "index_key": 55,
          "schema_version": 0,
          "attributes": {
            "content": "THE OBSERVATORY\n \nOut class when on a field trip to a THUNDERING observatory. It\nwas located on top of a JIGSAW, and it looked like a giant\nPANTHER with a slit down its MILK. We went inside and\nlooked through a SUN and were able to see BANANAs in\nthe sky that were millions of ZEUSs away. The men and\nwomen who DANCE in the observatory are called\nARMYs, and they are always watching for comets, eclipses,\nand shooting SANDWICHs. An eclipse occurs when a CAT\ncomes between the earth and the JELLYFISH and everything\ngets CHUBBY. Next week, we place to LOVE the\nMuseum of Modern VIOLIN.",
            "content_base64": null,
            "directory_permission": "0777",
            "file_permission": "0777",
            "filename": "madlibs/madlibs-55.txt",
            "id": "0c5d63c77721fd6f9713b027bb18df3c4e3639ae",
            "sensitive_content": null,
            "source": null
          },
          "sensitive_attributes": [],
          "private": "bnVsbA==",
          "dependencies": [
            "random_shuffle.random_adjectives",
            "random_shuffle.random_adverbs",
            "random_shuffle.random_nouns",
            "random_shuffle.random_numbers",
            "random_shuffle.random_verbs"
          ]
        },
        {
          "index_key": 56,
          "schema_version": 0,
          "attributes": {
            "content": "HOW TO BE A PHOTOGRAPHER\n \nMany STICKY photographers make big money\nphotographing ARMYs and beautiful SANDWICHs. They sell\nthe prints to GRUMPY magazines or to agencies who use\nthem in SUN advertisements. To be a photographer, you\nhave to have a CAT camera. You also need an\nBITTER meter and filters and a special close-up\nZEUS. Then you either hire professional SANDWICHs or go\nout and snap candid pictures of ordinary VIOLINs. But if you\nwant to have a career, you must study very WEARILY for at\nleast 0 years.",
            "content_base64": null,
            "directory_permission": "0777",
            "file_permission": "0777",
            "filename": "madlibs/madlibs-56.txt",
            "id": "73d917c5a33896ac64cfab0a8ac00b3c23b80117",
            "sensitive_content": null,
            "source": null
          },
          "sensitive_attributes": [],
          "private": "bnVsbA==",
          "dependencies": [
            "random_shuffle.random_adjectives",
            "random_shuffle.random_adverbs",
            "random_shuffle.random_nouns",
            "random_shuffle.random_numbers",
            "random_shuffle.random_verbs"
          ]
        },
        {
          "index_key": 57,
          "schema_version": 0,
          "attributes": {
            "content": "ALICE'S UPSIDE-DOWN WORLD\n \nLewis Carroll's classic, \"Alice's Adventures in Wonderland\", as well\nas its CHUBBY sequel, \"Through the Looking VIOLIN\",\nhave enchanted both the young and old ARMYs for the last\n73 years, Alice's BITTER adventures begin\nwhen she DANCEs down a/an ABUNDANT hole and lands\nin a strange and topsy-turvy PANTHER. There she discovers she\ncan become a tall CAT or a small BANANA simply by\nnibbling on alternate sides of a magic JELLYFISH. In her travels\nthrough Wonderland, Alice RESPECTs such remarkable\ncharacters as the White JIGSAW, the THUNDERING Hatter,\nthe Cheshire WALNUTS, and even the Queen of MILKs.\nUnfortunately, Alice's adventures come to a/an STICKY\nend when Alice awakens from her MILK.",
            "content_base64": null,
            "directory_permission": "0777",
            "file_permission": "0777",
            "filename": "madlibs/madlibs-57.txt",
            "id": "ec0b4e1ec17050268f8c88e4208cf494d04b3259",
            "sensitive_content": null,
            "source": null
          },
          "sensitive_attributes": [],
          "private": "bnVsbA==",
          "dependencies": [
            "random_shuffle.random_adjectives",
            "random_shuffle.random_adverbs",
            "random_shuffle.random_nouns",
            "random_shuffle.random_numbers",
            "random_shuffle.random_verbs"
          ]
        },
        {
          "index_key": 58,
          "schema_version": 0,
          "attributes": {
            "content": "THE OBSERVATORY\n \nOut class when on a field trip to a STICKY observatory. It\nwas located on top of a PANTHER, and it looked like a giant\nZEUS with a slit down its WALNUTS. We went inside and\nlooked through a ARMY and were able to see BANANAs in\nthe sky that were millions of SUNs away. The men and\nwomen who BAKED in the observatory are called\nCATs, and they are always watching for comets, eclipses,\nand shooting MILKs. An eclipse occurs when a SANDWICH\ncomes between the earth and the JELLYFISH and everything\ngets GRUMPY. Next week, we place to DANCE the\nMuseum of Modern JIGSAW.",
            "content_base64": null,
            "directory_permission": "0777",
            "file_permission": "0777",
            "filename": "madlibs/madlibs-58.txt",
            "id": "01b924aafce83b9aa0660d8308268405c9bd3b64",
            "sensitive_content": null,
            "source": null
          },
          "sensitive_attributes": [],
          "private": "bnVsbA==",
          "dependencies": [
            "random_shuffle.random_adjectives",
            "random_shuffle.random_adverbs",
            "random_shuffle.random_nouns",
            "random_shuffle.random_numbers",
            "random_shuffle.random_verbs"
          ]
        },
        {
          "index_key": 59,
          "schema_version": 0,
          "attributes": {
            "content": "HOW TO BE A PHOTOGRAPHER\n \nMany GRUMPY photographers make big money\nphotographing WALNUTSs and beautiful SUNs. They sell\nthe prints to STICKY magazines or to agencies who use\nthem in JIGSAW advertisements. To be a photographer, you\nhave to have a JELLYFISH camera. You also need an\nBITTER meter and filters and a special close-up\nBANANA. Then you either hire professional SUNs or go\nout and snap candid pictures of ordinary MILKs. But if you\nwant to have a career, you must study very WEARILY for at\nleast 42 years.",
            "content_base64": null,
            "directory_permission": "0777",
            "file_permission": "0777",
            "filename": "madlibs/madlibs-59.txt",
            "id": "12af717c72c4ee3c4ad47680225be1ef372ee5a8",
            "sensitive_content": null,
            "source": null
          },
          "sensitive_attributes": [],
          "private": "bnVsbA==",
          "dependencies": [
            "random_shuffle.random_adjectives",
            "random_shuffle.random_adverbs",
            "random_shuffle.random_nouns",
            "random_shuffle.random_numbers",
            "random_shuffle.random_verbs"
          ]
        },
        {
          "index_key": 60,
          "schema_version": 0,
          "attributes": {
            "content": "ALICE'S UPSIDE-DOWN WORLD\n \nLewis Carroll's classic, \"Alice's Adventures in Wonderland\", as well\nas its STICKY sequel, \"Through the Looking PANTHER\",\nhave enchanted both the young and old SUNs for the last\n-5 years, Alice's GRUMPY adventures begin\nwhen she BAKEDs down a/an BITTER hole and lands\nin a strange and topsy-turvy ZEUS. There she discovers she\ncan become a tall JELLYFISH or a small CAT simply by\nnibbling on alternate sides of a magic WALNUTS. In her travels\nthrough Wonderland, Alice LOVEs such remarkable\ncharacters as the White JIGSAW, the ABUNDANT Hatter,\nthe Cheshire ARMY, and even the Queen of MILKs.\nUnfortunately, Alice's adventures come to a/an THUNDERING\nend when Alice awakens from her MILK.",
            "content_base64": null,
            "directory_permission": "0777",
            "file_permission": "0777",
            "filename": "madlibs/madlibs-60.txt",
            "id": "27c21674e8bd55a77a4c67bfd05ec63259889ba7",
            "sensitive_content": null,
            "source": null
          },
          "sensitive_attributes": [],
          "private": "bnVsbA==",
          "dependencies": [
            "random_shuffle.random_adjectives",
            "random_shuffle.random_adverbs",
            "random_shuffle.random_nouns",
            "random_shuffle.random_numbers",
            "random_shuffle.random_verbs"
          ]
        },
        {
          "index_key": 61,
          "schema_version": 0,
          "attributes": {
            "content": "THE OBSERVATORY\n \nOut class when on a field trip to a STICKY observatory. It\nwas located on top of a BANANA, and it looked like a giant\nCAT with a slit down its ARMY. We went inside and\nlooked through a WALNUTS and were able to see ZEUSs in\nthe sky that were millions of JELLYFISHs away. The men and\nwomen who BAKED in the observatory are called\nMILKs, and they are always watching for comets, eclipses,\nand shooting PANTHERs. An eclipse occurs when a SUN\ncomes between the earth and the VIOLIN and everything\ngets THUNDERING. Next week, we place to DANCE the\nMuseum of Modern SANDWICH.",
            "content_base64": null,
            "directory_permission": "0777",
            "file_permission": "0777",
            "filename": "madlibs/madlibs-61.txt",
            "id": "eb154029c2f3b7211209993ab2590889ac6c3f60",
            "sensitive_content": null,
            "source": null
          },
          "sensitive_attributes": [],
          "private": "bnVsbA==",
          "dependencies": [
            "random_shuffle.random_adjectives",
            "random_shuffle.random_adverbs",
            "random_shuffle.random_nouns",
            "random_shuffle.random_numbers",
            "random_shuffle.random_verbs"
          ]
        },
        {
          "index_key": 62,
          "schema_version": 0,
          "attributes": {
            "content": "HOW TO BE A PHOTOGRAPHER\n \nMany THUNDERING photographers make big money\nphotographing JIGSAWs and beautiful PANTHERs. They sell\nthe prints to CHUBBY magazines or to agencies who use\nthem in WALNUTS advertisements. To be a photographer, you\nhave to have a SUN camera. You also need an\nSTICKY meter and filters and a special close-up\nCAT. Then you either hire professional PANTHERs or go\nout and snap candid pictures of ordinary JELLYFISHs. But if you\nwant to have a career, you must study very DELICATELY for at\nleast -5 years.",
            "content_base64": null,
            "directory_permission": "0777",
            "file_permission": "0777",
            "filename": "madlibs/madlibs-62.txt",
            "id": "404dd188f191f515c85d416965516b6567d20618",
            "sensitive_content": null,
            "source": null
          },
          "sensitive_attributes": [],
          "private": "bnVsbA==",
          "dependencies": [
            "random_shuffle.random_adjectives",
            "random_shuffle.random_adverbs",
            "random_shuffle.random_nouns",
            "random_shuffle.random_numbers",
            "random_shuffle.random_verbs"
          ]
        },
        {
          "index_key": 63,
          "schema_version": 0,
          "attributes": {
            "content": "ALICE'S UPSIDE-DOWN WORLD\n \nLewis Carroll's classic, \"Alice's Adventures in Wonderland\", as well\nas its GRUMPY sequel, \"Through the Looking BANANA\",\nhave enchanted both the young and old ARMYs for the last\n73 years, Alice's BITTER adventures begin\nwhen she KICKEDs down a/an ABUNDANT hole and lands\nin a strange and topsy-turvy CAT. There she discovers she\ncan become a tall SUN or a small MILK simply by\nnibbling on alternate sides of a magic PANTHER. In her travels\nthrough Wonderland, Alice RUNs such remarkable\ncharacters as the White JIGSAW, the CHUBBY Hatter,\nthe Cheshire VIOLIN, and even the Queen of SANDWICHs.\nUnfortunately, Alice's adventures come to a/an STICKY\nend when Alice awakens from her SANDWICH.",
            "content_base64": null,
            "directory_permission": "0777",
            "file_permission": "0777",
            "filename": "madlibs/madlibs-63.txt",
            "id": "63ea1d902de54e15fb8ef0ca930bab69439a159d",
            "sensitive_content": null,
            "source": null
          },
          "sensitive_attributes": [],
          "private": "bnVsbA==",
          "dependencies": [
            "random_shuffle.random_adjectives",
            "random_shuffle.random_adverbs",
            "random_shuffle.random_nouns",
            "random_shuffle.random_numbers",
            "random_shuffle.random_verbs"
          ]
        },
        {
          "index_key": 64,
          "schema_version": 0,
          "attributes": {
            "content": "THE OBSERVATORY\n \nOut class when on a field trip to a ABUNDANT observatory. It\nwas located on top of a SUN, and it looked like a giant\nARMY with a slit down its MILK. We went inside and\nlooked through a BANANA and were able to see CATs in\nthe sky that were millions of VIOLINs away. The men and\nwomen who KICKED in the observatory are called\nWALNUTSs, and they are always watching for comets, eclipses,\nand shooting PANTHERs. An eclipse occurs when a ZEUS\ncomes between the earth and the JIGSAW and everything\ngets THUNDERING. Next week, we place to RUN the\nMuseum of Modern JELLYFISH.",
            "content_base64": null,
            "directory_permission": "0777",
            "file_permission": "0777",
            "filename": "madlibs/madlibs-64.txt",
            "id": "b2ca6032cdc472c7bfe0ad5dd7fb45c32b4aaeb1",
            "sensitive_content": null,
            "source": null
          },
          "sensitive_attributes": [],
          "private": "bnVsbA==",
          "dependencies": [
            "random_shuffle.random_adjectives",
            "random_shuffle.random_adverbs",
            "random_shuffle.random_nouns",
            "random_shuffle.random_numbers",
            "random_shuffle.random_verbs"
          ]
        },
        {
          "index_key": 65,
          "schema_version": 0,
          "attributes": {
            "content": "HOW TO BE A PHOTOGRAPHER\n \nMany GRUMPY photographers make big money\nphotographing ARMYs and beautiful BANANAs. They sell\nthe prints to BITTER magazines or to agencies who use\nthem in VIOLIN advertisements. To be a photographer, you\nhave to have a PANTHER camera. You also need an\nCHUBBY meter and filters and a special close-up\nJIGSAW. Then you either hire professional BANANAs or go\nout and snap candid pictures of ordinary CATs. But if you\nwant to have a career, you must study very DELICATELY for at\nleast 42 years.",
            "content_base64": null,
            "directory_permission": "0777",
            "file_permission": "0777",
            "filename": "madlibs/madlibs-65.txt",
            "id": "f36fbc8a0570903ee4ef8820c033e095d959d2fb",
            "sensitive_content": null,
            "source": null
          },
          "sensitive_attributes": [],
          "private": "bnVsbA==",
          "dependencies": [
            "random_shuffle.random_adjectives",
            "random_shuffle.random_adverbs",
            "random_shuffle.random_nouns",
            "random_shuffle.random_numbers",
            "random_shuffle.random_verbs"
          ]
        },
        {
          "index_key": 66,
          "schema_version": 0,
          "attributes": {
            "content": "ALICE'S UPSIDE-DOWN WORLD\n \nLewis Carroll's classic, \"Alice's Adventures in Wonderland\", as well\nas its CHUBBY sequel, \"Through the Looking ZEUS\",\nhave enchanted both the young and old PANTHERs for the last\n-5 years, Alice's GRUMPY adventures begin\nwhen she RUNs down a/an STICKY hole and lands\nin a strange and topsy-turvy SANDWICH. There she discovers she\ncan become a tall BANANA or a small MILK simply by\nnibbling on alternate sides of a magic WALNUTS. In her travels\nthrough Wonderland, Alice BAKEDs such remarkable\ncharacters as the White SUN, the BITTER Hatter,\nthe Cheshire JIGSAW, and even the Queen of CATs.\nUnfortunately, Alice's adventures come to a/an THUNDERING\nend when Alice awakens from her CAT.",
            "content_base64": null,
            "directory_permission": "0777",
            "file_permission": "0777",
            "filename": "madlibs/madlibs-66.txt",
            "id": "6799b62f3e91eefc05e2456a69646ce7144f0f99",
            "sensitive_content": null,
            "source": null
          },
          "sensitive_attributes": [],
          "private": "bnVsbA==",
          "dependencies": [
            "random_shuffle.random_adjectives",
            "random_shuffle.random_adverbs",
            "random_shuffle.random_nouns",
            "random_shuffle.random_numbers",
            "random_shuffle.random_verbs"
          ]
        },
        {
          "index_key": 67,
          "schema_version": 0,
          "attributes": {
            "content": "THE OBSERVATORY\n \nOut class when on a field trip to a ABUNDANT observatory. It\nwas located on top of a MILK, and it looked like a giant\nSANDWICH with a slit down its BANANA. We went inside and\nlooked through a VIOLIN and were able to see WALNUTSs in\nthe sky that were millions of SUNs away. The men and\nwomen who RESPECT in the observatory are called\nJIGSAWs, and they are always watching for comets, eclipses,\nand shooting PANTHERs. An eclipse occurs when a ZEUS\ncomes between the earth and the JELLYFISH and everything\ngets CHUBBY. Next week, we place to LOVE the\nMuseum of Modern CAT.",
            "content_base64": null,
            "directory_permission": "0777",
            "file_permission": "0777",
            "filename": "madlibs/madlibs-67.txt",
            "id": "bc4cc15f7ae3f6955819609e71e2aa66a2572c1f",
            "sensitive_content": null,
            "source": null
          },
          "sensitive_attributes": [],
          "private": "bnVsbA==",
          "dependencies": [
            "random_shuffle.random_adjectives",
            "random_shuffle.random_adverbs",
            "random_shuffle.random_nouns",
            "random_shuffle.random_numbers",
            "random_shuffle.random_verbs"
          ]
        },
        {
          "index_key": 68,
          "schema_version": 0,
          "attributes": {
            "content": "HOW TO BE A PHOTOGRAPHER\n \nMany GRUMPY photographers make big money\nphotographing ARMYs and beautiful ZEUSs. They sell\nthe prints to BITTER magazines or to agencies who use\nthem in JIGSAW advertisements. To be a photographer, you\nhave to have a WALNUTS camera. You also need an\nSTICKY meter and filters and a special close-up\nJELLYFISH. Then you either hire professional ZEUSs or go\nout and snap candid pictures of ordinary CATs. But if you\nwant to have a career, you must study very QUICKLY for at\nleast -5 years.",
            "content_base64": null,
            "directory_permission": "0777",
            "file_permission": "0777",
            "filename": "madlibs/madlibs-68.txt",
            "id": "8a9278e8246557f87ebc58ab1811b9d08580050b",
            "sensitive_content": null,
            "source": null
          },
          "sensitive_attributes": [],
          "private": "bnVsbA==",
          "dependencies": [
            "random_shuffle.random_adjectives",
            "random_shuffle.random_adverbs",
            "random_shuffle.random_nouns",
            "random_shuffle.random_numbers",
            "random_shuffle.random_verbs"
          ]
        },
        {
          "index_key": 69,
          "schema_version": 0,
          "attributes": {
            "content": "ALICE'S UPSIDE-DOWN WORLD\n \nLewis Carroll's classic, \"Alice's Adventures in Wonderland\", as well\nas its ABUNDANT sequel, \"Through the Looking ZEUS\",\nhave enchanted both the young and old CATs for the last\n27 years, Alice's CHUBBY adventures begin\nwhen she KICKEDs down a/an BITTER hole and lands\nin a strange and topsy-turvy JELLYFISH. There she discovers she\ncan become a tall VIOLIN or a small WALNUTS simply by\nnibbling on alternate sides of a magic ARMY. In her travels\nthrough Wonderland, Alice LOVEs such remarkable\ncharacters as the White SUN, the STICKY Hatter,\nthe Cheshire JIGSAW, and even the Queen of MILKs.\nUnfortunately, Alice's adventures come to a/an GRUMPY\nend when Alice awakens from her MILK.",
            "content_base64": null,
            "directory_permission": "0777",
            "file_permission": "0777",
            "filename": "madlibs/madlibs-69.txt",
            "id": "6a822435c47c6f16a7b8c6adab9a6868662d9e01",
            "sensitive_content": null,
            "source": null
          },
          "sensitive_attributes": [],
          "private": "bnVsbA==",
          "dependencies": [
            "random_shuffle.random_adjectives",
            "random_shuffle.random_adverbs",
            "random_shuffle.random_nouns",
            "random_shuffle.random_numbers",
            "random_shuffle.random_verbs"
          ]
        },
        {
          "index_key": 70,
          "schema_version": 0,
          "attributes": {
            "content": "THE OBSERVATORY\n \nOut class when on a field trip to a BITTER observatory. It\nwas located on top of a CAT, and it looked like a giant\nWALNUTS with a slit down its SUN. We went inside and\nlooked through a JIGSAW and were able to see ARMYs in\nthe sky that were millions of ZEUSs away. The men and\nwomen who KICKED in the observatory are called\nJELLYFISHs, and they are always watching for comets, eclipses,\nand shooting MILKs. An eclipse occurs when a SANDWICH\ncomes between the earth and the BANANA and everything\ngets GRUMPY. Next week, we place to LOVE the\nMuseum of Modern PANTHER.",
            "content_base64": null,
            "directory_permission": "0777",
            "file_permission": "0777",
            "filename": "madlibs/madlibs-70.txt",
            "id": "dad91fed0c909ef5f12befe54de7eed99e352d10",
            "sensitive_content": null,
            "source": null
          },
          "sensitive_attributes": [],
          "private": "bnVsbA==",
          "dependencies": [
            "random_shuffle.random_adjectives",
            "random_shuffle.random_adverbs",
            "random_shuffle.random_nouns",
            "random_shuffle.random_numbers",
            "random_shuffle.random_verbs"
          ]
        },
        {
          "index_key": 71,
          "schema_version": 0,
          "attributes": {
            "content": "HOW TO BE A PHOTOGRAPHER\n \nMany THUNDERING photographers make big money\nphotographing SUNs and beautiful ZEUSs. They sell\nthe prints to STICKY magazines or to agencies who use\nthem in JELLYFISH advertisements. To be a photographer, you\nhave to have a ARMY camera. You also need an\nBITTER meter and filters and a special close-up\nJIGSAW. Then you either hire professional ZEUSs or go\nout and snap candid pictures of ordinary SANDWICHs. But if you\nwant to have a career, you must study very BEAUTIFULLY for at\nleast 27 years.",
            "content_base64": null,
            "directory_permission": "0777",
            "file_permission": "0777",
            "filename": "madlibs/madlibs-71.txt",
            "id": "3f51d0256e84a6e735eefa74068003ac85a64cc4",
            "sensitive_content": null,
            "source": null
          },
          "sensitive_attributes": [],
          "private": "bnVsbA==",
          "dependencies": [
            "random_shuffle.random_adjectives",
            "random_shuffle.random_adverbs",
            "random_shuffle.random_nouns",
            "random_shuffle.random_numbers",
            "random_shuffle.random_verbs"
          ]
        },
        {
          "index_key": 72,
          "schema_version": 0,
          "attributes": {
            "content": "ALICE'S UPSIDE-DOWN WORLD\n \nLewis Carroll's classic, \"Alice's Adventures in Wonderland\", as well\nas its ABUNDANT sequel, \"Through the Looking MILK\",\nhave enchanted both the young and old VIOLINs for the last\n42 years, Alice's GRUMPY adventures begin\nwhen she KICKEDs down a/an CHUBBY hole and lands\nin a strange and topsy-turvy JIGSAW. There she discovers she\ncan become a tall ZEUS or a small JELLYFISH simply by\nnibbling on alternate sides of a magic ARMY. In her travels\nthrough Wonderland, Alice BAKEDs such remarkable\ncharacters as the White SUN, the BITTER Hatter,\nthe Cheshire BANANA, and even the Queen of PANTHERs.\nUnfortunately, Alice's adventures come to a/an STICKY\nend when Alice awakens from her PANTHER.",
            "content_base64": null,
            "directory_permission": "0777",
            "file_permission": "0777",
            "filename": "madlibs/madlibs-72.txt",
            "id": "8a1e9abf6eadf3f60cff30dcc51b6d97b9e84092",
            "sensitive_content": null,
            "source": null
          },
          "sensitive_attributes": [],
          "private": "bnVsbA==",
          "dependencies": [
            "random_shuffle.random_adjectives",
            "random_shuffle.random_adverbs",
            "random_shuffle.random_nouns",
            "random_shuffle.random_numbers",
            "random_shuffle.random_verbs"
          ]
        },
        {
          "index_key": 73,
          "schema_version": 0,
          "attributes": {
            "content": "THE OBSERVATORY\n \nOut class when on a field trip to a GRUMPY observatory. It\nwas located on top of a JELLYFISH, and it looked like a giant\nSUN with a slit down its ARMY. We went inside and\nlooked through a BANANA and were able to see PANTHERs in\nthe sky that were millions of ZEUSs away. The men and\nwomen who BAKED in the observatory are called\nWALNUTSs, and they are always watching for comets, eclipses,\nand shooting VIOLINs. An eclipse occurs when a JIGSAW\ncomes between the earth and the MILK and everything\ngets ABUNDANT. Next week, we place to KICKED the\nMuseum of Modern CAT.",
            "content_base64": null,
            "directory_permission": "0777",
            "file_permission": "0777",
            "filename": "madlibs/madlibs-73.txt",
            "id": "872486ad92d3ea7e4cea2d85dcb8d93497451d4a",
            "sensitive_content": null,
            "source": null
          },
          "sensitive_attributes": [],
          "private": "bnVsbA==",
          "dependencies": [
            "random_shuffle.random_adjectives",
            "random_shuffle.random_adverbs",
            "random_shuffle.random_nouns",
            "random_shuffle.random_numbers",
            "random_shuffle.random_verbs"
          ]
        },
        {
          "index_key": 74,
          "schema_version": 0,
          "attributes": {
            "content": "HOW TO BE A PHOTOGRAPHER\n \nMany ABUNDANT photographers make big money\nphotographing BANANAs and beautiful CATs. They sell\nthe prints to BITTER magazines or to agencies who use\nthem in ZEUS advertisements. To be a photographer, you\nhave to have a JIGSAW camera. You also need an\nSTICKY meter and filters and a special close-up\nPANTHER. Then you either hire professional CATs or go\nout and snap candid pictures of ordinary WALNUTSs. But if you\nwant to have a career, you must study very BEAUTIFULLY for at\nleast 101 years.",
            "content_base64": null,
            "directory_permission": "0777",
            "file_permission": "0777",
            "filename": "madlibs/madlibs-74.txt",
            "id": "d2bfa65295d0713e033afe78c38dd2658a40df81",
            "sensitive_content": null,
            "source": null
          },
          "sensitive_attributes": [],
          "private": "bnVsbA==",
          "dependencies": [
            "random_shuffle.random_adjectives",
            "random_shuffle.random_adverbs",
            "random_shuffle.random_nouns",
            "random_shuffle.random_numbers",
            "random_shuffle.random_verbs"
          ]
        },
        {
          "index_key": 75,
          "schema_version": 0,
          "attributes": {
            "content": "ALICE'S UPSIDE-DOWN WORLD\n \nLewis Carroll's classic, \"Alice's Adventures in Wonderland\", as well\nas its THUNDERING sequel, \"Through the Looking ARMY\",\nhave enchanted both the young and old SANDWICHs for the last\n42 years, Alice's STICKY adventures begin\nwhen she LOVEs down a/an ABUNDANT hole and lands\nin a strange and topsy-turvy JELLYFISH. There she discovers she\ncan become a tall SUN or a small ZEUS simply by\nnibbling on alternate sides of a magic PANTHER. In her travels\nthrough Wonderland, Alice RESPECTs such remarkable\ncharacters as the White VIOLIN, the CHUBBY Hatter,\nthe Cheshire CAT, and even the Queen of BANANAs.\nUnfortunately, Alice's adventures come to a/an BITTER\nend when Alice awakens from her BANANA.",
            "content_base64": null,
            "directory_permission": "0777",
            "file_permission": "0777",
            "filename": "madlibs/madlibs-75.txt",
            "id": "621461327d1e0bd18729c48d4fa5024addf84dde",
            "sensitive_content": null,
            "source": null
          },
          "sensitive_attributes": [],
          "private": "bnVsbA==",
          "dependencies": [
            "random_shuffle.random_adjectives",
            "random_shuffle.random_adverbs",
            "random_shuffle.random_nouns",
            "random_shuffle.random_numbers",
            "random_shuffle.random_verbs"
          ]
        },
        {
          "index_key": 76,
          "schema_version": 0,
          "attributes": {
            "content": "THE OBSERVATORY\n \nOut class when on a field trip to a THUNDERING observatory. It\nwas located on top of a PANTHER, and it looked like a giant\nVIOLIN with a slit down its BANANA. We went inside and\nlooked through a JIGSAW and were able to see ARMYs in\nthe sky that were millions of JELLYFISHs away. The men and\nwomen who DANCE in the observatory are called\nZEUSs, and they are always watching for comets, eclipses,\nand shooting MILKs. An eclipse occurs when a CAT\ncomes between the earth and the WALNUTS and everything\ngets CHUBBY. Next week, we place to RUN the\nMuseum of Modern SUN.",
            "content_base64": null,
            "directory_permission": "0777",
            "file_permission": "0777",
            "filename": "madlibs/madlibs-76.txt",
            "id": "f2342d5175a539fe492f83039e1d076ee7c8a767",
            "sensitive_content": null,
            "source": null
          },
          "sensitive_attributes": [],
          "private": "bnVsbA==",
          "dependencies": [
            "random_shuffle.random_adjectives",
            "random_shuffle.random_adverbs",
            "random_shuffle.random_nouns",
            "random_shuffle.random_numbers",
            "random_shuffle.random_verbs"
          ]
        },
        {
          "index_key": 77,
          "schema_version": 0,
          "attributes": {
            "content": "HOW TO BE A PHOTOGRAPHER\n \nMany ABUNDANT photographers make big money\nphotographing JIGSAWs and beautiful MILKs. They sell\nthe prints to THUNDERING magazines or to agencies who use\nthem in JELLYFISH advertisements. To be a photographer, you\nhave to have a WALNUTS camera. You also need an\nGRUMPY meter and filters and a special close-up\nBANANA. Then you either hire professional MILKs or go\nout and snap candid pictures of ordinary ARMYs. But if you\nwant to have a career, you must study very BEAUTIFULLY for at\nleast 0 years.",
            "content_base64": null,
            "directory_permission": "0777",
            "file_permission": "0777",
            "filename": "madlibs/madlibs-77.txt",
            "id": "34a3dffd168c848e809dacdacc94d64c08c31d20",
            "sensitive_content": null,
            "source": null
          },
          "sensitive_attributes": [],
          "private": "bnVsbA==",
          "dependencies": [
            "random_shuffle.random_adjectives",
            "random_shuffle.random_adverbs",
            "random_shuffle.random_nouns",
            "random_shuffle.random_numbers",
            "random_shuffle.random_verbs"
          ]
        },
        {
          "index_key": 78,
          "schema_version": 0,
          "attributes": {
            "content": "ALICE'S UPSIDE-DOWN WORLD\n \nLewis Carroll's classic, \"Alice's Adventures in Wonderland\", as well\nas its GRUMPY sequel, \"Through the Looking PANTHER\",\nhave enchanted both the young and old BANANAs for the last\n73 years, Alice's STICKY adventures begin\nwhen she LOVEs down a/an ABUNDANT hole and lands\nin a strange and topsy-turvy WALNUTS. There she discovers she\ncan become a tall ARMY or a small JIGSAW simply by\nnibbling on alternate sides of a magic CAT. In her travels\nthrough Wonderland, Alice RESPECTs such remarkable\ncharacters as the White SUN, the BITTER Hatter,\nthe Cheshire JELLYFISH, and even the Queen of VIOLINs.\nUnfortunately, Alice's adventures come to a/an THUNDERING\nend when Alice awakens from her VIOLIN.",
            "content_base64": null,
            "directory_permission": "0777",
            "file_permission": "0777",
            "filename": "madlibs/madlibs-78.txt",
            "id": "82c02300e83d3ce4f0b4ac9f20e602035086a057",
            "sensitive_content": null,
            "source": null
          },
          "sensitive_attributes": [],
          "private": "bnVsbA==",
          "dependencies": [
            "random_shuffle.random_adjectives",
            "random_shuffle.random_adverbs",
            "random_shuffle.random_nouns",
            "random_shuffle.random_numbers",
            "random_shuffle.random_verbs"
          ]
        },
        {
          "index_key": 79,
          "schema_version": 0,
          "attributes": {
            "content": "THE OBSERVATORY\n \nOut class when on a field trip to a CHUBBY observatory. It\nwas located on top of a VIOLIN, and it looked like a giant\nWALNUTS with a slit down its JELLYFISH. We went inside and\nlooked through a CAT and were able to see PANTHERs in\nthe sky that were millions of ZEUSs away. The men and\nwomen who DANCE in the observatory are called\nSANDWICHs, and they are always watching for comets, eclipses,\nand shooting ARMYs. An eclipse occurs when a SUN\ncomes between the earth and the JIGSAW and everything\ngets BITTER. Next week, we place to KICKED the\nMuseum of Modern MILK.",
            "content_base64": null,
            "directory_permission": "0777",
            "file_permission": "0777",
            "filename": "madlibs/madlibs-79.txt",
            "id": "8e35616a7287ba20f75a5f8520a81fca9db9acd7",
            "sensitive_content": null,
            "source": null
          },
          "sensitive_attributes": [],
          "private": "bnVsbA==",
          "dependencies": [
            "random_shuffle.random_adjectives",
            "random_shuffle.random_adverbs",
            "random_shuffle.random_nouns",
            "random_shuffle.random_numbers",
            "random_shuffle.random_verbs"
          ]
        },
        {
          "index_key": 80,
          "schema_version": 0,
          "attributes": {
            "content": "HOW TO BE A PHOTOGRAPHER\n \nMany BITTER photographers make big money\nphotographing CATs and beautiful JELLYFISHs. They sell\nthe prints to CHUBBY magazines or to agencies who use\nthem in SUN advertisements. To be a photographer, you\nhave to have a ARMY camera. You also need an\nABUNDANT meter and filters and a special close-up\nVIOLIN. Then you either hire professional JELLYFISHs or go\nout and snap candid pictures of ordinary ZEUSs. But if you\nwant to have a career, you must study very DELICATELY for at\nleast 27 years.",
            "content_base64": null,
            "directory_permission": "0777",
            "file_permission": "0777",
            "filename": "madlibs/madlibs-80.txt",
            "id": "d702caf34c7d0215c18c79d4052289208b0a84be",
            "sensitive_content": null,
            "source": null
          },
          "sensitive_attributes": [],
          "private": "bnVsbA==",
          "dependencies": [
            "random_shuffle.random_adjectives",
            "random_shuffle.random_adverbs",
            "random_shuffle.random_nouns",
            "random_shuffle.random_numbers",
            "random_shuffle.random_verbs"
          ]
        },
        {
          "index_key": 81,
          "schema_version": 0,
          "attributes": {
            "content": "ALICE'S UPSIDE-DOWN WORLD\n \nLewis Carroll's classic, \"Alice's Adventures in Wonderland\", as well\nas its STICKY sequel, \"Through the Looking MILK\",\nhave enchanted both the young and old WALNUTSs for the last\n42 years, Alice's ABUNDANT adventures begin\nwhen she BAKEDs down a/an THUNDERING hole and lands\nin a strange and topsy-turvy SUN. There she discovers she\ncan become a tall BANANA or a small PANTHER simply by\nnibbling on alternate sides of a magic SANDWICH. In her travels\nthrough Wonderland, Alice KICKEDs such remarkable\ncharacters as the White JELLYFISH, the CHUBBY Hatter,\nthe Cheshire ARMY, and even the Queen of JIGSAWs.\nUnfortunately, Alice's adventures come to a/an BITTER\nend when Alice awakens from her JIGSAW.",
            "content_base64": null,
            "directory_permission": "0777",
            "file_permission": "0777",
            "filename": "madlibs/madlibs-81.txt",
            "id": "2765049dd4cee8db43947e8ac2d2b667a18c7249",
            "sensitive_content": null,
            "source": null
          },
          "sensitive_attributes": [],
          "private": "bnVsbA==",
          "dependencies": [
            "random_shuffle.random_adjectives",
            "random_shuffle.random_adverbs",
            "random_shuffle.random_nouns",
            "random_shuffle.random_numbers",
            "random_shuffle.random_verbs"
          ]
        },
        {
          "index_key": 82,
          "schema_version": 0,
          "attributes": {
            "content": "THE OBSERVATORY\n \nOut class when on a field trip to a GRUMPY observatory. It\nwas located on top of a MILK, and it looked like a giant\nJELLYFISH with a slit down its VIOLIN. We went inside and\nlooked through a SANDWICH and were able to see SUNs in\nthe sky that were millions of BANANAs away. The men and\nwomen who DANCE in the observatory are called\nARMYs, and they are always watching for comets, eclipses,\nand shooting PANTHERs. An eclipse occurs when a WALNUTS\ncomes between the earth and the ZEUS and everything\ngets STICKY. Next week, we place to BAKED the\nMuseum of Modern CAT.",
            "content_base64": null,
            "directory_permission": "0777",
            "file_permission": "0777",
            "filename": "madlibs/madlibs-82.txt",
            "id": "490f61d02c1dcc4a79a7b6150acb020c549d5ab8",
            "sensitive_content": null,
            "source": null
          },
          "sensitive_attributes": [],
          "private": "bnVsbA==",
          "dependencies": [
            "random_shuffle.random_adjectives",
            "random_shuffle.random_adverbs",
            "random_shuffle.random_nouns",
            "random_shuffle.random_numbers",
            "random_shuffle.random_verbs"
          ]
        },
        {
          "index_key": 83,
          "schema_version": 0,
          "attributes": {
            "content": "HOW TO BE A PHOTOGRAPHER\n \nMany BITTER photographers make big money\nphotographing JELLYFISHs and beautiful JIGSAWs. They sell\nthe prints to ABUNDANT magazines or to agencies who use\nthem in MILK advertisements. To be a photographer, you\nhave to have a ARMY camera. You also need an\nGRUMPY meter and filters and a special close-up\nZEUS. Then you either hire professional JIGSAWs or go\nout and snap candid pictures of ordinary SUNs. But if you\nwant to have a career, you must study very BEAUTIFULLY for at\nleast -5 years.",
            "content_base64": null,
            "directory_permission": "0777",
            "file_permission": "0777",
            "filename": "madlibs/madlibs-83.txt",
            "id": "892a6b236bca1f68e396f28032c40e7c477290e5",
            "sensitive_content": null,
            "source": null
          },
          "sensitive_attributes": [],
          "private": "bnVsbA==",
          "dependencies": [
            "random_shuffle.random_adjectives",
            "random_shuffle.random_adverbs",
            "random_shuffle.random_nouns",
            "random_shuffle.random_numbers",
            "random_shuffle.random_verbs"
          ]
        },
        {
          "index_key": 84,
          "schema_version": 0,
          "attributes": {
            "content": "ALICE'S UPSIDE-DOWN WORLD\n \nLewis Carroll's classic, \"Alice's Adventures in Wonderland\", as well\nas its BITTER sequel, \"Through the Looking MILK\",\nhave enchanted both the young and old SUNs for the last\n73 years, Alice's ABUNDANT adventures begin\nwhen she LOVEs down a/an GRUMPY hole and lands\nin a strange and topsy-turvy JIGSAW. There she discovers she\ncan become a tall SANDWICH or a small JELLYFISH simply by\nnibbling on alternate sides of a magic VIOLIN. In her travels\nthrough Wonderland, Alice KICKEDs such remarkable\ncharacters as the White ARMY, the THUNDERING Hatter,\nthe Cheshire BANANA, and even the Queen of WALNUTSs.\nUnfortunately, Alice's adventures come to a/an CHUBBY\nend when Alice awakens from her WALNUTS.",
            "content_base64": null,
            "directory_permission": "0777",
            "file_permission": "0777",
            "filename": "madlibs/madlibs-84.txt",
            "id": "4425f3513f687012a8f6ea57c4f51f636a03208f",
            "sensitive_content": null,
            "source": null
          },
          "sensitive_attributes": [],
          "private": "bnVsbA==",
          "dependencies": [
            "random_shuffle.random_adjectives",
            "random_shuffle.random_adverbs",
            "random_shuffle.random_nouns",
            "random_shuffle.random_numbers",
            "random_shuffle.random_verbs"
          ]
        },
        {
          "index_key": 85,
          "schema_version": 0,
          "attributes": {
            "content": "THE OBSERVATORY\n \nOut class when on a field trip to a CHUBBY observatory. It\nwas located on top of a VIOLIN, and it looked like a giant\nWALNUTS with a slit down its ZEUS. We went inside and\nlooked through a SUN and were able to see PANTHERs in\nthe sky that were millions of SANDWICHs away. The men and\nwomen who BAKED in the observatory are called\nARMYs, and they are always watching for comets, eclipses,\nand shooting JIGSAWs. An eclipse occurs when a BANANA\ncomes between the earth and the MILK and everything\ngets BITTER. Next week, we place to RUN the\nMuseum of Modern CAT.",
            "content_base64": null,
            "directory_permission": "0777",
            "file_permission": "0777",
            "filename": "madlibs/madlibs-85.txt",
            "id": "aa39887c8d9527a896dd654c89593d60d7f20bcb",
            "sensitive_content": null,
            "source": null
          },
          "sensitive_attributes": [],
          "private": "bnVsbA==",
          "dependencies": [
            "random_shuffle.random_adjectives",
            "random_shuffle.random_adverbs",
            "random_shuffle.random_nouns",
            "random_shuffle.random_numbers",
            "random_shuffle.random_verbs"
          ]
        },
        {
          "index_key": 86,
          "schema_version": 0,
          "attributes": {
            "content": "HOW TO BE A PHOTOGRAPHER\n \nMany CHUBBY photographers make big money\nphotographing SANDWICHs and beautiful JIGSAWs. They sell\nthe prints to THUNDERING magazines or to agencies who use\nthem in SUN advertisements. To be a photographer, you\nhave to have a VIOLIN camera. You also need an\nABUNDANT meter and filters and a special close-up\nARMY. Then you either hire professional JIGSAWs or go\nout and snap candid pictures of ordinary BANANAs. But if you\nwant to have a career, you must study very WEARILY for at\nleast 73 years.",
            "content_base64": null,
            "directory_permission": "0777",
            "file_permission": "0777",
            "filename": "madlibs/madlibs-86.txt",
            "id": "bb78b2e105fb15b9cb2da42d03729d65f1298a21",
            "sensitive_content": null,
            "source": null
          },
          "sensitive_attributes": [],
          "private": "bnVsbA==",
          "dependencies": [
            "random_shuffle.random_adjectives",
            "random_shuffle.random_adverbs",
            "random_shuffle.random_nouns",
            "random_shuffle.random_numbers",
            "random_shuffle.random_verbs"
          ]
        },
        {
          "index_key": 87,
          "schema_version": 0,
          "attributes": {
            "content": "ALICE'S UPSIDE-DOWN WORLD\n \nLewis Carroll's classic, \"Alice's Adventures in Wonderland\", as well\nas its BITTER sequel, \"Through the Looking ARMY\",\nhave enchanted both the young and old PANTHERs for the last\n0 years, Alice's STICKY adventures begin\nwhen she LOVEs down a/an THUNDERING hole and lands\nin a strange and topsy-turvy MILK. There she discovers she\ncan become a tall WALNUTS or a small SANDWICH simply by\nnibbling on alternate sides of a magic SUN. In her travels\nthrough Wonderland, Alice RUNs such remarkable\ncharacters as the White JELLYFISH, the GRUMPY Hatter,\nthe Cheshire BANANA, and even the Queen of CATs.\nUnfortunately, Alice's adventures come to a/an ABUNDANT\nend when Alice awakens from her CAT.",
            "content_base64": null,
            "directory_permission": "0777",
            "file_permission": "0777",
            "filename": "madlibs/madlibs-87.txt",
            "id": "460f083cf14c29f50aadab9067bff42b4573cf3e",
            "sensitive_content": null,
            "source": null
          },
          "sensitive_attributes": [],
          "private": "bnVsbA==",
          "dependencies": [
            "random_shuffle.random_adjectives",
            "random_shuffle.random_adverbs",
            "random_shuffle.random_nouns",
            "random_shuffle.random_numbers",
            "random_shuffle.random_verbs"
          ]
        },
        {
          "index_key": 88,
          "schema_version": 0,
          "attributes": {
            "content": "THE OBSERVATORY\n \nOut class when on a field trip to a ABUNDANT observatory. It\nwas located on top of a CAT, and it looked like a giant\nSANDWICH with a slit down its PANTHER. We went inside and\nlooked through a ZEUS and were able to see ARMYs in\nthe sky that were millions of WALNUTSs away. The men and\nwomen who RESPECT in the observatory are called\nBANANAs, and they are always watching for comets, eclipses,\nand shooting SUNs. An eclipse occurs when a MILK\ncomes between the earth and the JELLYFISH and everything\ngets STICKY. Next week, we place to DANCE the\nMuseum of Modern JIGSAW.",
            "content_base64": null,
            "directory_permission": "0777",
            "file_permission": "0777",
            "filename": "madlibs/madlibs-88.txt",
            "id": "20d23b5b777b51f535c37a1d9b47cf8b2a5af6a3",
            "sensitive_content": null,
            "source": null
          },
          "sensitive_attributes": [],
          "private": "bnVsbA==",
          "dependencies": [
            "random_shuffle.random_adjectives",
            "random_shuffle.random_adverbs",
            "random_shuffle.random_nouns",
            "random_shuffle.random_numbers",
            "random_shuffle.random_verbs"
          ]
        },
        {
          "index_key": 89,
          "schema_version": 0,
          "attributes": {
            "content": "HOW TO BE A PHOTOGRAPHER\n \nMany STICKY photographers make big money\nphotographing JIGSAWs and beautiful ARMYs. They sell\nthe prints to ABUNDANT magazines or to agencies who use\nthem in WALNUTS advertisements. To be a photographer, you\nhave to have a SUN camera. You also need an\nBITTER meter and filters and a special close-up\nPANTHER. Then you either hire professional ARMYs or go\nout and snap candid pictures of ordinary ZEUSs. But if you\nwant to have a career, you must study very DELICATELY for at\nleast -5 years.",
            "content_base64": null,
            "directory_permission": "0777",
            "file_permission": "0777",
            "filename": "madlibs/madlibs-89.txt",
            "id": "751d511b182c40f8e3f897114a08bf666879693d",
            "sensitive_content": null,
            "source": null
          },
          "sensitive_attributes": [],
          "private": "bnVsbA==",
          "dependencies": [
            "random_shuffle.random_adjectives",
            "random_shuffle.random_adverbs",
            "random_shuffle.random_nouns",
            "random_shuffle.random_numbers",
            "random_shuffle.random_verbs"
          ]
        },
        {
          "index_key": 90,
          "schema_version": 0,
          "attributes": {
            "content": "ALICE'S UPSIDE-DOWN WORLD\n \nLewis Carroll's classic, \"Alice's Adventures in Wonderland\", as well\nas its THUNDERING sequel, \"Through the Looking WALNUTS\",\nhave enchanted both the young and old BANANAs for the last\n27 years, Alice's BITTER adventures begin\nwhen she DANCEs down a/an STICKY hole and lands\nin a strange and topsy-turvy ARMY. There she discovers she\ncan become a tall JIGSAW or a small CAT simply by\nnibbling on alternate sides of a magic PANTHER. In her travels\nthrough Wonderland, Alice BAKEDs such remarkable\ncharacters as the White SANDWICH, the GRUMPY Hatter,\nthe Cheshire MILK, and even the Queen of ZEUSs.\nUnfortunately, Alice's adventures come to a/an CHUBBY\nend when Alice awakens from her ZEUS.",
            "content_base64": null,
            "directory_permission": "0777",
            "file_permission": "0777",
            "filename": "madlibs/madlibs-90.txt",
            "id": "ca59e75281a00afc5838dbfa599b0b9d6fb5a6b0",
            "sensitive_content": null,
            "source": null
          },
          "sensitive_attributes": [],
          "private": "bnVsbA==",
          "dependencies": [
            "random_shuffle.random_adjectives",
            "random_shuffle.random_adverbs",
            "random_shuffle.random_nouns",
            "random_shuffle.random_numbers",
            "random_shuffle.random_verbs"
          ]
        },
        {
          "index_key": 91,
          "schema_version": 0,
          "attributes": {
            "content": "THE OBSERVATORY\n \nOut class when on a field trip to a ABUNDANT observatory. It\nwas located on top of a ARMY, and it looked like a giant\nVIOLIN with a slit down its JIGSAW. We went inside and\nlooked through a BANANA and were able to see CATs in\nthe sky that were millions of SANDWICHs away. The men and\nwomen who DANCE in the observatory are called\nZEUSs, and they are always watching for comets, eclipses,\nand shooting MILKs. An eclipse occurs when a WALNUTS\ncomes between the earth and the SUN and everything\ngets THUNDERING. Next week, we place to RESPECT the\nMuseum of Modern PANTHER.",
            "content_base64": null,
            "directory_permission": "0777",
            "file_permission": "0777",
            "filename": "madlibs/madlibs-91.txt",
            "id": "fdc8ec3183be1980a2eefdeb2630dc140eee3a68",
            "sensitive_content": null,
            "source": null
          },
          "sensitive_attributes": [],
          "private": "bnVsbA==",
          "dependencies": [
            "random_shuffle.random_adjectives",
            "random_shuffle.random_adverbs",
            "random_shuffle.random_nouns",
            "random_shuffle.random_numbers",
            "random_shuffle.random_verbs"
          ]
        },
        {
          "index_key": 92,
          "schema_version": 0,
          "attributes": {
            "content": "HOW TO BE A PHOTOGRAPHER\n \nMany BITTER photographers make big money\nphotographing SUNs and beautiful ARMYs. They sell\nthe prints to THUNDERING magazines or to agencies who use\nthem in ZEUS advertisements. To be a photographer, you\nhave to have a WALNUTS camera. You also need an\nABUNDANT meter and filters and a special close-up\nPANTHER. Then you either hire professional ARMYs or go\nout and snap candid pictures of ordinary BANANAs. But if you\nwant to have a career, you must study very WEARILY for at\nleast 0 years.",
            "content_base64": null,
            "directory_permission": "0777",
            "file_permission": "0777",
            "filename": "madlibs/madlibs-92.txt",
            "id": "78f90145ea7b2e8937ce1f2377d887f690399d8c",
            "sensitive_content": null,
            "source": null
          },
          "sensitive_attributes": [],
          "private": "bnVsbA==",
          "dependencies": [
            "random_shuffle.random_adjectives",
            "random_shuffle.random_adverbs",
            "random_shuffle.random_nouns",
            "random_shuffle.random_numbers",
            "random_shuffle.random_verbs"
          ]
        },
        {
          "index_key": 93,
          "schema_version": 0,
          "attributes": {
            "content": "ALICE'S UPSIDE-DOWN WORLD\n \nLewis Carroll's classic, \"Alice's Adventures in Wonderland\", as well\nas its ABUNDANT sequel, \"Through the Looking MILK\",\nhave enchanted both the young and old JIGSAWs for the last\n73 years, Alice's BITTER adventures begin\nwhen she LOVEs down a/an GRUMPY hole and lands\nin a strange and topsy-turvy PANTHER. There she discovers she\ncan become a tall WALNUTS or a small SANDWICH simply by\nnibbling on alternate sides of a magic ARMY. In her travels\nthrough Wonderland, Alice BAKEDs such remarkable\ncharacters as the White VIOLIN, the THUNDERING Hatter,\nthe Cheshire SUN, and even the Queen of CATs.\nUnfortunately, Alice's adventures come to a/an STICKY\nend when Alice awakens from her CAT.",
            "content_base64": null,
            "directory_permission": "0777",
            "file_permission": "0777",
            "filename": "madlibs/madlibs-93.txt",
            "id": "4baf57c1519a9feb7b4fe2c11abe47439b631954",
            "sensitive_content": null,
            "source": null
          },
          "sensitive_attributes": [],
          "private": "bnVsbA==",
          "dependencies": [
            "random_shuffle.random_adjectives",
            "random_shuffle.random_adverbs",
            "random_shuffle.random_nouns",
            "random_shuffle.random_numbers",
            "random_shuffle.random_verbs"
          ]
        },
        {
          "index_key": 94,
          "schema_version": 0,
          "attributes": {
            "content": "THE OBSERVATORY\n \nOut class when on a field trip to a CHUBBY observatory. It\nwas located on top of a JIGSAW, and it looked like a giant\nSANDWICH with a slit down its ZEUS. We went inside and\nlooked through a VIOLIN and were able to see SUNs in\nthe sky that were millions of CATs away. The men and\nwomen who KICKED in the observatory are called\nWALNUTSs, and they are always watching for comets, eclipses,\nand shooting PANTHERs. An eclipse occurs when a MILK\ncomes between the earth and the JELLYFISH and everything\ngets STICKY. Next week, we place to RUN the\nMuseum of Modern ARMY.",
            "content_base64": null,
            "directory_permission": "0777",
            "file_permission": "0777",
            "filename": "madlibs/madlibs-94.txt",
            "id": "f2de34469488f7dde54e0fefbc2d63c92fedb253",
            "sensitive_content": null,
            "source": null
          },
          "sensitive_attributes": [],
          "private": "bnVsbA==",
          "dependencies": [
            "random_shuffle.random_adjectives",
            "random_shuffle.random_adverbs",
            "random_shuffle.random_nouns",
            "random_shuffle.random_numbers",
            "random_shuffle.random_verbs"
          ]
        },
        {
          "index_key": 95,
          "schema_version": 0,
          "attributes": {
            "content": "HOW TO BE A PHOTOGRAPHER\n \nMany BITTER photographers make big money\nphotographing MILKs and beautiful CATs. They sell\nthe prints to GRUMPY magazines or to agencies who use\nthem in ARMY advertisements. To be a photographer, you\nhave to have a VIOLIN camera. You also need an\nSTICKY meter and filters and a special close-up\nSUN. Then you either hire professional CATs or go\nout and snap candid pictures of ordinary JELLYFISHs. But if you\nwant to have a career, you must study very QUICKLY for at\nleast 0 years.",
            "content_base64": null,
            "directory_permission": "0777",
            "file_permission": "0777",
            "filename": "madlibs/madlibs-95.txt",
            "id": "e65722a7817b264918f6f14a25447b562205894a",
            "sensitive_content": null,
            "source": null
          },
          "sensitive_attributes": [],
          "private": "bnVsbA==",
          "dependencies": [
            "random_shuffle.random_adjectives",
            "random_shuffle.random_adverbs",
            "random_shuffle.random_nouns",
            "random_shuffle.random_numbers",
            "random_shuffle.random_verbs"
          ]
        },
        {
          "index_key": 96,
          "schema_version": 0,
          "attributes": {
            "content": "ALICE'S UPSIDE-DOWN WORLD\n \nLewis Carroll's classic, \"Alice's Adventures in Wonderland\", as well\nas its THUNDERING sequel, \"Through the Looking SANDWICH\",\nhave enchanted both the young and old SUNs for the last\n42 years, Alice's GRUMPY adventures begin\nwhen she LOVEs down a/an CHUBBY hole and lands\nin a strange and topsy-turvy ZEUS. There she discovers she\ncan become a tall WALNUTS or a small BANANA simply by\nnibbling on alternate sides of a magic JELLYFISH. In her travels\nthrough Wonderland, Alice BAKEDs such remarkable\ncharacters as the White VIOLIN, the STICKY Hatter,\nthe Cheshire JIGSAW, and even the Queen of ARMYs.\nUnfortunately, Alice's adventures come to a/an ABUNDANT\nend when Alice awakens from her ARMY.",
            "content_base64": null,
            "directory_permission": "0777",
            "file_permission": "0777",
            "filename": "madlibs/madlibs-96.txt",
            "id": "4e7705ce4eda0f36a47f79b5319de525e296a8eb",
            "sensitive_content": null,
            "source": null
          },
          "sensitive_attributes": [],
          "private": "bnVsbA==",
          "dependencies": [
            "random_shuffle.random_adjectives",
            "random_shuffle.random_adverbs",
            "random_shuffle.random_nouns",
            "random_shuffle.random_numbers",
            "random_shuffle.random_verbs"
          ]
        },
        {
          "index_key": 97,
          "schema_version": 0,
          "attributes": {
            "content": "THE OBSERVATORY\n \nOut class when on a field trip to a ABUNDANT observatory. It\nwas located on top of a SUN, and it looked like a giant\nBANANA with a slit down its PANTHER. We went inside and\nlooked through a ZEUS and were able to see CATs in\nthe sky that were millions of SANDWICHs away. The men and\nwomen who DANCE in the observatory are called\nMILKs, and they are always watching for comets, eclipses,\nand shooting JELLYFISHs. An eclipse occurs when a ARMY\ncomes between the earth and the WALNUTS and everything\ngets THUNDERING. Next week, we place to BAKED the\nMuseum of Modern JIGSAW.",
            "content_base64": null,
            "directory_permission": "0777",
            "file_permission": "0777",
            "filename": "madlibs/madlibs-97.txt",
            "id": "e440e1b8439cdf8a4d6723cf3a62332b71532e52",
            "sensitive_content": null,
            "source": null
          },
          "sensitive_attributes": [],
          "private": "bnVsbA==",
          "dependencies": [
            "random_shuffle.random_adjectives",
            "random_shuffle.random_adverbs",
            "random_shuffle.random_nouns",
            "random_shuffle.random_numbers",
            "random_shuffle.random_verbs"
          ]
        },
        {
          "index_key": 98,
          "schema_version": 0,
          "attributes": {
            "content": "HOW TO BE A PHOTOGRAPHER\n \nMany ABUNDANT photographers make big money\nphotographing JIGSAWs and beautiful WALNUTSs. They sell\nthe prints to THUNDERING magazines or to agencies who use\nthem in VIOLIN advertisements. To be a photographer, you\nhave to have a ARMY camera. You also need an\nGRUMPY meter and filters and a special close-up\nZEUS. Then you either hire professional WALNUTSs or go\nout and snap candid pictures of ordinary SANDWICHs. But if you\nwant to have a career, you must study very BEAUTIFULLY for at\nleast 27 years.",
            "content_base64": null,
            "directory_permission": "0777",
            "file_permission": "0777",
            "filename": "madlibs/madlibs-98.txt",
            "id": "63705eb2de583b97bffebcc7de943ffc3f279cc4",
            "sensitive_content": null,
            "source": null
          },
          "sensitive_attributes": [],
          "private": "bnVsbA==",
          "dependencies": [
            "random_shuffle.random_adjectives",
            "random_shuffle.random_adverbs",
            "random_shuffle.random_nouns",
            "random_shuffle.random_numbers",
            "random_shuffle.random_verbs"
          ]
        },
        {
          "index_key": 99,
          "schema_version": 0,
          "attributes": {
            "content": "ALICE'S UPSIDE-DOWN WORLD\n \nLewis Carroll's classic, \"Alice's Adventures in Wonderland\", as well\nas its CHUBBY sequel, \"Through the Looking BANANA\",\nhave enchanted both the young and old ARMYs for the last\n101 years, Alice's BITTER adventures begin\nwhen she RUNs down a/an THUNDERING hole and lands\nin a strange and topsy-turvy VIOLIN. There she discovers she\ncan become a tall SUN or a small JIGSAW simply by\nnibbling on alternate sides of a magic WALNUTS. In her travels\nthrough Wonderland, Alice RESPECTs such remarkable\ncharacters as the White MILK, the ABUNDANT Hatter,\nthe Cheshire PANTHER, and even the Queen of SANDWICHs.\nUnfortunately, Alice's adventures come to a/an STICKY\nend when Alice awakens from her SANDWICH.",
            "content_base64": null,
            "directory_permission": "0777",
            "file_permission": "0777",
            "filename": "madlibs/madlibs-99.txt",
            "id": "f583170bd2f117b59c5ac1466e59a0ea5dd8ae0a",
            "sensitive_content": null,
            "source": null
          },
          "sensitive_attributes": [],
          "private": "bnVsbA==",
          "dependencies": [
            "random_shuffle.random_adjectives",
            "random_shuffle.random_adverbs",
            "random_shuffle.random_nouns",
            "random_shuffle.random_numbers",
            "random_shuffle.random_verbs"
          ]
        }
      ]
    },
    {
      "mode": "managed",
      "type": "random_shuffle",
      "name": "random_adjectives",
      "provider": "provider[\"registry.terraform.io/hashicorp/random\"]",
      "instances": [
        {
          "index_key": 0,
          "schema_version": 0,
          "attributes": {
            "id": "-",
            "input": [
              "BITTER",
              "STICKY",
              "THUNDERING",
              "ABUNDANT",
              "CHUBBY",
              "GRUMPY"
            ],
            "keepers": null,
            "result": [
              "ABUNDANT",
              "STICKY",
              "THUNDERING",
              "GRUMPY",
              "BITTER",
              "CHUBBY"
            ],
            "result_count": null,
            "seed": null
          },
          "sensitive_attributes": [],
          "private": "bnVsbA=="
        },
        {
          "index_key": 1,
          "schema_version": 0,
          "attributes": {
            "id": "-",
            "input": [
              "BITTER",
              "STICKY",
              "THUNDERING",
              "ABUNDANT",
              "CHUBBY",
              "GRUMPY"
            ],
            "keepers": null,
            "result": [
              "CHUBBY",
              "GRUMPY",
              "THUNDERING",
              "STICKY",
              "ABUNDANT",
              "BITTER"
            ],
            "result_count": null,
            "seed": null
          },
          "sensitive_attributes": [],
          "private": "bnVsbA=="
        },
        {
          "index_key": 2,
          "schema_version": 0,
          "attributes": {
            "id": "-",
            "input": [
              "BITTER",
              "STICKY",
              "THUNDERING",
              "ABUNDANT",
              "CHUBBY",
              "GRUMPY"
            ],
            "keepers": null,
            "result": [
              "CHUBBY",
              "STICKY",
              "THUNDERING",
              "BITTER",
              "GRUMPY",
              "ABUNDANT"
            ],
            "result_count": null,
            "seed": null
          },
          "sensitive_attributes": [],
          "private": "bnVsbA=="
        },
        {
          "index_key": 3,
          "schema_version": 0,
          "attributes": {
            "id": "-",
            "input": [
              "BITTER",
              "STICKY",
              "THUNDERING",
              "ABUNDANT",
              "CHUBBY",
              "GRUMPY"
            ],
            "keepers": null,
            "result": [
              "THUNDERING",
              "GRUMPY",
              "CHUBBY",
              "BITTER",
              "STICKY",
              "ABUNDANT"
            ],
            "result_count": null,
            "seed": null
          },
          "sensitive_attributes": [],
          "private": "bnVsbA=="
        },
        {
          "index_key": 4,
          "schema_version": 0,
          "attributes": {
            "id": "-",
            "input": [
              "BITTER",
              "STICKY",
              "THUNDERING",
              "ABUNDANT",
              "CHUBBY",
              "GRUMPY"
            ],
            "keepers": null,
            "result": [
              "STICKY",
              "THUNDERING",
              "GRUMPY",
              "CHUBBY",
              "ABUNDANT",
              "BITTER"
            ],
            "result_count": null,
            "seed": null
          },
          "sensitive_attributes": [],
          "private": "bnVsbA=="
        },
        {
          "index_key": 5,
          "schema_version": 0,
          "attributes": {
            "id": "-",
            "input": [
              "BITTER",
              "STICKY",
              "THUNDERING",
              "ABUNDANT",
              "CHUBBY",
              "GRUMPY"
            ],
            "keepers": null,
            "result": [
              "THUNDERING",
              "BITTER",
              "STICKY",
              "ABUNDANT",
              "GRUMPY",
              "CHUBBY"
            ],
            "result_count": null,
            "seed": null
          },
          "sensitive_attributes": [],
          "private": "bnVsbA=="
        },
        {
          "index_key": 6,
          "schema_version": 0,
          "attributes": {
            "id": "-",
            "input": [
              "BITTER",
              "STICKY",
              "THUNDERING",
              "ABUNDANT",
              "CHUBBY",
              "GRUMPY"
            ],
            "keepers": null,
            "result": [
              "THUNDERING",
              "ABUNDANT",
              "BITTER",
              "CHUBBY",
              "GRUMPY",
              "STICKY"
            ],
            "result_count": null,
            "seed": null
          },
          "sensitive_attributes": [],
          "private": "bnVsbA=="
        },
        {
          "index_key": 7,
          "schema_version": 0,
          "attributes": {
            "id": "-",
            "input": [
              "BITTER",
              "STICKY",
              "THUNDERING",
              "ABUNDANT",
              "CHUBBY",
              "GRUMPY"
            ],
            "keepers": null,
            "result": [
              "THUNDERING",
              "ABUNDANT",
              "BITTER",
              "CHUBBY",
              "GRUMPY",
              "STICKY"
            ],
            "result_count": null,
            "seed": null
          },
          "sensitive_attributes": [],
          "private": "bnVsbA=="
        },
        {
          "index_key": 8,
          "schema_version": 0,
          "attributes": {
            "id": "-",
            "input": [
              "BITTER",
              "STICKY",
              "THUNDERING",
              "ABUNDANT",
              "CHUBBY",
              "GRUMPY"
            ],
            "keepers": null,
            "result": [
              "BITTER",
              "STICKY",
              "GRUMPY",
              "CHUBBY",
              "ABUNDANT",
              "THUNDERING"
            ],
            "result_count": null,
            "seed": null
          },
          "sensitive_attributes": [],
          "private": "bnVsbA=="
        },
        {
          "index_key": 9,
          "schema_version": 0,
          "attributes": {
            "id": "-",
            "input": [
              "BITTER",
              "STICKY",
              "THUNDERING",
              "ABUNDANT",
              "CHUBBY",
              "GRUMPY"
            ],
            "keepers": null,
            "result": [
              "THUNDERING",
              "CHUBBY",
              "STICKY",
              "BITTER",
              "ABUNDANT",
              "GRUMPY"
            ],
            "result_count": null,
            "seed": null
          },
          "sensitive_attributes": [],
          "private": "bnVsbA=="
        },
        {
          "index_key": 10,
          "schema_version": 0,
          "attributes": {
            "id": "-",
            "input": [
              "BITTER",
              "STICKY",
              "THUNDERING",
              "ABUNDANT",
              "CHUBBY",
              "GRUMPY"
            ],
            "keepers": null,
            "result": [
              "GRUMPY",
              "CHUBBY",
              "THUNDERING",
              "BITTER",
              "ABUNDANT",
              "STICKY"
            ],
            "result_count": null,
            "seed": null
          },
          "sensitive_attributes": [],
          "private": "bnVsbA=="
        },
        {
          "index_key": 11,
          "schema_version": 0,
          "attributes": {
            "id": "-",
            "input": [
              "BITTER",
              "STICKY",
              "THUNDERING",
              "ABUNDANT",
              "CHUBBY",
              "GRUMPY"
            ],
            "keepers": null,
            "result": [
              "THUNDERING",
              "BITTER",
              "ABUNDANT",
              "CHUBBY",
              "STICKY",
              "GRUMPY"
            ],
            "result_count": null,
            "seed": null
          },
          "sensitive_attributes": [],
          "private": "bnVsbA=="
        },
        {
          "index_key": 12,
          "schema_version": 0,
          "attributes": {
            "id": "-",
            "input": [
              "BITTER",
              "STICKY",
              "THUNDERING",
              "ABUNDANT",
              "CHUBBY",
              "GRUMPY"
            ],
            "keepers": null,
            "result": [
              "CHUBBY",
              "ABUNDANT",
              "STICKY",
              "BITTER",
              "THUNDERING",
              "GRUMPY"
            ],
            "result_count": null,
            "seed": null
          },
          "sensitive_attributes": [],
          "private": "bnVsbA=="
        },
        {
          "index_key": 13,
          "schema_version": 0,
          "attributes": {
            "id": "-",
            "input": [
              "BITTER",
              "STICKY",
              "THUNDERING",
              "ABUNDANT",
              "CHUBBY",
              "GRUMPY"
            ],
            "keepers": null,
            "result": [
              "ABUNDANT",
              "THUNDERING",
              "GRUMPY",
              "CHUBBY",
              "BITTER",
              "STICKY"
            ],
            "result_count": null,
            "seed": null
          },
          "sensitive_attributes": [],
          "private": "bnVsbA=="
        },
        {
          "index_key": 14,
          "schema_version": 0,
          "attributes": {
            "id": "-",
            "input": [
              "BITTER",
              "STICKY",
              "THUNDERING",
              "ABUNDANT",
              "CHUBBY",
              "GRUMPY"
            ],
            "keepers": null,
            "result": [
              "STICKY",
              "CHUBBY",
              "BITTER",
              "THUNDERING",
              "ABUNDANT",
              "GRUMPY"
            ],
            "result_count": null,
            "seed": null
          },
          "sensitive_attributes": [],
          "private": "bnVsbA=="
        },
        {
          "index_key": 15,
          "schema_version": 0,
          "attributes": {
            "id": "-",
            "input": [
              "BITTER",
              "STICKY",
              "THUNDERING",
              "ABUNDANT",
              "CHUBBY",
              "GRUMPY"
            ],
            "keepers": null,
            "result": [
              "THUNDERING",
              "BITTER",
              "CHUBBY",
              "ABUNDANT",
              "GRUMPY",
              "STICKY"
            ],
            "result_count": null,
            "seed": null
          },
          "sensitive_attributes": [],
          "private": "bnVsbA=="
        },
        {
          "index_key": 16,
          "schema_version": 0,
          "attributes": {
            "id": "-",
            "input": [
              "BITTER",
              "STICKY",
              "THUNDERING",
              "ABUNDANT",
              "CHUBBY",
              "GRUMPY"
            ],
            "keepers": null,
            "result": [
              "BITTER",
              "ABUNDANT",
              "CHUBBY",
              "THUNDERING",
              "GRUMPY",
              "STICKY"
            ],
            "result_count": null,
            "seed": null
          },
          "sensitive_attributes": [],
          "private": "bnVsbA=="
        },
        {
          "index_key": 17,
          "schema_version": 0,
          "attributes": {
            "id": "-",
            "input": [
              "BITTER",
              "STICKY",
              "THUNDERING",
              "ABUNDANT",
              "CHUBBY",
              "GRUMPY"
            ],
            "keepers": null,
            "result": [
              "CHUBBY",
              "ABUNDANT",
              "STICKY",
              "BITTER",
              "GRUMPY",
              "THUNDERING"
            ],
            "result_count": null,
            "seed": null
          },
          "sensitive_attributes": [],
          "private": "bnVsbA=="
        },
        {
          "index_key": 18,
          "schema_version": 0,
          "attributes": {
            "id": "-",
            "input": [
              "BITTER",
              "STICKY",
              "THUNDERING",
              "ABUNDANT",
              "CHUBBY",
              "GRUMPY"
            ],
            "keepers": null,
            "result": [
              "STICKY",
              "CHUBBY",
              "THUNDERING",
              "GRUMPY",
              "ABUNDANT",
              "BITTER"
            ],
            "result_count": null,
            "seed": null
          },
          "sensitive_attributes": [],
          "private": "bnVsbA=="
        },
        {
          "index_key": 19,
          "schema_version": 0,
          "attributes": {
            "id": "-",
            "input": [
              "BITTER",
              "STICKY",
              "THUNDERING",
              "ABUNDANT",
              "CHUBBY",
              "GRUMPY"
            ],
            "keepers": null,
            "result": [
              "CHUBBY",
              "BITTER",
              "GRUMPY",
              "THUNDERING",
              "STICKY",
              "ABUNDANT"
            ],
            "result_count": null,
            "seed": null
          },
          "sensitive_attributes": [],
          "private": "bnVsbA=="
        },
        {
          "index_key": 20,
          "schema_version": 0,
          "attributes": {
            "id": "-",
            "input": [
              "BITTER",
              "STICKY",
              "THUNDERING",
              "ABUNDANT",
              "CHUBBY",
              "GRUMPY"
            ],
            "keepers": null,
            "result": [
              "STICKY",
              "ABUNDANT",
              "GRUMPY",
              "CHUBBY",
              "BITTER",
              "THUNDERING"
            ],
            "result_count": null,
            "seed": null
          },
          "sensitive_attributes": [],
          "private": "bnVsbA=="
        },
        {
          "index_key": 21,
          "schema_version": 0,
          "attributes": {
            "id": "-",
            "input": [
              "BITTER",
              "STICKY",
              "THUNDERING",
              "ABUNDANT",
              "CHUBBY",
              "GRUMPY"
            ],
            "keepers": null,
            "result": [
              "GRUMPY",
              "BITTER",
              "THUNDERING",
              "CHUBBY",
              "STICKY",
              "ABUNDANT"
            ],
            "result_count": null,
            "seed": null
          },
          "sensitive_attributes": [],
          "private": "bnVsbA=="
        },
        {
          "index_key": 22,
          "schema_version": 0,
          "attributes": {
            "id": "-",
            "input": [
              "BITTER",
              "STICKY",
              "THUNDERING",
              "ABUNDANT",
              "CHUBBY",
              "GRUMPY"
            ],
            "keepers": null,
            "result": [
              "THUNDERING",
              "ABUNDANT",
              "BITTER",
              "STICKY",
              "GRUMPY",
              "CHUBBY"
            ],
            "result_count": null,
            "seed": null
          },
          "sensitive_attributes": [],
          "private": "bnVsbA=="
        },
        {
          "index_key": 23,
          "schema_version": 0,
          "attributes": {
            "id": "-",
            "input": [
              "BITTER",
              "STICKY",
              "THUNDERING",
              "ABUNDANT",
              "CHUBBY",
              "GRUMPY"
            ],
            "keepers": null,
            "result": [
              "GRUMPY",
              "THUNDERING",
              "BITTER",
              "CHUBBY",
              "STICKY",
              "ABUNDANT"
            ],
            "result_count": null,
            "seed": null
          },
          "sensitive_attributes": [],
          "private": "bnVsbA=="
        },
        {
          "index_key": 24,
          "schema_version": 0,
          "attributes": {
            "id": "-",
            "input": [
              "BITTER",
              "STICKY",
              "THUNDERING",
              "ABUNDANT",
              "CHUBBY",
              "GRUMPY"
            ],
            "keepers": null,
            "result": [
              "BITTER",
              "THUNDERING",
              "ABUNDANT",
              "STICKY",
              "GRUMPY",
              "CHUBBY"
            ],
            "result_count": null,
            "seed": null
          },
          "sensitive_attributes": [],
          "private": "bnVsbA=="
        },
        {
          "index_key": 25,
          "schema_version": 0,
          "attributes": {
            "id": "-",
            "input": [
              "BITTER",
              "STICKY",
              "THUNDERING",
              "ABUNDANT",
              "CHUBBY",
              "GRUMPY"
            ],
            "keepers": null,
            "result": [
              "CHUBBY",
              "BITTER",
              "ABUNDANT",
              "THUNDERING",
              "STICKY",
              "GRUMPY"
            ],
            "result_count": null,
            "seed": null
          },
          "sensitive_attributes": [],
          "private": "bnVsbA=="
        },
        {
          "index_key": 26,
          "schema_version": 0,
          "attributes": {
            "id": "-",
            "input": [
              "BITTER",
              "STICKY",
              "THUNDERING",
              "ABUNDANT",
              "CHUBBY",
              "GRUMPY"
            ],
            "keepers": null,
            "result": [
              "ABUNDANT",
              "BITTER",
              "THUNDERING",
              "STICKY",
              "GRUMPY",
              "CHUBBY"
            ],
            "result_count": null,
            "seed": null
          },
          "sensitive_attributes": [],
          "private": "bnVsbA=="
        },
        {
          "index_key": 27,
          "schema_version": 0,
          "attributes": {
            "id": "-",
            "input": [
              "BITTER",
              "STICKY",
              "THUNDERING",
              "ABUNDANT",
              "CHUBBY",
              "GRUMPY"
            ],
            "keepers": null,
            "result": [
              "CHUBBY",
              "GRUMPY",
              "STICKY",
              "THUNDERING",
              "BITTER",
              "ABUNDANT"
            ],
            "result_count": null,
            "seed": null
          },
          "sensitive_attributes": [],
          "private": "bnVsbA=="
        },
        {
          "index_key": 28,
          "schema_version": 0,
          "attributes": {
            "id": "-",
            "input": [
              "BITTER",
              "STICKY",
              "THUNDERING",
              "ABUNDANT",
              "CHUBBY",
              "GRUMPY"
            ],
            "keepers": null,
            "result": [
              "BITTER",
              "THUNDERING",
              "GRUMPY",
              "STICKY",
              "CHUBBY",
              "ABUNDANT"
            ],
            "result_count": null,
            "seed": null
          },
          "sensitive_attributes": [],
          "private": "bnVsbA=="
        },
        {
          "index_key": 29,
          "schema_version": 0,
          "attributes": {
            "id": "-",
            "input": [
              "BITTER",
              "STICKY",
              "THUNDERING",
              "ABUNDANT",
              "CHUBBY",
              "GRUMPY"
            ],
            "keepers": null,
            "result": [
              "BITTER",
              "THUNDERING",
              "CHUBBY",
              "GRUMPY",
              "ABUNDANT",
              "STICKY"
            ],
            "result_count": null,
            "seed": null
          },
          "sensitive_attributes": [],
          "private": "bnVsbA=="
        },
        {
          "index_key": 30,
          "schema_version": 0,
          "attributes": {
            "id": "-",
            "input": [
              "BITTER",
              "STICKY",
              "THUNDERING",
              "ABUNDANT",
              "CHUBBY",
              "GRUMPY"
            ],
            "keepers": null,
            "result": [
              "THUNDERING",
              "GRUMPY",
              "CHUBBY",
              "BITTER",
              "ABUNDANT",
              "STICKY"
            ],
            "result_count": null,
            "seed": null
          },
          "sensitive_attributes": [],
          "private": "bnVsbA=="
        },
        {
          "index_key": 31,
          "schema_version": 0,
          "attributes": {
            "id": "-",
            "input": [
              "BITTER",
              "STICKY",
              "THUNDERING",
              "ABUNDANT",
              "CHUBBY",
              "GRUMPY"
            ],
            "keepers": null,
            "result": [
              "CHUBBY",
              "STICKY",
              "GRUMPY",
              "THUNDERING",
              "ABUNDANT",
              "BITTER"
            ],
            "result_count": null,
            "seed": null
          },
          "sensitive_attributes": [],
          "private": "bnVsbA=="
        },
        {
          "index_key": 32,
          "schema_version": 0,
          "attributes": {
            "id": "-",
            "input": [
              "BITTER",
              "STICKY",
              "THUNDERING",
              "ABUNDANT",
              "CHUBBY",
              "GRUMPY"
            ],
            "keepers": null,
            "result": [
              "CHUBBY",
              "THUNDERING",
              "STICKY",
              "ABUNDANT",
              "GRUMPY",
              "BITTER"
            ],
            "result_count": null,
            "seed": null
          },
          "sensitive_attributes": [],
          "private": "bnVsbA=="
        },
        {
          "index_key": 33,
          "schema_version": 0,
          "attributes": {
            "id": "-",
            "input": [
              "BITTER",
              "STICKY",
              "THUNDERING",
              "ABUNDANT",
              "CHUBBY",
              "GRUMPY"
            ],
            "keepers": null,
            "result": [
              "GRUMPY",
              "CHUBBY",
              "BITTER",
              "ABUNDANT",
              "THUNDERING",
              "STICKY"
            ],
            "result_count": null,
            "seed": null
          },
          "sensitive_attributes": [],
          "private": "bnVsbA=="
        },
        {
          "index_key": 34,
          "schema_version": 0,
          "attributes": {
            "id": "-",
            "input": [
              "BITTER",
              "STICKY",
              "THUNDERING",
              "ABUNDANT",
              "CHUBBY",
              "GRUMPY"
            ],
            "keepers": null,
            "result": [
              "STICKY",
              "CHUBBY",
              "ABUNDANT",
              "GRUMPY",
              "THUNDERING",
              "BITTER"
            ],
            "result_count": null,
            "seed": null
          },
          "sensitive_attributes": [],
          "private": "bnVsbA=="
        },
        {
          "index_key": 35,
          "schema_version": 0,
          "attributes": {
            "id": "-",
            "input": [
              "BITTER",
              "STICKY",
              "THUNDERING",
              "ABUNDANT",
              "CHUBBY",
              "GRUMPY"
            ],
            "keepers": null,
            "result": [
              "STICKY",
              "ABUNDANT",
              "THUNDERING",
              "BITTER",
              "CHUBBY",
              "GRUMPY"
            ],
            "result_count": null,
            "seed": null
          },
          "sensitive_attributes": [],
          "private": "bnVsbA=="
        },
        {
          "index_key": 36,
          "schema_version": 0,
          "attributes": {
            "id": "-",
            "input": [
              "BITTER",
              "STICKY",
              "THUNDERING",
              "ABUNDANT",
              "CHUBBY",
              "GRUMPY"
            ],
            "keepers": null,
            "result": [
              "CHUBBY",
              "BITTER",
              "THUNDERING",
              "ABUNDANT",
              "GRUMPY",
              "STICKY"
            ],
            "result_count": null,
            "seed": null
          },
          "sensitive_attributes": [],
          "private": "bnVsbA=="
        },
        {
          "index_key": 37,
          "schema_version": 0,
          "attributes": {
            "id": "-",
            "input": [
              "BITTER",
              "STICKY",
              "THUNDERING",
              "ABUNDANT",
              "CHUBBY",
              "GRUMPY"
            ],
            "keepers": null,
            "result": [
              "BITTER",
              "ABUNDANT",
              "STICKY",
              "CHUBBY",
              "GRUMPY",
              "THUNDERING"
            ],
            "result_count": null,
            "seed": null
          },
          "sensitive_attributes": [],
          "private": "bnVsbA=="
        },
        {
          "index_key": 38,
          "schema_version": 0,
          "attributes": {
            "id": "-",
            "input": [
              "BITTER",
              "STICKY",
              "THUNDERING",
              "ABUNDANT",
              "CHUBBY",
              "GRUMPY"
            ],
            "keepers": null,
            "result": [
              "BITTER",
              "THUNDERING",
              "STICKY",
              "CHUBBY",
              "GRUMPY",
              "ABUNDANT"
            ],
            "result_count": null,
            "seed": null
          },
          "sensitive_attributes": [],
          "private": "bnVsbA=="
        },
        {
          "index_key": 39,
          "schema_version": 0,
          "attributes": {
            "id": "-",
            "input": [
              "BITTER",
              "STICKY",
              "THUNDERING",
              "ABUNDANT",
              "CHUBBY",
              "GRUMPY"
            ],
            "keepers": null,
            "result": [
              "ABUNDANT",
              "STICKY",
              "GRUMPY",
              "CHUBBY",
              "THUNDERING",
              "BITTER"
            ],
            "result_count": null,
            "seed": null
          },
          "sensitive_attributes": [],
          "private": "bnVsbA=="
        },
        {
          "index_key": 40,
          "schema_version": 0,
          "attributes": {
            "id": "-",
            "input": [
              "BITTER",
              "STICKY",
              "THUNDERING",
              "ABUNDANT",
              "CHUBBY",
              "GRUMPY"
            ],
            "keepers": null,
            "result": [
              "GRUMPY",
              "THUNDERING",
              "CHUBBY",
              "BITTER",
              "ABUNDANT",
              "STICKY"
            ],
            "result_count": null,
            "seed": null
          },
          "sensitive_attributes": [],
          "private": "bnVsbA=="
        },
        {
          "index_key": 41,
          "schema_version": 0,
          "attributes": {
            "id": "-",
            "input": [
              "BITTER",
              "STICKY",
              "THUNDERING",
              "ABUNDANT",
              "CHUBBY",
              "GRUMPY"
            ],
            "keepers": null,
            "result": [
              "CHUBBY",
              "THUNDERING",
              "BITTER",
              "ABUNDANT",
              "STICKY",
              "GRUMPY"
            ],
            "result_count": null,
            "seed": null
          },
          "sensitive_attributes": [],
          "private": "bnVsbA=="
        },
        {
          "index_key": 42,
          "schema_version": 0,
          "attributes": {
            "id": "-",
            "input": [
              "BITTER",
              "STICKY",
              "THUNDERING",
              "ABUNDANT",
              "CHUBBY",
              "GRUMPY"
            ],
            "keepers": null,
            "result": [
              "THUNDERING",
              "GRUMPY",
              "STICKY",
              "BITTER",
              "ABUNDANT",
              "CHUBBY"
            ],
            "result_count": null,
            "seed": null
          },
          "sensitive_attributes": [],
          "private": "bnVsbA=="
        },
        {
          "index_key": 43,
          "schema_version": 0,
          "attributes": {
            "id": "-",
            "input": [
              "BITTER",
              "STICKY",
              "THUNDERING",
              "ABUNDANT",
              "CHUBBY",
              "GRUMPY"
            ],
            "keepers": null,
            "result": [
              "THUNDERING",
              "BITTER",
              "GRUMPY",
              "ABUNDANT",
              "STICKY",
              "CHUBBY"
            ],
            "result_count": null,
            "seed": null
          },
          "sensitive_attributes": [],
          "private": "bnVsbA=="
        },
        {
          "index_key": 44,
          "schema_version": 0,
          "attributes": {
            "id": "-",
            "input": [
              "BITTER",
              "STICKY",
              "THUNDERING",
              "ABUNDANT",
              "CHUBBY",
              "GRUMPY"
            ],
            "keepers": null,
            "result": [
              "BITTER",
              "ABUNDANT",
              "THUNDERING",
              "CHUBBY",
              "GRUMPY",
              "STICKY"
            ],
            "result_count": null,
            "seed": null
          },
          "sensitive_attributes": [],
          "private": "bnVsbA=="
        },
        {
          "index_key": 45,
          "schema_version": 0,
          "attributes": {
            "id": "-",
            "input": [
              "BITTER",
              "STICKY",
              "THUNDERING",
              "ABUNDANT",
              "CHUBBY",
              "GRUMPY"
            ],
            "keepers": null,
            "result": [
              "ABUNDANT",
              "BITTER",
              "GRUMPY",
              "CHUBBY",
              "STICKY",
              "THUNDERING"
            ],
            "result_count": null,
            "seed": null
          },
          "sensitive_attributes": [],
          "private": "bnVsbA=="
        },
        {
          "index_key": 46,
          "schema_version": 0,
          "attributes": {
            "id": "-",
            "input": [
              "BITTER",
              "STICKY",
              "THUNDERING",
              "ABUNDANT",
              "CHUBBY",
              "GRUMPY"
            ],
            "keepers": null,
            "result": [
              "STICKY",
              "BITTER",
              "ABUNDANT",
              "THUNDERING",
              "GRUMPY",
              "CHUBBY"
            ],
            "result_count": null,
            "seed": null
          },
          "sensitive_attributes": [],
          "private": "bnVsbA=="
        },
        {
          "index_key": 47,
          "schema_version": 0,
          "attributes": {
            "id": "-",
            "input": [
              "BITTER",
              "STICKY",
              "THUNDERING",
              "ABUNDANT",
              "CHUBBY",
              "GRUMPY"
            ],
            "keepers": null,
            "result": [
              "GRUMPY",
              "ABUNDANT",
              "THUNDERING",
              "BITTER",
              "STICKY",
              "CHUBBY"
            ],
            "result_count": null,
            "seed": null
          },
          "sensitive_attributes": [],
          "private": "bnVsbA=="
        },
        {
          "index_key": 48,
          "schema_version": 0,
          "attributes": {
            "id": "-",
            "input": [
              "BITTER",
              "STICKY",
              "THUNDERING",
              "ABUNDANT",
              "CHUBBY",
              "GRUMPY"
            ],
            "keepers": null,
            "result": [
              "STICKY",
              "THUNDERING",
              "GRUMPY",
              "BITTER",
              "ABUNDANT",
              "CHUBBY"
            ],
            "result_count": null,
            "seed": null
          },
          "sensitive_attributes": [],
          "private": "bnVsbA=="
        },
        {
          "index_key": 49,
          "schema_version": 0,
          "attributes": {
            "id": "-",
            "input": [
              "BITTER",
              "STICKY",
              "THUNDERING",
              "ABUNDANT",
              "CHUBBY",
              "GRUMPY"
            ],
            "keepers": null,
            "result": [
              "ABUNDANT",
              "THUNDERING",
              "STICKY",
              "GRUMPY",
              "BITTER",
              "CHUBBY"
            ],
            "result_count": null,
            "seed": null
          },
          "sensitive_attributes": [],
          "private": "bnVsbA=="
        },
        {
          "index_key": 50,
          "schema_version": 0,
          "attributes": {
            "id": "-",
            "input": [
              "BITTER",
              "STICKY",
              "THUNDERING",
              "ABUNDANT",
              "CHUBBY",
              "GRUMPY"
            ],
            "keepers": null,
            "result": [
              "STICKY",
              "THUNDERING",
              "BITTER",
              "GRUMPY",
              "ABUNDANT",
              "CHUBBY"
            ],
            "result_count": null,
            "seed": null
          },
          "sensitive_attributes": [],
          "private": "bnVsbA=="
        },
        {
          "index_key": 51,
          "schema_version": 0,
          "attributes": {
            "id": "-",
            "input": [
              "BITTER",
              "STICKY",
              "THUNDERING",
              "ABUNDANT",
              "CHUBBY",
              "GRUMPY"
            ],
            "keepers": null,
            "result": [
              "GRUMPY",
              "CHUBBY",
              "THUNDERING",
              "STICKY",
              "ABUNDANT",
              "BITTER"
            ],
            "result_count": null,
            "seed": null
          },
          "sensitive_attributes": [],
          "private": "bnVsbA=="
        },
        {
          "index_key": 52,
          "schema_version": 0,
          "attributes": {
            "id": "-",
            "input": [
              "BITTER",
              "STICKY",
              "THUNDERING",
              "ABUNDANT",
              "CHUBBY",
              "GRUMPY"
            ],
            "keepers": null,
            "result": [
              "ABUNDANT",
              "CHUBBY",
              "BITTER",
              "THUNDERING",
              "GRUMPY",
              "STICKY"
            ],
            "result_count": null,
            "seed": null
          },
          "sensitive_attributes": [],
          "private": "bnVsbA=="
        },
        {
          "index_key": 53,
          "schema_version": 0,
          "attributes": {
            "id": "-",
            "input": [
              "BITTER",
              "STICKY",
              "THUNDERING",
              "ABUNDANT",
              "CHUBBY",
              "GRUMPY"
            ],
            "keepers": null,
            "result": [
              "THUNDERING",
              "STICKY",
              "ABUNDANT",
              "CHUBBY",
              "GRUMPY",
              "BITTER"
            ],
            "result_count": null,
            "seed": null
          },
          "sensitive_attributes": [],
          "private": "bnVsbA=="
        },
        {
          "index_key": 54,
          "schema_version": 0,
          "attributes": {
            "id": "-",
            "input": [
              "BITTER",
              "STICKY",
              "THUNDERING",
              "ABUNDANT",
              "CHUBBY",
              "GRUMPY"
            ],
            "keepers": null,
            "result": [
              "ABUNDANT",
              "BITTER",
              "THUNDERING",
              "CHUBBY",
              "GRUMPY",
              "STICKY"
            ],
            "result_count": null,
            "seed": null
          },
          "sensitive_attributes": [],
          "private": "bnVsbA=="
        },
        {
          "index_key": 55,
          "schema_version": 0,
          "attributes": {
            "id": "-",
            "input": [
              "BITTER",
              "STICKY",
              "THUNDERING",
              "ABUNDANT",
              "CHUBBY",
              "GRUMPY"
            ],
            "keepers": null,
            "result": [
              "THUNDERING",
              "CHUBBY",
              "GRUMPY",
              "STICKY",
              "BITTER",
              "ABUNDANT"
            ],
            "result_count": null,
            "seed": null
          },
          "sensitive_attributes": [],
          "private": "bnVsbA=="
        },
        {
          "index_key": 56,
          "schema_version": 0,
          "attributes": {
            "id": "-",
            "input": [
              "BITTER",
              "STICKY",
              "THUNDERING",
              "ABUNDANT",
              "CHUBBY",
              "GRUMPY"
            ],
            "keepers": null,
            "result": [
              "STICKY",
              "GRUMPY",
              "BITTER",
              "ABUNDANT",
              "CHUBBY",
              "THUNDERING"
            ],
            "result_count": null,
            "seed": null
          },
          "sensitive_attributes": [],
          "private": "bnVsbA=="
        },
        {
          "index_key": 57,
          "schema_version": 0,
          "attributes": {
            "id": "-",
            "input": [
              "BITTER",
              "STICKY",
              "THUNDERING",
              "ABUNDANT",
              "CHUBBY",
              "GRUMPY"
            ],
            "keepers": null,
            "result": [
              "CHUBBY",
              "BITTER",
              "ABUNDANT",
              "THUNDERING",
              "STICKY",
              "GRUMPY"
            ],
            "result_count": null,
            "seed": null
          },
          "sensitive_attributes": [],
          "private": "bnVsbA=="
        },
        {
          "index_key": 58,
          "schema_version": 0,
          "attributes": {
            "id": "-",
            "input": [
              "BITTER",
              "STICKY",
              "THUNDERING",
              "ABUNDANT",
              "CHUBBY",
              "GRUMPY"
            ],
            "keepers": null,
            "result": [
              "STICKY",
              "GRUMPY",
              "CHUBBY",
              "THUNDERING",
              "ABUNDANT",
              "BITTER"
            ],
            "result_count": null,
            "seed": null
          },
          "sensitive_attributes": [],
          "private": "bnVsbA=="
        },
        {
          "index_key": 59,
          "schema_version": 0,
          "attributes": {
            "id": "-",
            "input": [
              "BITTER",
              "STICKY",
              "THUNDERING",
              "ABUNDANT",
              "CHUBBY",
              "GRUMPY"
            ],
            "keepers": null,
            "result": [
              "GRUMPY",
              "STICKY",
              "BITTER",
              "ABUNDANT",
              "THUNDERING",
              "CHUBBY"
            ],
            "result_count": null,
            "seed": null
          },
          "sensitive_attributes": [],
          "private": "bnVsbA=="
        },
        {
          "index_key": 60,
          "schema_version": 0,
          "attributes": {
            "id": "-",
            "input": [
              "BITTER",
              "STICKY",
              "THUNDERING",
              "ABUNDANT",
              "CHUBBY",
              "GRUMPY"
            ],
            "keepers": null,
            "result": [
              "STICKY",
              "GRUMPY",
              "BITTER",
              "ABUNDANT",
              "THUNDERING",
              "CHUBBY"
            ],
            "result_count": null,
            "seed": null
          },
          "sensitive_attributes": [],
          "private": "bnVsbA=="
        },
        {
          "index_key": 61,
          "schema_version": 0,
          "attributes": {
            "id": "-",
            "input": [
              "BITTER",
              "STICKY",
              "THUNDERING",
              "ABUNDANT",
              "CHUBBY",
              "GRUMPY"
            ],
            "keepers": null,
            "result": [
              "STICKY",
              "THUNDERING",
              "GRUMPY",
              "CHUBBY",
              "ABUNDANT",
              "BITTER"
            ],
            "result_count": null,
            "seed": null
          },
          "sensitive_attributes": [],
          "private": "bnVsbA=="
        },
        {
          "index_key": 62,
          "schema_version": 0,
          "attributes": {
            "id": "-",
            "input": [
              "BITTER",
              "STICKY",
              "THUNDERING",
              "ABUNDANT",
              "CHUBBY",
              "GRUMPY"
            ],
            "keepers": null,
            "result": [
              "THUNDERING",
              "CHUBBY",
              "STICKY",
              "GRUMPY",
              "BITTER",
              "ABUNDANT"
            ],
            "result_count": null,
            "seed": null
          },
          "sensitive_attributes": [],
          "private": "bnVsbA=="
        },
        {
          "index_key": 63,
          "schema_version": 0,
          "attributes": {
            "id": "-",
            "input": [
              "BITTER",
              "STICKY",
              "THUNDERING",
              "ABUNDANT",
              "CHUBBY",
              "GRUMPY"
            ],
            "keepers": null,
            "result": [
              "GRUMPY",
              "BITTER",
              "ABUNDANT",
              "CHUBBY",
              "STICKY",
              "THUNDERING"
            ],
            "result_count": null,
            "seed": null
          },
          "sensitive_attributes": [],
          "private": "bnVsbA=="
        },
        {
          "index_key": 64,
          "schema_version": 0,
          "attributes": {
            "id": "-",
            "input": [
              "BITTER",
              "STICKY",
              "THUNDERING",
              "ABUNDANT",
              "CHUBBY",
              "GRUMPY"
            ],
            "keepers": null,
            "result": [
              "ABUNDANT",
              "THUNDERING",
              "CHUBBY",
              "GRUMPY",
              "STICKY",
              "BITTER"
            ],
            "result_count": null,
            "seed": null
          },
          "sensitive_attributes": [],
          "private": "bnVsbA=="
        },
        {
          "index_key": 65,
          "schema_version": 0,
          "attributes": {
            "id": "-",
            "input": [
              "BITTER",
              "STICKY",
              "THUNDERING",
              "ABUNDANT",
              "CHUBBY",
              "GRUMPY"
            ],
            "keepers": null,
            "result": [
              "GRUMPY",
              "BITTER",
              "CHUBBY",
              "THUNDERING",
              "ABUNDANT",
              "STICKY"
            ],
            "result_count": null,
            "seed": null
          },
          "sensitive_attributes": [],
          "private": "bnVsbA=="
        },
        {
          "index_key": 66,
          "schema_version": 0,
          "attributes": {
            "id": "-",
            "input": [
              "BITTER",
              "STICKY",
              "THUNDERING",
              "ABUNDANT",
              "CHUBBY",
              "GRUMPY"
            ],
            "keepers": null,
            "result": [
              "CHUBBY",
              "GRUMPY",
              "STICKY",
              "BITTER",
              "THUNDERING",
              "ABUNDANT"
            ],
            "result_count": null,
            "seed": null
          },
          "sensitive_attributes": [],
          "private": "bnVsbA=="
        },
        {
          "index_key": 67,
          "schema_version": 0,
          "attributes": {
            "id": "-",
            "input": [
              "BITTER",
              "STICKY",
              "THUNDERING",
              "ABUNDANT",
              "CHUBBY",
              "GRUMPY"
            ],
            "keepers": null,
            "result": [
              "ABUNDANT",
              "CHUBBY",
              "GRUMPY",
              "STICKY",
              "BITTER",
              "THUNDERING"
            ],
            "result_count": null,
            "seed": null
          },
          "sensitive_attributes": [],
          "private": "bnVsbA=="
        },
        {
          "index_key": 68,
          "schema_version": 0,
          "attributes": {
            "id": "-",
            "input": [
              "BITTER",
              "STICKY",
              "THUNDERING",
              "ABUNDANT",
              "CHUBBY",
              "GRUMPY"
            ],
            "keepers": null,
            "result": [
              "GRUMPY",
              "BITTER",
              "STICKY",
              "THUNDERING",
              "ABUNDANT",
              "CHUBBY"
            ],
            "result_count": null,
            "seed": null
          },
          "sensitive_attributes": [],
          "private": "bnVsbA=="
        },
        {
          "index_key": 69,
          "schema_version": 0,
          "attributes": {
            "id": "-",
            "input": [
              "BITTER",
              "STICKY",
              "THUNDERING",
              "ABUNDANT",
              "CHUBBY",
              "GRUMPY"
            ],
            "keepers": null,
            "result": [
              "ABUNDANT",
              "CHUBBY",
              "BITTER",
              "STICKY",
              "GRUMPY",
              "THUNDERING"
            ],
            "result_count": null,
            "seed": null
          },
          "sensitive_attributes": [],
          "private": "bnVsbA=="
        },
        {
          "index_key": 70,
          "schema_version": 0,
          "attributes": {
            "id": "-",
            "input": [
              "BITTER",
              "STICKY",
              "THUNDERING",
              "ABUNDANT",
              "CHUBBY",
              "GRUMPY"
            ],
            "keepers": null,
            "result": [
              "BITTER",
              "GRUMPY",
              "ABUNDANT",
              "THUNDERING",
              "STICKY",
              "CHUBBY"
            ],
            "result_count": null,
            "seed": null
          },
          "sensitive_attributes": [],
          "private": "bnVsbA=="
        },
        {
          "index_key": 71,
          "schema_version": 0,
          "attributes": {
            "id": "-",
            "input": [
              "BITTER",
              "STICKY",
              "THUNDERING",
              "ABUNDANT",
              "CHUBBY",
              "GRUMPY"
            ],
            "keepers": null,
            "result": [
              "THUNDERING",
              "STICKY",
              "BITTER",
              "GRUMPY",
              "ABUNDANT",
              "CHUBBY"
            ],
            "result_count": null,
            "seed": null
          },
          "sensitive_attributes": [],
          "private": "bnVsbA=="
        },
        {
          "index_key": 72,
          "schema_version": 0,
          "attributes": {
            "id": "-",
            "input": [
              "BITTER",
              "STICKY",
              "THUNDERING",
              "ABUNDANT",
              "CHUBBY",
              "GRUMPY"
            ],
            "keepers": null,
            "result": [
              "ABUNDANT",
              "GRUMPY",
              "CHUBBY",
              "BITTER",
              "STICKY",
              "THUNDERING"
            ],
            "result_count": null,
            "seed": null
          },
          "sensitive_attributes": [],
          "private": "bnVsbA=="
        },
        {
          "index_key": 73,
          "schema_version": 0,
          "attributes": {
            "id": "-",
            "input": [
              "BITTER",
              "STICKY",
              "THUNDERING",
              "ABUNDANT",
              "CHUBBY",
              "GRUMPY"
            ],
            "keepers": null,
            "result": [
              "GRUMPY",
              "ABUNDANT",
              "THUNDERING",
              "STICKY",
              "BITTER",
              "CHUBBY"
            ],
            "result_count": null,
            "seed": null
          },
          "sensitive_attributes": [],
          "private": "bnVsbA=="
        },
        {
          "index_key": 74,
          "schema_version": 0,
          "attributes": {
            "id": "-",
            "input": [
              "BITTER",
              "STICKY",
              "THUNDERING",
              "ABUNDANT",
              "CHUBBY",
              "GRUMPY"
            ],
            "keepers": null,
            "result": [
              "ABUNDANT",
              "BITTER",
              "STICKY",
              "CHUBBY",
              "THUNDERING",
              "GRUMPY"
            ],
            "result_count": null,
            "seed": null
          },
          "sensitive_attributes": [],
          "private": "bnVsbA=="
        },
        {
          "index_key": 75,
          "schema_version": 0,
          "attributes": {
            "id": "-",
            "input": [
              "BITTER",
              "STICKY",
              "THUNDERING",
              "ABUNDANT",
              "CHUBBY",
              "GRUMPY"
            ],
            "keepers": null,
            "result": [
              "THUNDERING",
              "STICKY",
              "ABUNDANT",
              "CHUBBY",
              "BITTER",
              "GRUMPY"
            ],
            "result_count": null,
            "seed": null
          },
          "sensitive_attributes": [],
          "private": "bnVsbA=="
        },
        {
          "index_key": 76,
          "schema_version": 0,
          "attributes": {
            "id": "-",
            "input": [
              "BITTER",
              "STICKY",
              "THUNDERING",
              "ABUNDANT",
              "CHUBBY",
              "GRUMPY"
            ],
            "keepers": null,
            "result": [
              "THUNDERING",
              "CHUBBY",
              "GRUMPY",
              "BITTER",
              "ABUNDANT",
              "STICKY"
            ],
            "result_count": null,
            "seed": null
          },
          "sensitive_attributes": [],
          "private": "bnVsbA=="
        },
        {
          "index_key": 77,
          "schema_version": 0,
          "attributes": {
            "id": "-",
            "input": [
              "BITTER",
              "STICKY",
              "THUNDERING",
              "ABUNDANT",
              "CHUBBY",
              "GRUMPY"
            ],
            "keepers": null,
            "result": [
              "ABUNDANT",
              "THUNDERING",
              "GRUMPY",
              "STICKY",
              "BITTER",
              "CHUBBY"
            ],
            "result_count": null,
            "seed": null
          },
          "sensitive_attributes": [],
          "private": "bnVsbA=="
        },
        {
          "index_key": 78,
          "schema_version": 0,
          "attributes": {
            "id": "-",
            "input": [
              "BITTER",
              "STICKY",
              "THUNDERING",
              "ABUNDANT",
              "CHUBBY",
              "GRUMPY"
            ],
            "keepers": null,
            "result": [
              "GRUMPY",
              "STICKY",
              "ABUNDANT",
              "BITTER",
              "THUNDERING",
              "CHUBBY"
            ],
            "result_count": null,
            "seed": null
          },
          "sensitive_attributes": [],
          "private": "bnVsbA=="
        },
        {
          "index_key": 79,
          "schema_version": 0,
          "attributes": {
            "id": "-",
            "input": [
              "BITTER",
              "STICKY",
              "THUNDERING",
              "ABUNDANT",
              "CHUBBY",
              "GRUMPY"
            ],
            "keepers": null,
            "result": [
              "CHUBBY",
              "BITTER",
              "THUNDERING",
              "ABUNDANT",
              "STICKY",
              "GRUMPY"
            ],
            "result_count": null,
            "seed": null
          },
          "sensitive_attributes": [],
          "private": "bnVsbA=="
        },
        {
          "index_key": 80,
          "schema_version": 0,
          "attributes": {
            "id": "-",
            "input": [
              "BITTER",
              "STICKY",
              "THUNDERING",
              "ABUNDANT",
              "CHUBBY",
              "GRUMPY"
            ],
            "keepers": null,
            "result": [
              "BITTER",
              "CHUBBY",
              "ABUNDANT",
              "GRUMPY",
              "STICKY",
              "THUNDERING"
            ],
            "result_count": null,
            "seed": null
          },
          "sensitive_attributes": [],
          "private": "bnVsbA=="
        },
        {
          "index_key": 81,
          "schema_version": 0,
          "attributes": {
            "id": "-",
            "input": [
              "BITTER",
              "STICKY",
              "THUNDERING",
              "ABUNDANT",
              "CHUBBY",
              "GRUMPY"
            ],
            "keepers": null,
            "result": [
              "STICKY",
              "ABUNDANT",
              "THUNDERING",
              "CHUBBY",
              "BITTER",
              "GRUMPY"
            ],
            "result_count": null,
            "seed": null
          },
          "sensitive_attributes": [],
          "private": "bnVsbA=="
        },
        {
          "index_key": 82,
          "schema_version": 0,
          "attributes": {
            "id": "-",
            "input": [
              "BITTER",
              "STICKY",
              "THUNDERING",
              "ABUNDANT",
              "CHUBBY",
              "GRUMPY"
            ],
            "keepers": null,
            "result": [
              "GRUMPY",
              "STICKY",
              "THUNDERING",
              "BITTER",
              "ABUNDANT",
              "CHUBBY"
            ],
            "result_count": null,
            "seed": null
          },
          "sensitive_attributes": [],
          "private": "bnVsbA=="
        },
        {
          "index_key": 83,
          "schema_version": 0,
          "attributes": {
            "id": "-",
            "input": [
              "BITTER",
              "STICKY",
              "THUNDERING",
              "ABUNDANT",
              "CHUBBY",
              "GRUMPY"
            ],
            "keepers": null,
            "result": [
              "BITTER",
              "ABUNDANT",
              "GRUMPY",
              "STICKY",
              "THUNDERING",
              "CHUBBY"
            ],
            "result_count": null,
            "seed": null
          },
          "sensitive_attributes": [],
          "private": "bnVsbA=="
        },
        {
          "index_key": 84,
          "schema_version": 0,
          "attributes": {
            "id": "-",
            "input": [
              "BITTER",
              "STICKY",
              "THUNDERING",
              "ABUNDANT",
              "CHUBBY",
              "GRUMPY"
            ],
            "keepers": null,
            "result": [
              "BITTER",
              "ABUNDANT",
              "GRUMPY",
              "THUNDERING",
              "CHUBBY",
              "STICKY"
            ],
            "result_count": null,
            "seed": null
          },
          "sensitive_attributes": [],
          "private": "bnVsbA=="
        },
        {
          "index_key": 85,
          "schema_version": 0,
          "attributes": {
            "id": "-",
            "input": [
              "BITTER",
              "STICKY",
              "THUNDERING",
              "ABUNDANT",
              "CHUBBY",
              "GRUMPY"
            ],
            "keepers": null,
            "result": [
              "CHUBBY",
              "BITTER",
              "ABUNDANT",
              "STICKY",
              "GRUMPY",
              "THUNDERING"
            ],
            "result_count": null,
            "seed": null
          },
          "sensitive_attributes": [],
          "private": "bnVsbA=="
        },
        {
          "index_key": 86,
          "schema_version": 0,
          "attributes": {
            "id": "-",
            "input": [
              "BITTER",
              "STICKY",
              "THUNDERING",
              "ABUNDANT",
              "CHUBBY",
              "GRUMPY"
            ],
            "keepers": null,
            "result": [
              "CHUBBY",
              "THUNDERING",
              "ABUNDANT",
              "GRUMPY",
              "STICKY",
              "BITTER"
            ],
            "result_count": null,
            "seed": null
          },
          "sensitive_attributes": [],
          "private": "bnVsbA=="
        },
        {
          "index_key": 87,
          "schema_version": 0,
          "attributes": {
            "id": "-",
            "input": [
              "BITTER",
              "STICKY",
              "THUNDERING",
              "ABUNDANT",
              "CHUBBY",
              "GRUMPY"
            ],
            "keepers": null,
            "result": [
              "BITTER",
              "STICKY",
              "THUNDERING",
              "GRUMPY",
              "ABUNDANT",
              "CHUBBY"
            ],
            "result_count": null,
            "seed": null
          },
          "sensitive_attributes": [],
          "private": "bnVsbA=="
        },
        {
          "index_key": 88,
          "schema_version": 0,
          "attributes": {
            "id": "-",
            "input": [
              "BITTER",
              "STICKY",
              "THUNDERING",
              "ABUNDANT",
              "CHUBBY",
              "GRUMPY"
            ],
            "keepers": null,
            "result": [
              "ABUNDANT",
              "STICKY",
              "CHUBBY",
              "THUNDERING",
              "GRUMPY",
              "BITTER"
            ],
            "result_count": null,
            "seed": null
          },
          "sensitive_attributes": [],
          "private": "bnVsbA=="
        },
        {
          "index_key": 89,
          "schema_version": 0,
          "attributes": {
            "id": "-",
            "input": [
              "BITTER",
              "STICKY",
              "THUNDERING",
              "ABUNDANT",
              "CHUBBY",
              "GRUMPY"
            ],
            "keepers": null,
            "result": [
              "STICKY",
              "ABUNDANT",
              "BITTER",
              "CHUBBY",
              "THUNDERING",
              "GRUMPY"
            ],
            "result_count": null,
            "seed": null
          },
          "sensitive_attributes": [],
          "private": "bnVsbA=="
        },
        {
          "index_key": 90,
          "schema_version": 0,
          "attributes": {
            "id": "-",
            "input": [
              "BITTER",
              "STICKY",
              "THUNDERING",
              "ABUNDANT",
              "CHUBBY",
              "GRUMPY"
            ],
            "keepers": null,
            "result": [
              "THUNDERING",
              "BITTER",
              "STICKY",
              "GRUMPY",
              "CHUBBY",
              "ABUNDANT"
            ],
            "result_count": null,
            "seed": null
          },
          "sensitive_attributes": [],
          "private": "bnVsbA=="
        },
        {
          "index_key": 91,
          "schema_version": 0,
          "attributes": {
            "id": "-",
            "input": [
              "BITTER",
              "STICKY",
              "THUNDERING",
              "ABUNDANT",
              "CHUBBY",
              "GRUMPY"
            ],
            "keepers": null,
            "result": [
              "ABUNDANT",
              "THUNDERING",
              "CHUBBY",
              "STICKY",
              "GRUMPY",
              "BITTER"
            ],
            "result_count": null,
            "seed": null
          },
          "sensitive_attributes": [],
          "private": "bnVsbA=="
        },
        {
          "index_key": 92,
          "schema_version": 0,
          "attributes": {
            "id": "-",
            "input": [
              "BITTER",
              "STICKY",
              "THUNDERING",
              "ABUNDANT",
              "CHUBBY",
              "GRUMPY"
            ],
            "keepers": null,
            "result": [
              "BITTER",
              "THUNDERING",
              "ABUNDANT",
              "GRUMPY",
              "CHUBBY",
              "STICKY"
            ],
            "result_count": null,
            "seed": null
          },
          "sensitive_attributes": [],
          "private": "bnVsbA=="
        },
        {
          "index_key": 93,
          "schema_version": 0,
          "attributes": {
            "id": "-",
            "input": [
              "BITTER",
              "STICKY",
              "THUNDERING",
              "ABUNDANT",
              "CHUBBY",
              "GRUMPY"
            ],
            "keepers": null,
            "result": [
              "ABUNDANT",
              "BITTER",
              "GRUMPY",
              "THUNDERING",
              "STICKY",
              "CHUBBY"
            ],
            "result_count": null,
            "seed": null
          },
          "sensitive_attributes": [],
          "private": "bnVsbA=="
        },
        {
          "index_key": 94,
          "schema_version": 0,
          "attributes": {
            "id": "-",
            "input": [
              "BITTER",
              "STICKY",
              "THUNDERING",
              "ABUNDANT",
              "CHUBBY",
              "GRUMPY"
            ],
            "keepers": null,
            "result": [
              "CHUBBY",
              "STICKY",
              "GRUMPY",
              "BITTER",
              "THUNDERING",
              "ABUNDANT"
            ],
            "result_count": null,
            "seed": null
          },
          "sensitive_attributes": [],
          "private": "bnVsbA=="
        },
        {
          "index_key": 95,
          "schema_version": 0,
          "attributes": {
            "id": "-",
            "input": [
              "BITTER",
              "STICKY",
              "THUNDERING",
              "ABUNDANT",
              "CHUBBY",
              "GRUMPY"
            ],
            "keepers": null,
            "result": [
              "BITTER",
              "GRUMPY",
              "STICKY",
              "ABUNDANT",
              "THUNDERING",
              "CHUBBY"
            ],
            "result_count": null,
            "seed": null
          },
          "sensitive_attributes": [],
          "private": "bnVsbA=="
        },
        {
          "index_key": 96,
          "schema_version": 0,
          "attributes": {
            "id": "-",
            "input": [
              "BITTER",
              "STICKY",
              "THUNDERING",
              "ABUNDANT",
              "CHUBBY",
              "GRUMPY"
            ],
            "keepers": null,
            "result": [
              "THUNDERING",
              "GRUMPY",
              "CHUBBY",
              "STICKY",
              "ABUNDANT",
              "BITTER"
            ],
            "result_count": null,
            "seed": null
          },
          "sensitive_attributes": [],
          "private": "bnVsbA=="
        },
        {
          "index_key": 97,
          "schema_version": 0,
          "attributes": {
            "id": "-",
            "input": [
              "BITTER",
              "STICKY",
              "THUNDERING",
              "ABUNDANT",
              "CHUBBY",
              "GRUMPY"
            ],
            "keepers": null,
            "result": [
              "ABUNDANT",
              "THUNDERING",
              "CHUBBY",
              "GRUMPY",
              "BITTER",
              "STICKY"
            ],
            "result_count": null,
            "seed": null
          },
          "sensitive_attributes": [],
          "private": "bnVsbA=="
        },
        {
          "index_key": 98,
          "schema_version": 0,
          "attributes": {
            "id": "-",
            "input": [
              "BITTER",
              "STICKY",
              "THUNDERING",
              "ABUNDANT",
              "CHUBBY",
              "GRUMPY"
            ],
            "keepers": null,
            "result": [
              "ABUNDANT",
              "THUNDERING",
              "GRUMPY",
              "CHUBBY",
              "BITTER",
              "STICKY"
            ],
            "result_count": null,
            "seed": null
          },
          "sensitive_attributes": [],
          "private": "bnVsbA=="
        },
        {
          "index_key": 99,
          "schema_version": 0,
          "attributes": {
            "id": "-",
            "input": [
              "BITTER",
              "STICKY",
              "THUNDERING",
              "ABUNDANT",
              "CHUBBY",
              "GRUMPY"
            ],
            "keepers": null,
            "result": [
              "CHUBBY",
              "BITTER",
              "THUNDERING",
              "ABUNDANT",
              "STICKY",
              "GRUMPY"
            ],
            "result_count": null,
            "seed": null
          },
          "sensitive_attributes": [],
          "private": "bnVsbA=="
        }
      ]
    },
    {
      "mode": "managed",
      "type": "random_shuffle",
      "name": "random_adverbs",
      "provider": "provider[\"registry.terraform.io/hashicorp/random\"]",
      "instances": [
        {
          "index_key": 0,
          "schema_version": 0,
          "attributes": {
            "id": "-",
            "input": [
              "DELICATELY",
              "BEAUTIFULLY",
              "QUICKLY",
              "TRUTHFULLY",
              "WEARILY"
            ],
            "keepers": null,
            "result": [
              "QUICKLY",
              "BEAUTIFULLY",
              "DELICATELY",
              "WEARILY",
              "TRUTHFULLY"
            ],
            "result_count": null,
            "seed": null
          },
          "sensitive_attributes": [],
          "private": "bnVsbA=="
        },
        {
          "index_key": 1,
          "schema_version": 0,
          "attributes": {
            "id": "-",
            "input": [
              "DELICATELY",
              "BEAUTIFULLY",
              "QUICKLY",
              "TRUTHFULLY",
              "WEARILY"
            ],
            "keepers": null,
            "result": [
              "WEARILY",
              "QUICKLY",
              "TRUTHFULLY",
              "DELICATELY",
              "BEAUTIFULLY"
            ],
            "result_count": null,
            "seed": null
          },
          "sensitive_attributes": [],
          "private": "bnVsbA=="
        },
        {
          "index_key": 2,
          "schema_version": 0,
          "attributes": {
            "id": "-",
            "input": [
              "DELICATELY",
              "BEAUTIFULLY",
              "QUICKLY",
              "TRUTHFULLY",
              "WEARILY"
            ],
            "keepers": null,
            "result": [
              "TRUTHFULLY",
              "BEAUTIFULLY",
              "DELICATELY",
              "QUICKLY",
              "WEARILY"
            ],
            "result_count": null,
            "seed": null
          },
          "sensitive_attributes": [],
          "private": "bnVsbA=="
        },
        {
          "index_key": 3,
          "schema_version": 0,
          "attributes": {
            "id": "-",
            "input": [
              "DELICATELY",
              "BEAUTIFULLY",
              "QUICKLY",
              "TRUTHFULLY",
              "WEARILY"
            ],
            "keepers": null,
            "result": [
              "DELICATELY",
              "BEAUTIFULLY",
              "WEARILY",
              "QUICKLY",
              "TRUTHFULLY"
            ],
            "result_count": null,
            "seed": null
          },
          "sensitive_attributes": [],
          "private": "bnVsbA=="
        },
        {
          "index_key": 4,
          "schema_version": 0,
          "attributes": {
            "id": "-",
            "input": [
              "DELICATELY",
              "BEAUTIFULLY",
              "QUICKLY",
              "TRUTHFULLY",
              "WEARILY"
            ],
            "keepers": null,
            "result": [
              "WEARILY",
              "DELICATELY",
              "QUICKLY",
              "TRUTHFULLY",
              "BEAUTIFULLY"
            ],
            "result_count": null,
            "seed": null
          },
          "sensitive_attributes": [],
          "private": "bnVsbA=="
        },
        {
          "index_key": 5,
          "schema_version": 0,
          "attributes": {
            "id": "-",
            "input": [
              "DELICATELY",
              "BEAUTIFULLY",
              "QUICKLY",
              "TRUTHFULLY",
              "WEARILY"
            ],
            "keepers": null,
            "result": [
              "BEAUTIFULLY",
              "WEARILY",
              "TRUTHFULLY",
              "DELICATELY",
              "QUICKLY"
            ],
            "result_count": null,
            "seed": null
          },
          "sensitive_attributes": [],
          "private": "bnVsbA=="
        },
        {
          "index_key": 6,
          "schema_version": 0,
          "attributes": {
            "id": "-",
            "input": [
              "DELICATELY",
              "BEAUTIFULLY",
              "QUICKLY",
              "TRUTHFULLY",
              "WEARILY"
            ],
            "keepers": null,
            "result": [
              "QUICKLY",
              "WEARILY",
              "BEAUTIFULLY",
              "DELICATELY",
              "TRUTHFULLY"
            ],
            "result_count": null,
            "seed": null
          },
          "sensitive_attributes": [],
          "private": "bnVsbA=="
        },
        {
          "index_key": 7,
          "schema_version": 0,
          "attributes": {
            "id": "-",
            "input": [
              "DELICATELY",
              "BEAUTIFULLY",
              "QUICKLY",
              "TRUTHFULLY",
              "WEARILY"
            ],
            "keepers": null,
            "result": [
              "WEARILY",
              "DELICATELY",
              "TRUTHFULLY",
              "QUICKLY",
              "BEAUTIFULLY"
            ],
            "result_count": null,
            "seed": null
          },
          "sensitive_attributes": [],
          "private": "bnVsbA=="
        },
        {
          "index_key": 8,
          "schema_version": 0,
          "attributes": {
            "id": "-",
            "input": [
              "DELICATELY",
              "BEAUTIFULLY",
              "QUICKLY",
              "TRUTHFULLY",
              "WEARILY"
            ],
            "keepers": null,
            "result": [
              "WEARILY",
              "BEAUTIFULLY",
              "TRUTHFULLY",
              "QUICKLY",
              "DELICATELY"
            ],
            "result_count": null,
            "seed": null
          },
          "sensitive_attributes": [],
          "private": "bnVsbA=="
        },
        {
          "index_key": 9,
          "schema_version": 0,
          "attributes": {
            "id": "-",
            "input": [
              "DELICATELY",
              "BEAUTIFULLY",
              "QUICKLY",
              "TRUTHFULLY",
              "WEARILY"
            ],
            "keepers": null,
            "result": [
              "TRUTHFULLY",
              "QUICKLY",
              "BEAUTIFULLY",
              "DELICATELY",
              "WEARILY"
            ],
            "result_count": null,
            "seed": null
          },
          "sensitive_attributes": [],
          "private": "bnVsbA=="
        },
        {
          "index_key": 10,
          "schema_version": 0,
          "attributes": {
            "id": "-",
            "input": [
              "DELICATELY",
              "BEAUTIFULLY",
              "QUICKLY",
              "TRUTHFULLY",
              "WEARILY"
            ],
            "keepers": null,
            "result": [
              "TRUTHFULLY",
              "WEARILY",
              "QUICKLY",
              "DELICATELY",
              "BEAUTIFULLY"
            ],
            "result_count": null,
            "seed": null
          },
          "sensitive_attributes": [],
          "private": "bnVsbA=="
        },
        {
          "index_key": 11,
          "schema_version": 0,
          "attributes": {
            "id": "-",
            "input": [
              "DELICATELY",
              "BEAUTIFULLY",
              "QUICKLY",
              "TRUTHFULLY",
              "WEARILY"
            ],
            "keepers": null,
            "result": [
              "BEAUTIFULLY",
              "TRUTHFULLY",
              "WEARILY",
              "DELICATELY",
              "QUICKLY"
            ],
            "result_count": null,
            "seed": null
          },
          "sensitive_attributes": [],
          "private": "bnVsbA=="
        },
        {
          "index_key": 12,
          "schema_version": 0,
          "attributes": {
            "id": "-",
            "input": [
              "DELICATELY",
              "BEAUTIFULLY",
              "QUICKLY",
              "TRUTHFULLY",
              "WEARILY"
            ],
            "keepers": null,
            "result": [
              "BEAUTIFULLY",
              "QUICKLY",
              "TRUTHFULLY",
              "WEARILY",
              "DELICATELY"
            ],
            "result_count": null,
            "seed": null
          },
          "sensitive_attributes": [],
          "private": "bnVsbA=="
        },
        {
          "index_key": 13,
          "schema_version": 0,
          "attributes": {
            "id": "-",
            "input": [
              "DELICATELY",
              "BEAUTIFULLY",
              "QUICKLY",
              "TRUTHFULLY",
              "WEARILY"
            ],
            "keepers": null,
            "result": [
              "DELICATELY",
              "TRUTHFULLY",
              "WEARILY",
              "BEAUTIFULLY",
              "QUICKLY"
            ],
            "result_count": null,
            "seed": null
          },
          "sensitive_attributes": [],
          "private": "bnVsbA=="
        },
        {
          "index_key": 14,
          "schema_version": 0,
          "attributes": {
            "id": "-",
            "input": [
              "DELICATELY",
              "BEAUTIFULLY",
              "QUICKLY",
              "TRUTHFULLY",
              "WEARILY"
            ],
            "keepers": null,
            "result": [
              "BEAUTIFULLY",
              "TRUTHFULLY",
              "DELICATELY",
              "QUICKLY",
              "WEARILY"
            ],
            "result_count": null,
            "seed": null
          },
          "sensitive_attributes": [],
          "private": "bnVsbA=="
        },
        {
          "index_key": 15,
          "schema_version": 0,
          "attributes": {
            "id": "-",
            "input": [
              "DELICATELY",
              "BEAUTIFULLY",
              "QUICKLY",
              "TRUTHFULLY",
              "WEARILY"
            ],
            "keepers": null,
            "result": [
              "QUICKLY",
              "BEAUTIFULLY",
              "TRUTHFULLY",
              "DELICATELY",
              "WEARILY"
            ],
            "result_count": null,
            "seed": null
          },
          "sensitive_attributes": [],
          "private": "bnVsbA=="
        },
        {
          "index_key": 16,
          "schema_version": 0,
          "attributes": {
            "id": "-",
            "input": [
              "DELICATELY",
              "BEAUTIFULLY",
              "QUICKLY",
              "TRUTHFULLY",
              "WEARILY"
            ],
            "keepers": null,
            "result": [
              "QUICKLY",
              "BEAUTIFULLY",
              "TRUTHFULLY",
              "WEARILY",
              "DELICATELY"
            ],
            "result_count": null,
            "seed": null
          },
          "sensitive_attributes": [],
          "private": "bnVsbA=="
        },
        {
          "index_key": 17,
          "schema_version": 0,
          "attributes": {
            "id": "-",
            "input": [
              "DELICATELY",
              "BEAUTIFULLY",
              "QUICKLY",
              "TRUTHFULLY",
              "WEARILY"
            ],
            "keepers": null,
            "result": [
              "BEAUTIFULLY",
              "WEARILY",
              "TRUTHFULLY",
              "QUICKLY",
              "DELICATELY"
            ],
            "result_count": null,
            "seed": null
          },
          "sensitive_attributes": [],
          "private": "bnVsbA=="
        },
        {
          "index_key": 18,
          "schema_version": 0,
          "attributes": {
            "id": "-",
            "input": [
              "DELICATELY",
              "BEAUTIFULLY",
              "QUICKLY",
              "TRUTHFULLY",
              "WEARILY"
            ],
            "keepers": null,
            "result": [
              "TRUTHFULLY",
              "BEAUTIFULLY",
              "QUICKLY",
              "DELICATELY",
              "WEARILY"
            ],
            "result_count": null,
            "seed": null
          },
          "sensitive_attributes": [],
          "private": "bnVsbA=="
        },
        {
          "index_key": 19,
          "schema_version": 0,
          "attributes": {
            "id": "-",
            "input": [
              "DELICATELY",
              "BEAUTIFULLY",
              "QUICKLY",
              "TRUTHFULLY",
              "WEARILY"
            ],
            "keepers": null,
            "result": [
              "DELICATELY",
              "QUICKLY",
              "WEARILY",
              "TRUTHFULLY",
              "BEAUTIFULLY"
            ],
            "result_count": null,
            "seed": null
          },
          "sensitive_attributes": [],
          "private": "bnVsbA=="
        },
        {
          "index_key": 20,
          "schema_version": 0,
          "attributes": {
            "id": "-",
            "input": [
              "DELICATELY",
              "BEAUTIFULLY",
              "QUICKLY",
              "TRUTHFULLY",
              "WEARILY"
            ],
            "keepers": null,
            "result": [
              "TRUTHFULLY",
              "WEARILY",
              "BEAUTIFULLY",
              "QUICKLY",
              "DELICATELY"
            ],
            "result_count": null,
            "seed": null
          },
          "sensitive_attributes": [],
          "private": "bnVsbA=="
        },
        {
          "index_key": 21,
          "schema_version": 0,
          "attributes": {
            "id": "-",
            "input": [
              "DELICATELY",
              "BEAUTIFULLY",
              "QUICKLY",
              "TRUTHFULLY",
              "WEARILY"
            ],
            "keepers": null,
            "result": [
              "QUICKLY",
              "BEAUTIFULLY",
              "DELICATELY",
              "WEARILY",
              "TRUTHFULLY"
            ],
            "result_count": null,
            "seed": null
          },
          "sensitive_attributes": [],
          "private": "bnVsbA=="
        },
        {
          "index_key": 22,
          "schema_version": 0,
          "attributes": {
            "id": "-",
            "input": [
              "DELICATELY",
              "BEAUTIFULLY",
              "QUICKLY",
              "TRUTHFULLY",
              "WEARILY"
            ],
            "keepers": null,
            "result": [
              "DELICATELY",
              "BEAUTIFULLY",
              "QUICKLY",
              "TRUTHFULLY",
              "WEARILY"
            ],
            "result_count": null,
            "seed": null
          },
          "sensitive_attributes": [],
          "private": "bnVsbA=="
        },
        {
          "index_key": 23,
          "schema_version": 0,
          "attributes": {
            "id": "-",
            "input": [
              "DELICATELY",
              "BEAUTIFULLY",
              "QUICKLY",
              "TRUTHFULLY",
              "WEARILY"
            ],
            "keepers": null,
            "result": [
              "TRUTHFULLY",
              "BEAUTIFULLY",
              "WEARILY",
              "QUICKLY",
              "DELICATELY"
            ],
            "result_count": null,
            "seed": null
          },
          "sensitive_attributes": [],
          "private": "bnVsbA=="
        },
        {
          "index_key": 24,
          "schema_version": 0,
          "attributes": {
            "id": "-",
            "input": [
              "DELICATELY",
              "BEAUTIFULLY",
              "QUICKLY",
              "TRUTHFULLY",
              "WEARILY"
            ],
            "keepers": null,
            "result": [
              "BEAUTIFULLY",
              "TRUTHFULLY",
              "QUICKLY",
              "WEARILY",
              "DELICATELY"
            ],
            "result_count": null,
            "seed": null
          },
          "sensitive_attributes": [],
          "private": "bnVsbA=="
        },
        {
          "index_key": 25,
          "schema_version": 0,
          "attributes": {
            "id": "-",
            "input": [
              "DELICATELY",
              "BEAUTIFULLY",
              "QUICKLY",
              "TRUTHFULLY",
              "WEARILY"
            ],
            "keepers": null,
            "result": [
              "DELICATELY",
              "WEARILY",
              "TRUTHFULLY",
              "BEAUTIFULLY",
              "QUICKLY"
            ],
            "result_count": null,
            "seed": null
          },
          "sensitive_attributes": [],
          "private": "bnVsbA=="
        },
        {
          "index_key": 26,
          "schema_version": 0,
          "attributes": {
            "id": "-",
            "input": [
              "DELICATELY",
              "BEAUTIFULLY",
              "QUICKLY",
              "TRUTHFULLY",
              "WEARILY"
            ],
            "keepers": null,
            "result": [
              "QUICKLY",
              "DELICATELY",
              "TRUTHFULLY",
              "WEARILY",
              "BEAUTIFULLY"
            ],
            "result_count": null,
            "seed": null
          },
          "sensitive_attributes": [],
          "private": "bnVsbA=="
        },
        {
          "index_key": 27,
          "schema_version": 0,
          "attributes": {
            "id": "-",
            "input": [
              "DELICATELY",
              "BEAUTIFULLY",
              "QUICKLY",
              "TRUTHFULLY",
              "WEARILY"
            ],
            "keepers": null,
            "result": [
              "TRUTHFULLY",
              "BEAUTIFULLY",
              "QUICKLY",
              "WEARILY",
              "DELICATELY"
            ],
            "result_count": null,
            "seed": null
          },
          "sensitive_attributes": [],
          "private": "bnVsbA=="
        },
        {
          "index_key": 28,
          "schema_version": 0,
          "attributes": {
            "id": "-",
            "input": [
              "DELICATELY",
              "BEAUTIFULLY",
              "QUICKLY",
              "TRUTHFULLY",
              "WEARILY"
            ],
            "keepers": null,
            "result": [
              "BEAUTIFULLY",
              "TRUTHFULLY",
              "DELICATELY",
              "QUICKLY",
              "WEARILY"
            ],
            "result_count": null,
            "seed": null
          },
          "sensitive_attributes": [],
          "private": "bnVsbA=="
        },
        {
          "index_key": 29,
          "schema_version": 0,
          "attributes": {
            "id": "-",
            "input": [
              "DELICATELY",
              "BEAUTIFULLY",
              "QUICKLY",
              "TRUTHFULLY",
              "WEARILY"
            ],
            "keepers": null,
            "result": [
              "WEARILY",
              "QUICKLY",
              "TRUTHFULLY",
              "BEAUTIFULLY",
              "DELICATELY"
            ],
            "result_count": null,
            "seed": null
          },
          "sensitive_attributes": [],
          "private": "bnVsbA=="
        },
        {
          "index_key": 30,
          "schema_version": 0,
          "attributes": {
            "id": "-",
            "input": [
              "DELICATELY",
              "BEAUTIFULLY",
              "QUICKLY",
              "TRUTHFULLY",
              "WEARILY"
            ],
            "keepers": null,
            "result": [
              "QUICKLY",
              "WEARILY",
              "DELICATELY",
              "BEAUTIFULLY",
              "TRUTHFULLY"
            ],
            "result_count": null,
            "seed": null
          },
          "sensitive_attributes": [],
          "private": "bnVsbA=="
        },
        {
          "index_key": 31,
          "schema_version": 0,
          "attributes": {
            "id": "-",
            "input": [
              "DELICATELY",
              "BEAUTIFULLY",
              "QUICKLY",
              "TRUTHFULLY",
              "WEARILY"
            ],
            "keepers": null,
            "result": [
              "WEARILY",
              "DELICATELY",
              "TRUTHFULLY",
              "BEAUTIFULLY",
              "QUICKLY"
            ],
            "result_count": null,
            "seed": null
          },
          "sensitive_attributes": [],
          "private": "bnVsbA=="
        },
        {
          "index_key": 32,
          "schema_version": 0,
          "attributes": {
            "id": "-",
            "input": [
              "DELICATELY",
              "BEAUTIFULLY",
              "QUICKLY",
              "TRUTHFULLY",
              "WEARILY"
            ],
            "keepers": null,
            "result": [
              "TRUTHFULLY",
              "BEAUTIFULLY",
              "WEARILY",
              "QUICKLY",
              "DELICATELY"
            ],
            "result_count": null,
            "seed": null
          },
          "sensitive_attributes": [],
          "private": "bnVsbA=="
        },
        {
          "index_key": 33,
          "schema_version": 0,
          "attributes": {
            "id": "-",
            "input": [
              "DELICATELY",
              "BEAUTIFULLY",
              "QUICKLY",
              "TRUTHFULLY",
              "WEARILY"
            ],
            "keepers": null,
            "result": [
              "BEAUTIFULLY",
              "DELICATELY",
              "WEARILY",
              "QUICKLY",
              "TRUTHFULLY"
            ],
            "result_count": null,
            "seed": null
          },
          "sensitive_attributes": [],
          "private": "bnVsbA=="
        },
        {
          "index_key": 34,
          "schema_version": 0,
          "attributes": {
            "id": "-",
            "input": [
              "DELICATELY",
              "BEAUTIFULLY",
              "QUICKLY",
              "TRUTHFULLY",
              "WEARILY"
            ],
            "keepers": null,
            "result": [
              "BEAUTIFULLY",
              "TRUTHFULLY",
              "WEARILY",
              "QUICKLY",
              "DELICATELY"
            ],
            "result_count": null,
            "seed": null
          },
          "sensitive_attributes": [],
          "private": "bnVsbA=="
        },
        {
          "index_key": 35,
          "schema_version": 0,
          "attributes": {
            "id": "-",
            "input": [
              "DELICATELY",
              "BEAUTIFULLY",
              "QUICKLY",
              "TRUTHFULLY",
              "WEARILY"
            ],
            "keepers": null,
            "result": [
              "QUICKLY",
              "WEARILY",
              "BEAUTIFULLY",
              "DELICATELY",
              "TRUTHFULLY"
            ],
            "result_count": null,
            "seed": null
          },
          "sensitive_attributes": [],
          "private": "bnVsbA=="
        },
        {
          "index_key": 36,
          "schema_version": 0,
          "attributes": {
            "id": "-",
            "input": [
              "DELICATELY",
              "BEAUTIFULLY",
              "QUICKLY",
              "TRUTHFULLY",
              "WEARILY"
            ],
            "keepers": null,
            "result": [
              "WEARILY",
              "TRUTHFULLY",
              "DELICATELY",
              "QUICKLY",
              "BEAUTIFULLY"
            ],
            "result_count": null,
            "seed": null
          },
          "sensitive_attributes": [],
          "private": "bnVsbA=="
        },
        {
          "index_key": 37,
          "schema_version": 0,
          "attributes": {
            "id": "-",
            "input": [
              "DELICATELY",
              "BEAUTIFULLY",
              "QUICKLY",
              "TRUTHFULLY",
              "WEARILY"
            ],
            "keepers": null,
            "result": [
              "TRUTHFULLY",
              "WEARILY",
              "BEAUTIFULLY",
              "QUICKLY",
              "DELICATELY"
            ],
            "result_count": null,
            "seed": null
          },
          "sensitive_attributes": [],
          "private": "bnVsbA=="
        },
        {
          "index_key": 38,
          "schema_version": 0,
          "attributes": {
            "id": "-",
            "input": [
              "DELICATELY",
              "BEAUTIFULLY",
              "QUICKLY",
              "TRUTHFULLY",
              "WEARILY"
            ],
            "keepers": null,
            "result": [
              "BEAUTIFULLY",
              "WEARILY",
              "QUICKLY",
              "DELICATELY",
              "TRUTHFULLY"
            ],
            "result_count": null,
            "seed": null
          },
          "sensitive_attributes": [],
          "private": "bnVsbA=="
        },
        {
          "index_key": 39,
          "schema_version": 0,
          "attributes": {
            "id": "-",
            "input": [
              "DELICATELY",
              "BEAUTIFULLY",
              "QUICKLY",
              "TRUTHFULLY",
              "WEARILY"
            ],
            "keepers": null,
            "result": [
              "BEAUTIFULLY",
              "DELICATELY",
              "TRUTHFULLY",
              "WEARILY",
              "QUICKLY"
            ],
            "result_count": null,
            "seed": null
          },
          "sensitive_attributes": [],
          "private": "bnVsbA=="
        },
        {
          "index_key": 40,
          "schema_version": 0,
          "attributes": {
            "id": "-",
            "input": [
              "DELICATELY",
              "BEAUTIFULLY",
              "QUICKLY",
              "TRUTHFULLY",
              "WEARILY"
            ],
            "keepers": null,
            "result": [
              "TRUTHFULLY",
              "WEARILY",
              "QUICKLY",
              "DELICATELY",
              "BEAUTIFULLY"
            ],
            "result_count": null,
            "seed": null
          },
          "sensitive_attributes": [],
          "private": "bnVsbA=="
        },
        {
          "index_key": 41,
          "schema_version": 0,
          "attributes": {
            "id": "-",
            "input": [
              "DELICATELY",
              "BEAUTIFULLY",
              "QUICKLY",
              "TRUTHFULLY",
              "WEARILY"
            ],
            "keepers": null,
            "result": [
              "BEAUTIFULLY",
              "WEARILY",
              "QUICKLY",
              "DELICATELY",
              "TRUTHFULLY"
            ],
            "result_count": null,
            "seed": null
          },
          "sensitive_attributes": [],
          "private": "bnVsbA=="
        },
        {
          "index_key": 42,
          "schema_version": 0,
          "attributes": {
            "id": "-",
            "input": [
              "DELICATELY",
              "BEAUTIFULLY",
              "QUICKLY",
              "TRUTHFULLY",
              "WEARILY"
            ],
            "keepers": null,
            "result": [
              "BEAUTIFULLY",
              "TRUTHFULLY",
              "WEARILY",
              "QUICKLY",
              "DELICATELY"
            ],
            "result_count": null,
            "seed": null
          },
          "sensitive_attributes": [],
          "private": "bnVsbA=="
        },
        {
          "index_key": 43,
          "schema_version": 0,
          "attributes": {
            "id": "-",
            "input": [
              "DELICATELY",
              "BEAUTIFULLY",
              "QUICKLY",
              "TRUTHFULLY",
              "WEARILY"
            ],
            "keepers": null,
            "result": [
              "WEARILY",
              "TRUTHFULLY",
              "QUICKLY",
              "DELICATELY",
              "BEAUTIFULLY"
            ],
            "result_count": null,
            "seed": null
          },
          "sensitive_attributes": [],
          "private": "bnVsbA=="
        },
        {
          "index_key": 44,
          "schema_version": 0,
          "attributes": {
            "id": "-",
            "input": [
              "DELICATELY",
              "BEAUTIFULLY",
              "QUICKLY",
              "TRUTHFULLY",
              "WEARILY"
            ],
            "keepers": null,
            "result": [
              "QUICKLY",
              "WEARILY",
              "TRUTHFULLY",
              "DELICATELY",
              "BEAUTIFULLY"
            ],
            "result_count": null,
            "seed": null
          },
          "sensitive_attributes": [],
          "private": "bnVsbA=="
        },
        {
          "index_key": 45,
          "schema_version": 0,
          "attributes": {
            "id": "-",
            "input": [
              "DELICATELY",
              "BEAUTIFULLY",
              "QUICKLY",
              "TRUTHFULLY",
              "WEARILY"
            ],
            "keepers": null,
            "result": [
              "WEARILY",
              "DELICATELY",
              "TRUTHFULLY",
              "QUICKLY",
              "BEAUTIFULLY"
            ],
            "result_count": null,
            "seed": null
          },
          "sensitive_attributes": [],
          "private": "bnVsbA=="
        },
        {
          "index_key": 46,
          "schema_version": 0,
          "attributes": {
            "id": "-",
            "input": [
              "DELICATELY",
              "BEAUTIFULLY",
              "QUICKLY",
              "TRUTHFULLY",
              "WEARILY"
            ],
            "keepers": null,
            "result": [
              "BEAUTIFULLY",
              "TRUTHFULLY",
              "DELICATELY",
              "WEARILY",
              "QUICKLY"
            ],
            "result_count": null,
            "seed": null
          },
          "sensitive_attributes": [],
          "private": "bnVsbA=="
        },
        {
          "index_key": 47,
          "schema_version": 0,
          "attributes": {
            "id": "-",
            "input": [
              "DELICATELY",
              "BEAUTIFULLY",
              "QUICKLY",
              "TRUTHFULLY",
              "WEARILY"
            ],
            "keepers": null,
            "result": [
              "QUICKLY",
              "DELICATELY",
              "BEAUTIFULLY",
              "WEARILY",
              "TRUTHFULLY"
            ],
            "result_count": null,
            "seed": null
          },
          "sensitive_attributes": [],
          "private": "bnVsbA=="
        },
        {
          "index_key": 48,
          "schema_version": 0,
          "attributes": {
            "id": "-",
            "input": [
              "DELICATELY",
              "BEAUTIFULLY",
              "QUICKLY",
              "TRUTHFULLY",
              "WEARILY"
            ],
            "keepers": null,
            "result": [
              "QUICKLY",
              "BEAUTIFULLY",
              "DELICATELY",
              "WEARILY",
              "TRUTHFULLY"
            ],
            "result_count": null,
            "seed": null
          },
          "sensitive_attributes": [],
          "private": "bnVsbA=="
        },
        {
          "index_key": 49,
          "schema_version": 0,
          "attributes": {
            "id": "-",
            "input": [
              "DELICATELY",
              "BEAUTIFULLY",
              "QUICKLY",
              "TRUTHFULLY",
              "WEARILY"
            ],
            "keepers": null,
            "result": [
              "BEAUTIFULLY",
              "DELICATELY",
              "TRUTHFULLY",
              "QUICKLY",
              "WEARILY"
            ],
            "result_count": null,
            "seed": null
          },
          "sensitive_attributes": [],
          "private": "bnVsbA=="
        },
        {
          "index_key": 50,
          "schema_version": 0,
          "attributes": {
            "id": "-",
            "input": [
              "DELICATELY",
              "BEAUTIFULLY",
              "QUICKLY",
              "TRUTHFULLY",
              "WEARILY"
            ],
            "keepers": null,
            "result": [
              "WEARILY",
              "QUICKLY",
              "DELICATELY",
              "TRUTHFULLY",
              "BEAUTIFULLY"
            ],
            "result_count": null,
            "seed": null
          },
          "sensitive_attributes": [],
          "private": "bnVsbA=="
        },
        {
          "index_key": 51,
          "schema_version": 0,
          "attributes": {
            "id": "-",
            "input": [
              "DELICATELY",
              "BEAUTIFULLY",
              "QUICKLY",
              "TRUTHFULLY",
              "WEARILY"
            ],
            "keepers": null,
            "result": [
              "BEAUTIFULLY",
              "TRUTHFULLY",
              "DELICATELY",
              "WEARILY",
              "QUICKLY"
            ],
            "result_count": null,
            "seed": null
          },
          "sensitive_attributes": [],
          "private": "bnVsbA=="
        },
        {
          "index_key": 52,
          "schema_version": 0,
          "attributes": {
            "id": "-",
            "input": [
              "DELICATELY",
              "BEAUTIFULLY",
              "QUICKLY",
              "TRUTHFULLY",
              "WEARILY"
            ],
            "keepers": null,
            "result": [
              "QUICKLY",
              "WEARILY",
              "TRUTHFULLY",
              "BEAUTIFULLY",
              "DELICATELY"
            ],
            "result_count": null,
            "seed": null
          },
          "sensitive_attributes": [],
          "private": "bnVsbA=="
        },
        {
          "index_key": 53,
          "schema_version": 0,
          "attributes": {
            "id": "-",
            "input": [
              "DELICATELY",
              "BEAUTIFULLY",
              "QUICKLY",
              "TRUTHFULLY",
              "WEARILY"
            ],
            "keepers": null,
            "result": [
              "QUICKLY",
              "BEAUTIFULLY",
              "WEARILY",
              "TRUTHFULLY",
              "DELICATELY"
            ],
            "result_count": null,
            "seed": null
          },
          "sensitive_attributes": [],
          "private": "bnVsbA=="
        },
        {
          "index_key": 54,
          "schema_version": 0,
          "attributes": {
            "id": "-",
            "input": [
              "DELICATELY",
              "BEAUTIFULLY",
              "QUICKLY",
              "TRUTHFULLY",
              "WEARILY"
            ],
            "keepers": null,
            "result": [
              "DELICATELY",
              "BEAUTIFULLY",
              "TRUTHFULLY",
              "WEARILY",
              "QUICKLY"
            ],
            "result_count": null,
            "seed": null
          },
          "sensitive_attributes": [],
          "private": "bnVsbA=="
        },
        {
          "index_key": 55,
          "schema_version": 0,
          "attributes": {
            "id": "-",
            "input": [
              "DELICATELY",
              "BEAUTIFULLY",
              "QUICKLY",
              "TRUTHFULLY",
              "WEARILY"
            ],
            "keepers": null,
            "result": [
              "DELICATELY",
              "WEARILY",
              "BEAUTIFULLY",
              "TRUTHFULLY",
              "QUICKLY"
            ],
            "result_count": null,
            "seed": null
          },
          "sensitive_attributes": [],
          "private": "bnVsbA=="
        },
        {
          "index_key": 56,
          "schema_version": 0,
          "attributes": {
            "id": "-",
            "input": [
              "DELICATELY",
              "BEAUTIFULLY",
              "QUICKLY",
              "TRUTHFULLY",
              "WEARILY"
            ],
            "keepers": null,
            "result": [
              "WEARILY",
              "TRUTHFULLY",
              "QUICKLY",
              "BEAUTIFULLY",
              "DELICATELY"
            ],
            "result_count": null,
            "seed": null
          },
          "sensitive_attributes": [],
          "private": "bnVsbA=="
        },
        {
          "index_key": 57,
          "schema_version": 0,
          "attributes": {
            "id": "-",
            "input": [
              "DELICATELY",
              "BEAUTIFULLY",
              "QUICKLY",
              "TRUTHFULLY",
              "WEARILY"
            ],
            "keepers": null,
            "result": [
              "TRUTHFULLY",
              "DELICATELY",
              "BEAUTIFULLY",
              "QUICKLY",
              "WEARILY"
            ],
            "result_count": null,
            "seed": null
          },
          "sensitive_attributes": [],
          "private": "bnVsbA=="
        },
        {
          "index_key": 58,
          "schema_version": 0,
          "attributes": {
            "id": "-",
            "input": [
              "DELICATELY",
              "BEAUTIFULLY",
              "QUICKLY",
              "TRUTHFULLY",
              "WEARILY"
            ],
            "keepers": null,
            "result": [
              "WEARILY",
              "QUICKLY",
              "BEAUTIFULLY",
              "DELICATELY",
              "TRUTHFULLY"
            ],
            "result_count": null,
            "seed": null
          },
          "sensitive_attributes": [],
          "private": "bnVsbA=="
        },
        {
          "index_key": 59,
          "schema_version": 0,
          "attributes": {
            "id": "-",
            "input": [
              "DELICATELY",
              "BEAUTIFULLY",
              "QUICKLY",
              "TRUTHFULLY",
              "WEARILY"
            ],
            "keepers": null,
            "result": [
              "WEARILY",
              "BEAUTIFULLY",
              "DELICATELY",
              "QUICKLY",
              "TRUTHFULLY"
            ],
            "result_count": null,
            "seed": null
          },
          "sensitive_attributes": [],
          "private": "bnVsbA=="
        },
        {
          "index_key": 60,
          "schema_version": 0,
          "attributes": {
            "id": "-",
            "input": [
              "DELICATELY",
              "BEAUTIFULLY",
              "QUICKLY",
              "TRUTHFULLY",
              "WEARILY"
            ],
            "keepers": null,
            "result": [
              "BEAUTIFULLY",
              "WEARILY",
              "DELICATELY",
              "QUICKLY",
              "TRUTHFULLY"
            ],
            "result_count": null,
            "seed": null
          },
          "sensitive_attributes": [],
          "private": "bnVsbA=="
        },
        {
          "index_key": 61,
          "schema_version": 0,
          "attributes": {
            "id": "-",
            "input": [
              "DELICATELY",
              "BEAUTIFULLY",
              "QUICKLY",
              "TRUTHFULLY",
              "WEARILY"
            ],
            "keepers": null,
            "result": [
              "TRUTHFULLY",
              "QUICKLY",
              "WEARILY",
              "DELICATELY",
              "BEAUTIFULLY"
            ],
            "result_count": null,
            "seed": null
          },
          "sensitive_attributes": [],
          "private": "bnVsbA=="
        },
        {
          "index_key": 62,
          "schema_version": 0,
          "attributes": {
            "id": "-",
            "input": [
              "DELICATELY",
              "BEAUTIFULLY",
              "QUICKLY",
              "TRUTHFULLY",
              "WEARILY"
            ],
            "keepers": null,
            "result": [
              "DELICATELY",
              "BEAUTIFULLY",
              "QUICKLY",
              "TRUTHFULLY",
              "WEARILY"
            ],
            "result_count": null,
            "seed": null
          },
          "sensitive_attributes": [],
          "private": "bnVsbA=="
        },
        {
          "index_key": 63,
          "schema_version": 0,
          "attributes": {
            "id": "-",
            "input": [
              "DELICATELY",
              "BEAUTIFULLY",
              "QUICKLY",
              "TRUTHFULLY",
              "WEARILY"
            ],
            "keepers": null,
            "result": [
              "QUICKLY",
              "BEAUTIFULLY",
              "DELICATELY",
              "TRUTHFULLY",
              "WEARILY"
            ],
            "result_count": null,
            "seed": null
          },
          "sensitive_attributes": [],
          "private": "bnVsbA=="
        },
        {
          "index_key": 64,
          "schema_version": 0,
          "attributes": {
            "id": "-",
            "input": [
              "DELICATELY",
              "BEAUTIFULLY",
              "QUICKLY",
              "TRUTHFULLY",
              "WEARILY"
            ],
            "keepers": null,
            "result": [
              "DELICATELY",
              "QUICKLY",
              "TRUTHFULLY",
              "BEAUTIFULLY",
              "WEARILY"
            ],
            "result_count": null,
            "seed": null
          },
          "sensitive_attributes": [],
          "private": "bnVsbA=="
        },
        {
          "index_key": 65,
          "schema_version": 0,
          "attributes": {
            "id": "-",
            "input": [
              "DELICATELY",
              "BEAUTIFULLY",
              "QUICKLY",
              "TRUTHFULLY",
              "WEARILY"
            ],
            "keepers": null,
            "result": [
              "DELICATELY",
              "WEARILY",
              "TRUTHFULLY",
              "QUICKLY",
              "BEAUTIFULLY"
            ],
            "result_count": null,
            "seed": null
          },
          "sensitive_attributes": [],
          "private": "bnVsbA=="
        },
        {
          "index_key": 66,
          "schema_version": 0,
          "attributes": {
            "id": "-",
            "input": [
              "DELICATELY",
              "BEAUTIFULLY",
              "QUICKLY",
              "TRUTHFULLY",
              "WEARILY"
            ],
            "keepers": null,
            "result": [
              "TRUTHFULLY",
              "DELICATELY",
              "BEAUTIFULLY",
              "QUICKLY",
              "WEARILY"
            ],
            "result_count": null,
            "seed": null
          },
          "sensitive_attributes": [],
          "private": "bnVsbA=="
        },
        {
          "index_key": 67,
          "schema_version": 0,
          "attributes": {
            "id": "-",
            "input": [
              "DELICATELY",
              "BEAUTIFULLY",
              "QUICKLY",
              "TRUTHFULLY",
              "WEARILY"
            ],
            "keepers": null,
            "result": [
              "WEARILY",
              "DELICATELY",
              "QUICKLY",
              "TRUTHFULLY",
              "BEAUTIFULLY"
            ],
            "result_count": null,
            "seed": null
          },
          "sensitive_attributes": [],
          "private": "bnVsbA=="
        },
        {
          "index_key": 68,
          "schema_version": 0,
          "attributes": {
            "id": "-",
            "input": [
              "DELICATELY",
              "BEAUTIFULLY",
              "QUICKLY",
              "TRUTHFULLY",
              "WEARILY"
            ],
            "keepers": null,
            "result": [
              "QUICKLY",
              "DELICATELY",
              "TRUTHFULLY",
              "BEAUTIFULLY",
              "WEARILY"
            ],
            "result_count": null,
            "seed": null
          },
          "sensitive_attributes": [],
          "private": "bnVsbA=="
        },
        {
          "index_key": 69,
          "schema_version": 0,
          "attributes": {
            "id": "-",
            "input": [
              "DELICATELY",
              "BEAUTIFULLY",
              "QUICKLY",
              "TRUTHFULLY",
              "WEARILY"
            ],
            "keepers": null,
            "result": [
              "QUICKLY",
              "BEAUTIFULLY",
              "DELICATELY",
              "WEARILY",
              "TRUTHFULLY"
            ],
            "result_count": null,
            "seed": null
          },
          "sensitive_attributes": [],
          "private": "bnVsbA=="
        },
        {
          "index_key": 70,
          "schema_version": 0,
          "attributes": {
            "id": "-",
            "input": [
              "DELICATELY",
              "BEAUTIFULLY",
              "QUICKLY",
              "TRUTHFULLY",
              "WEARILY"
            ],
            "keepers": null,
            "result": [
              "TRUTHFULLY",
              "QUICKLY",
              "BEAUTIFULLY",
              "DELICATELY",
              "WEARILY"
            ],
            "result_count": null,
            "seed": null
          },
          "sensitive_attributes": [],
          "private": "bnVsbA=="
        },
        {
          "index_key": 71,
          "schema_version": 0,
          "attributes": {
            "id": "-",
            "input": [
              "DELICATELY",
              "BEAUTIFULLY",
              "QUICKLY",
              "TRUTHFULLY",
              "WEARILY"
            ],
            "keepers": null,
            "result": [
              "BEAUTIFULLY",
              "DELICATELY",
              "QUICKLY",
              "TRUTHFULLY",
              "WEARILY"
            ],
            "result_count": null,
            "seed": null
          },
          "sensitive_attributes": [],
          "private": "bnVsbA=="
        },
        {
          "index_key": 72,
          "schema_version": 0,
          "attributes": {
            "id": "-",
            "input": [
              "DELICATELY",
              "BEAUTIFULLY",
              "QUICKLY",
              "TRUTHFULLY",
              "WEARILY"
            ],
            "keepers": null,
            "result": [
              "QUICKLY",
              "TRUTHFULLY",
              "DELICATELY",
              "WEARILY",
              "BEAUTIFULLY"
            ],
            "result_count": null,
            "seed": null
          },
          "sensitive_attributes": [],
          "private": "bnVsbA=="
        },
        {
          "index_key": 73,
          "schema_version": 0,
          "attributes": {
            "id": "-",
            "input": [
              "DELICATELY",
              "BEAUTIFULLY",
              "QUICKLY",
              "TRUTHFULLY",
              "WEARILY"
            ],
            "keepers": null,
            "result": [
              "BEAUTIFULLY",
              "QUICKLY",
              "DELICATELY",
              "WEARILY",
              "TRUTHFULLY"
            ],
            "result_count": null,
            "seed": null
          },
          "sensitive_attributes": [],
          "private": "bnVsbA=="
        },
        {
          "index_key": 74,
          "schema_version": 0,
          "attributes": {
            "id": "-",
            "input": [
              "DELICATELY",
              "BEAUTIFULLY",
              "QUICKLY",
              "TRUTHFULLY",
              "WEARILY"
            ],
            "keepers": null,
            "result": [
              "BEAUTIFULLY",
              "QUICKLY",
              "WEARILY",
              "DELICATELY",
              "TRUTHFULLY"
            ],
            "result_count": null,
            "seed": null
          },
          "sensitive_attributes": [],
          "private": "bnVsbA=="
        },
        {
          "index_key": 75,
          "schema_version": 0,
          "attributes": {
            "id": "-",
            "input": [
              "DELICATELY",
              "BEAUTIFULLY",
              "QUICKLY",
              "TRUTHFULLY",
              "WEARILY"
            ],
            "keepers": null,
            "result": [
              "WEARILY",
              "BEAUTIFULLY",
              "QUICKLY",
              "DELICATELY",
              "TRUTHFULLY"
            ],
            "result_count": null,
            "seed": null
          },
          "sensitive_attributes": [],
          "private": "bnVsbA=="
        },
        {
          "index_key": 76,
          "schema_version": 0,
          "attributes": {
            "id": "-",
            "input": [
              "DELICATELY",
              "BEAUTIFULLY",
              "QUICKLY",
              "TRUTHFULLY",
              "WEARILY"
            ],
            "keepers": null,
            "result": [
              "QUICKLY",
              "DELICATELY",
              "WEARILY",
              "TRUTHFULLY",
              "BEAUTIFULLY"
            ],
            "result_count": null,
            "seed": null
          },
          "sensitive_attributes": [],
          "private": "bnVsbA=="
        },
        {
          "index_key": 77,
          "schema_version": 0,
          "attributes": {
            "id": "-",
            "input": [
              "DELICATELY",
              "BEAUTIFULLY",
              "QUICKLY",
              "TRUTHFULLY",
              "WEARILY"
            ],
            "keepers": null,
            "result": [
              "BEAUTIFULLY",
              "WEARILY",
              "DELICATELY",
              "TRUTHFULLY",
              "QUICKLY"
            ],
            "result_count": null,
            "seed": null
          },
          "sensitive_attributes": [],
          "private": "bnVsbA=="
        },
        {
          "index_key": 78,
          "schema_version": 0,
          "attributes": {
            "id": "-",
            "input": [
              "DELICATELY",
              "BEAUTIFULLY",
              "QUICKLY",
              "TRUTHFULLY",
              "WEARILY"
            ],
            "keepers": null,
            "result": [
              "DELICATELY",
              "QUICKLY",
              "TRUTHFULLY",
              "BEAUTIFULLY",
              "WEARILY"
            ],
            "result_count": null,
            "seed": null
          },
          "sensitive_attributes": [],
          "private": "bnVsbA=="
        },
        {
          "index_key": 79,
          "schema_version": 0,
          "attributes": {
            "id": "-",
            "input": [
              "DELICATELY",
              "BEAUTIFULLY",
              "QUICKLY",
              "TRUTHFULLY",
              "WEARILY"
            ],
            "keepers": null,
            "result": [
              "DELICATELY",
              "TRUTHFULLY",
              "BEAUTIFULLY",
              "WEARILY",
              "QUICKLY"
            ],
            "result_count": null,
            "seed": null
          },
          "sensitive_attributes": [],
          "private": "bnVsbA=="
        },
        {
          "index_key": 80,
          "schema_version": 0,
          "attributes": {
            "id": "-",
            "input": [
              "DELICATELY",
              "BEAUTIFULLY",
              "QUICKLY",
              "TRUTHFULLY",
              "WEARILY"
            ],
            "keepers": null,
            "result": [
              "DELICATELY",
              "TRUTHFULLY",
              "QUICKLY",
              "BEAUTIFULLY",
              "WEARILY"
            ],
            "result_count": null,
            "seed": null
          },
          "sensitive_attributes": [],
          "private": "bnVsbA=="
        },
        {
          "index_key": 81,
          "schema_version": 0,
          "attributes": {
            "id": "-",
            "input": [
              "DELICATELY",
              "BEAUTIFULLY",
              "QUICKLY",
              "TRUTHFULLY",
              "WEARILY"
            ],
            "keepers": null,
            "result": [
              "TRUTHFULLY",
              "BEAUTIFULLY",
              "WEARILY",
              "QUICKLY",
              "DELICATELY"
            ],
            "result_count": null,
            "seed": null
          },
          "sensitive_attributes": [],
          "private": "bnVsbA=="
        },
        {
          "index_key": 82,
          "schema_version": 0,
          "attributes": {
            "id": "-",
            "input": [
              "DELICATELY",
              "BEAUTIFULLY",
              "QUICKLY",
              "TRUTHFULLY",
              "WEARILY"
            ],
            "keepers": null,
            "result": [
              "QUICKLY",
              "BEAUTIFULLY",
              "WEARILY",
              "DELICATELY",
              "TRUTHFULLY"
            ],
            "result_count": null,
            "seed": null
          },
          "sensitive_attributes": [],
          "private": "bnVsbA=="
        },
        {
          "index_key": 83,
          "schema_version": 0,
          "attributes": {
            "id": "-",
            "input": [
              "DELICATELY",
              "BEAUTIFULLY",
              "QUICKLY",
              "TRUTHFULLY",
              "WEARILY"
            ],
            "keepers": null,
            "result": [
              "BEAUTIFULLY",
              "DELICATELY",
              "TRUTHFULLY",
              "QUICKLY",
              "WEARILY"
            ],
            "result_count": null,
            "seed": null
          },
          "sensitive_attributes": [],
          "private": "bnVsbA=="
        },
        {
          "index_key": 84,
          "schema_version": 0,
          "attributes": {
            "id": "-",
            "input": [
              "DELICATELY",
              "BEAUTIFULLY",
              "QUICKLY",
              "TRUTHFULLY",
              "WEARILY"
            ],
            "keepers": null,
            "result": [
              "DELICATELY",
              "WEARILY",
              "TRUTHFULLY",
              "BEAUTIFULLY",
              "QUICKLY"
            ],
            "result_count": null,
            "seed": null
          },
          "sensitive_attributes": [],
          "private": "bnVsbA=="
        },
        {
          "index_key": 85,
          "schema_version": 0,
          "attributes": {
            "id": "-",
            "input": [
              "DELICATELY",
              "BEAUTIFULLY",
              "QUICKLY",
              "TRUTHFULLY",
              "WEARILY"
            ],
            "keepers": null,
            "result": [
              "QUICKLY",
              "DELICATELY",
              "WEARILY",
              "TRUTHFULLY",
              "BEAUTIFULLY"
            ],
            "result_count": null,
            "seed": null
          },
          "sensitive_attributes": [],
          "private": "bnVsbA=="
        },
        {
          "index_key": 86,
          "schema_version": 0,
          "attributes": {
            "id": "-",
            "input": [
              "DELICATELY",
              "BEAUTIFULLY",
              "QUICKLY",
              "TRUTHFULLY",
              "WEARILY"
            ],
            "keepers": null,
            "result": [
              "WEARILY",
              "DELICATELY",
              "BEAUTIFULLY",
              "TRUTHFULLY",
              "QUICKLY"
            ],
            "result_count": null,
            "seed": null
          },
          "sensitive_attributes": [],
          "private": "bnVsbA=="
        },
        {
          "index_key": 87,
          "schema_version": 0,
          "attributes": {
            "id": "-",
            "input": [
              "DELICATELY",
              "BEAUTIFULLY",
              "QUICKLY",
              "TRUTHFULLY",
              "WEARILY"
            ],
            "keepers": null,
            "result": [
              "WEARILY",
              "TRUTHFULLY",
              "QUICKLY",
              "DELICATELY",
              "BEAUTIFULLY"
            ],
            "result_count": null,
            "seed": null
          },
          "sensitive_attributes": [],
          "private": "bnVsbA=="
        },
        {
          "index_key": 88,
          "schema_version": 0,
          "attributes": {
            "id": "-",
            "input": [
              "DELICATELY",
              "BEAUTIFULLY",
              "QUICKLY",
              "TRUTHFULLY",
              "WEARILY"
            ],
            "keepers": null,
            "result": [
              "TRUTHFULLY",
              "DELICATELY",
              "WEARILY",
              "BEAUTIFULLY",
              "QUICKLY"
            ],
            "result_count": null,
            "seed": null
          },
          "sensitive_attributes": [],
          "private": "bnVsbA=="
        },
        {
          "index_key": 89,
          "schema_version": 0,
          "attributes": {
            "id": "-",
            "input": [
              "DELICATELY",
              "BEAUTIFULLY",
              "QUICKLY",
              "TRUTHFULLY",
              "WEARILY"
            ],
            "keepers": null,
            "result": [
              "DELICATELY",
              "TRUTHFULLY",
              "QUICKLY",
              "WEARILY",
              "BEAUTIFULLY"
            ],
            "result_count": null,
            "seed": null
          },
          "sensitive_attributes": [],
          "private": "bnVsbA=="
        },
        {
          "index_key": 90,
          "schema_version": 0,
          "attributes": {
            "id": "-",
            "input": [
              "DELICATELY",
              "BEAUTIFULLY",
              "QUICKLY",
              "TRUTHFULLY",
              "WEARILY"
            ],
            "keepers": null,
            "result": [
              "DELICATELY",
              "QUICKLY",
              "WEARILY",
              "TRUTHFULLY",
              "BEAUTIFULLY"
            ],
            "result_count": null,
            "seed": null
          },
          "sensitive_attributes": [],
          "private": "bnVsbA=="
        },
        {
          "index_key": 91,
          "schema_version": 0,
          "attributes": {
            "id": "-",
            "input": [
              "DELICATELY",
              "BEAUTIFULLY",
              "QUICKLY",
              "TRUTHFULLY",
              "WEARILY"
            ],
            "keepers": null,
            "result": [
              "QUICKLY",
              "TRUTHFULLY",
              "DELICATELY",
              "BEAUTIFULLY",
              "WEARILY"
            ],
            "result_count": null,
            "seed": null
          },
          "sensitive_attributes": [],
          "private": "bnVsbA=="
        },
        {
          "index_key": 92,
          "schema_version": 0,
          "attributes": {
            "id": "-",
            "input": [
              "DELICATELY",
              "BEAUTIFULLY",
              "QUICKLY",
              "TRUTHFULLY",
              "WEARILY"
            ],
            "keepers": null,
            "result": [
              "WEARILY",
              "BEAUTIFULLY",
              "DELICATELY",
              "QUICKLY",
              "TRUTHFULLY"
            ],
            "result_count": null,
            "seed": null
          },
          "sensitive_attributes": [],
          "private": "bnVsbA=="
        },
        {
          "index_key": 93,
          "schema_version": 0,
          "attributes": {
            "id": "-",
            "input": [
              "DELICATELY",
              "BEAUTIFULLY",
              "QUICKLY",
              "TRUTHFULLY",
              "WEARILY"
            ],
            "keepers": null,
            "result": [
              "DELICATELY",
              "QUICKLY",
              "WEARILY",
              "TRUTHFULLY",
              "BEAUTIFULLY"
            ],
            "result_count": null,
            "seed": null
          },
          "sensitive_attributes": [],
          "private": "bnVsbA=="
        },
        {
          "index_key": 94,
          "schema_version": 0,
          "attributes": {
            "id": "-",
            "input": [
              "DELICATELY",
              "BEAUTIFULLY",
              "QUICKLY",
              "TRUTHFULLY",
              "WEARILY"
            ],
            "keepers": null,
            "result": [
              "BEAUTIFULLY",
              "WEARILY",
              "TRUTHFULLY",
              "QUICKLY",
              "DELICATELY"
            ],
            "result_count": null,
            "seed": null
          },
          "sensitive_attributes": [],
          "private": "bnVsbA=="
        },
        {
          "index_key": 95,
          "schema_version": 0,
          "attributes": {
            "id": "-",
            "input": [
              "DELICATELY",
              "BEAUTIFULLY",
              "QUICKLY",
              "TRUTHFULLY",
              "WEARILY"
            ],
            "keepers": null,
            "result": [
              "QUICKLY",
              "BEAUTIFULLY",
              "TRUTHFULLY",
              "DELICATELY",
              "WEARILY"
            ],
            "result_count": null,
            "seed": null
          },
          "sensitive_attributes": [],
          "private": "bnVsbA=="
        },
        {
          "index_key": 96,
          "schema_version": 0,
          "attributes": {
            "id": "-",
            "input": [
              "DELICATELY",
              "BEAUTIFULLY",
              "QUICKLY",
              "TRUTHFULLY",
              "WEARILY"
            ],
            "keepers": null,
            "result": [
              "WEARILY",
              "DELICATELY",
              "BEAUTIFULLY",
              "TRUTHFULLY",
              "QUICKLY"
            ],
            "result_count": null,
            "seed": null
          },
          "sensitive_attributes": [],
          "private": "bnVsbA=="
        },
        {
          "index_key": 97,
          "schema_version": 0,
          "attributes": {
            "id": "-",
            "input": [
              "DELICATELY",
              "BEAUTIFULLY",
              "QUICKLY",
              "TRUTHFULLY",
              "WEARILY"
            ],
            "keepers": null,
            "result": [
              "DELICATELY",
              "TRUTHFULLY",
              "QUICKLY",
              "WEARILY",
              "BEAUTIFULLY"
            ],
            "result_count": null,
            "seed": null
          },
          "sensitive_attributes": [],
          "private": "bnVsbA=="
        },
        {
          "index_key": 98,
          "schema_version": 0,
          "attributes": {
            "id": "-",
            "input": [
              "DELICATELY",
              "BEAUTIFULLY",
              "QUICKLY",
              "TRUTHFULLY",
              "WEARILY"
            ],
            "keepers": null,
            "result": [
              "BEAUTIFULLY",
              "WEARILY",
              "TRUTHFULLY",
              "QUICKLY",
              "DELICATELY"
            ],
            "result_count": null,
            "seed": null
          },
          "sensitive_attributes": [],
          "private": "bnVsbA=="
        },
        {
          "index_key": 99,
          "schema_version": 0,
          "attributes": {
            "id": "-",
            "input": [
              "DELICATELY",
              "BEAUTIFULLY",
              "QUICKLY",
              "TRUTHFULLY",
              "WEARILY"
            ],
            "keepers": null,
            "result": [
              "WEARILY",
              "TRUTHFULLY",
              "QUICKLY",
              "BEAUTIFULLY",
              "DELICATELY"
            ],
            "result_count": null,
            "seed": null
          },
          "sensitive_attributes": [],
          "private": "bnVsbA=="
        }
      ]
    },
    {
      "mode": "managed",
      "type": "random_shuffle",
      "name": "random_nouns",
      "provider": "provider[\"registry.terraform.io/hashicorp/random\"]",
      "instances": [
        {
          "index_key": 0,
          "schema_version": 0,
          "attributes": {
            "id": "-",
            "input": [
              "ARMY",
              "PANTHER",
              "WALNUTS",
              "SANDWICH",
              "ZEUS",
              "BANANA",
              "CAT",
              "JELLYFISH",
              "JIGSAW",
              "VIOLIN",
              "MILK",
              "SUN"
            ],
            "keepers": null,
            "result": [
              "ARMY",
              "SUN",
              "JIGSAW",
              "ZEUS",
              "BANANA",
              "CAT",
              "PANTHER",
              "JELLYFISH",
              "SANDWICH",
              "VIOLIN",
              "MILK",
              "WALNUTS"
            ],
            "result_count": null,
            "seed": null
          },
          "sensitive_attributes": [],
          "private": "bnVsbA=="
        },
        {
          "index_key": 1,
          "schema_version": 0,
          "attributes": {
            "id": "-",
            "input": [
              "ARMY",
              "PANTHER",
              "WALNUTS",
              "SANDWICH",
              "ZEUS",
              "BANANA",
              "CAT",
              "JELLYFISH",
              "JIGSAW",
              "VIOLIN",
              "MILK",
              "SUN"
            ],
            "keepers": null,
            "result": [
              "BANANA",
              "SUN",
              "WALNUTS",
              "VIOLIN",
              "SANDWICH",
              "CAT",
              "JELLYFISH",
              "ARMY",
              "PANTHER",
              "MILK",
              "ZEUS",
              "JIGSAW"
            ],
            "result_count": null,
            "seed": null
          },
          "sensitive_attributes": [],
          "private": "bnVsbA=="
        },
        {
          "index_key": 2,
          "schema_version": 0,
          "attributes": {
            "id": "-",
            "input": [
              "ARMY",
              "PANTHER",
              "WALNUTS",
              "SANDWICH",
              "ZEUS",
              "BANANA",
              "CAT",
              "JELLYFISH",
              "JIGSAW",
              "VIOLIN",
              "MILK",
              "SUN"
            ],
            "keepers": null,
            "result": [
              "WALNUTS",
              "CAT",
              "MILK",
              "VIOLIN",
              "ARMY",
              "JIGSAW",
              "JELLYFISH",
              "SANDWICH",
              "BANANA",
              "SUN",
              "PANTHER",
              "ZEUS"
            ],
            "result_count": null,
            "seed": null
          },
          "sensitive_attributes": [],
          "private": "bnVsbA=="
        },
        {
          "index_key": 3,
          "schema_version": 0,
          "attributes": {
            "id": "-",
            "input": [
              "ARMY",
              "PANTHER",
              "WALNUTS",
              "SANDWICH",
              "ZEUS",
              "BANANA",
              "CAT",
              "JELLYFISH",
              "JIGSAW",
              "VIOLIN",
              "MILK",
              "SUN"
            ],
            "keepers": null,
            "result": [
              "BANANA",
              "SUN",
              "JIGSAW",
              "MILK",
              "PANTHER",
              "JELLYFISH",
              "WALNUTS",
              "SANDWICH",
              "ZEUS",
              "ARMY",
              "CAT",
              "VIOLIN"
            ],
            "result_count": null,
            "seed": null
          },
          "sensitive_attributes": [],
          "private": "bnVsbA=="
        },
        {
          "index_key": 4,
          "schema_version": 0,
          "attributes": {
            "id": "-",
            "input": [
              "ARMY",
              "PANTHER",
              "WALNUTS",
              "SANDWICH",
              "ZEUS",
              "BANANA",
              "CAT",
              "JELLYFISH",
              "JIGSAW",
              "VIOLIN",
              "MILK",
              "SUN"
            ],
            "keepers": null,
            "result": [
              "SUN",
              "MILK",
              "JELLYFISH",
              "ZEUS",
              "WALNUTS",
              "VIOLIN",
              "ARMY",
              "JIGSAW",
              "PANTHER",
              "BANANA",
              "CAT",
              "SANDWICH"
            ],
            "result_count": null,
            "seed": null
          },
          "sensitive_attributes": [],
          "private": "bnVsbA=="
        },
        {
          "index_key": 5,
          "schema_version": 0,
          "attributes": {
            "id": "-",
            "input": [
              "ARMY",
              "PANTHER",
              "WALNUTS",
              "SANDWICH",
              "ZEUS",
              "BANANA",
              "CAT",
              "JELLYFISH",
              "JIGSAW",
              "VIOLIN",
              "MILK",
              "SUN"
            ],
            "keepers": null,
            "result": [
              "VIOLIN",
              "PANTHER",
              "SANDWICH",
              "JIGSAW",
              "BANANA",
              "WALNUTS",
              "MILK",
              "JELLYFISH",
              "ZEUS",
              "SUN",
              "ARMY",
              "CAT"
            ],
            "result_count": null,
            "seed": null
          },
          "sensitive_attributes": [],
          "private": "bnVsbA=="
        },
        {
          "index_key": 6,
          "schema_version": 0,
          "attributes": {
            "id": "-",
            "input": [
              "ARMY",
              "PANTHER",
              "WALNUTS",
              "SANDWICH",
              "ZEUS",
              "BANANA",
              "CAT",
              "JELLYFISH",
              "JIGSAW",
              "VIOLIN",
              "MILK",
              "SUN"
            ],
            "keepers": null,
            "result": [
              "PANTHER",
              "JIGSAW",
              "JELLYFISH",
              "BANANA",
              "ARMY",
              "VIOLIN",
              "ZEUS",
              "WALNUTS",
              "SANDWICH",
              "MILK",
              "CAT",
              "SUN"
            ],
            "result_count": null,
            "seed": null
          },
          "sensitive_attributes": [],
          "private": "bnVsbA=="
        },
        {
          "index_key": 7,
          "schema_version": 0,
          "attributes": {
            "id": "-",
            "input": [
              "ARMY",
              "PANTHER",
              "WALNUTS",
              "SANDWICH",
              "ZEUS",
              "BANANA",
              "CAT",
              "JELLYFISH",
              "JIGSAW",
              "VIOLIN",
              "MILK",
              "SUN"
            ],
            "keepers": null,
            "result": [
              "JELLYFISH",
              "JIGSAW",
              "CAT",
              "VIOLIN",
              "SUN",
              "ZEUS",
              "PANTHER",
              "ARMY",
              "WALNUTS",
              "BANANA",
              "MILK",
              "SANDWICH"
            ],
            "result_count": null,
            "seed": null
          },
          "sensitive_attributes": [],
          "private": "bnVsbA=="
        },
        {
          "index_key": 8,
          "schema_version": 0,
          "attributes": {
            "id": "-",
            "input": [
              "ARMY",
              "PANTHER",
              "WALNUTS",
              "SANDWICH",
              "ZEUS",
              "BANANA",
              "CAT",
              "JELLYFISH",
              "JIGSAW",
              "VIOLIN",
              "MILK",
              "SUN"
            ],
            "keepers": null,
            "result": [
              "CAT",
              "WALNUTS",
              "JIGSAW",
              "BANANA",
              "VIOLIN",
              "PANTHER",
              "ZEUS",
              "SUN",
              "SANDWICH",
              "ARMY",
              "JELLYFISH",
              "MILK"
            ],
            "result_count": null,
            "seed": null
          },
          "sensitive_attributes": [],
          "private": "bnVsbA=="
        },
        {
          "index_key": 9,
          "schema_version": 0,
          "attributes": {
            "id": "-",
            "input": [
              "ARMY",
              "PANTHER",
              "WALNUTS",
              "SANDWICH",
              "ZEUS",
              "BANANA",
              "CAT",
              "JELLYFISH",
              "JIGSAW",
              "VIOLIN",
              "MILK",
              "SUN"
            ],
            "keepers": null,
            "result": [
              "ARMY",
              "MILK",
              "WALNUTS",
              "CAT",
              "SUN",
              "VIOLIN",
              "JIGSAW",
              "JELLYFISH",
              "PANTHER",
              "BANANA",
              "ZEUS",
              "SANDWICH"
            ],
            "result_count": null,
            "seed": null
          },
          "sensitive_attributes": [],
          "private": "bnVsbA=="
        },
        {
          "index_key": 10,
          "schema_version": 0,
          "attributes": {
            "id": "-",
            "input": [
              "ARMY",
              "PANTHER",
              "WALNUTS",
              "SANDWICH",
              "ZEUS",
              "BANANA",
              "CAT",
              "JELLYFISH",
              "JIGSAW",
              "VIOLIN",
              "MILK",
              "SUN"
            ],
            "keepers": null,
            "result": [
              "SANDWICH",
              "SUN",
              "VIOLIN",
              "MILK",
              "PANTHER",
              "WALNUTS",
              "BANANA",
              "JIGSAW",
              "JELLYFISH",
              "CAT",
              "ARMY",
              "ZEUS"
            ],
            "result_count": null,
            "seed": null
          },
          "sensitive_attributes": [],
          "private": "bnVsbA=="
        },
        {
          "index_key": 11,
          "schema_version": 0,
          "attributes": {
            "id": "-",
            "input": [
              "ARMY",
              "PANTHER",
              "WALNUTS",
              "SANDWICH",
              "ZEUS",
              "BANANA",
              "CAT",
              "JELLYFISH",
              "JIGSAW",
              "VIOLIN",
              "MILK",
              "SUN"
            ],
            "keepers": null,
            "result": [
              "SANDWICH",
              "SUN",
              "VIOLIN",
              "ARMY",
              "JELLYFISH",
              "WALNUTS",
              "ZEUS",
              "CAT",
              "JIGSAW",
              "BANANA",
              "PANTHER",
              "MILK"
            ],
            "result_count": null,
            "seed": null
          },
          "sensitive_attributes": [],
          "private": "bnVsbA=="
        },
        {
          "index_key": 12,
          "schema_version": 0,
          "attributes": {
            "id": "-",
            "input": [
              "ARMY",
              "PANTHER",
              "WALNUTS",
              "SANDWICH",
              "ZEUS",
              "BANANA",
              "CAT",
              "JELLYFISH",
              "JIGSAW",
              "VIOLIN",
              "MILK",
              "SUN"
            ],
            "keepers": null,
            "result": [
              "SUN",
              "ARMY",
              "PANTHER",
              "VIOLIN",
              "JIGSAW",
              "ZEUS",
              "BANANA",
              "JELLYFISH",
              "SANDWICH",
              "WALNUTS",
              "MILK",
              "CAT"
            ],
            "result_count": null,
            "seed": null
          },
          "sensitive_attributes": [],
          "private": "bnVsbA=="
        },
        {
          "index_key": 13,
          "schema_version": 0,
          "attributes": {
            "id": "-",
            "input": [
              "ARMY",
              "PANTHER",
              "WALNUTS",
              "SANDWICH",
              "ZEUS",
              "BANANA",
              "CAT",
              "JELLYFISH",
              "JIGSAW",
              "VIOLIN",
              "MILK",
              "SUN"
            ],
            "keepers": null,
            "result": [
              "VIOLIN",
              "JELLYFISH",
              "ARMY",
              "JIGSAW",
              "SANDWICH",
              "WALNUTS",
              "MILK",
              "PANTHER",
              "BANANA",
              "CAT",
              "ZEUS",
              "SUN"
            ],
            "result_count": null,
            "seed": null
          },
          "sensitive_attributes": [],
          "private": "bnVsbA=="
        },
        {
          "index_key": 14,
          "schema_version": 0,
          "attributes": {
            "id": "-",
            "input": [
              "ARMY",
              "PANTHER",
              "WALNUTS",
              "SANDWICH",
              "ZEUS",
              "BANANA",
              "CAT",
              "JELLYFISH",
              "JIGSAW",
              "VIOLIN",
              "MILK",
              "SUN"
            ],
            "keepers": null,
            "result": [
              "JIGSAW",
              "ZEUS",
              "MILK",
              "BANANA",
              "SUN",
              "CAT",
              "PANTHER",
              "WALNUTS",
              "JELLYFISH",
              "SANDWICH",
              "VIOLIN",
              "ARMY"
            ],
            "result_count": null,
            "seed": null
          },
          "sensitive_attributes": [],
          "private": "bnVsbA=="
        },
        {
          "index_key": 15,
          "schema_version": 0,
          "attributes": {
            "id": "-",
            "input": [
              "ARMY",
              "PANTHER",
              "WALNUTS",
              "SANDWICH",
              "ZEUS",
              "BANANA",
              "CAT",
              "JELLYFISH",
              "JIGSAW",
              "VIOLIN",
              "MILK",
              "SUN"
            ],
            "keepers": null,
            "result": [
              "SUN",
              "JELLYFISH",
              "ARMY",
              "ZEUS",
              "JIGSAW",
              "CAT",
              "SANDWICH",
              "PANTHER",
              "BANANA",
              "WALNUTS",
              "VIOLIN",
              "MILK"
            ],
            "result_count": null,
            "seed": null
          },
          "sensitive_attributes": [],
          "private": "bnVsbA=="
        },
        {
          "index_key": 16,
          "schema_version": 0,
          "attributes": {
            "id": "-",
            "input": [
              "ARMY",
              "PANTHER",
              "WALNUTS",
              "SANDWICH",
              "ZEUS",
              "BANANA",
              "CAT",
              "JELLYFISH",
              "JIGSAW",
              "VIOLIN",
              "MILK",
              "SUN"
            ],
            "keepers": null,
            "result": [
              "BANANA",
              "MILK",
              "ZEUS",
              "PANTHER",
              "CAT",
              "ARMY",
              "SANDWICH",
              "JIGSAW",
              "WALNUTS",
              "SUN",
              "JELLYFISH",
              "VIOLIN"
            ],
            "result_count": null,
            "seed": null
          },
          "sensitive_attributes": [],
          "private": "bnVsbA=="
        },
        {
          "index_key": 17,
          "schema_version": 0,
          "attributes": {
            "id": "-",
            "input": [
              "ARMY",
              "PANTHER",
              "WALNUTS",
              "SANDWICH",
              "ZEUS",
              "BANANA",
              "CAT",
              "JELLYFISH",
              "JIGSAW",
              "VIOLIN",
              "MILK",
              "SUN"
            ],
            "keepers": null,
            "result": [
              "SANDWICH",
              "SUN",
              "ZEUS",
              "ARMY",
              "BANANA",
              "JIGSAW",
              "MILK",
              "VIOLIN",
              "WALNUTS",
              "CAT",
              "JELLYFISH",
              "PANTHER"
            ],
            "result_count": null,
            "seed": null
          },
          "sensitive_attributes": [],
          "private": "bnVsbA=="
        },
        {
          "index_key": 18,
          "schema_version": 0,
          "attributes": {
            "id": "-",
            "input": [
              "ARMY",
              "PANTHER",
              "WALNUTS",
              "SANDWICH",
              "ZEUS",
              "BANANA",
              "CAT",
              "JELLYFISH",
              "JIGSAW",
              "VIOLIN",
              "MILK",
              "SUN"
            ],
            "keepers": null,
            "result": [
              "CAT",
              "MILK",
              "JELLYFISH",
              "PANTHER",
              "SUN",
              "ARMY",
              "VIOLIN",
              "SANDWICH",
              "BANANA",
              "JIGSAW",
              "ZEUS",
              "WALNUTS"
            ],
            "result_count": null,
            "seed": null
          },
          "sensitive_attributes": [],
          "private": "bnVsbA=="
        },
        {
          "index_key": 19,
          "schema_version": 0,
          "attributes": {
            "id": "-",
            "input": [
              "ARMY",
              "PANTHER",
              "WALNUTS",
              "SANDWICH",
              "ZEUS",
              "BANANA",
              "CAT",
              "JELLYFISH",
              "JIGSAW",
              "VIOLIN",
              "MILK",
              "SUN"
            ],
            "keepers": null,
            "result": [
              "ARMY",
              "VIOLIN",
              "PANTHER",
              "CAT",
              "MILK",
              "ZEUS",
              "WALNUTS",
              "SUN",
              "JIGSAW",
              "JELLYFISH",
              "BANANA",
              "SANDWICH"
            ],
            "result_count": null,
            "seed": null
          },
          "sensitive_attributes": [],
          "private": "bnVsbA=="
        },
        {
          "index_key": 20,
          "schema_version": 0,
          "attributes": {
            "id": "-",
            "input": [
              "ARMY",
              "PANTHER",
              "WALNUTS",
              "SANDWICH",
              "ZEUS",
              "BANANA",
              "CAT",
              "JELLYFISH",
              "JIGSAW",
              "VIOLIN",
              "MILK",
              "SUN"
            ],
            "keepers": null,
            "result": [
              "WALNUTS",
              "CAT",
              "SUN",
              "PANTHER",
              "ZEUS",
              "BANANA",
              "VIOLIN",
              "ARMY",
              "MILK",
              "JELLYFISH",
              "SANDWICH",
              "JIGSAW"
            ],
            "result_count": null,
            "seed": null
          },
          "sensitive_attributes": [],
          "private": "bnVsbA=="
        },
        {
          "index_key": 21,
          "schema_version": 0,
          "attributes": {
            "id": "-",
            "input": [
              "ARMY",
              "PANTHER",
              "WALNUTS",
              "SANDWICH",
              "ZEUS",
              "BANANA",
              "CAT",
              "JELLYFISH",
              "JIGSAW",
              "VIOLIN",
              "MILK",
              "SUN"
            ],
            "keepers": null,
            "result": [
              "SANDWICH",
              "SUN",
              "VIOLIN",
              "WALNUTS",
              "BANANA",
              "MILK",
              "CAT",
              "PANTHER",
              "ARMY",
              "ZEUS",
              "JIGSAW",
              "JELLYFISH"
            ],
            "result_count": null,
            "seed": null
          },
          "sensitive_attributes": [],
          "private": "bnVsbA=="
        },
        {
          "index_key": 22,
          "schema_version": 0,
          "attributes": {
            "id": "-",
            "input": [
              "ARMY",
              "PANTHER",
              "WALNUTS",
              "SANDWICH",
              "ZEUS",
              "BANANA",
              "CAT",
              "JELLYFISH",
              "JIGSAW",
              "VIOLIN",
              "MILK",
              "SUN"
            ],
            "keepers": null,
            "result": [
              "PANTHER",
              "VIOLIN",
              "CAT",
              "BANANA",
              "JIGSAW",
              "SUN",
              "MILK",
              "ZEUS",
              "JELLYFISH",
              "ARMY",
              "WALNUTS",
              "SANDWICH"
            ],
            "result_count": null,
            "seed": null
          },
          "sensitive_attributes": [],
          "private": "bnVsbA=="
        },
        {
          "index_key": 23,
          "schema_version": 0,
          "attributes": {
            "id": "-",
            "input": [
              "ARMY",
              "PANTHER",
              "WALNUTS",
              "SANDWICH",
              "ZEUS",
              "BANANA",
              "CAT",
              "JELLYFISH",
              "JIGSAW",
              "VIOLIN",
              "MILK",
              "SUN"
            ],
            "keepers": null,
            "result": [
              "CAT",
              "MILK",
              "BANANA",
              "ZEUS",
              "WALNUTS",
              "ARMY",
              "SANDWICH",
              "PANTHER",
              "SUN",
              "VIOLIN",
              "JELLYFISH",
              "JIGSAW"
            ],
            "result_count": null,
            "seed": null
          },
          "sensitive_attributes": [],
          "private": "bnVsbA=="
        },
        {
          "index_key": 24,
          "schema_version": 0,
          "attributes": {
            "id": "-",
            "input": [
              "ARMY",
              "PANTHER",
              "WALNUTS",
              "SANDWICH",
              "ZEUS",
              "BANANA",
              "CAT",
              "JELLYFISH",
              "JIGSAW",
              "VIOLIN",
              "MILK",
              "SUN"
            ],
            "keepers": null,
            "result": [
              "SUN",
              "JIGSAW",
              "SANDWICH",
              "ARMY",
              "WALNUTS",
              "PANTHER",
              "CAT",
              "MILK",
              "ZEUS",
              "JELLYFISH",
              "BANANA",
              "VIOLIN"
            ],
            "result_count": null,
            "seed": null
          },
          "sensitive_attributes": [],
          "private": "bnVsbA=="
        },
        {
          "index_key": 25,
          "schema_version": 0,
          "attributes": {
            "id": "-",
            "input": [
              "ARMY",
              "PANTHER",
              "WALNUTS",
              "SANDWICH",
              "ZEUS",
              "BANANA",
              "CAT",
              "JELLYFISH",
              "JIGSAW",
              "VIOLIN",
              "MILK",
              "SUN"
            ],
            "keepers": null,
            "result": [
              "ZEUS",
              "SANDWICH",
              "JELLYFISH",
              "VIOLIN",
              "MILK",
              "BANANA",
              "SUN",
              "PANTHER",
              "WALNUTS",
              "ARMY",
              "CAT",
              "JIGSAW"
            ],
            "result_count": null,
            "seed": null
          },
          "sensitive_attributes": [],
          "private": "bnVsbA=="
        },
        {
          "index_key": 26,
          "schema_version": 0,
          "attributes": {
            "id": "-",
            "input": [
              "ARMY",
              "PANTHER",
              "WALNUTS",
              "SANDWICH",
              "ZEUS",
              "BANANA",
              "CAT",
              "JELLYFISH",
              "JIGSAW",
              "VIOLIN",
              "MILK",
              "SUN"
            ],
            "keepers": null,
            "result": [
              "ARMY",
              "PANTHER",
              "BANANA",
              "ZEUS",
              "WALNUTS",
              "JELLYFISH",
              "SANDWICH",
              "SUN",
              "VIOLIN",
              "MILK",
              "JIGSAW",
              "CAT"
            ],
            "result_count": null,
            "seed": null
          },
          "sensitive_attributes": [],
          "private": "bnVsbA=="
        },
        {
          "index_key": 27,
          "schema_version": 0,
          "attributes": {
            "id": "-",
            "input": [
              "ARMY",
              "PANTHER",
              "WALNUTS",
              "SANDWICH",
              "ZEUS",
              "BANANA",
              "CAT",
              "JELLYFISH",
              "JIGSAW",
              "VIOLIN",
              "MILK",
              "SUN"
            ],
            "keepers": null,
            "result": [
              "BANANA",
              "WALNUTS",
              "ZEUS",
              "JIGSAW",
              "JELLYFISH",
              "SUN",
              "ARMY",
              "CAT",
              "MILK",
              "VIOLIN",
              "PANTHER",
              "SANDWICH"
            ],
            "result_count": null,
            "seed": null
          },
          "sensitive_attributes": [],
          "private": "bnVsbA=="
        },
        {
          "index_key": 28,
          "schema_version": 0,
          "attributes": {
            "id": "-",
            "input": [
              "ARMY",
              "PANTHER",
              "WALNUTS",
              "SANDWICH",
              "ZEUS",
              "BANANA",
              "CAT",
              "JELLYFISH",
              "JIGSAW",
              "VIOLIN",
              "MILK",
              "SUN"
            ],
            "keepers": null,
            "result": [
              "JIGSAW",
              "ARMY",
              "SANDWICH",
              "VIOLIN",
              "BANANA",
              "PANTHER",
              "CAT",
              "MILK",
              "ZEUS",
              "SUN",
              "JELLYFISH",
              "WALNUTS"
            ],
            "result_count": null,
            "seed": null
          },
          "sensitive_attributes": [],
          "private": "bnVsbA=="
        },
        {
          "index_key": 29,
          "schema_version": 0,
          "attributes": {
            "id": "-",
            "input": [
              "ARMY",
              "PANTHER",
              "WALNUTS",
              "SANDWICH",
              "ZEUS",
              "BANANA",
              "CAT",
              "JELLYFISH",
              "JIGSAW",
              "VIOLIN",
              "MILK",
              "SUN"
            ],
            "keepers": null,
            "result": [
              "VIOLIN",
              "JELLYFISH",
              "SUN",
              "PANTHER",
              "SANDWICH",
              "CAT",
              "ZEUS",
              "ARMY",
              "BANANA",
              "WALNUTS",
              "JIGSAW",
              "MILK"
            ],
            "result_count": null,
            "seed": null
          },
          "sensitive_attributes": [],
          "private": "bnVsbA=="
        },
        {
          "index_key": 30,
          "schema_version": 0,
          "attributes": {
            "id": "-",
            "input": [
              "ARMY",
              "PANTHER",
              "WALNUTS",
              "SANDWICH",
              "ZEUS",
              "BANANA",
              "CAT",
              "JELLYFISH",
              "JIGSAW",
              "VIOLIN",
              "MILK",
              "SUN"
            ],
            "keepers": null,
            "result": [
              "VIOLIN",
              "SUN",
              "JELLYFISH",
              "CAT",
              "MILK",
              "ARMY",
              "WALNUTS",
              "JIGSAW",
              "SANDWICH",
              "BANANA",
              "PANTHER",
              "ZEUS"
            ],
            "result_count": null,
            "seed": null
          },
          "sensitive_attributes": [],
          "private": "bnVsbA=="
        },
        {
          "index_key": 31,
          "schema_version": 0,
          "attributes": {
            "id": "-",
            "input": [
              "ARMY",
              "PANTHER",
              "WALNUTS",
              "SANDWICH",
              "ZEUS",
              "BANANA",
              "CAT",
              "JELLYFISH",
              "JIGSAW",
              "VIOLIN",
              "MILK",
              "SUN"
            ],
            "keepers": null,
            "result": [
              "CAT",
              "SUN",
              "WALNUTS",
              "SANDWICH",
              "BANANA",
              "ARMY",
              "JELLYFISH",
              "PANTHER",
              "VIOLIN",
              "MILK",
              "JIGSAW",
              "ZEUS"
            ],
            "result_count": null,
            "seed": null
          },
          "sensitive_attributes": [],
          "private": "bnVsbA=="
        },
        {
          "index_key": 32,
          "schema_version": 0,
          "attributes": {
            "id": "-",
            "input": [
              "ARMY",
              "PANTHER",
              "WALNUTS",
              "SANDWICH",
              "ZEUS",
              "BANANA",
              "CAT",
              "JELLYFISH",
              "JIGSAW",
              "VIOLIN",
              "MILK",
              "SUN"
            ],
            "keepers": null,
            "result": [
              "PANTHER",
              "VIOLIN",
              "ARMY",
              "JIGSAW",
              "ZEUS",
              "WALNUTS",
              "CAT",
              "SANDWICH",
              "MILK",
              "BANANA",
              "SUN",
              "JELLYFISH"
            ],
            "result_count": null,
            "seed": null
          },
          "sensitive_attributes": [],
          "private": "bnVsbA=="
        },
        {
          "index_key": 33,
          "schema_version": 0,
          "attributes": {
            "id": "-",
            "input": [
              "ARMY",
              "PANTHER",
              "WALNUTS",
              "SANDWICH",
              "ZEUS",
              "BANANA",
              "CAT",
              "JELLYFISH",
              "JIGSAW",
              "VIOLIN",
              "MILK",
              "SUN"
            ],
            "keepers": null,
            "result": [
              "SANDWICH",
              "JELLYFISH",
              "JIGSAW",
              "PANTHER",
              "CAT",
              "ARMY",
              "WALNUTS",
              "MILK",
              "SUN",
              "ZEUS",
              "VIOLIN",
              "BANANA"
            ],
            "result_count": null,
            "seed": null
          },
          "sensitive_attributes": [],
          "private": "bnVsbA=="
        },
        {
          "index_key": 34,
          "schema_version": 0,
          "attributes": {
            "id": "-",
            "input": [
              "ARMY",
              "PANTHER",
              "WALNUTS",
              "SANDWICH",
              "ZEUS",
              "BANANA",
              "CAT",
              "JELLYFISH",
              "JIGSAW",
              "VIOLIN",
              "MILK",
              "SUN"
            ],
            "keepers": null,
            "result": [
              "PANTHER",
              "JELLYFISH",
              "BANANA",
              "SANDWICH",
              "WALNUTS",
              "MILK",
              "VIOLIN",
              "ZEUS",
              "JIGSAW",
              "ARMY",
              "CAT",
              "SUN"
            ],
            "result_count": null,
            "seed": null
          },
          "sensitive_attributes": [],
          "private": "bnVsbA=="
        },
        {
          "index_key": 35,
          "schema_version": 0,
          "attributes": {
            "id": "-",
            "input": [
              "ARMY",
              "PANTHER",
              "WALNUTS",
              "SANDWICH",
              "ZEUS",
              "BANANA",
              "CAT",
              "JELLYFISH",
              "JIGSAW",
              "VIOLIN",
              "MILK",
              "SUN"
            ],
            "keepers": null,
            "result": [
              "CAT",
              "JIGSAW",
              "ZEUS",
              "JELLYFISH",
              "VIOLIN",
              "SUN",
              "WALNUTS",
              "PANTHER",
              "MILK",
              "SANDWICH",
              "ARMY",
              "BANANA"
            ],
            "result_count": null,
            "seed": null
          },
          "sensitive_attributes": [],
          "private": "bnVsbA=="
        },
        {
          "index_key": 36,
          "schema_version": 0,
          "attributes": {
            "id": "-",
            "input": [
              "ARMY",
              "PANTHER",
              "WALNUTS",
              "SANDWICH",
              "ZEUS",
              "BANANA",
              "CAT",
              "JELLYFISH",
              "JIGSAW",
              "VIOLIN",
              "MILK",
              "SUN"
            ],
            "keepers": null,
            "result": [
              "SANDWICH",
              "JIGSAW",
              "CAT",
              "PANTHER",
              "ZEUS",
              "VIOLIN",
              "WALNUTS",
              "SUN",
              "BANANA",
              "ARMY",
              "JELLYFISH",
              "MILK"
            ],
            "result_count": null,
            "seed": null
          },
          "sensitive_attributes": [],
          "private": "bnVsbA=="
        },
        {
          "index_key": 37,
          "schema_version": 0,
          "attributes": {
            "id": "-",
            "input": [
              "ARMY",
              "PANTHER",
              "WALNUTS",
              "SANDWICH",
              "ZEUS",
              "BANANA",
              "CAT",
              "JELLYFISH",
              "JIGSAW",
              "VIOLIN",
              "MILK",
              "SUN"
            ],
            "keepers": null,
            "result": [
              "SUN",
              "JELLYFISH",
              "PANTHER",
              "VIOLIN",
              "BANANA",
              "JIGSAW",
              "WALNUTS",
              "ZEUS",
              "ARMY",
              "MILK",
              "CAT",
              "SANDWICH"
            ],
            "result_count": null,
            "seed": null
          },
          "sensitive_attributes": [],
          "private": "bnVsbA=="
        },
        {
          "index_key": 38,
          "schema_version": 0,
          "attributes": {
            "id": "-",
            "input": [
              "ARMY",
              "PANTHER",
              "WALNUTS",
              "SANDWICH",
              "ZEUS",
              "BANANA",
              "CAT",
              "JELLYFISH",
              "JIGSAW",
              "VIOLIN",
              "MILK",
              "SUN"
            ],
            "keepers": null,
            "result": [
              "WALNUTS",
              "MILK",
              "ARMY",
              "CAT",
              "ZEUS",
              "SUN",
              "VIOLIN",
              "JELLYFISH",
              "JIGSAW",
              "SANDWICH",
              "BANANA",
              "PANTHER"
            ],
            "result_count": null,
            "seed": null
          },
          "sensitive_attributes": [],
          "private": "bnVsbA=="
        },
        {
          "index_key": 39,
          "schema_version": 0,
          "attributes": {
            "id": "-",
            "input": [
              "ARMY",
              "PANTHER",
              "WALNUTS",
              "SANDWICH",
              "ZEUS",
              "BANANA",
              "CAT",
              "JELLYFISH",
              "JIGSAW",
              "VIOLIN",
              "MILK",
              "SUN"
            ],
            "keepers": null,
            "result": [
              "WALNUTS",
              "SUN",
              "PANTHER",
              "VIOLIN",
              "CAT",
              "SANDWICH",
              "BANANA",
              "JELLYFISH",
              "JIGSAW",
              "ZEUS",
              "ARMY",
              "MILK"
            ],
            "result_count": null,
            "seed": null
          },
          "sensitive_attributes": [],
          "private": "bnVsbA=="
        },
        {
          "index_key": 40,
          "schema_version": 0,
          "attributes": {
            "id": "-",
            "input": [
              "ARMY",
              "PANTHER",
              "WALNUTS",
              "SANDWICH",
              "ZEUS",
              "BANANA",
              "CAT",
              "JELLYFISH",
              "JIGSAW",
              "VIOLIN",
              "MILK",
              "SUN"
            ],
            "keepers": null,
            "result": [
              "BANANA",
              "JELLYFISH",
              "PANTHER",
              "ZEUS",
              "VIOLIN",
              "JIGSAW",
              "WALNUTS",
              "ARMY",
              "MILK",
              "SUN",
              "CAT",
              "SANDWICH"
            ],
            "result_count": null,
            "seed": null
          },
          "sensitive_attributes": [],
          "private": "bnVsbA=="
        },
        {
          "index_key": 41,
          "schema_version": 0,
          "attributes": {
            "id": "-",
            "input": [
              "ARMY",
              "PANTHER",
              "WALNUTS",
              "SANDWICH",
              "ZEUS",
              "BANANA",
              "CAT",
              "JELLYFISH",
              "JIGSAW",
              "VIOLIN",
              "MILK",
              "SUN"
            ],
            "keepers": null,
            "result": [
              "JELLYFISH",
              "PANTHER",
              "MILK",
              "SUN",
              "CAT",
              "JIGSAW",
              "VIOLIN",
              "SANDWICH",
              "ZEUS",
              "BANANA",
              "ARMY",
              "WALNUTS"
            ],
            "result_count": null,
            "seed": null
          },
          "sensitive_attributes": [],
          "private": "bnVsbA=="
        },
        {
          "index_key": 42,
          "schema_version": 0,
          "attributes": {
            "id": "-",
            "input": [
              "ARMY",
              "PANTHER",
              "WALNUTS",
              "SANDWICH",
              "ZEUS",
              "BANANA",
              "CAT",
              "JELLYFISH",
              "JIGSAW",
              "VIOLIN",
              "MILK",
              "SUN"
            ],
            "keepers": null,
            "result": [
              "SUN",
              "PANTHER",
              "JIGSAW",
              "BANANA",
              "ARMY",
              "JELLYFISH",
              "SANDWICH",
              "WALNUTS",
              "VIOLIN",
              "MILK",
              "CAT",
              "ZEUS"
            ],
            "result_count": null,
            "seed": null
          },
          "sensitive_attributes": [],
          "private": "bnVsbA=="
        },
        {
          "index_key": 43,
          "schema_version": 0,
          "attributes": {
            "id": "-",
            "input": [
              "ARMY",
              "PANTHER",
              "WALNUTS",
              "SANDWICH",
              "ZEUS",
              "BANANA",
              "CAT",
              "JELLYFISH",
              "JIGSAW",
              "VIOLIN",
              "MILK",
              "SUN"
            ],
            "keepers": null,
            "result": [
              "PANTHER",
              "SANDWICH",
              "JIGSAW",
              "ZEUS",
              "JELLYFISH",
              "VIOLIN",
              "MILK",
              "SUN",
              "WALNUTS",
              "BANANA",
              "ARMY",
              "CAT"
            ],
            "result_count": null,
            "seed": null
          },
          "sensitive_attributes": [],
          "private": "bnVsbA=="
        },
        {
          "index_key": 44,
          "schema_version": 0,
          "attributes": {
            "id": "-",
            "input": [
              "ARMY",
              "PANTHER",
              "WALNUTS",
              "SANDWICH",
              "ZEUS",
              "BANANA",
              "CAT",
              "JELLYFISH",
              "JIGSAW",
              "VIOLIN",
              "MILK",
              "SUN"
            ],
            "keepers": null,
            "result": [
              "WALNUTS",
              "BANANA",
              "VIOLIN",
              "ARMY",
              "ZEUS",
              "PANTHER",
              "MILK",
              "SANDWICH",
              "SUN",
              "JELLYFISH",
              "CAT",
              "JIGSAW"
            ],
            "result_count": null,
            "seed": null
          },
          "sensitive_attributes": [],
          "private": "bnVsbA=="
        },
        {
          "index_key": 45,
          "schema_version": 0,
          "attributes": {
            "id": "-",
            "input": [
              "ARMY",
              "PANTHER",
              "WALNUTS",
              "SANDWICH",
              "ZEUS",
              "BANANA",
              "CAT",
              "JELLYFISH",
              "JIGSAW",
              "VIOLIN",
              "MILK",
              "SUN"
            ],
            "keepers": null,
            "result": [
              "ARMY",
              "JIGSAW",
              "BANANA",
              "SUN",
              "PANTHER",
              "WALNUTS",
              "ZEUS",
              "JELLYFISH",
              "MILK",
              "SANDWICH",
              "CAT",
              "VIOLIN"
            ],
            "result_count": null,
            "seed": null
          },
          "sensitive_attributes": [],
          "private": "bnVsbA=="
        },
        {
          "index_key": 46,
          "schema_version": 0,
          "attributes": {
            "id": "-",
            "input": [
              "ARMY",
              "PANTHER",
              "WALNUTS",
              "SANDWICH",
              "ZEUS",
              "BANANA",
              "CAT",
              "JELLYFISH",
              "JIGSAW",
              "VIOLIN",
              "MILK",
              "SUN"
            ],
            "keepers": null,
            "result": [
              "ZEUS",
              "BANANA",
              "WALNUTS",
              "JIGSAW",
              "JELLYFISH",
              "MILK",
              "ARMY",
              "SANDWICH",
              "PANTHER",
              "CAT",
              "SUN",
              "VIOLIN"
            ],
            "result_count": null,
            "seed": null
          },
          "sensitive_attributes": [],
          "private": "bnVsbA=="
        },
        {
          "index_key": 47,
          "schema_version": 0,
          "attributes": {
            "id": "-",
            "input": [
              "ARMY",
              "PANTHER",
              "WALNUTS",
              "SANDWICH",
              "ZEUS",
              "BANANA",
              "CAT",
              "JELLYFISH",
              "JIGSAW",
              "VIOLIN",
              "MILK",
              "SUN"
            ],
            "keepers": null,
            "result": [
              "MILK",
              "BANANA",
              "CAT",
              "JELLYFISH",
              "ZEUS",
              "VIOLIN",
              "ARMY",
              "PANTHER",
              "SANDWICH",
              "SUN",
              "JIGSAW",
              "WALNUTS"
            ],
            "result_count": null,
            "seed": null
          },
          "sensitive_attributes": [],
          "private": "bnVsbA=="
        },
        {
          "index_key": 48,
          "schema_version": 0,
          "attributes": {
            "id": "-",
            "input": [
              "ARMY",
              "PANTHER",
              "WALNUTS",
              "SANDWICH",
              "ZEUS",
              "BANANA",
              "CAT",
              "JELLYFISH",
              "JIGSAW",
              "VIOLIN",
              "MILK",
              "SUN"
            ],
            "keepers": null,
            "result": [
              "JELLYFISH",
              "SUN",
              "ARMY",
              "MILK",
              "CAT",
              "WALNUTS",
              "ZEUS",
              "PANTHER",
              "BANANA",
              "SANDWICH",
              "VIOLIN",
              "JIGSAW"
            ],
            "result_count": null,
            "seed": null
          },
          "sensitive_attributes": [],
          "private": "bnVsbA=="
        },
        {
          "index_key": 49,
          "schema_version": 0,
          "attributes": {
            "id": "-",
            "input": [
              "ARMY",
              "PANTHER",
              "WALNUTS",
              "SANDWICH",
              "ZEUS",
              "BANANA",
              "CAT",
              "JELLYFISH",
              "JIGSAW",
              "VIOLIN",
              "MILK",
              "SUN"
            ],
            "keepers": null,
            "result": [
              "PANTHER",
              "WALNUTS",
              "JELLYFISH",
              "VIOLIN",
              "SUN",
              "BANANA",
              "ARMY",
              "MILK",
              "SANDWICH",
              "JIGSAW",
              "CAT",
              "ZEUS"
            ],
            "result_count": null,
            "seed": null
          },
          "sensitive_attributes": [],
          "private": "bnVsbA=="
        },
        {
          "index_key": 50,
          "schema_version": 0,
          "attributes": {
            "id": "-",
            "input": [
              "ARMY",
              "PANTHER",
              "WALNUTS",
              "SANDWICH",
              "ZEUS",
              "BANANA",
              "CAT",
              "JELLYFISH",
              "JIGSAW",
              "VIOLIN",
              "MILK",
              "SUN"
            ],
            "keepers": null,
            "result": [
              "ARMY",
              "JELLYFISH",
              "BANANA",
              "PANTHER",
              "MILK",
              "VIOLIN",
              "SANDWICH",
              "SUN",
              "CAT",
              "JIGSAW",
              "ZEUS",
              "WALNUTS"
            ],
            "result_count": null,
            "seed": null
          },
          "sensitive_attributes": [],
          "private": "bnVsbA=="
        },
        {
          "index_key": 51,
          "schema_version": 0,
          "attributes": {
            "id": "-",
            "input": [
              "ARMY",
              "PANTHER",
              "WALNUTS",
              "SANDWICH",
              "ZEUS",
              "BANANA",
              "CAT",
              "JELLYFISH",
              "JIGSAW",
              "VIOLIN",
              "MILK",
              "SUN"
            ],
            "keepers": null,
            "result": [
              "CAT",
              "JELLYFISH",
              "WALNUTS",
              "MILK",
              "SUN",
              "SANDWICH",
              "ZEUS",
              "VIOLIN",
              "BANANA",
              "JIGSAW",
              "ARMY",
              "PANTHER"
            ],
            "result_count": null,
            "seed": null
          },
          "sensitive_attributes": [],
          "private": "bnVsbA=="
        },
        {
          "index_key": 52,
          "schema_version": 0,
          "attributes": {
            "id": "-",
            "input": [
              "ARMY",
              "PANTHER",
              "WALNUTS",
              "SANDWICH",
              "ZEUS",
              "BANANA",
              "CAT",
              "JELLYFISH",
              "JIGSAW",
              "VIOLIN",
              "MILK",
              "SUN"
            ],
            "keepers": null,
            "result": [
              "SANDWICH",
              "MILK",
              "WALNUTS",
              "SUN",
              "CAT",
              "BANANA",
              "PANTHER",
              "JELLYFISH",
              "VIOLIN",
              "ARMY",
              "JIGSAW",
              "ZEUS"
            ],
            "result_count": null,
            "seed": null
          },
          "sensitive_attributes": [],
          "private": "bnVsbA=="
        },
        {
          "index_key": 53,
          "schema_version": 0,
          "attributes": {
            "id": "-",
            "input": [
              "ARMY",
              "PANTHER",
              "WALNUTS",
              "SANDWICH",
              "ZEUS",
              "BANANA",
              "CAT",
              "JELLYFISH",
              "JIGSAW",
              "VIOLIN",
              "MILK",
              "SUN"
            ],
            "keepers": null,
            "result": [
              "JIGSAW",
              "SANDWICH",
              "BANANA",
              "SUN",
              "WALNUTS",
              "ARMY",
              "VIOLIN",
              "ZEUS",
              "JELLYFISH",
              "PANTHER",
              "MILK",
              "CAT"
            ],
            "result_count": null,
            "seed": null
          },
          "sensitive_attributes": [],
          "private": "bnVsbA=="
        },
        {
          "index_key": 54,
          "schema_version": 0,
          "attributes": {
            "id": "-",
            "input": [
              "ARMY",
              "PANTHER",
              "WALNUTS",
              "SANDWICH",
              "ZEUS",
              "BANANA",
              "CAT",
              "JELLYFISH",
              "JIGSAW",
              "VIOLIN",
              "MILK",
              "SUN"
            ],
            "keepers": null,
            "result": [
              "SANDWICH",
              "CAT",
              "BANANA",
              "VIOLIN",
              "JELLYFISH",
              "WALNUTS",
              "ARMY",
              "SUN",
              "ZEUS",
              "JIGSAW",
              "PANTHER",
              "MILK"
            ],
            "result_count": null,
            "seed": null
          },
          "sensitive_attributes": [],
          "private": "bnVsbA=="
        },
        {
          "index_key": 55,
          "schema_version": 0,
          "attributes": {
            "id": "-",
            "input": [
              "ARMY",
              "PANTHER",
              "WALNUTS",
              "SANDWICH",
              "ZEUS",
              "BANANA",
              "CAT",
              "JELLYFISH",
              "JIGSAW",
              "VIOLIN",
              "MILK",
              "SUN"
            ],
            "keepers": null,
            "result": [
              "JIGSAW",
              "PANTHER",
              "MILK",
              "SUN",
              "BANANA",
              "ZEUS",
              "ARMY",
              "SANDWICH",
              "CAT",
              "JELLYFISH",
              "VIOLIN",
              "WALNUTS"
            ],
            "result_count": null,
            "seed": null
          },
          "sensitive_attributes": [],
          "private": "bnVsbA=="
        },
        {
          "index_key": 56,
          "schema_version": 0,
          "attributes": {
            "id": "-",
            "input": [
              "ARMY",
              "PANTHER",
              "WALNUTS",
              "SANDWICH",
              "ZEUS",
              "BANANA",
              "CAT",
              "JELLYFISH",
              "JIGSAW",
              "VIOLIN",
              "MILK",
              "SUN"
            ],
            "keepers": null,
            "result": [
              "ARMY",
              "SANDWICH",
              "SUN",
              "CAT",
              "ZEUS",
              "VIOLIN",
              "JIGSAW",
              "JELLYFISH",
              "WALNUTS",
              "MILK",
              "BANANA",
              "PANTHER"
            ],
            "result_count": null,
            "seed": null
          },
          "sensitive_attributes": [],
          "private": "bnVsbA=="
        },
        {
          "index_key": 57,
          "schema_version": 0,
          "attributes": {
            "id": "-",
            "input": [
              "ARMY",
              "PANTHER",
              "WALNUTS",
              "SANDWICH",
              "ZEUS",
              "BANANA",
              "CAT",
              "JELLYFISH",
              "JIGSAW",
              "VIOLIN",
              "MILK",
              "SUN"
            ],
            "keepers": null,
            "result": [
              "VIOLIN",
              "ARMY",
              "PANTHER",
              "CAT",
              "BANANA",
              "JELLYFISH",
              "JIGSAW",
              "WALNUTS",
              "MILK",
              "SANDWICH",
              "SUN",
              "ZEUS"
            ],
            "result_count": null,
            "seed": null
          },
          "sensitive_attributes": [],
          "private": "bnVsbA=="
        },
        {
          "index_key": 58,
          "schema_version": 0,
          "attributes": {
            "id": "-",
            "input": [
              "ARMY",
              "PANTHER",
              "WALNUTS",
              "SANDWICH",
              "ZEUS",
              "BANANA",
              "CAT",
              "JELLYFISH",
              "JIGSAW",
              "VIOLIN",
              "MILK",
              "SUN"
            ],
            "keepers": null,
            "result": [
              "PANTHER",
              "ZEUS",
              "WALNUTS",
              "ARMY",
              "BANANA",
              "SUN",
              "CAT",
              "MILK",
              "SANDWICH",
              "JELLYFISH",
              "JIGSAW",
              "VIOLIN"
            ],
            "result_count": null,
            "seed": null
          },
          "sensitive_attributes": [],
          "private": "bnVsbA=="
        },
        {
          "index_key": 59,
          "schema_version": 0,
          "attributes": {
            "id": "-",
            "input": [
              "ARMY",
              "PANTHER",
              "WALNUTS",
              "SANDWICH",
              "ZEUS",
              "BANANA",
              "CAT",
              "JELLYFISH",
              "JIGSAW",
              "VIOLIN",
              "MILK",
              "SUN"
            ],
            "keepers": null,
            "result": [
              "WALNUTS",
              "SUN",
              "JIGSAW",
              "JELLYFISH",
              "BANANA",
              "MILK",
              "PANTHER",
              "ZEUS",
              "ARMY",
              "CAT",
              "VIOLIN",
              "SANDWICH"
            ],
            "result_count": null,
            "seed": null
          },
          "sensitive_attributes": [],
          "private": "bnVsbA=="
        },
        {
          "index_key": 60,
          "schema_version": 0,
          "attributes": {
            "id": "-",
            "input": [
              "ARMY",
              "PANTHER",
              "WALNUTS",
              "SANDWICH",
              "ZEUS",
              "BANANA",
              "CAT",
              "JELLYFISH",
              "JIGSAW",
              "VIOLIN",
              "MILK",
              "SUN"
            ],
            "keepers": null,
            "result": [
              "PANTHER",
              "SUN",
              "ZEUS",
              "JELLYFISH",
              "CAT",
              "WALNUTS",
              "JIGSAW",
              "ARMY",
              "MILK",
              "SANDWICH",
              "BANANA",
              "VIOLIN"
            ],
            "result_count": null,
            "seed": null
          },
          "sensitive_attributes": [],
          "private": "bnVsbA=="
        },
        {
          "index_key": 61,
          "schema_version": 0,
          "attributes": {
            "id": "-",
            "input": [
              "ARMY",
              "PANTHER",
              "WALNUTS",
              "SANDWICH",
              "ZEUS",
              "BANANA",
              "CAT",
              "JELLYFISH",
              "JIGSAW",
              "VIOLIN",
              "MILK",
              "SUN"
            ],
            "keepers": null,
            "result": [
              "BANANA",
              "CAT",
              "ARMY",
              "WALNUTS",
              "ZEUS",
              "JELLYFISH",
              "MILK",
              "PANTHER",
              "SUN",
              "VIOLIN",
              "SANDWICH",
              "JIGSAW"
            ],
            "result_count": null,
            "seed": null
          },
          "sensitive_attributes": [],
          "private": "bnVsbA=="
        },
        {
          "index_key": 62,
          "schema_version": 0,
          "attributes": {
            "id": "-",
            "input": [
              "ARMY",
              "PANTHER",
              "WALNUTS",
              "SANDWICH",
              "ZEUS",
              "BANANA",
              "CAT",
              "JELLYFISH",
              "JIGSAW",
              "VIOLIN",
              "MILK",
              "SUN"
            ],
            "keepers": null,
            "result": [
              "JIGSAW",
              "PANTHER",
              "WALNUTS",
              "SUN",
              "CAT",
              "JELLYFISH",
              "BANANA",
              "SANDWICH",
              "MILK",
              "VIOLIN",
              "ZEUS",
              "ARMY"
            ],
            "result_count": null,
            "seed": null
          },
          "sensitive_attributes": [],
          "private": "bnVsbA=="
        },
        {
          "index_key": 63,
          "schema_version": 0,
          "attributes": {
            "id": "-",
            "input": [
              "ARMY",
              "PANTHER",
              "WALNUTS",
              "SANDWICH",
              "ZEUS",
              "BANANA",
              "CAT",
              "JELLYFISH",
              "JIGSAW",
              "VIOLIN",
              "MILK",
              "SUN"
            ],
            "keepers": null,
            "result": [
              "BANANA",
              "ARMY",
              "CAT",
              "SUN",
              "MILK",
              "PANTHER",
              "JIGSAW",
              "VIOLIN",
              "SANDWICH",
              "ZEUS",
              "JELLYFISH",
              "WALNUTS"
            ],
            "result_count": null,
            "seed": null
          },
          "sensitive_attributes": [],
          "private": "bnVsbA=="
        },
        {
          "index_key": 64,
          "schema_version": 0,
          "attributes": {
            "id": "-",
            "input": [
              "ARMY",
              "PANTHER",
              "WALNUTS",
              "SANDWICH",
              "ZEUS",
              "BANANA",
              "CAT",
              "JELLYFISH",
              "JIGSAW",
              "VIOLIN",
              "MILK",
              "SUN"
            ],
            "keepers": null,
            "result": [
              "SUN",
              "ARMY",
              "MILK",
              "BANANA",
              "CAT",
              "VIOLIN",
              "WALNUTS",
              "PANTHER",
              "ZEUS",
              "JIGSAW",
              "JELLYFISH",
              "SANDWICH"
            ],
            "result_count": null,
            "seed": null
          },
          "sensitive_attributes": [],
          "private": "bnVsbA=="
        },
        {
          "index_key": 65,
          "schema_version": 0,
          "attributes": {
            "id": "-",
            "input": [
              "ARMY",
              "PANTHER",
              "WALNUTS",
              "SANDWICH",
              "ZEUS",
              "BANANA",
              "CAT",
              "JELLYFISH",
              "JIGSAW",
              "VIOLIN",
              "MILK",
              "SUN"
            ],
            "keepers": null,
            "result": [
              "ARMY",
              "BANANA",
              "VIOLIN",
              "PANTHER",
              "JIGSAW",
              "CAT",
              "WALNUTS",
              "SUN",
              "ZEUS",
              "SANDWICH",
              "JELLYFISH",
              "MILK"
            ],
            "result_count": null,
            "seed": null
          },
          "sensitive_attributes": [],
          "private": "bnVsbA=="
        },
        {
          "index_key": 66,
          "schema_version": 0,
          "attributes": {
            "id": "-",
            "input": [
              "ARMY",
              "PANTHER",
              "WALNUTS",
              "SANDWICH",
              "ZEUS",
              "BANANA",
              "CAT",
              "JELLYFISH",
              "JIGSAW",
              "VIOLIN",
              "MILK",
              "SUN"
            ],
            "keepers": null,
            "result": [
              "ZEUS",
              "PANTHER",
              "SANDWICH",
              "BANANA",
              "MILK",
              "WALNUTS",
              "SUN",
              "JIGSAW",
              "CAT",
              "ARMY",
              "VIOLIN",
              "JELLYFISH"
            ],
            "result_count": null,
            "seed": null
          },
          "sensitive_attributes": [],
          "private": "bnVsbA=="
        },
        {
          "index_key": 67,
          "schema_version": 0,
          "attributes": {
            "id": "-",
            "input": [
              "ARMY",
              "PANTHER",
              "WALNUTS",
              "SANDWICH",
              "ZEUS",
              "BANANA",
              "CAT",
              "JELLYFISH",
              "JIGSAW",
              "VIOLIN",
              "MILK",
              "SUN"
            ],
            "keepers": null,
            "result": [
              "MILK",
              "SANDWICH",
              "BANANA",
              "VIOLIN",
              "WALNUTS",
              "SUN",
              "JIGSAW",
              "PANTHER",
              "ZEUS",
              "JELLYFISH",
              "CAT",
              "ARMY"
            ],
            "result_count": null,
            "seed": null
          },
          "sensitive_attributes": [],
          "private": "bnVsbA=="
        },
        {
          "index_key": 68,
          "schema_version": 0,
          "attributes": {
            "id": "-",
            "input": [
              "ARMY",
              "PANTHER",
              "WALNUTS",
              "SANDWICH",
              "ZEUS",
              "BANANA",
              "CAT",
              "JELLYFISH",
              "JIGSAW",
              "VIOLIN",
              "MILK",
              "SUN"
            ],
            "keepers": null,
            "result": [
              "ARMY",
              "ZEUS",
              "JIGSAW",
              "WALNUTS",
              "JELLYFISH",
              "CAT",
              "SUN",
              "PANTHER",
              "SANDWICH",
              "BANANA",
              "VIOLIN",
              "MILK"
            ],
            "result_count": null,
            "seed": null
          },
          "sensitive_attributes": [],
          "private": "bnVsbA=="
        },
        {
          "index_key": 69,
          "schema_version": 0,
          "attributes": {
            "id": "-",
            "input": [
              "ARMY",
              "PANTHER",
              "WALNUTS",
              "SANDWICH",
              "ZEUS",
              "BANANA",
              "CAT",
              "JELLYFISH",
              "JIGSAW",
              "VIOLIN",
              "MILK",
              "SUN"
            ],
            "keepers": null,
            "result": [
              "ZEUS",
              "CAT",
              "JELLYFISH",
              "VIOLIN",
              "WALNUTS",
              "ARMY",
              "SUN",
              "JIGSAW",
              "MILK",
              "PANTHER",
              "SANDWICH",
              "BANANA"
            ],
            "result_count": null,
            "seed": null
          },
          "sensitive_attributes": [],
          "private": "bnVsbA=="
        },
        {
          "index_key": 70,
          "schema_version": 0,
          "attributes": {
            "id": "-",
            "input": [
              "ARMY",
              "PANTHER",
              "WALNUTS",
              "SANDWICH",
              "ZEUS",
              "BANANA",
              "CAT",
              "JELLYFISH",
              "JIGSAW",
              "VIOLIN",
              "MILK",
              "SUN"
            ],
            "keepers": null,
            "result": [
              "CAT",
              "WALNUTS",
              "SUN",
              "JIGSAW",
              "ARMY",
              "ZEUS",
              "JELLYFISH",
              "MILK",
              "SANDWICH",
              "BANANA",
              "PANTHER",
              "VIOLIN"
            ],
            "result_count": null,
            "seed": null
          },
          "sensitive_attributes": [],
          "private": "bnVsbA=="
        },
        {
          "index_key": 71,
          "schema_version": 0,
          "attributes": {
            "id": "-",
            "input": [
              "ARMY",
              "PANTHER",
              "WALNUTS",
              "SANDWICH",
              "ZEUS",
              "BANANA",
              "CAT",
              "JELLYFISH",
              "JIGSAW",
              "VIOLIN",
              "MILK",
              "SUN"
            ],
            "keepers": null,
            "result": [
              "SUN",
              "ZEUS",
              "JELLYFISH",
              "ARMY",
              "JIGSAW",
              "SANDWICH",
              "MILK",
              "WALNUTS",
              "VIOLIN",
              "BANANA",
              "CAT",
              "PANTHER"
            ],
            "result_count": null,
            "seed": null
          },
          "sensitive_attributes": [],
          "private": "bnVsbA=="
        },
        {
          "index_key": 72,
          "schema_version": 0,
          "attributes": {
            "id": "-",
            "input": [
              "ARMY",
              "PANTHER",
              "WALNUTS",
              "SANDWICH",
              "ZEUS",
              "BANANA",
              "CAT",
              "JELLYFISH",
              "JIGSAW",
              "VIOLIN",
              "MILK",
              "SUN"
            ],
            "keepers": null,
            "result": [
              "MILK",
              "VIOLIN",
              "JIGSAW",
              "ZEUS",
              "JELLYFISH",
              "ARMY",
              "SUN",
              "BANANA",
              "PANTHER",
              "SANDWICH",
              "WALNUTS",
              "CAT"
            ],
            "result_count": null,
            "seed": null
          },
          "sensitive_attributes": [],
          "private": "bnVsbA=="
        },
        {
          "index_key": 73,
          "schema_version": 0,
          "attributes": {
            "id": "-",
            "input": [
              "ARMY",
              "PANTHER",
              "WALNUTS",
              "SANDWICH",
              "ZEUS",
              "BANANA",
              "CAT",
              "JELLYFISH",
              "JIGSAW",
              "VIOLIN",
              "MILK",
              "SUN"
            ],
            "keepers": null,
            "result": [
              "JELLYFISH",
              "SUN",
              "ARMY",
              "BANANA",
              "PANTHER",
              "ZEUS",
              "WALNUTS",
              "VIOLIN",
              "JIGSAW",
              "MILK",
              "CAT",
              "SANDWICH"
            ],
            "result_count": null,
            "seed": null
          },
          "sensitive_attributes": [],
          "private": "bnVsbA=="
        },
        {
          "index_key": 74,
          "schema_version": 0,
          "attributes": {
            "id": "-",
            "input": [
              "ARMY",
              "PANTHER",
              "WALNUTS",
              "SANDWICH",
              "ZEUS",
              "BANANA",
              "CAT",
              "JELLYFISH",
              "JIGSAW",
              "VIOLIN",
              "MILK",
              "SUN"
            ],
            "keepers": null,
            "result": [
              "BANANA",
              "CAT",
              "ZEUS",
              "JIGSAW",
              "PANTHER",
              "WALNUTS",
              "ARMY",
              "JELLYFISH",
              "VIOLIN",
              "MILK",
              "SANDWICH",
              "SUN"
            ],
            "result_count": null,
            "seed": null
          },
          "sensitive_attributes": [],
          "private": "bnVsbA=="
        },
        {
          "index_key": 75,
          "schema_version": 0,
          "attributes": {
            "id": "-",
            "input": [
              "ARMY",
              "PANTHER",
              "WALNUTS",
              "SANDWICH",
              "ZEUS",
              "BANANA",
              "CAT",
              "JELLYFISH",
              "JIGSAW",
              "VIOLIN",
              "MILK",
              "SUN"
            ],
            "keepers": null,
            "result": [
              "ARMY",
              "SANDWICH",
              "JELLYFISH",
              "SUN",
              "ZEUS",
              "PANTHER",
              "VIOLIN",
              "CAT",
              "BANANA",
              "JIGSAW",
              "WALNUTS",
              "MILK"
            ],
            "result_count": null,
            "seed": null
          },
          "sensitive_attributes": [],
          "private": "bnVsbA=="
        },
        {
          "index_key": 76,
          "schema_version": 0,
          "attributes": {
            "id": "-",
            "input": [
              "ARMY",
              "PANTHER",
              "WALNUTS",
              "SANDWICH",
              "ZEUS",
              "BANANA",
              "CAT",
              "JELLYFISH",
              "JIGSAW",
              "VIOLIN",
              "MILK",
              "SUN"
            ],
            "keepers": null,
            "result": [
              "PANTHER",
              "VIOLIN",
              "BANANA",
              "JIGSAW",
              "ARMY",
              "JELLYFISH",
              "ZEUS",
              "MILK",
              "CAT",
              "WALNUTS",
              "SUN",
              "SANDWICH"
            ],
            "result_count": null,
            "seed": null
          },
          "sensitive_attributes": [],
          "private": "bnVsbA=="
        },
        {
          "index_key": 77,
          "schema_version": 0,
          "attributes": {
            "id": "-",
            "input": [
              "ARMY",
              "PANTHER",
              "WALNUTS",
              "SANDWICH",
              "ZEUS",
              "BANANA",
              "CAT",
              "JELLYFISH",
              "JIGSAW",
              "VIOLIN",
              "MILK",
              "SUN"
            ],
            "keepers": null,
            "result": [
              "JIGSAW",
              "MILK",
              "JELLYFISH",
              "WALNUTS",
              "BANANA",
              "ARMY",
              "SANDWICH",
              "ZEUS",
              "VIOLIN",
              "SUN",
              "CAT",
              "PANTHER"
            ],
            "result_count": null,
            "seed": null
          },
          "sensitive_attributes": [],
          "private": "bnVsbA=="
        },
        {
          "index_key": 78,
          "schema_version": 0,
          "attributes": {
            "id": "-",
            "input": [
              "ARMY",
              "PANTHER",
              "WALNUTS",
              "SANDWICH",
              "ZEUS",
              "BANANA",
              "CAT",
              "JELLYFISH",
              "JIGSAW",
              "VIOLIN",
              "MILK",
              "SUN"
            ],
            "keepers": null,
            "result": [
              "PANTHER",
              "BANANA",
              "WALNUTS",
              "ARMY",
              "JIGSAW",
              "CAT",
              "SUN",
              "JELLYFISH",
              "VIOLIN",
              "MILK",
              "SANDWICH",
              "ZEUS"
            ],
            "result_count": null,
            "seed": null
          },
          "sensitive_attributes": [],
          "private": "bnVsbA=="
        },
        {
          "index_key": 79,
          "schema_version": 0,
          "attributes": {
            "id": "-",
            "input": [
              "ARMY",
              "PANTHER",
              "WALNUTS",
              "SANDWICH",
              "ZEUS",
              "BANANA",
              "CAT",
              "JELLYFISH",
              "JIGSAW",
              "VIOLIN",
              "MILK",
              "SUN"
            ],
            "keepers": null,
            "result": [
              "VIOLIN",
              "WALNUTS",
              "JELLYFISH",
              "CAT",
              "PANTHER",
              "ZEUS",
              "SANDWICH",
              "ARMY",
              "SUN",
              "JIGSAW",
              "MILK",
              "BANANA"
            ],
            "result_count": null,
            "seed": null
          },
          "sensitive_attributes": [],
          "private": "bnVsbA=="
        },
        {
          "index_key": 80,
          "schema_version": 0,
          "attributes": {
            "id": "-",
            "input": [
              "ARMY",
              "PANTHER",
              "WALNUTS",
              "SANDWICH",
              "ZEUS",
              "BANANA",
              "CAT",
              "JELLYFISH",
              "JIGSAW",
              "VIOLIN",
              "MILK",
              "SUN"
            ],
            "keepers": null,
            "result": [
              "CAT",
              "JELLYFISH",
              "SUN",
              "ARMY",
              "VIOLIN",
              "ZEUS",
              "WALNUTS",
              "SANDWICH",
              "PANTHER",
              "JIGSAW",
              "MILK",
              "BANANA"
            ],
            "result_count": null,
            "seed": null
          },
          "sensitive_attributes": [],
          "private": "bnVsbA=="
        },
        {
          "index_key": 81,
          "schema_version": 0,
          "attributes": {
            "id": "-",
            "input": [
              "ARMY",
              "PANTHER",
              "WALNUTS",
              "SANDWICH",
              "ZEUS",
              "BANANA",
              "CAT",
              "JELLYFISH",
              "JIGSAW",
              "VIOLIN",
              "MILK",
              "SUN"
            ],
            "keepers": null,
            "result": [
              "MILK",
              "WALNUTS",
              "SUN",
              "BANANA",
              "PANTHER",
              "SANDWICH",
              "JELLYFISH",
              "ARMY",
              "JIGSAW",
              "ZEUS",
              "VIOLIN",
              "CAT"
            ],
            "result_count": null,
            "seed": null
          },
          "sensitive_attributes": [],
          "private": "bnVsbA=="
        },
        {
          "index_key": 82,
          "schema_version": 0,
          "attributes": {
            "id": "-",
            "input": [
              "ARMY",
              "PANTHER",
              "WALNUTS",
              "SANDWICH",
              "ZEUS",
              "BANANA",
              "CAT",
              "JELLYFISH",
              "JIGSAW",
              "VIOLIN",
              "MILK",
              "SUN"
            ],
            "keepers": null,
            "result": [
              "MILK",
              "JELLYFISH",
              "VIOLIN",
              "SANDWICH",
              "SUN",
              "BANANA",
              "ARMY",
              "PANTHER",
              "WALNUTS",
              "ZEUS",
              "CAT",
              "JIGSAW"
            ],
            "result_count": null,
            "seed": null
          },
          "sensitive_attributes": [],
          "private": "bnVsbA=="
        },
        {
          "index_key": 83,
          "schema_version": 0,
          "attributes": {
            "id": "-",
            "input": [
              "ARMY",
              "PANTHER",
              "WALNUTS",
              "SANDWICH",
              "ZEUS",
              "BANANA",
              "CAT",
              "JELLYFISH",
              "JIGSAW",
              "VIOLIN",
              "MILK",
              "SUN"
            ],
            "keepers": null,
            "result": [
              "JELLYFISH",
              "JIGSAW",
              "MILK",
              "ARMY",
              "ZEUS",
              "SUN",
              "PANTHER",
              "CAT",
              "WALNUTS",
              "BANANA",
              "VIOLIN",
              "SANDWICH"
            ],
            "result_count": null,
            "seed": null
          },
          "sensitive_attributes": [],
          "private": "bnVsbA=="
        },
        {
          "index_key": 84,
          "schema_version": 0,
          "attributes": {
            "id": "-",
            "input": [
              "ARMY",
              "PANTHER",
              "WALNUTS",
              "SANDWICH",
              "ZEUS",
              "BANANA",
              "CAT",
              "JELLYFISH",
              "JIGSAW",
              "VIOLIN",
              "MILK",
              "SUN"
            ],
            "keepers": null,
            "result": [
              "MILK",
              "SUN",
              "JIGSAW",
              "SANDWICH",
              "JELLYFISH",
              "VIOLIN",
              "ARMY",
              "BANANA",
              "WALNUTS",
              "ZEUS",
              "CAT",
              "PANTHER"
            ],
            "result_count": null,
            "seed": null
          },
          "sensitive_attributes": [],
          "private": "bnVsbA=="
        },
        {
          "index_key": 85,
          "schema_version": 0,
          "attributes": {
            "id": "-",
            "input": [
              "ARMY",
              "PANTHER",
              "WALNUTS",
              "SANDWICH",
              "ZEUS",
              "BANANA",
              "CAT",
              "JELLYFISH",
              "JIGSAW",
              "VIOLIN",
              "MILK",
              "SUN"
            ],
            "keepers": null,
            "result": [
              "VIOLIN",
              "WALNUTS",
              "ZEUS",
              "SUN",
              "PANTHER",
              "SANDWICH",
              "ARMY",
              "JIGSAW",
              "BANANA",
              "MILK",
              "CAT",
              "JELLYFISH"
            ],
            "result_count": null,
            "seed": null
          },
          "sensitive_attributes": [],
          "private": "bnVsbA=="
        },
        {
          "index_key": 86,
          "schema_version": 0,
          "attributes": {
            "id": "-",
            "input": [
              "ARMY",
              "PANTHER",
              "WALNUTS",
              "SANDWICH",
              "ZEUS",
              "BANANA",
              "CAT",
              "JELLYFISH",
              "JIGSAW",
              "VIOLIN",
              "MILK",
              "SUN"
            ],
            "keepers": null,
            "result": [
              "SANDWICH",
              "JIGSAW",
              "SUN",
              "VIOLIN",
              "ARMY",
              "BANANA",
              "PANTHER",
              "MILK",
              "WALNUTS",
              "CAT",
              "ZEUS",
              "JELLYFISH"
            ],
            "result_count": null,
            "seed": null
          },
          "sensitive_attributes": [],
          "private": "bnVsbA=="
        },
        {
          "index_key": 87,
          "schema_version": 0,
          "attributes": {
            "id": "-",
            "input": [
              "ARMY",
              "PANTHER",
              "WALNUTS",
              "SANDWICH",
              "ZEUS",
              "BANANA",
              "CAT",
              "JELLYFISH",
              "JIGSAW",
              "VIOLIN",
              "MILK",
              "SUN"
            ],
            "keepers": null,
            "result": [
              "ARMY",
              "PANTHER",
              "MILK",
              "WALNUTS",
              "SANDWICH",
              "SUN",
              "JELLYFISH",
              "BANANA",
              "CAT",
              "ZEUS",
              "VIOLIN",
              "JIGSAW"
            ],
            "result_count": null,
            "seed": null
          },
          "sensitive_attributes": [],
          "private": "bnVsbA=="
        },
        {
          "index_key": 88,
          "schema_version": 0,
          "attributes": {
            "id": "-",
            "input": [
              "ARMY",
              "PANTHER",
              "WALNUTS",
              "SANDWICH",
              "ZEUS",
              "BANANA",
              "CAT",
              "JELLYFISH",
              "JIGSAW",
              "VIOLIN",
              "MILK",
              "SUN"
            ],
            "keepers": null,
            "result": [
              "CAT",
              "SANDWICH",
              "PANTHER",
              "ZEUS",
              "ARMY",
              "WALNUTS",
              "BANANA",
              "SUN",
              "MILK",
              "JELLYFISH",
              "JIGSAW",
              "VIOLIN"
            ],
            "result_count": null,
            "seed": null
          },
          "sensitive_attributes": [],
          "private": "bnVsbA=="
        },
        {
          "index_key": 89,
          "schema_version": 0,
          "attributes": {
            "id": "-",
            "input": [
              "ARMY",
              "PANTHER",
              "WALNUTS",
              "SANDWICH",
              "ZEUS",
              "BANANA",
              "CAT",
              "JELLYFISH",
              "JIGSAW",
              "VIOLIN",
              "MILK",
              "SUN"
            ],
            "keepers": null,
            "result": [
              "JIGSAW",
              "ARMY",
              "WALNUTS",
              "SUN",
              "PANTHER",
              "ZEUS",
              "CAT",
              "SANDWICH",
              "BANANA",
              "MILK",
              "JELLYFISH",
              "VIOLIN"
            ],
            "result_count": null,
            "seed": null
          },
          "sensitive_attributes": [],
          "private": "bnVsbA=="
        },
        {
          "index_key": 90,
          "schema_version": 0,
          "attributes": {
            "id": "-",
            "input": [
              "ARMY",
              "PANTHER",
              "WALNUTS",
              "SANDWICH",
              "ZEUS",
              "BANANA",
              "CAT",
              "JELLYFISH",
              "JIGSAW",
              "VIOLIN",
              "MILK",
              "SUN"
            ],
            "keepers": null,
            "result": [
              "WALNUTS",
              "BANANA",
              "ARMY",
              "JIGSAW",
              "CAT",
              "PANTHER",
              "SANDWICH",
              "MILK",
              "ZEUS",
              "JELLYFISH",
              "VIOLIN",
              "SUN"
            ],
            "result_count": null,
            "seed": null
          },
          "sensitive_attributes": [],
          "private": "bnVsbA=="
        },
        {
          "index_key": 91,
          "schema_version": 0,
          "attributes": {
            "id": "-",
            "input": [
              "ARMY",
              "PANTHER",
              "WALNUTS",
              "SANDWICH",
              "ZEUS",
              "BANANA",
              "CAT",
              "JELLYFISH",
              "JIGSAW",
              "VIOLIN",
              "MILK",
              "SUN"
            ],
            "keepers": null,
            "result": [
              "ARMY",
              "VIOLIN",
              "JIGSAW",
              "BANANA",
              "CAT",
              "SANDWICH",
              "ZEUS",
              "MILK",
              "WALNUTS",
              "SUN",
              "PANTHER",
              "JELLYFISH"
            ],
            "result_count": null,
            "seed": null
          },
          "sensitive_attributes": [],
          "private": "bnVsbA=="
        },
        {
          "index_key": 92,
          "schema_version": 0,
          "attributes": {
            "id": "-",
            "input": [
              "ARMY",
              "PANTHER",
              "WALNUTS",
              "SANDWICH",
              "ZEUS",
              "BANANA",
              "CAT",
              "JELLYFISH",
              "JIGSAW",
              "VIOLIN",
              "MILK",
              "SUN"
            ],
            "keepers": null,
            "result": [
              "SUN",
              "ARMY",
              "ZEUS",
              "WALNUTS",
              "PANTHER",
              "BANANA",
              "MILK",
              "VIOLIN",
              "SANDWICH",
              "JIGSAW",
              "CAT",
              "JELLYFISH"
            ],
            "result_count": null,
            "seed": null
          },
          "sensitive_attributes": [],
          "private": "bnVsbA=="
        },
        {
          "index_key": 93,
          "schema_version": 0,
          "attributes": {
            "id": "-",
            "input": [
              "ARMY",
              "PANTHER",
              "WALNUTS",
              "SANDWICH",
              "ZEUS",
              "BANANA",
              "CAT",
              "JELLYFISH",
              "JIGSAW",
              "VIOLIN",
              "MILK",
              "SUN"
            ],
            "keepers": null,
            "result": [
              "MILK",
              "JIGSAW",
              "PANTHER",
              "WALNUTS",
              "SANDWICH",
              "ARMY",
              "VIOLIN",
              "SUN",
              "CAT",
              "BANANA",
              "ZEUS",
              "JELLYFISH"
            ],
            "result_count": null,
            "seed": null
          },
          "sensitive_attributes": [],
          "private": "bnVsbA=="
        },
        {
          "index_key": 94,
          "schema_version": 0,
          "attributes": {
            "id": "-",
            "input": [
              "ARMY",
              "PANTHER",
              "WALNUTS",
              "SANDWICH",
              "ZEUS",
              "BANANA",
              "CAT",
              "JELLYFISH",
              "JIGSAW",
              "VIOLIN",
              "MILK",
              "SUN"
            ],
            "keepers": null,
            "result": [
              "JIGSAW",
              "SANDWICH",
              "ZEUS",
              "VIOLIN",
              "SUN",
              "CAT",
              "WALNUTS",
              "PANTHER",
              "MILK",
              "JELLYFISH",
              "ARMY",
              "BANANA"
            ],
            "result_count": null,
            "seed": null
          },
          "sensitive_attributes": [],
          "private": "bnVsbA=="
        },
        {
          "index_key": 95,
          "schema_version": 0,
          "attributes": {
            "id": "-",
            "input": [
              "ARMY",
              "PANTHER",
              "WALNUTS",
              "SANDWICH",
              "ZEUS",
              "BANANA",
              "CAT",
              "JELLYFISH",
              "JIGSAW",
              "VIOLIN",
              "MILK",
              "SUN"
            ],
            "keepers": null,
            "result": [
              "MILK",
              "CAT",
              "ARMY",
              "VIOLIN",
              "SUN",
              "JELLYFISH",
              "ZEUS",
              "WALNUTS",
              "BANANA",
              "PANTHER",
              "SANDWICH",
              "JIGSAW"
            ],
            "result_count": null,
            "seed": null
          },
          "sensitive_attributes": [],
          "private": "bnVsbA=="
        },
        {
          "index_key": 96,
          "schema_version": 0,
          "attributes": {
            "id": "-",
            "input": [
              "ARMY",
              "PANTHER",
              "WALNUTS",
              "SANDWICH",
              "ZEUS",
              "BANANA",
              "CAT",
              "JELLYFISH",
              "JIGSAW",
              "VIOLIN",
              "MILK",
              "SUN"
            ],
            "keepers": null,
            "result": [
              "SANDWICH",
              "SUN",
              "ZEUS",
              "WALNUTS",
              "BANANA",
              "JELLYFISH",
              "VIOLIN",
              "JIGSAW",
              "ARMY",
              "MILK",
              "CAT",
              "PANTHER"
            ],
            "result_count": null,
            "seed": null
          },
          "sensitive_attributes": [],
          "private": "bnVsbA=="
        },
        {
          "index_key": 97,
          "schema_version": 0,
          "attributes": {
            "id": "-",
            "input": [
              "ARMY",
              "PANTHER",
              "WALNUTS",
              "SANDWICH",
              "ZEUS",
              "BANANA",
              "CAT",
              "JELLYFISH",
              "JIGSAW",
              "VIOLIN",
              "MILK",
              "SUN"
            ],
            "keepers": null,
            "result": [
              "SUN",
              "BANANA",
              "PANTHER",
              "ZEUS",
              "CAT",
              "SANDWICH",
              "MILK",
              "JELLYFISH",
              "ARMY",
              "WALNUTS",
              "JIGSAW",
              "VIOLIN"
            ],
            "result_count": null,
            "seed": null
          },
          "sensitive_attributes": [],
          "private": "bnVsbA=="
        },
        {
          "index_key": 98,
          "schema_version": 0,
          "attributes": {
            "id": "-",
            "input": [
              "ARMY",
              "PANTHER",
              "WALNUTS",
              "SANDWICH",
              "ZEUS",
              "BANANA",
              "CAT",
              "JELLYFISH",
              "JIGSAW",
              "VIOLIN",
              "MILK",
              "SUN"
            ],
            "keepers": null,
            "result": [
              "JIGSAW",
              "WALNUTS",
              "VIOLIN",
              "ARMY",
              "ZEUS",
              "SANDWICH",
              "MILK",
              "PANTHER",
              "SUN",
              "CAT",
              "JELLYFISH",
              "BANANA"
            ],
            "result_count": null,
            "seed": null
          },
          "sensitive_attributes": [],
          "private": "bnVsbA=="
        },
        {
          "index_key": 99,
          "schema_version": 0,
          "attributes": {
            "id": "-",
            "input": [
              "ARMY",
              "PANTHER",
              "WALNUTS",
              "SANDWICH",
              "ZEUS",
              "BANANA",
              "CAT",
              "JELLYFISH",
              "JIGSAW",
              "VIOLIN",
              "MILK",
              "SUN"
            ],
            "keepers": null,
            "result": [
              "BANANA",
              "ARMY",
              "VIOLIN",
              "SUN",
              "JIGSAW",
              "WALNUTS",
              "MILK",
              "PANTHER",
              "SANDWICH",
              "JELLYFISH",
              "CAT",
              "ZEUS"
            ],
            "result_count": null,
            "seed": null
          },
          "sensitive_attributes": [],
          "private": "bnVsbA=="
        }
      ]
    },
    {
      "mode": "managed",
      "type": "random_shuffle",
      "name": "random_numbers",
      "provider": "provider[\"registry.terraform.io/hashicorp/random\"]",
      "instances": [
        {
          "index_key": 0,
          "schema_version": 0,
          "attributes": {
            "id": "-",
            "input": [
              "42",
              "27",
              "101",
              "73",
              "-5",
              "0"
            ],
            "keepers": null,
            "result": [
              "73",
              "101",
              "42",
              "27",
              "0",
              "-5"
            ],
            "result_count": null,
            "seed": null
          },
          "sensitive_attributes": [],
          "private": "bnVsbA=="
        },
        {
          "index_key": 1,
          "schema_version": 0,
          "attributes": {
            "id": "-",
            "input": [
              "42",
              "27",
              "101",
              "73",
              "-5",
              "0"
            ],
            "keepers": null,
            "result": [
              "101",
              "42",
              "0",
              "73",
              "27",
              "-5"
            ],
            "result_count": null,
            "seed": null
          },
          "sensitive_attributes": [],
          "private": "bnVsbA=="
        },
        {
          "index_key": 2,
          "schema_version": 0,
          "attributes": {
            "id": "-",
            "input": [
              "42",
              "27",
              "101",
              "73",
              "-5",
              "0"
            ],
            "keepers": null,
            "result": [
              "101",
              "0",
              "42",
              "27",
              "73",
              "-5"
            ],
            "result_count": null,
            "seed": null
          },
          "sensitive_attributes": [],
          "private": "bnVsbA=="
        },
        {
          "index_key": 3,
          "schema_version": 0,
          "attributes": {
            "id": "-",
            "input": [
              "42",
              "27",
              "101",
              "73",
              "-5",
              "0"
            ],
            "keepers": null,
            "result": [
              "27",
              "42",
              "101",
              "-5",
              "0",
              "73"
            ],
            "result_count": null,
            "seed": null
          },
          "sensitive_attributes": [],
          "private": "bnVsbA=="
        },
        {
          "index_key": 4,
          "schema_version": 0,
          "attributes": {
            "id": "-",
            "input": [
              "42",
              "27",
              "101",
              "73",
              "-5",
              "0"
            ],
            "keepers": null,
            "result": [
              "42",
              "73",
              "0",
              "-5",
              "27",
              "101"
            ],
            "result_count": null,
            "seed": null
          },
          "sensitive_attributes": [],
          "private": "bnVsbA=="
        },
        {
          "index_key": 5,
          "schema_version": 0,
          "attributes": {
            "id": "-",
            "input": [
              "42",
              "27",
              "101",
              "73",
              "-5",
              "0"
            ],
            "keepers": null,
            "result": [
              "27",
              "42",
              "-5",
              "0",
              "101",
              "73"
            ],
            "result_count": null,
            "seed": null
          },
          "sensitive_attributes": [],
          "private": "bnVsbA=="
        },
        {
          "index_key": 6,
          "schema_version": 0,
          "attributes": {
            "id": "-",
            "input": [
              "42",
              "27",
              "101",
              "73",
              "-5",
              "0"
            ],
            "keepers": null,
            "result": [
              "73",
              "101",
              "0",
              "42",
              "27",
              "-5"
            ],
            "result_count": null,
            "seed": null
          },
          "sensitive_attributes": [],
          "private": "bnVsbA=="
        },
        {
          "index_key": 7,
          "schema_version": 0,
          "attributes": {
            "id": "-",
            "input": [
              "42",
              "27",
              "101",
              "73",
              "-5",
              "0"
            ],
            "keepers": null,
            "result": [
              "73",
              "27",
              "-5",
              "0",
              "42",
              "101"
            ],
            "result_count": null,
            "seed": null
          },
          "sensitive_attributes": [],
          "private": "bnVsbA=="
        },
        {
          "index_key": 8,
          "schema_version": 0,
          "attributes": {
            "id": "-",
            "input": [
              "42",
              "27",
              "101",
              "73",
              "-5",
              "0"
            ],
            "keepers": null,
            "result": [
              "27",
              "73",
              "0",
              "101",
              "42",
              "-5"
            ],
            "result_count": null,
            "seed": null
          },
          "sensitive_attributes": [],
          "private": "bnVsbA=="
        },
        {
          "index_key": 9,
          "schema_version": 0,
          "attributes": {
            "id": "-",
            "input": [
              "42",
              "27",
              "101",
              "73",
              "-5",
              "0"
            ],
            "keepers": null,
            "result": [
              "101",
              "42",
              "-5",
              "0",
              "73",
              "27"
            ],
            "result_count": null,
            "seed": null
          },
          "sensitive_attributes": [],
          "private": "bnVsbA=="
        },
        {
          "index_key": 10,
          "schema_version": 0,
          "attributes": {
            "id": "-",
            "input": [
              "42",
              "27",
              "101",
              "73",
              "-5",
              "0"
            ],
            "keepers": null,
            "result": [
              "0",
              "101",
              "73",
              "27",
              "-5",
              "42"
            ],
            "result_count": null,
            "seed": null
          },
          "sensitive_attributes": [],
          "private": "bnVsbA=="
        },
        {
          "index_key": 11,
          "schema_version": 0,
          "attributes": {
            "id": "-",
            "input": [
              "42",
              "27",
              "101",
              "73",
              "-5",
              "0"
            ],
            "keepers": null,
            "result": [
              "101",
              "-5",
              "27",
              "73",
              "42",
              "0"
            ],
            "result_count": null,
            "seed": null
          },
          "sensitive_attributes": [],
          "private": "bnVsbA=="
        },
        {
          "index_key": 12,
          "schema_version": 0,
          "attributes": {
            "id": "-",
            "input": [
              "42",
              "27",
              "101",
              "73",
              "-5",
              "0"
            ],
            "keepers": null,
            "result": [
              "42",
              "27",
              "73",
              "-5",
              "0",
              "101"
            ],
            "result_count": null,
            "seed": null
          },
          "sensitive_attributes": [],
          "private": "bnVsbA=="
        },
        {
          "index_key": 13,
          "schema_version": 0,
          "attributes": {
            "id": "-",
            "input": [
              "42",
              "27",
              "101",
              "73",
              "-5",
              "0"
            ],
            "keepers": null,
            "result": [
              "-5",
              "27",
              "42",
              "0",
              "73",
              "101"
            ],
            "result_count": null,
            "seed": null
          },
          "sensitive_attributes": [],
          "private": "bnVsbA=="
        },
        {
          "index_key": 14,
          "schema_version": 0,
          "attributes": {
            "id": "-",
            "input": [
              "42",
              "27",
              "101",
              "73",
              "-5",
              "0"
            ],
            "keepers": null,
            "result": [
              "73",
              "42",
              "-5",
              "27",
              "0",
              "101"
            ],
            "result_count": null,
            "seed": null
          },
          "sensitive_attributes": [],
          "private": "bnVsbA=="
        },
        {
          "index_key": 15,
          "schema_version": 0,
          "attributes": {
            "id": "-",
            "input": [
              "42",
              "27",
              "101",
              "73",
              "-5",
              "0"
            ],
            "keepers": null,
            "result": [
              "0",
              "-5",
              "42",
              "73",
              "27",
              "101"
            ],
            "result_count": null,
            "seed": null
          },
          "sensitive_attributes": [],
          "private": "bnVsbA=="
        },
        {
          "index_key": 16,
          "schema_version": 0,
          "attributes": {
            "id": "-",
            "input": [
              "42",
              "27",
              "101",
              "73",
              "-5",
              "0"
            ],
            "keepers": null,
            "result": [
              "42",
              "27",
              "-5",
              "101",
              "73",
              "0"
            ],
            "result_count": null,
            "seed": null
          },
          "sensitive_attributes": [],
          "private": "bnVsbA=="
        },
        {
          "index_key": 17,
          "schema_version": 0,
          "attributes": {
            "id": "-",
            "input": [
              "42",
              "27",
              "101",
              "73",
              "-5",
              "0"
            ],
            "keepers": null,
            "result": [
              "101",
              "42",
              "0",
              "-5",
              "27",
              "73"
            ],
            "result_count": null,
            "seed": null
          },
          "sensitive_attributes": [],
          "private": "bnVsbA=="
        },
        {
          "index_key": 18,
          "schema_version": 0,
          "attributes": {
            "id": "-",
            "input": [
              "42",
              "27",
              "101",
              "73",
              "-5",
              "0"
            ],
            "keepers": null,
            "result": [
              "27",
              "0",
              "-5",
              "73",
              "101",
              "42"
            ],
            "result_count": null,
            "seed": null
          },
          "sensitive_attributes": [],
          "private": "bnVsbA=="
        },
        {
          "index_key": 19,
          "schema_version": 0,
          "attributes": {
            "id": "-",
            "input": [
              "42",
              "27",
              "101",
              "73",
              "-5",
              "0"
            ],
            "keepers": null,
            "result": [
              "42",
              "73",
              "101",
              "27",
              "-5",
              "0"
            ],
            "result_count": null,
            "seed": null
          },
          "sensitive_attributes": [],
          "private": "bnVsbA=="
        },
        {
          "index_key": 20,
          "schema_version": 0,
          "attributes": {
            "id": "-",
            "input": [
              "42",
              "27",
              "101",
              "73",
              "-5",
              "0"
            ],
            "keepers": null,
            "result": [
              "27",
              "73",
              "0",
              "-5",
              "101",
              "42"
            ],
            "result_count": null,
            "seed": null
          },
          "sensitive_attributes": [],
          "private": "bnVsbA=="
        },
        {
          "index_key": 21,
          "schema_version": 0,
          "attributes": {
            "id": "-",
            "input": [
              "42",
              "27",
              "101",
              "73",
              "-5",
              "0"
            ],
            "keepers": null,
            "result": [
              "27",
              "73",
              "42",
              "0",
              "101",
              "-5"
            ],
            "result_count": null,
            "seed": null
          },
          "sensitive_attributes": [],
          "private": "bnVsbA=="
        },
        {
          "index_key": 22,
          "schema_version": 0,
          "attributes": {
            "id": "-",
            "input": [
              "42",
              "27",
              "101",
              "73",
              "-5",
              "0"
            ],
            "keepers": null,
            "result": [
              "101",
              "0",
              "73",
              "-5",
              "42",
              "27"
            ],
            "result_count": null,
            "seed": null
          },
          "sensitive_attributes": [],
          "private": "bnVsbA=="
        },
        {
          "index_key": 23,
          "schema_version": 0,
          "attributes": {
            "id": "-",
            "input": [
              "42",
              "27",
              "101",
              "73",
              "-5",
              "0"
            ],
            "keepers": null,
            "result": [
              "27",
              "-5",
              "42",
              "101",
              "0",
              "73"
            ],
            "result_count": null,
            "seed": null
          },
          "sensitive_attributes": [],
          "private": "bnVsbA=="
        },
        {
          "index_key": 24,
          "schema_version": 0,
          "attributes": {
            "id": "-",
            "input": [
              "42",
              "27",
              "101",
              "73",
              "-5",
              "0"
            ],
            "keepers": null,
            "result": [
              "73",
              "27",
              "42",
              "101",
              "-5",
              "0"
            ],
            "result_count": null,
            "seed": null
          },
          "sensitive_attributes": [],
          "private": "bnVsbA=="
        },
        {
          "index_key": 25,
          "schema_version": 0,
          "attributes": {
            "id": "-",
            "input": [
              "42",
              "27",
              "101",
              "73",
              "-5",
              "0"
            ],
            "keepers": null,
            "result": [
              "-5",
              "42",
              "101",
              "27",
              "73",
              "0"
            ],
            "result_count": null,
            "seed": null
          },
          "sensitive_attributes": [],
          "private": "bnVsbA=="
        },
        {
          "index_key": 26,
          "schema_version": 0,
          "attributes": {
            "id": "-",
            "input": [
              "42",
              "27",
              "101",
              "73",
              "-5",
              "0"
            ],
            "keepers": null,
            "result": [
              "0",
              "42",
              "101",
              "27",
              "-5",
              "73"
            ],
            "result_count": null,
            "seed": null
          },
          "sensitive_attributes": [],
          "private": "bnVsbA=="
        },
        {
          "index_key": 27,
          "schema_version": 0,
          "attributes": {
            "id": "-",
            "input": [
              "42",
              "27",
              "101",
              "73",
              "-5",
              "0"
            ],
            "keepers": null,
            "result": [
              "73",
              "27",
              "42",
              "0",
              "-5",
              "101"
            ],
            "result_count": null,
            "seed": null
          },
          "sensitive_attributes": [],
          "private": "bnVsbA=="
        },
        {
          "index_key": 28,
          "schema_version": 0,
          "attributes": {
            "id": "-",
            "input": [
              "42",
              "27",
              "101",
              "73",
              "-5",
              "0"
            ],
            "keepers": null,
            "result": [
              "-5",
              "101",
              "73",
              "42",
              "0",
              "27"
            ],
            "result_count": null,
            "seed": null
          },
          "sensitive_attributes": [],
          "private": "bnVsbA=="
        },
        {
          "index_key": 29,
          "schema_version": 0,
          "attributes": {
            "id": "-",
            "input": [
              "42",
              "27",
              "101",
              "73",
              "-5",
              "0"
            ],
            "keepers": null,
            "result": [
              "0",
              "42",
              "27",
              "101",
              "73",
              "-5"
            ],
            "result_count": null,
            "seed": null
          },
          "sensitive_attributes": [],
          "private": "bnVsbA=="
        },
        {
          "index_key": 30,
          "schema_version": 0,
          "attributes": {
            "id": "-",
            "input": [
              "42",
              "27",
              "101",
              "73",
              "-5",
              "0"
            ],
            "keepers": null,
            "result": [
              "27",
              "42",
              "73",
              "-5",
              "0",
              "101"
            ],
            "result_count": null,
            "seed": null
          },
          "sensitive_attributes": [],
          "private": "bnVsbA=="
        },
        {
          "index_key": 31,
          "schema_version": 0,
          "attributes": {
            "id": "-",
            "input": [
              "42",
              "27",
              "101",
              "73",
              "-5",
              "0"
            ],
            "keepers": null,
            "result": [
              "0",
              "73",
              "27",
              "101",
              "42",
              "-5"
            ],
            "result_count": null,
            "seed": null
          },
          "sensitive_attributes": [],
          "private": "bnVsbA=="
        },
        {
          "index_key": 32,
          "schema_version": 0,
          "attributes": {
            "id": "-",
            "input": [
              "42",
              "27",
              "101",
              "73",
              "-5",
              "0"
            ],
            "keepers": null,
            "result": [
              "42",
              "101",
              "27",
              "-5",
              "73",
              "0"
            ],
            "result_count": null,
            "seed": null
          },
          "sensitive_attributes": [],
          "private": "bnVsbA=="
        },
        {
          "index_key": 33,
          "schema_version": 0,
          "attributes": {
            "id": "-",
            "input": [
              "42",
              "27",
              "101",
              "73",
              "-5",
              "0"
            ],
            "keepers": null,
            "result": [
              "73",
              "-5",
              "42",
              "27",
              "101",
              "0"
            ],
            "result_count": null,
            "seed": null
          },
          "sensitive_attributes": [],
          "private": "bnVsbA=="
        },
        {
          "index_key": 34,
          "schema_version": 0,
          "attributes": {
            "id": "-",
            "input": [
              "42",
              "27",
              "101",
              "73",
              "-5",
              "0"
            ],
            "keepers": null,
            "result": [
              "42",
              "-5",
              "101",
              "0",
              "27",
              "73"
            ],
            "result_count": null,
            "seed": null
          },
          "sensitive_attributes": [],
          "private": "bnVsbA=="
        },
        {
          "index_key": 35,
          "schema_version": 0,
          "attributes": {
            "id": "-",
            "input": [
              "42",
              "27",
              "101",
              "73",
              "-5",
              "0"
            ],
            "keepers": null,
            "result": [
              "-5",
              "42",
              "73",
              "101",
              "27",
              "0"
            ],
            "result_count": null,
            "seed": null
          },
          "sensitive_attributes": [],
          "private": "bnVsbA=="
        },
        {
          "index_key": 36,
          "schema_version": 0,
          "attributes": {
            "id": "-",
            "input": [
              "42",
              "27",
              "101",
              "73",
              "-5",
              "0"
            ],
            "keepers": null,
            "result": [
              "73",
              "101",
              "42",
              "27",
              "-5",
              "0"
            ],
            "result_count": null,
            "seed": null
          },
          "sensitive_attributes": [],
          "private": "bnVsbA=="
        },
        {
          "index_key": 37,
          "schema_version": 0,
          "attributes": {
            "id": "-",
            "input": [
              "42",
              "27",
              "101",
              "73",
              "-5",
              "0"
            ],
            "keepers": null,
            "result": [
              "0",
              "27",
              "42",
              "101",
              "-5",
              "73"
            ],
            "result_count": null,
            "seed": null
          },
          "sensitive_attributes": [],
          "private": "bnVsbA=="
        },
        {
          "index_key": 38,
          "schema_version": 0,
          "attributes": {
            "id": "-",
            "input": [
              "42",
              "27",
              "101",
              "73",
              "-5",
              "0"
            ],
            "keepers": null,
            "result": [
              "0",
              "-5",
              "101",
              "27",
              "42",
              "73"
            ],
            "result_count": null,
            "seed": null
          },
          "sensitive_attributes": [],
          "private": "bnVsbA=="
        },
        {
          "index_key": 39,
          "schema_version": 0,
          "attributes": {
            "id": "-",
            "input": [
              "42",
              "27",
              "101",
              "73",
              "-5",
              "0"
            ],
            "keepers": null,
            "result": [
              "42",
              "27",
              "0",
              "73",
              "-5",
              "101"
            ],
            "result_count": null,
            "seed": null
          },
          "sensitive_attributes": [],
          "private": "bnVsbA=="
        },
        {
          "index_key": 40,
          "schema_version": 0,
          "attributes": {
            "id": "-",
            "input": [
              "42",
              "27",
              "101",
              "73",
              "-5",
              "0"
            ],
            "keepers": null,
            "result": [
              "-5",
              "101",
              "27",
              "73",
              "0",
              "42"
            ],
            "result_count": null,
            "seed": null
          },
          "sensitive_attributes": [],
          "private": "bnVsbA=="
        },
        {
          "index_key": 41,
          "schema_version": 0,
          "attributes": {
            "id": "-",
            "input": [
              "42",
              "27",
              "101",
              "73",
              "-5",
              "0"
            ],
            "keepers": null,
            "result": [
              "73",
              "-5",
              "42",
              "27",
              "101",
              "0"
            ],
            "result_count": null,
            "seed": null
          },
          "sensitive_attributes": [],
          "private": "bnVsbA=="
        },
        {
          "index_key": 42,
          "schema_version": 0,
          "attributes": {
            "id": "-",
            "input": [
              "42",
              "27",
              "101",
              "73",
              "-5",
              "0"
            ],
            "keepers": null,
            "result": [
              "27",
              "0",
              "73",
              "-5",
              "101",
              "42"
            ],
            "result_count": null,
            "seed": null
          },
          "sensitive_attributes": [],
          "private": "bnVsbA=="
        },
        {
          "index_key": 43,
          "schema_version": 0,
          "attributes": {
            "id": "-",
            "input": [
              "42",
              "27",
              "101",
              "73",
              "-5",
              "0"
            ],
            "keepers": null,
            "result": [
              "42",
              "101",
              "-5",
              "0",
              "73",
              "27"
            ],
            "result_count": null,
            "seed": null
          },
          "sensitive_attributes": [],
          "private": "bnVsbA=="
        },
        {
          "index_key": 44,
          "schema_version": 0,
          "attributes": {
            "id": "-",
            "input": [
              "42",
              "27",
              "101",
              "73",
              "-5",
              "0"
            ],
            "keepers": null,
            "result": [
              "42",
              "-5",
              "27",
              "73",
              "101",
              "0"
            ],
            "result_count": null,
            "seed": null
          },
          "sensitive_attributes": [],
          "private": "bnVsbA=="
        },
        {
          "index_key": 45,
          "schema_version": 0,
          "attributes": {
            "id": "-",
            "input": [
              "42",
              "27",
              "101",
              "73",
              "-5",
              "0"
            ],
            "keepers": null,
            "result": [
              "42",
              "0",
              "-5",
              "73",
              "27",
              "101"
            ],
            "result_count": null,
            "seed": null
          },
          "sensitive_attributes": [],
          "private": "bnVsbA=="
        },
        {
          "index_key": 46,
          "schema_version": 0,
          "attributes": {
            "id": "-",
            "input": [
              "42",
              "27",
              "101",
              "73",
              "-5",
              "0"
            ],
            "keepers": null,
            "result": [
              "0",
              "27",
              "101",
              "73",
              "-5",
              "42"
            ],
            "result_count": null,
            "seed": null
          },
          "sensitive_attributes": [],
          "private": "bnVsbA=="
        },
        {
          "index_key": 47,
          "schema_version": 0,
          "attributes": {
            "id": "-",
            "input": [
              "42",
              "27",
              "101",
              "73",
              "-5",
              "0"
            ],
            "keepers": null,
            "result": [
              "101",
              "73",
              "42",
              "0",
              "-5",
              "27"
            ],
            "result_count": null,
            "seed": null
          },
          "sensitive_attributes": [],
          "private": "bnVsbA=="
        },
        {
          "index_key": 48,
          "schema_version": 0,
          "attributes": {
            "id": "-",
            "input": [
              "42",
              "27",
              "101",
              "73",
              "-5",
              "0"
            ],
            "keepers": null,
            "result": [
              "42",
              "101",
              "-5",
              "73",
              "0",
              "27"
            ],
            "result_count": null,
            "seed": null
          },
          "sensitive_attributes": [],
          "private": "bnVsbA=="
        },
        {
          "index_key": 49,
          "schema_version": 0,
          "attributes": {
            "id": "-",
            "input": [
              "42",
              "27",
              "101",
              "73",
              "-5",
              "0"
            ],
            "keepers": null,
            "result": [
              "73",
              "42",
              "101",
              "0",
              "27",
              "-5"
            ],
            "result_count": null,
            "seed": null
          },
          "sensitive_attributes": [],
          "private": "bnVsbA=="
        },
        {
          "index_key": 50,
          "schema_version": 0,
          "attributes": {
            "id": "-",
            "input": [
              "42",
              "27",
              "101",
              "73",
              "-5",
              "0"
            ],
            "keepers": null,
            "result": [
              "42",
              "27",
              "0",
              "73",
              "101",
              "-5"
            ],
            "result_count": null,
            "seed": null
          },
          "sensitive_attributes": [],
          "private": "bnVsbA=="
        },
        {
          "index_key": 51,
          "schema_version": 0,
          "attributes": {
            "id": "-",
            "input": [
              "42",
              "27",
              "101",
              "73",
              "-5",
              "0"
            ],
            "keepers": null,
            "result": [
              "42",
              "101",
              "73",
              "-5",
              "27",
              "0"
            ],
            "result_count": null,
            "seed": null
          },
          "sensitive_attributes": [],
          "private": "bnVsbA=="
        },
        {
          "index_key": 52,
          "schema_version": 0,
          "attributes": {
            "id": "-",
            "input": [
              "42",
              "27",
              "101",
              "73",
              "-5",
              "0"
            ],
            "keepers": null,
            "result": [
              "42",
              "-5",
              "101",
              "73",
              "27",
              "0"
            ],
            "result_count": null,
            "seed": null
          },
          "sensitive_attributes": [],
          "private": "bnVsbA=="
        },
        {
          "index_key": 53,
          "schema_version": 0,
          "attributes": {
            "id": "-",
            "input": [
              "42",
              "27",
              "101",
              "73",
              "-5",
              "0"
            ],
            "keepers": null,
            "result": [
              "0",
              "27",
              "73",
              "-5",
              "101",
              "42"
            ],
            "result_count": null,
            "seed": null
          },
          "sensitive_attributes": [],
          "private": "bnVsbA=="
        },
        {
          "index_key": 54,
          "schema_version": 0,
          "attributes": {
            "id": "-",
            "input": [
              "42",
              "27",
              "101",
              "73",
              "-5",
              "0"
            ],
            "keepers": null,
            "result": [
              "73",
              "101",
              "42",
              "-5",
              "27",
              "0"
            ],
            "result_count": null,
            "seed": null
          },
          "sensitive_attributes": [],
          "private": "bnVsbA=="
        },
        {
          "index_key": 55,
          "schema_version": 0,
          "attributes": {
            "id": "-",
            "input": [
              "42",
              "27",
              "101",
              "73",
              "-5",
              "0"
            ],
            "keepers": null,
            "result": [
              "0",
              "-5",
              "27",
              "42",
              "101",
              "73"
            ],
            "result_count": null,
            "seed": null
          },
          "sensitive_attributes": [],
          "private": "bnVsbA=="
        },
        {
          "index_key": 56,
          "schema_version": 0,
          "attributes": {
            "id": "-",
            "input": [
              "42",
              "27",
              "101",
              "73",
              "-5",
              "0"
            ],
            "keepers": null,
            "result": [
              "0",
              "27",
              "73",
              "101",
              "-5",
              "42"
            ],
            "result_count": null,
            "seed": null
          },
          "sensitive_attributes": [],
          "private": "bnVsbA=="
        },
        {
          "index_key": 57,
          "schema_version": 0,
          "attributes": {
            "id": "-",
            "input": [
              "42",
              "27",
              "101",
              "73",
              "-5",
              "0"
            ],
            "keepers": null,
            "result": [
              "73",
              "27",
              "-5",
              "0",
              "101",
              "42"
            ],
            "result_count": null,
            "seed": null
          },
          "sensitive_attributes": [],
          "private": "bnVsbA=="
        },
        {
          "index_key": 58,
          "schema_version": 0,
          "attributes": {
            "id": "-",
            "input": [
              "42",
              "27",
              "101",
              "73",
              "-5",
              "0"
            ],
            "keepers": null,
            "result": [
              "42",
              "0",
              "27",
              "101",
              "73",
              "-5"
            ],
            "result_count": null,
            "seed": null
          },
          "sensitive_attributes": [],
          "private": "bnVsbA=="
        },
        {
          "index_key": 59,
          "schema_version": 0,
          "attributes": {
            "id": "-",
            "input": [
              "42",
              "27",
              "101",
              "73",
              "-5",
              "0"
            ],
            "keepers": null,
            "result": [
              "42",
              "0",
              "-5",
              "73",
              "101",
              "27"
            ],
            "result_count": null,
            "seed": null
          },
          "sensitive_attributes": [],
          "private": "bnVsbA=="
        },
        {
          "index_key": 60,
          "schema_version": 0,
          "attributes": {
            "id": "-",
            "input": [
              "42",
              "27",
              "101",
              "73",
              "-5",
              "0"
            ],
            "keepers": null,
            "result": [
              "-5",
              "0",
              "27",
              "42",
              "73",
              "101"
            ],
            "result_count": null,
            "seed": null
          },
          "sensitive_attributes": [],
          "private": "bnVsbA=="
        },
        {
          "index_key": 61,
          "schema_version": 0,
          "attributes": {
            "id": "-",
            "input": [
              "42",
              "27",
              "101",
              "73",
              "-5",
              "0"
            ],
            "keepers": null,
            "result": [
              "27",
              "42",
              "73",
              "-5",
              "101",
              "0"
            ],
            "result_count": null,
            "seed": null
          },
          "sensitive_attributes": [],
          "private": "bnVsbA=="
        },
        {
          "index_key": 62,
          "schema_version": 0,
          "attributes": {
            "id": "-",
            "input": [
              "42",
              "27",
              "101",
              "73",
              "-5",
              "0"
            ],
            "keepers": null,
            "result": [
              "-5",
              "73",
              "101",
              "42",
              "0",
              "27"
            ],
            "result_count": null,
            "seed": null
          },
          "sensitive_attributes": [],
          "private": "bnVsbA=="
        },
        {
          "index_key": 63,
          "schema_version": 0,
          "attributes": {
            "id": "-",
            "input": [
              "42",
              "27",
              "101",
              "73",
              "-5",
              "0"
            ],
            "keepers": null,
            "result": [
              "73",
              "101",
              "-5",
              "27",
              "0",
              "42"
            ],
            "result_count": null,
            "seed": null
          },
          "sensitive_attributes": [],
          "private": "bnVsbA=="
        },
        {
          "index_key": 64,
          "schema_version": 0,
          "attributes": {
            "id": "-",
            "input": [
              "42",
              "27",
              "101",
              "73",
              "-5",
              "0"
            ],
            "keepers": null,
            "result": [
              "73",
              "27",
              "0",
              "42",
              "101",
              "-5"
            ],
            "result_count": null,
            "seed": null
          },
          "sensitive_attributes": [],
          "private": "bnVsbA=="
        },
        {
          "index_key": 65,
          "schema_version": 0,
          "attributes": {
            "id": "-",
            "input": [
              "42",
              "27",
              "101",
              "73",
              "-5",
              "0"
            ],
            "keepers": null,
            "result": [
              "42",
              "-5",
              "73",
              "101",
              "0",
              "27"
            ],
            "result_count": null,
            "seed": null
          },
          "sensitive_attributes": [],
          "private": "bnVsbA=="
        },
        {
          "index_key": 66,
          "schema_version": 0,
          "attributes": {
            "id": "-",
            "input": [
              "42",
              "27",
              "101",
              "73",
              "-5",
              "0"
            ],
            "keepers": null,
            "result": [
              "-5",
              "101",
              "27",
              "42",
              "0",
              "73"
            ],
            "result_count": null,
            "seed": null
          },
          "sensitive_attributes": [],
          "private": "bnVsbA=="
        },
        {
          "index_key": 67,
          "schema_version": 0,
          "attributes": {
            "id": "-",
            "input": [
              "42",
              "27",
              "101",
              "73",
              "-5",
              "0"
            ],
            "keepers": null,
            "result": [
              "0",
              "42",
              "-5",
              "101",
              "73",
              "27"
            ],
            "result_count": null,
            "seed": null
          },
          "sensitive_attributes": [],
          "private": "bnVsbA=="
        },
        {
          "index_key": 68,
          "schema_version": 0,
          "attributes": {
            "id": "-",
            "input": [
              "42",
              "27",
              "101",
              "73",
              "-5",
              "0"
            ],
            "keepers": null,
            "result": [
              "-5",
              "27",
              "0",
              "42",
              "73",
              "101"
            ],
            "result_count": null,
            "seed": null
          },
          "sensitive_attributes": [],
          "private": "bnVsbA=="
        },
        {
          "index_key": 69,
          "schema_version": 0,
          "attributes": {
            "id": "-",
            "input": [
              "42",
              "27",
              "101",
              "73",
              "-5",
              "0"
            ],
            "keepers": null,
            "result": [
              "27",
              "73",
              "101",
              "42",
              "0",
              "-5"
            ],
            "result_count": null,
            "seed": null
          },
          "sensitive_attributes": [],
          "private": "bnVsbA=="
        },
        {
          "index_key": 70,
          "schema_version": 0,
          "attributes": {
            "id": "-",
            "input": [
              "42",
              "27",
              "101",
              "73",
              "-5",
              "0"
            ],
            "keepers": null,
            "result": [
              "-5",
              "0",
              "27",
              "73",
              "101",
              "42"
            ],
            "result_count": null,
            "seed": null
          },
          "sensitive_attributes": [],
          "private": "bnVsbA=="
        },
        {
          "index_key": 71,
          "schema_version": 0,
          "attributes": {
            "id": "-",
            "input": [
              "42",
              "27",
              "101",
              "73",
              "-5",
              "0"
            ],
            "keepers": null,
            "result": [
              "27",
              "101",
              "0",
              "73",
              "42",
              "-5"
            ],
            "result_count": null,
            "seed": null
          },
          "sensitive_attributes": [],
          "private": "bnVsbA=="
        },
        {
          "index_key": 72,
          "schema_version": 0,
          "attributes": {
            "id": "-",
            "input": [
              "42",
              "27",
              "101",
              "73",
              "-5",
              "0"
            ],
            "keepers": null,
            "result": [
              "42",
              "101",
              "-5",
              "73",
              "0",
              "27"
            ],
            "result_count": null,
            "seed": null
          },
          "sensitive_attributes": [],
          "private": "bnVsbA=="
        },
        {
          "index_key": 73,
          "schema_version": 0,
          "attributes": {
            "id": "-",
            "input": [
              "42",
              "27",
              "101",
              "73",
              "-5",
              "0"
            ],
            "keepers": null,
            "result": [
              "73",
              "42",
              "101",
              "27",
              "0",
              "-5"
            ],
            "result_count": null,
            "seed": null
          },
          "sensitive_attributes": [],
          "private": "bnVsbA=="
        },
        {
          "index_key": 74,
          "schema_version": 0,
          "attributes": {
            "id": "-",
            "input": [
              "42",
              "27",
              "101",
              "73",
              "-5",
              "0"
            ],
            "keepers": null,
            "result": [
              "101",
              "0",
              "73",
              "27",
              "42",
              "-5"
            ],
            "result_count": null,
            "seed": null
          },
          "sensitive_attributes": [],
          "private": "bnVsbA=="
        },
        {
          "index_key": 75,
          "schema_version": 0,
          "attributes": {
            "id": "-",
            "input": [
              "42",
              "27",
              "101",
              "73",
              "-5",
              "0"
            ],
            "keepers": null,
            "result": [
              "42",
              "0",
              "27",
              "101",
              "-5",
              "73"
            ],
            "result_count": null,
            "seed": null
          },
          "sensitive_attributes": [],
          "private": "bnVsbA=="
        },
        {
          "index_key": 76,
          "schema_version": 0,
          "attributes": {
            "id": "-",
            "input": [
              "42",
              "27",
              "101",
              "73",
              "-5",
              "0"
            ],
            "keepers": null,
            "result": [
              "101",
              "0",
              "-5",
              "27",
              "42",
              "73"
            ],
            "result_count": null,
            "seed": null
          },
          "sensitive_attributes": [],
          "private": "bnVsbA=="
        },
        {
          "index_key": 77,
          "schema_version": 0,
          "attributes": {
            "id": "-",
            "input": [
              "42",
              "27",
              "101",
              "73",
              "-5",
              "0"
            ],
            "keepers": null,
            "result": [
              "0",
              "-5",
              "73",
              "101",
              "27",
              "42"
            ],
            "result_count": null,
            "seed": null
          },
          "sensitive_attributes": [],
          "private": "bnVsbA=="
        },
        {
          "index_key": 78,
          "schema_version": 0,
          "attributes": {
            "id": "-",
            "input": [
              "42",
              "27",
              "101",
              "73",
              "-5",
              "0"
            ],
            "keepers": null,
            "result": [
              "73",
              "27",
              "-5",
              "0",
              "101",
              "42"
            ],
            "result_count": null,
            "seed": null
          },
          "sensitive_attributes": [],
          "private": "bnVsbA=="
        },
        {
          "index_key": 79,
          "schema_version": 0,
          "attributes": {
            "id": "-",
            "input": [
              "42",
              "27",
              "101",
              "73",
              "-5",
              "0"
            ],
            "keepers": null,
            "result": [
              "-5",
              "27",
              "73",
              "42",
              "0",
              "101"
            ],
            "result_count": null,
            "seed": null
          },
          "sensitive_attributes": [],
          "private": "bnVsbA=="
        },
        {
          "index_key": 80,
          "schema_version": 0,
          "attributes": {
            "id": "-",
            "input": [
              "42",
              "27",
              "101",
              "73",
              "-5",
              "0"
            ],
            "keepers": null,
            "result": [
              "27",
              "-5",
              "0",
              "73",
              "101",
              "42"
            ],
            "result_count": null,
            "seed": null
          },
          "sensitive_attributes": [],
          "private": "bnVsbA=="
        },
        {
          "index_key": 81,
          "schema_version": 0,
          "attributes": {
            "id": "-",
            "input": [
              "42",
              "27",
              "101",
              "73",
              "-5",
              "0"
            ],
            "keepers": null,
            "result": [
              "42",
              "27",
              "-5",
              "101",
              "73",
              "0"
            ],
            "result_count": null,
            "seed": null
          },
          "sensitive_attributes": [],
          "private": "bnVsbA=="
        },
        {
          "index_key": 82,
          "schema_version": 0,
          "attributes": {
            "id": "-",
            "input": [
              "42",
              "27",
              "101",
              "73",
              "-5",
              "0"
            ],
            "keepers": null,
            "result": [
              "-5",
              "42",
              "73",
              "27",
              "0",
              "101"
            ],
            "result_count": null,
            "seed": null
          },
          "sensitive_attributes": [],
          "private": "bnVsbA=="
        },
        {
          "index_key": 83,
          "schema_version": 0,
          "attributes": {
            "id": "-",
            "input": [
              "42",
              "27",
              "101",
              "73",
              "-5",
              "0"
            ],
            "keepers": null,
            "result": [
              "-5",
              "27",
              "73",
              "0",
              "101",
              "42"
            ],
            "result_count": null,
            "seed": null
          },
          "sensitive_attributes": [],
          "private": "bnVsbA=="
        },
        {
          "index_key": 84,
          "schema_version": 0,
          "attributes": {
            "id": "-",
            "input": [
              "42",
              "27",
              "101",
              "73",
              "-5",
              "0"
            ],
            "keepers": null,
            "result": [
              "73",
              "0",
              "27",
              "-5",
              "42",
              "101"
            ],
            "result_count": null,
            "seed": null
          },
          "sensitive_attributes": [],
          "private": "bnVsbA=="
        },
        {
          "index_key": 85,
          "schema_version": 0,
          "attributes": {
            "id": "-",
            "input": [
              "42",
              "27",
              "101",
              "73",
              "-5",
              "0"
            ],
            "keepers": null,
            "result": [
              "0",
              "101",
              "42",
              "-5",
              "73",
              "27"
            ],
            "result_count": null,
            "seed": null
          },
          "sensitive_attributes": [],
          "private": "bnVsbA=="
        },
        {
          "index_key": 86,
          "schema_version": 0,
          "attributes": {
            "id": "-",
            "input": [
              "42",
              "27",
              "101",
              "73",
              "-5",
              "0"
            ],
            "keepers": null,
            "result": [
              "73",
              "0",
              "42",
              "101",
              "-5",
              "27"
            ],
            "result_count": null,
            "seed": null
          },
          "sensitive_attributes": [],
          "private": "bnVsbA=="
        },
        {
          "index_key": 87,
          "schema_version": 0,
          "attributes": {
            "id": "-",
            "input": [
              "42",
              "27",
              "101",
              "73",
              "-5",
              "0"
            ],
            "keepers": null,
            "result": [
              "0",
              "42",
              "73",
              "-5",
              "101",
              "27"
            ],
            "result_count": null,
            "seed": null
          },
          "sensitive_attributes": [],
          "private": "bnVsbA=="
        },
        {
          "index_key": 88,
          "schema_version": 0,
          "attributes": {
            "id": "-",
            "input": [
              "42",
              "27",
              "101",
              "73",
              "-5",
              "0"
            ],
            "keepers": null,
            "result": [
              "-5",
              "42",
              "101",
              "0",
              "73",
              "27"
            ],
            "result_count": null,
            "seed": null
          },
          "sensitive_attributes": [],
          "private": "bnVsbA=="
        },
        {
          "index_key": 89,
          "schema_version": 0,
          "attributes": {
            "id": "-",
            "input": [
              "42",
              "27",
              "101",
              "73",
              "-5",
              "0"
            ],
            "keepers": null,
            "result": [
              "-5",
              "27",
              "0",
              "42",
              "73",
              "101"
            ],
            "result_count": null,
            "seed": null
          },
          "sensitive_attributes": [],
          "private": "bnVsbA=="
        },
        {
          "index_key": 90,
          "schema_version": 0,
          "attributes": {
            "id": "-",
            "input": [
              "42",
              "27",
              "101",
              "73",
              "-5",
              "0"
            ],
            "keepers": null,
            "result": [
              "27",
              "-5",
              "42",
              "0",
              "73",
              "101"
            ],
            "result_count": null,
            "seed": null
          },
          "sensitive_attributes": [],
          "private": "bnVsbA=="
        },
        {
          "index_key": 91,
          "schema_version": 0,
          "attributes": {
            "id": "-",
            "input": [
              "42",
              "27",
              "101",
              "73",
              "-5",
              "0"
            ],
            "keepers": null,
            "result": [
              "0",
              "27",
              "-5",
              "101",
              "73",
              "42"
            ],
            "result_count": null,
            "seed": null
          },
          "sensitive_attributes": [],
          "private": "bnVsbA=="
        },
        {
          "index_key": 92,
          "schema_version": 0,
          "attributes": {
            "id": "-",
            "input": [
              "42",
              "27",
              "101",
              "73",
              "-5",
              "0"
            ],
            "keepers": null,
            "result": [
              "0",
              "73",
              "27",
              "42",
              "-5",
              "101"
            ],
            "result_count": null,
            "seed": null
          },
          "sensitive_attributes": [],
          "private": "bnVsbA=="
        },
        {
          "index_key": 93,
          "schema_version": 0,
          "attributes": {
            "id": "-",
            "input": [
              "42",
              "27",
              "101",
              "73",
              "-5",
              "0"
            ],
            "keepers": null,
            "result": [
              "73",
              "27",
              "0",
              "-5",
              "42",
              "101"
            ],
            "result_count": null,
            "seed": null
          },
          "sensitive_attributes": [],
          "private": "bnVsbA=="
        },
        {
          "index_key": 94,
          "schema_version": 0,
          "attributes": {
            "id": "-",
            "input": [
              "42",
              "27",
              "101",
              "73",
              "-5",
              "0"
            ],
            "keepers": null,
            "result": [
              "73",
              "101",
              "-5",
              "27",
              "42",
              "0"
            ],
            "result_count": null,
            "seed": null
          },
          "sensitive_attributes": [],
          "private": "bnVsbA=="
        },
        {
          "index_key": 95,
          "schema_version": 0,
          "attributes": {
            "id": "-",
            "input": [
              "42",
              "27",
              "101",
              "73",
              "-5",
              "0"
            ],
            "keepers": null,
            "result": [
              "0",
              "73",
              "42",
              "101",
              "-5",
              "27"
            ],
            "result_count": null,
            "seed": null
          },
          "sensitive_attributes": [],
          "private": "bnVsbA=="
        },
        {
          "index_key": 96,
          "schema_version": 0,
          "attributes": {
            "id": "-",
            "input": [
              "42",
              "27",
              "101",
              "73",
              "-5",
              "0"
            ],
            "keepers": null,
            "result": [
              "42",
              "73",
              "-5",
              "101",
              "0",
              "27"
            ],
            "result_count": null,
            "seed": null
          },
          "sensitive_attributes": [],
          "private": "bnVsbA=="
        },
        {
          "index_key": 97,
          "schema_version": 0,
          "attributes": {
            "id": "-",
            "input": [
              "42",
              "27",
              "101",
              "73",
              "-5",
              "0"
            ],
            "keepers": null,
            "result": [
              "73",
              "101",
              "27",
              "-5",
              "42",
              "0"
            ],
            "result_count": null,
            "seed": null
          },
          "sensitive_attributes": [],
          "private": "bnVsbA=="
        },
        {
          "index_key": 98,
          "schema_version": 0,
          "attributes": {
            "id": "-",
            "input": [
              "42",
              "27",
              "101",
              "73",
              "-5",
              "0"
            ],
            "keepers": null,
            "result": [
              "27",
              "0",
              "101",
              "42",
              "73",
              "-5"
            ],
            "result_count": null,
            "seed": null
          },
          "sensitive_attributes": [],
          "private": "bnVsbA=="
        },
        {
          "index_key": 99,
          "schema_version": 0,
          "attributes": {
            "id": "-",
            "input": [
              "42",
              "27",
              "101",
              "73",
              "-5",
              "0"
            ],
            "keepers": null,
            "result": [
              "101",
              "-5",
              "27",
              "73",
              "42",
              "0"
            ],
            "result_count": null,
            "seed": null
          },
          "sensitive_attributes": [],
          "private": "bnVsbA=="
        }
      ]
    },
    {
      "mode": "managed",
      "type": "random_shuffle",
      "name": "random_verbs",
      "provider": "provider[\"registry.terraform.io/hashicorp/random\"]",
      "instances": [
        {
          "index_key": 0,
          "schema_version": 0,
          "attributes": {
            "id": "-",
            "input": [
              "RUN",
              "DANCE",
              "LOVE",
              "RESPECT",
              "KICKED",
              "BAKED"
            ],
            "keepers": null,
            "result": [
              "DANCE",
              "RUN",
              "LOVE",
              "BAKED",
              "KICKED",
              "RESPECT"
            ],
            "result_count": null,
            "seed": null
          },
          "sensitive_attributes": [],
          "private": "bnVsbA=="
        },
        {
          "index_key": 1,
          "schema_version": 0,
          "attributes": {
            "id": "-",
            "input": [
              "RUN",
              "DANCE",
              "LOVE",
              "RESPECT",
              "KICKED",
              "BAKED"
            ],
            "keepers": null,
            "result": [
              "RUN",
              "DANCE",
              "KICKED",
              "RESPECT",
              "BAKED",
              "LOVE"
            ],
            "result_count": null,
            "seed": null
          },
          "sensitive_attributes": [],
          "private": "bnVsbA=="
        },
        {
          "index_key": 2,
          "schema_version": 0,
          "attributes": {
            "id": "-",
            "input": [
              "RUN",
              "DANCE",
              "LOVE",
              "RESPECT",
              "KICKED",
              "BAKED"
            ],
            "keepers": null,
            "result": [
              "RESPECT",
              "KICKED",
              "DANCE",
              "BAKED",
              "LOVE",
              "RUN"
            ],
            "result_count": null,
            "seed": null
          },
          "sensitive_attributes": [],
          "private": "bnVsbA=="
        },
        {
          "index_key": 3,
          "schema_version": 0,
          "attributes": {
            "id": "-",
            "input": [
              "RUN",
              "DANCE",
              "LOVE",
              "RESPECT",
              "KICKED",
              "BAKED"
            ],
            "keepers": null,
            "result": [
              "BAKED",
              "DANCE",
              "LOVE",
              "RESPECT",
              "RUN",
              "KICKED"
            ],
            "result_count": null,
            "seed": null
          },
          "sensitive_attributes": [],
          "private": "bnVsbA=="
        },
        {
          "index_key": 4,
          "schema_version": 0,
          "attributes": {
            "id": "-",
            "input": [
              "RUN",
              "DANCE",
              "LOVE",
              "RESPECT",
              "KICKED",
              "BAKED"
            ],
            "keepers": null,
            "result": [
              "BAKED",
              "RESPECT",
              "DANCE",
              "LOVE",
              "RUN",
              "KICKED"
            ],
            "result_count": null,
            "seed": null
          },
          "sensitive_attributes": [],
          "private": "bnVsbA=="
        },
        {
          "index_key": 5,
          "schema_version": 0,
          "attributes": {
            "id": "-",
            "input": [
              "RUN",
              "DANCE",
              "LOVE",
              "RESPECT",
              "KICKED",
              "BAKED"
            ],
            "keepers": null,
            "result": [
              "RUN",
              "LOVE",
              "RESPECT",
              "KICKED",
              "BAKED",
              "DANCE"
            ],
            "result_count": null,
            "seed": null
          },
          "sensitive_attributes": [],
          "private": "bnVsbA=="
        },
        {
          "index_key": 6,
          "schema_version": 0,
          "attributes": {
            "id": "-",
            "input": [
              "RUN",
              "DANCE",
              "LOVE",
              "RESPECT",
              "KICKED",
              "BAKED"
            ],
            "keepers": null,
            "result": [
              "BAKED",
              "KICKED",
              "DANCE",
              "LOVE",
              "RUN",
              "RESPECT"
            ],
            "result_count": null,
            "seed": null
          },
          "sensitive_attributes": [],
          "private": "bnVsbA=="
        },
        {
          "index_key": 7,
          "schema_version": 0,
          "attributes": {
            "id": "-",
            "input": [
              "RUN",
              "DANCE",
              "LOVE",
              "RESPECT",
              "KICKED",
              "BAKED"
            ],
            "keepers": null,
            "result": [
              "KICKED",
              "RESPECT",
              "RUN",
              "DANCE",
              "LOVE",
              "BAKED"
            ],
            "result_count": null,
            "seed": null
          },
          "sensitive_attributes": [],
          "private": "bnVsbA=="
        },
        {
          "index_key": 8,
          "schema_version": 0,
          "attributes": {
            "id": "-",
            "input": [
              "RUN",
              "DANCE",
              "LOVE",
              "RESPECT",
              "KICKED",
              "BAKED"
            ],
            "keepers": null,
            "result": [
              "DANCE",
              "RESPECT",
              "RUN",
              "BAKED",
              "LOVE",
              "KICKED"
            ],
            "result_count": null,
            "seed": null
          },
          "sensitive_attributes": [],
          "private": "bnVsbA=="
        },
        {
          "index_key": 9,
          "schema_version": 0,
          "attributes": {
            "id": "-",
            "input": [
              "RUN",
              "DANCE",
              "LOVE",
              "RESPECT",
              "KICKED",
              "BAKED"
            ],
            "keepers": null,
            "result": [
              "RESPECT",
              "KICKED",
              "RUN",
              "DANCE",
              "LOVE",
              "BAKED"
            ],
            "result_count": null,
            "seed": null
          },
          "sensitive_attributes": [],
          "private": "bnVsbA=="
        },
        {
          "index_key": 10,
          "schema_version": 0,
          "attributes": {
            "id": "-",
            "input": [
              "RUN",
              "DANCE",
              "LOVE",
              "RESPECT",
              "KICKED",
              "BAKED"
            ],
            "keepers": null,
            "result": [
              "RESPECT",
              "DANCE",
              "BAKED",
              "RUN",
              "KICKED",
              "LOVE"
            ],
            "result_count": null,
            "seed": null
          },
          "sensitive_attributes": [],
          "private": "bnVsbA=="
        },
        {
          "index_key": 11,
          "schema_version": 0,
          "attributes": {
            "id": "-",
            "input": [
              "RUN",
              "DANCE",
              "LOVE",
              "RESPECT",
              "KICKED",
              "BAKED"
            ],
            "keepers": null,
            "result": [
              "RESPECT",
              "RUN",
              "LOVE",
              "BAKED",
              "KICKED",
              "DANCE"
            ],
            "result_count": null,
            "seed": null
          },
          "sensitive_attributes": [],
          "private": "bnVsbA=="
        },
        {
          "index_key": 12,
          "schema_version": 0,
          "attributes": {
            "id": "-",
            "input": [
              "RUN",
              "DANCE",
              "LOVE",
              "RESPECT",
              "KICKED",
              "BAKED"
            ],
            "keepers": null,
            "result": [
              "DANCE",
              "BAKED",
              "LOVE",
              "RESPECT",
              "KICKED",
              "RUN"
            ],
            "result_count": null,
            "seed": null
          },
          "sensitive_attributes": [],
          "private": "bnVsbA=="
        },
        {
          "index_key": 13,
          "schema_version": 0,
          "attributes": {
            "id": "-",
            "input": [
              "RUN",
              "DANCE",
              "LOVE",
              "RESPECT",
              "KICKED",
              "BAKED"
            ],
            "keepers": null,
            "result": [
              "BAKED",
              "DANCE",
              "LOVE",
              "RUN",
              "RESPECT",
              "KICKED"
            ],
            "result_count": null,
            "seed": null
          },
          "sensitive_attributes": [],
          "private": "bnVsbA=="
        },
        {
          "index_key": 14,
          "schema_version": 0,
          "attributes": {
            "id": "-",
            "input": [
              "RUN",
              "DANCE",
              "LOVE",
              "RESPECT",
              "KICKED",
              "BAKED"
            ],
            "keepers": null,
            "result": [
              "RESPECT",
              "RUN",
              "KICKED",
              "DANCE",
              "LOVE",
              "BAKED"
            ],
            "result_count": null,
            "seed": null
          },
          "sensitive_attributes": [],
          "private": "bnVsbA=="
        },
        {
          "index_key": 15,
          "schema_version": 0,
          "attributes": {
            "id": "-",
            "input": [
              "RUN",
              "DANCE",
              "LOVE",
              "RESPECT",
              "KICKED",
              "BAKED"
            ],
            "keepers": null,
            "result": [
              "RESPECT",
              "BAKED",
              "RUN",
              "LOVE",
              "KICKED",
              "DANCE"
            ],
            "result_count": null,
            "seed": null
          },
          "sensitive_attributes": [],
          "private": "bnVsbA=="
        },
        {
          "index_key": 16,
          "schema_version": 0,
          "attributes": {
            "id": "-",
            "input": [
              "RUN",
              "DANCE",
              "LOVE",
              "RESPECT",
              "KICKED",
              "BAKED"
            ],
            "keepers": null,
            "result": [
              "LOVE",
              "KICKED",
              "BAKED",
              "RUN",
              "RESPECT",
              "DANCE"
            ],
            "result_count": null,
            "seed": null
          },
          "sensitive_attributes": [],
          "private": "bnVsbA=="
        },
        {
          "index_key": 17,
          "schema_version": 0,
          "attributes": {
            "id": "-",
            "input": [
              "RUN",
              "DANCE",
              "LOVE",
              "RESPECT",
              "KICKED",
              "BAKED"
            ],
            "keepers": null,
            "result": [
              "RESPECT",
              "KICKED",
              "BAKED",
              "DANCE",
              "LOVE",
              "RUN"
            ],
            "result_count": null,
            "seed": null
          },
          "sensitive_attributes": [],
          "private": "bnVsbA=="
        },
        {
          "index_key": 18,
          "schema_version": 0,
          "attributes": {
            "id": "-",
            "input": [
              "RUN",
              "DANCE",
              "LOVE",
              "RESPECT",
              "KICKED",
              "BAKED"
            ],
            "keepers": null,
            "result": [
              "RUN",
              "RESPECT",
              "BAKED",
              "DANCE",
              "LOVE",
              "KICKED"
            ],
            "result_count": null,
            "seed": null
          },
          "sensitive_attributes": [],
          "private": "bnVsbA=="
        },
        {
          "index_key": 19,
          "schema_version": 0,
          "attributes": {
            "id": "-",
            "input": [
              "RUN",
              "DANCE",
              "LOVE",
              "RESPECT",
              "KICKED",
              "BAKED"
            ],
            "keepers": null,
            "result": [
              "RUN",
              "RESPECT",
              "BAKED",
              "KICKED",
              "DANCE",
              "LOVE"
            ],
            "result_count": null,
            "seed": null
          },
          "sensitive_attributes": [],
          "private": "bnVsbA=="
        },
        {
          "index_key": 20,
          "schema_version": 0,
          "attributes": {
            "id": "-",
            "input": [
              "RUN",
              "DANCE",
              "LOVE",
              "RESPECT",
              "KICKED",
              "BAKED"
            ],
            "keepers": null,
            "result": [
              "BAKED",
              "DANCE",
              "RUN",
              "RESPECT",
              "LOVE",
              "KICKED"
            ],
            "result_count": null,
            "seed": null
          },
          "sensitive_attributes": [],
          "private": "bnVsbA=="
        },
        {
          "index_key": 21,
          "schema_version": 0,
          "attributes": {
            "id": "-",
            "input": [
              "RUN",
              "DANCE",
              "LOVE",
              "RESPECT",
              "KICKED",
              "BAKED"
            ],
            "keepers": null,
            "result": [
              "DANCE",
              "LOVE",
              "BAKED",
              "KICKED",
              "RUN",
              "RESPECT"
            ],
            "result_count": null,
            "seed": null
          },
          "sensitive_attributes": [],
          "private": "bnVsbA=="
        },
        {
          "index_key": 22,
          "schema_version": 0,
          "attributes": {
            "id": "-",
            "input": [
              "RUN",
              "DANCE",
              "LOVE",
              "RESPECT",
              "KICKED",
              "BAKED"
            ],
            "keepers": null,
            "result": [
              "DANCE",
              "KICKED",
              "RUN",
              "RESPECT",
              "BAKED",
              "LOVE"
            ],
            "result_count": null,
            "seed": null
          },
          "sensitive_attributes": [],
          "private": "bnVsbA=="
        },
        {
          "index_key": 23,
          "schema_version": 0,
          "attributes": {
            "id": "-",
            "input": [
              "RUN",
              "DANCE",
              "LOVE",
              "RESPECT",
              "KICKED",
              "BAKED"
            ],
            "keepers": null,
            "result": [
              "LOVE",
              "RESPECT",
              "BAKED",
              "RUN",
              "DANCE",
              "KICKED"
            ],
            "result_count": null,
            "seed": null
          },
          "sensitive_attributes": [],
          "private": "bnVsbA=="
        },
        {
          "index_key": 24,
          "schema_version": 0,
          "attributes": {
            "id": "-",
            "input": [
              "RUN",
              "DANCE",
              "LOVE",
              "RESPECT",
              "KICKED",
              "BAKED"
            ],
            "keepers": null,
            "result": [
              "LOVE",
              "RUN",
              "DANCE",
              "BAKED",
              "RESPECT",
              "KICKED"
            ],
            "result_count": null,
            "seed": null
          },
          "sensitive_attributes": [],
          "private": "bnVsbA=="
        },
        {
          "index_key": 25,
          "schema_version": 0,
          "attributes": {
            "id": "-",
            "input": [
              "RUN",
              "DANCE",
              "LOVE",
              "RESPECT",
              "KICKED",
              "BAKED"
            ],
            "keepers": null,
            "result": [
              "RUN",
              "KICKED",
              "BAKED",
              "LOVE",
              "DANCE",
              "RESPECT"
            ],
            "result_count": null,
            "seed": null
          },
          "sensitive_attributes": [],
          "private": "bnVsbA=="
        },
        {
          "index_key": 26,
          "schema_version": 0,
          "attributes": {
            "id": "-",
            "input": [
              "RUN",
              "DANCE",
              "LOVE",
              "RESPECT",
              "KICKED",
              "BAKED"
            ],
            "keepers": null,
            "result": [
              "RUN",
              "KICKED",
              "LOVE",
              "BAKED",
              "RESPECT",
              "DANCE"
            ],
            "result_count": null,
            "seed": null
          },
          "sensitive_attributes": [],
          "private": "bnVsbA=="
        },
        {
          "index_key": 27,
          "schema_version": 0,
          "attributes": {
            "id": "-",
            "input": [
              "RUN",
              "DANCE",
              "LOVE",
              "RESPECT",
              "KICKED",
              "BAKED"
            ],
            "keepers": null,
            "result": [
              "RESPECT",
              "DANCE",
              "LOVE",
              "RUN",
              "KICKED",
              "BAKED"
            ],
            "result_count": null,
            "seed": null
          },
          "sensitive_attributes": [],
          "private": "bnVsbA=="
        },
        {
          "index_key": 28,
          "schema_version": 0,
          "attributes": {
            "id": "-",
            "input": [
              "RUN",
              "DANCE",
              "LOVE",
              "RESPECT",
              "KICKED",
              "BAKED"
            ],
            "keepers": null,
            "result": [
              "KICKED",
              "BAKED",
              "DANCE",
              "RUN",
              "LOVE",
              "RESPECT"
            ],
            "result_count": null,
            "seed": null
          },
          "sensitive_attributes": [],
          "private": "bnVsbA=="
        },
        {
          "index_key": 29,
          "schema_version": 0,
          "attributes": {
            "id": "-",
            "input": [
              "RUN",
              "DANCE",
              "LOVE",
              "RESPECT",
              "KICKED",
              "BAKED"
            ],
            "keepers": null,
            "result": [
              "RUN",
              "LOVE",
              "DANCE",
              "BAKED",
              "RESPECT",
              "KICKED"
            ],
            "result_count": null,
            "seed": null
          },
          "sensitive_attributes": [],
          "private": "bnVsbA=="
        },
        {
          "index_key": 30,
          "schema_version": 0,
          "attributes": {
            "id": "-",
            "input": [
              "RUN",
              "DANCE",
              "LOVE",
              "RESPECT",
              "KICKED",
              "BAKED"
            ],
            "keepers": null,
            "result": [
              "BAKED",
              "KICKED",
              "RESPECT",
              "RUN",
              "DANCE",
              "LOVE"
            ],
            "result_count": null,
            "seed": null
          },
          "sensitive_attributes": [],
          "private": "bnVsbA=="
        },
        {
          "index_key": 31,
          "schema_version": 0,
          "attributes": {
            "id": "-",
            "input": [
              "RUN",
              "DANCE",
              "LOVE",
              "RESPECT",
              "KICKED",
              "BAKED"
            ],
            "keepers": null,
            "result": [
              "RESPECT",
              "KICKED",
              "LOVE",
              "BAKED",
              "DANCE",
              "RUN"
            ],
            "result_count": null,
            "seed": null
          },
          "sensitive_attributes": [],
          "private": "bnVsbA=="
        },
        {
          "index_key": 32,
          "schema_version": 0,
          "attributes": {
            "id": "-",
            "input": [
              "RUN",
              "DANCE",
              "LOVE",
              "RESPECT",
              "KICKED",
              "BAKED"
            ],
            "keepers": null,
            "result": [
              "BAKED",
              "RESPECT",
              "KICKED",
              "LOVE",
              "RUN",
              "DANCE"
            ],
            "result_count": null,
            "seed": null
          },
          "sensitive_attributes": [],
          "private": "bnVsbA=="
        },
        {
          "index_key": 33,
          "schema_version": 0,
          "attributes": {
            "id": "-",
            "input": [
              "RUN",
              "DANCE",
              "LOVE",
              "RESPECT",
              "KICKED",
              "BAKED"
            ],
            "keepers": null,
            "result": [
              "RESPECT",
              "LOVE",
              "RUN",
              "BAKED",
              "KICKED",
              "DANCE"
            ],
            "result_count": null,
            "seed": null
          },
          "sensitive_attributes": [],
          "private": "bnVsbA=="
        },
        {
          "index_key": 34,
          "schema_version": 0,
          "attributes": {
            "id": "-",
            "input": [
              "RUN",
              "DANCE",
              "LOVE",
              "RESPECT",
              "KICKED",
              "BAKED"
            ],
            "keepers": null,
            "result": [
              "BAKED",
              "DANCE",
              "KICKED",
              "RESPECT",
              "RUN",
              "LOVE"
            ],
            "result_count": null,
            "seed": null
          },
          "sensitive_attributes": [],
          "private": "bnVsbA=="
        },
        {
          "index_key": 35,
          "schema_version": 0,
          "attributes": {
            "id": "-",
            "input": [
              "RUN",
              "DANCE",
              "LOVE",
              "RESPECT",
              "KICKED",
              "BAKED"
            ],
            "keepers": null,
            "result": [
              "RESPECT",
              "DANCE",
              "LOVE",
              "KICKED",
              "BAKED",
              "RUN"
            ],
            "result_count": null,
            "seed": null
          },
          "sensitive_attributes": [],
          "private": "bnVsbA=="
        },
        {
          "index_key": 36,
          "schema_version": 0,
          "attributes": {
            "id": "-",
            "input": [
              "RUN",
              "DANCE",
              "LOVE",
              "RESPECT",
              "KICKED",
              "BAKED"
            ],
            "keepers": null,
            "result": [
              "KICKED",
              "RESPECT",
              "LOVE",
              "RUN",
              "BAKED",
              "DANCE"
            ],
            "result_count": null,
            "seed": null
          },
          "sensitive_attributes": [],
          "private": "bnVsbA=="
        },
        {
          "index_key": 37,
          "schema_version": 0,
          "attributes": {
            "id": "-",
            "input": [
              "RUN",
              "DANCE",
              "LOVE",
              "RESPECT",
              "KICKED",
              "BAKED"
            ],
            "keepers": null,
            "result": [
              "DANCE",
              "BAKED",
              "RESPECT",
              "RUN",
              "KICKED",
              "LOVE"
            ],
            "result_count": null,
            "seed": null
          },
          "sensitive_attributes": [],
          "private": "bnVsbA=="
        },
        {
          "index_key": 38,
          "schema_version": 0,
          "attributes": {
            "id": "-",
            "input": [
              "RUN",
              "DANCE",
              "LOVE",
              "RESPECT",
              "KICKED",
              "BAKED"
            ],
            "keepers": null,
            "result": [
              "BAKED",
              "RESPECT",
              "DANCE",
              "KICKED",
              "LOVE",
              "RUN"
            ],
            "result_count": null,
            "seed": null
          },
          "sensitive_attributes": [],
          "private": "bnVsbA=="
        },
        {
          "index_key": 39,
          "schema_version": 0,
          "attributes": {
            "id": "-",
            "input": [
              "RUN",
              "DANCE",
              "LOVE",
              "RESPECT",
              "KICKED",
              "BAKED"
            ],
            "keepers": null,
            "result": [
              "DANCE",
              "RESPECT",
              "LOVE",
              "BAKED",
              "RUN",
              "KICKED"
            ],
            "result_count": null,
            "seed": null
          },
          "sensitive_attributes": [],
          "private": "bnVsbA=="
        },
        {
          "index_key": 40,
          "schema_version": 0,
          "attributes": {
            "id": "-",
            "input": [
              "RUN",
              "DANCE",
              "LOVE",
              "RESPECT",
              "KICKED",
              "BAKED"
            ],
            "keepers": null,
            "result": [
              "RUN",
              "BAKED",
              "DANCE",
              "LOVE",
              "RESPECT",
              "KICKED"
            ],
            "result_count": null,
            "seed": null
          },
          "sensitive_attributes": [],
          "private": "bnVsbA=="
        },
        {
          "index_key": 41,
          "schema_version": 0,
          "attributes": {
            "id": "-",
            "input": [
              "RUN",
              "DANCE",
              "LOVE",
              "RESPECT",
              "KICKED",
              "BAKED"
            ],
            "keepers": null,
            "result": [
              "DANCE",
              "KICKED",
              "RESPECT",
              "LOVE",
              "BAKED",
              "RUN"
            ],
            "result_count": null,
            "seed": null
          },
          "sensitive_attributes": [],
          "private": "bnVsbA=="
        },
        {
          "index_key": 42,
          "schema_version": 0,
          "attributes": {
            "id": "-",
            "input": [
              "RUN",
              "DANCE",
              "LOVE",
              "RESPECT",
              "KICKED",
              "BAKED"
            ],
            "keepers": null,
            "result": [
              "KICKED",
              "BAKED",
              "RESPECT",
              "DANCE",
              "LOVE",
              "RUN"
            ],
            "result_count": null,
            "seed": null
          },
          "sensitive_attributes": [],
          "private": "bnVsbA=="
        },
        {
          "index_key": 43,
          "schema_version": 0,
          "attributes": {
            "id": "-",
            "input": [
              "RUN",
              "DANCE",
              "LOVE",
              "RESPECT",
              "KICKED",
              "BAKED"
            ],
            "keepers": null,
            "result": [
              "RESPECT",
              "RUN",
              "KICKED",
              "BAKED",
              "LOVE",
              "DANCE"
            ],
            "result_count": null,
            "seed": null
          },
          "sensitive_attributes": [],
          "private": "bnVsbA=="
        },
        {
          "index_key": 44,
          "schema_version": 0,
          "attributes": {
            "id": "-",
            "input": [
              "RUN",
              "DANCE",
              "LOVE",
              "RESPECT",
              "KICKED",
              "BAKED"
            ],
            "keepers": null,
            "result": [
              "RUN",
              "LOVE",
              "RESPECT",
              "KICKED",
              "DANCE",
              "BAKED"
            ],
            "result_count": null,
            "seed": null
          },
          "sensitive_attributes": [],
          "private": "bnVsbA=="
        },
        {
          "index_key": 45,
          "schema_version": 0,
          "attributes": {
            "id": "-",
            "input": [
              "RUN",
              "DANCE",
              "LOVE",
              "RESPECT",
              "KICKED",
              "BAKED"
            ],
            "keepers": null,
            "result": [
              "RESPECT",
              "LOVE",
              "DANCE",
              "BAKED",
              "RUN",
              "KICKED"
            ],
            "result_count": null,
            "seed": null
          },
          "sensitive_attributes": [],
          "private": "bnVsbA=="
        },
        {
          "index_key": 46,
          "schema_version": 0,
          "attributes": {
            "id": "-",
            "input": [
              "RUN",
              "DANCE",
              "LOVE",
              "RESPECT",
              "KICKED",
              "BAKED"
            ],
            "keepers": null,
            "result": [
              "KICKED",
              "LOVE",
              "DANCE",
              "RUN",
              "BAKED",
              "RESPECT"
            ],
            "result_count": null,
            "seed": null
          },
          "sensitive_attributes": [],
          "private": "bnVsbA=="
        },
        {
          "index_key": 47,
          "schema_version": 0,
          "attributes": {
            "id": "-",
            "input": [
              "RUN",
              "DANCE",
              "LOVE",
              "RESPECT",
              "KICKED",
              "BAKED"
            ],
            "keepers": null,
            "result": [
              "BAKED",
              "DANCE",
              "KICKED",
              "RESPECT",
              "LOVE",
              "RUN"
            ],
            "result_count": null,
            "seed": null
          },
          "sensitive_attributes": [],
          "private": "bnVsbA=="
        },
        {
          "index_key": 48,
          "schema_version": 0,
          "attributes": {
            "id": "-",
            "input": [
              "RUN",
              "DANCE",
              "LOVE",
              "RESPECT",
              "KICKED",
              "BAKED"
            ],
            "keepers": null,
            "result": [
              "BAKED",
              "RUN",
              "DANCE",
              "LOVE",
              "KICKED",
              "RESPECT"
            ],
            "result_count": null,
            "seed": null
          },
          "sensitive_attributes": [],
          "private": "bnVsbA=="
        },
        {
          "index_key": 49,
          "schema_version": 0,
          "attributes": {
            "id": "-",
            "input": [
              "RUN",
              "DANCE",
              "LOVE",
              "RESPECT",
              "KICKED",
              "BAKED"
            ],
            "keepers": null,
            "result": [
              "DANCE",
              "RUN",
              "RESPECT",
              "KICKED",
              "LOVE",
              "BAKED"
            ],
            "result_count": null,
            "seed": null
          },
          "sensitive_attributes": [],
          "private": "bnVsbA=="
        },
        {
          "index_key": 50,
          "schema_version": 0,
          "attributes": {
            "id": "-",
            "input": [
              "RUN",
              "DANCE",
              "LOVE",
              "RESPECT",
              "KICKED",
              "BAKED"
            ],
            "keepers": null,
            "result": [
              "RESPECT",
              "DANCE",
              "RUN",
              "BAKED",
              "LOVE",
              "KICKED"
            ],
            "result_count": null,
            "seed": null
          },
          "sensitive_attributes": [],
          "private": "bnVsbA=="
        },
        {
          "index_key": 51,
          "schema_version": 0,
          "attributes": {
            "id": "-",
            "input": [
              "RUN",
              "DANCE",
              "LOVE",
              "RESPECT",
              "KICKED",
              "BAKED"
            ],
            "keepers": null,
            "result": [
              "LOVE",
              "BAKED",
              "KICKED",
              "DANCE",
              "RESPECT",
              "RUN"
            ],
            "result_count": null,
            "seed": null
          },
          "sensitive_attributes": [],
          "private": "bnVsbA=="
        },
        {
          "index_key": 52,
          "schema_version": 0,
          "attributes": {
            "id": "-",
            "input": [
              "RUN",
              "DANCE",
              "LOVE",
              "RESPECT",
              "KICKED",
              "BAKED"
            ],
            "keepers": null,
            "result": [
              "KICKED",
              "DANCE",
              "LOVE",
              "RUN",
              "BAKED",
              "RESPECT"
            ],
            "result_count": null,
            "seed": null
          },
          "sensitive_attributes": [],
          "private": "bnVsbA=="
        },
        {
          "index_key": 53,
          "schema_version": 0,
          "attributes": {
            "id": "-",
            "input": [
              "RUN",
              "DANCE",
              "LOVE",
              "RESPECT",
              "KICKED",
              "BAKED"
            ],
            "keepers": null,
            "result": [
              "DANCE",
              "KICKED",
              "BAKED",
              "RUN",
              "RESPECT",
              "LOVE"
            ],
            "result_count": null,
            "seed": null
          },
          "sensitive_attributes": [],
          "private": "bnVsbA=="
        },
        {
          "index_key": 54,
          "schema_version": 0,
          "attributes": {
            "id": "-",
            "input": [
              "RUN",
              "DANCE",
              "LOVE",
              "RESPECT",
              "KICKED",
              "BAKED"
            ],
            "keepers": null,
            "result": [
              "DANCE",
              "LOVE",
              "BAKED",
              "RESPECT",
              "RUN",
              "KICKED"
            ],
            "result_count": null,
            "seed": null
          },
          "sensitive_attributes": [],
          "private": "bnVsbA=="
        },
        {
          "index_key": 55,
          "schema_version": 0,
          "attributes": {
            "id": "-",
            "input": [
              "RUN",
              "DANCE",
              "LOVE",
              "RESPECT",
              "KICKED",
              "BAKED"
            ],
            "keepers": null,
            "result": [
              "DANCE",
              "LOVE",
              "BAKED",
              "KICKED",
              "RESPECT",
              "RUN"
            ],
            "result_count": null,
            "seed": null
          },
          "sensitive_attributes": [],
          "private": "bnVsbA=="
        },
        {
          "index_key": 56,
          "schema_version": 0,
          "attributes": {
            "id": "-",
            "input": [
              "RUN",
              "DANCE",
              "LOVE",
              "RESPECT",
              "KICKED",
              "BAKED"
            ],
            "keepers": null,
            "result": [
              "BAKED",
              "KICKED",
              "RESPECT",
              "DANCE",
              "RUN",
              "LOVE"
            ],
            "result_count": null,
            "seed": null
          },
          "sensitive_attributes": [],
          "private": "bnVsbA=="
        },
        {
          "index_key": 57,
          "schema_version": 0,
          "attributes": {
            "id": "-",
            "input": [
              "RUN",
              "DANCE",
              "LOVE",
              "RESPECT",
              "KICKED",
              "BAKED"
            ],
            "keepers": null,
            "result": [
              "DANCE",
              "RESPECT",
              "RUN",
              "LOVE",
              "KICKED",
              "BAKED"
            ],
            "result_count": null,
            "seed": null
          },
          "sensitive_attributes": [],
          "private": "bnVsbA=="
        },
        {
          "index_key": 58,
          "schema_version": 0,
          "attributes": {
            "id": "-",
            "input": [
              "RUN",
              "DANCE",
              "LOVE",
              "RESPECT",
              "KICKED",
              "BAKED"
            ],
            "keepers": null,
            "result": [
              "BAKED",
              "DANCE",
              "KICKED",
              "RESPECT",
              "RUN",
              "LOVE"
            ],
            "result_count": null,
            "seed": null
          },
          "sensitive_attributes": [],
          "private": "bnVsbA=="
        },
        {
          "index_key": 59,
          "schema_version": 0,
          "attributes": {
            "id": "-",
            "input": [
              "RUN",
              "DANCE",
              "LOVE",
              "RESPECT",
              "KICKED",
              "BAKED"
            ],
            "keepers": null,
            "result": [
              "RUN",
              "DANCE",
              "LOVE",
              "BAKED",
              "RESPECT",
              "KICKED"
            ],
            "result_count": null,
            "seed": null
          },
          "sensitive_attributes": [],
          "private": "bnVsbA=="
        },
        {
          "index_key": 60,
          "schema_version": 0,
          "attributes": {
            "id": "-",
            "input": [
              "RUN",
              "DANCE",
              "LOVE",
              "RESPECT",
              "KICKED",
              "BAKED"
            ],
            "keepers": null,
            "result": [
              "BAKED",
              "LOVE",
              "KICKED",
              "RESPECT",
              "RUN",
              "DANCE"
            ],
            "result_count": null,
            "seed": null
          },
          "sensitive_attributes": [],
          "private": "bnVsbA=="
        },
        {
          "index_key": 61,
          "schema_version": 0,
          "attributes": {
            "id": "-",
            "input": [
              "RUN",
              "DANCE",
              "LOVE",
              "RESPECT",
              "KICKED",
              "BAKED"
            ],
            "keepers": null,
            "result": [
              "BAKED",
              "DANCE",
              "KICKED",
              "RESPECT",
              "LOVE",
              "RUN"
            ],
            "result_count": null,
            "seed": null
          },
          "sensitive_attributes": [],
          "private": "bnVsbA=="
        },
        {
          "index_key": 62,
          "schema_version": 0,
          "attributes": {
            "id": "-",
            "input": [
              "RUN",
              "DANCE",
              "LOVE",
              "RESPECT",
              "KICKED",
              "BAKED"
            ],
            "keepers": null,
            "result": [
              "RUN",
              "KICKED",
              "BAKED",
              "LOVE",
              "DANCE",
              "RESPECT"
            ],
            "result_count": null,
            "seed": null
          },
          "sensitive_attributes": [],
          "private": "bnVsbA=="
        },
        {
          "index_key": 63,
          "schema_version": 0,
          "attributes": {
            "id": "-",
            "input": [
              "RUN",
              "DANCE",
              "LOVE",
              "RESPECT",
              "KICKED",
              "BAKED"
            ],
            "keepers": null,
            "result": [
              "KICKED",
              "RUN",
              "DANCE",
              "RESPECT",
              "BAKED",
              "LOVE"
            ],
            "result_count": null,
            "seed": null
          },
          "sensitive_attributes": [],
          "private": "bnVsbA=="
        },
        {
          "index_key": 64,
          "schema_version": 0,
          "attributes": {
            "id": "-",
            "input": [
              "RUN",
              "DANCE",
              "LOVE",
              "RESPECT",
              "KICKED",
              "BAKED"
            ],
            "keepers": null,
            "result": [
              "KICKED",
              "RUN",
              "DANCE",
              "RESPECT",
              "LOVE",
              "BAKED"
            ],
            "result_count": null,
            "seed": null
          },
          "sensitive_attributes": [],
          "private": "bnVsbA=="
        },
        {
          "index_key": 65,
          "schema_version": 0,
          "attributes": {
            "id": "-",
            "input": [
              "RUN",
              "DANCE",
              "LOVE",
              "RESPECT",
              "KICKED",
              "BAKED"
            ],
            "keepers": null,
            "result": [
              "BAKED",
              "RESPECT",
              "DANCE",
              "KICKED",
              "LOVE",
              "RUN"
            ],
            "result_count": null,
            "seed": null
          },
          "sensitive_attributes": [],
          "private": "bnVsbA=="
        },
        {
          "index_key": 66,
          "schema_version": 0,
          "attributes": {
            "id": "-",
            "input": [
              "RUN",
              "DANCE",
              "LOVE",
              "RESPECT",
              "KICKED",
              "BAKED"
            ],
            "keepers": null,
            "result": [
              "RUN",
              "BAKED",
              "RESPECT",
              "LOVE",
              "KICKED",
              "DANCE"
            ],
            "result_count": null,
            "seed": null
          },
          "sensitive_attributes": [],
          "private": "bnVsbA=="
        },
        {
          "index_key": 67,
          "schema_version": 0,
          "attributes": {
            "id": "-",
            "input": [
              "RUN",
              "DANCE",
              "LOVE",
              "RESPECT",
              "KICKED",
              "BAKED"
            ],
            "keepers": null,
            "result": [
              "RESPECT",
              "LOVE",
              "RUN",
              "KICKED",
              "BAKED",
              "DANCE"
            ],
            "result_count": null,
            "seed": null
          },
          "sensitive_attributes": [],
          "private": "bnVsbA=="
        },
        {
          "index_key": 68,
          "schema_version": 0,
          "attributes": {
            "id": "-",
            "input": [
              "RUN",
              "DANCE",
              "LOVE",
              "RESPECT",
              "KICKED",
              "BAKED"
            ],
            "keepers": null,
            "result": [
              "DANCE",
              "KICKED",
              "BAKED",
              "RUN",
              "RESPECT",
              "LOVE"
            ],
            "result_count": null,
            "seed": null
          },
          "sensitive_attributes": [],
          "private": "bnVsbA=="
        },
        {
          "index_key": 69,
          "schema_version": 0,
          "attributes": {
            "id": "-",
            "input": [
              "RUN",
              "DANCE",
              "LOVE",
              "RESPECT",
              "KICKED",
              "BAKED"
            ],
            "keepers": null,
            "result": [
              "KICKED",
              "LOVE",
              "RESPECT",
              "RUN",
              "DANCE",
              "BAKED"
            ],
            "result_count": null,
            "seed": null
          },
          "sensitive_attributes": [],
          "private": "bnVsbA=="
        },
        {
          "index_key": 70,
          "schema_version": 0,
          "attributes": {
            "id": "-",
            "input": [
              "RUN",
              "DANCE",
              "LOVE",
              "RESPECT",
              "KICKED",
              "BAKED"
            ],
            "keepers": null,
            "result": [
              "KICKED",
              "LOVE",
              "RESPECT",
              "RUN",
              "BAKED",
              "DANCE"
            ],
            "result_count": null,
            "seed": null
          },
          "sensitive_attributes": [],
          "private": "bnVsbA=="
        },
        {
          "index_key": 71,
          "schema_version": 0,
          "attributes": {
            "id": "-",
            "input": [
              "RUN",
              "DANCE",
              "LOVE",
              "RESPECT",
              "KICKED",
              "BAKED"
            ],
            "keepers": null,
            "result": [
              "DANCE",
              "RUN",
              "KICKED",
              "RESPECT",
              "LOVE",
              "BAKED"
            ],
            "result_count": null,
            "seed": null
          },
          "sensitive_attributes": [],
          "private": "bnVsbA=="
        },
        {
          "index_key": 72,
          "schema_version": 0,
          "attributes": {
            "id": "-",
            "input": [
              "RUN",
              "DANCE",
              "LOVE",
              "RESPECT",
              "KICKED",
              "BAKED"
            ],
            "keepers": null,
            "result": [
              "KICKED",
              "BAKED",
              "LOVE",
              "RUN",
              "DANCE",
              "RESPECT"
            ],
            "result_count": null,
            "seed": null
          },
          "sensitive_attributes": [],
          "private": "bnVsbA=="
        },
        {
          "index_key": 73,
          "schema_version": 0,
          "attributes": {
            "id": "-",
            "input": [
              "RUN",
              "DANCE",
              "LOVE",
              "RESPECT",
              "KICKED",
              "BAKED"
            ],
            "keepers": null,
            "result": [
              "BAKED",
              "KICKED",
              "DANCE",
              "LOVE",
              "RESPECT",
              "RUN"
            ],
            "result_count": null,
            "seed": null
          },
          "sensitive_attributes": [],
          "private": "bnVsbA=="
        },
        {
          "index_key": 74,
          "schema_version": 0,
          "attributes": {
            "id": "-",
            "input": [
              "RUN",
              "DANCE",
              "LOVE",
              "RESPECT",
              "KICKED",
              "BAKED"
            ],
            "keepers": null,
            "result": [
              "LOVE",
              "KICKED",
              "DANCE",
              "RUN",
              "BAKED",
              "RESPECT"
            ],
            "result_count": null,
            "seed": null
          },
          "sensitive_attributes": [],
          "private": "bnVsbA=="
        },
        {
          "index_key": 75,
          "schema_version": 0,
          "attributes": {
            "id": "-",
            "input": [
              "RUN",
              "DANCE",
              "LOVE",
              "RESPECT",
              "KICKED",
              "BAKED"
            ],
            "keepers": null,
            "result": [
              "LOVE",
              "RESPECT",
              "RUN",
              "DANCE",
              "BAKED",
              "KICKED"
            ],
            "result_count": null,
            "seed": null
          },
          "sensitive_attributes": [],
          "private": "bnVsbA=="
        },
        {
          "index_key": 76,
          "schema_version": 0,
          "attributes": {
            "id": "-",
            "input": [
              "RUN",
              "DANCE",
              "LOVE",
              "RESPECT",
              "KICKED",
              "BAKED"
            ],
            "keepers": null,
            "result": [
              "DANCE",
              "RUN",
              "LOVE",
              "BAKED",
              "RESPECT",
              "KICKED"
            ],
            "result_count": null,
            "seed": null
          },
          "sensitive_attributes": [],
          "private": "bnVsbA=="
        },
        {
          "index_key": 77,
          "schema_version": 0,
          "attributes": {
            "id": "-",
            "input": [
              "RUN",
              "DANCE",
              "LOVE",
              "RESPECT",
              "KICKED",
              "BAKED"
            ],
            "keepers": null,
            "result": [
              "RESPECT",
              "BAKED",
              "KICKED",
              "DANCE",
              "LOVE",
              "RUN"
            ],
            "result_count": null,
            "seed": null
          },
          "sensitive_attributes": [],
          "private": "bnVsbA=="
        },
        {
          "index_key": 78,
          "schema_version": 0,
          "attributes": {
            "id": "-",
            "input": [
              "RUN",
              "DANCE",
              "LOVE",
              "RESPECT",
              "KICKED",
              "BAKED"
            ],
            "keepers": null,
            "result": [
              "LOVE",
              "RESPECT",
              "KICKED",
              "RUN",
              "BAKED",
              "DANCE"
            ],
            "result_count": null,
            "seed": null
          },
          "sensitive_attributes": [],
          "private": "bnVsbA=="
        },
        {
          "index_key": 79,
          "schema_version": 0,
          "attributes": {
            "id": "-",
            "input": [
              "RUN",
              "DANCE",
              "LOVE",
              "RESPECT",
              "KICKED",
              "BAKED"
            ],
            "keepers": null,
            "result": [
              "DANCE",
              "KICKED",
              "RUN",
              "BAKED",
              "RESPECT",
              "LOVE"
            ],
            "result_count": null,
            "seed": null
          },
          "sensitive_attributes": [],
          "private": "bnVsbA=="
        },
        {
          "index_key": 80,
          "schema_version": 0,
          "attributes": {
            "id": "-",
            "input": [
              "RUN",
              "DANCE",
              "LOVE",
              "RESPECT",
              "KICKED",
              "BAKED"
            ],
            "keepers": null,
            "result": [
              "DANCE",
              "RUN",
              "BAKED",
              "RESPECT",
              "LOVE",
              "KICKED"
            ],
            "result_count": null,
            "seed": null
          },
          "sensitive_attributes": [],
          "private": "bnVsbA=="
        },
        {
          "index_key": 81,
          "schema_version": 0,
          "attributes": {
            "id": "-",
            "input": [
              "RUN",
              "DANCE",
              "LOVE",
              "RESPECT",
              "KICKED",
              "BAKED"
            ],
            "keepers": null,
            "result": [
              "BAKED",
              "KICKED",
              "RESPECT",
              "RUN",
              "LOVE",
              "DANCE"
            ],
            "result_count": null,
            "seed": null
          },
          "sensitive_attributes": [],
          "private": "bnVsbA=="
        },
        {
          "index_key": 82,
          "schema_version": 0,
          "attributes": {
            "id": "-",
            "input": [
              "RUN",
              "DANCE",
              "LOVE",
              "RESPECT",
              "KICKED",
              "BAKED"
            ],
            "keepers": null,
            "result": [
              "DANCE",
              "BAKED",
              "RESPECT",
              "KICKED",
              "LOVE",
              "RUN"
            ],
            "result_count": null,
            "seed": null
          },
          "sensitive_attributes": [],
          "private": "bnVsbA=="
        },
        {
          "index_key": 83,
          "schema_version": 0,
          "attributes": {
            "id": "-",
            "input": [
              "RUN",
              "DANCE",
              "LOVE",
              "RESPECT",
              "KICKED",
              "BAKED"
            ],
            "keepers": null,
            "result": [
              "RUN",
              "RESPECT",
              "KICKED",
              "DANCE",
              "LOVE",
              "BAKED"
            ],
            "result_count": null,
            "seed": null
          },
          "sensitive_attributes": [],
          "private": "bnVsbA=="
        },
        {
          "index_key": 84,
          "schema_version": 0,
          "attributes": {
            "id": "-",
            "input": [
              "RUN",
              "DANCE",
              "LOVE",
              "RESPECT",
              "KICKED",
              "BAKED"
            ],
            "keepers": null,
            "result": [
              "LOVE",
              "KICKED",
              "BAKED",
              "RESPECT",
              "RUN",
              "DANCE"
            ],
            "result_count": null,
            "seed": null
          },
          "sensitive_attributes": [],
          "private": "bnVsbA=="
        },
        {
          "index_key": 85,
          "schema_version": 0,
          "attributes": {
            "id": "-",
            "input": [
              "RUN",
              "DANCE",
              "LOVE",
              "RESPECT",
              "KICKED",
              "BAKED"
            ],
            "keepers": null,
            "result": [
              "BAKED",
              "RUN",
              "RESPECT",
              "KICKED",
              "DANCE",
              "LOVE"
            ],
            "result_count": null,
            "seed": null
          },
          "sensitive_attributes": [],
          "private": "bnVsbA=="
        },
        {
          "index_key": 86,
          "schema_version": 0,
          "attributes": {
            "id": "-",
            "input": [
              "RUN",
              "DANCE",
              "LOVE",
              "RESPECT",
              "KICKED",
              "BAKED"
            ],
            "keepers": null,
            "result": [
              "BAKED",
              "LOVE",
              "RUN",
              "DANCE",
              "RESPECT",
              "KICKED"
            ],
            "result_count": null,
            "seed": null
          },
          "sensitive_attributes": [],
          "private": "bnVsbA=="
        },
        {
          "index_key": 87,
          "schema_version": 0,
          "attributes": {
            "id": "-",
            "input": [
              "RUN",
              "DANCE",
              "LOVE",
              "RESPECT",
              "KICKED",
              "BAKED"
            ],
            "keepers": null,
            "result": [
              "LOVE",
              "RUN",
              "RESPECT",
              "DANCE",
              "KICKED",
              "BAKED"
            ],
            "result_count": null,
            "seed": null
          },
          "sensitive_attributes": [],
          "private": "bnVsbA=="
        },
        {
          "index_key": 88,
          "schema_version": 0,
          "attributes": {
            "id": "-",
            "input": [
              "RUN",
              "DANCE",
              "LOVE",
              "RESPECT",
              "KICKED",
              "BAKED"
            ],
            "keepers": null,
            "result": [
              "RESPECT",
              "DANCE",
              "BAKED",
              "LOVE",
              "RUN",
              "KICKED"
            ],
            "result_count": null,
            "seed": null
          },
          "sensitive_attributes": [],
          "private": "bnVsbA=="
        },
        {
          "index_key": 89,
          "schema_version": 0,
          "attributes": {
            "id": "-",
            "input": [
              "RUN",
              "DANCE",
              "LOVE",
              "RESPECT",
              "KICKED",
              "BAKED"
            ],
            "keepers": null,
            "result": [
              "KICKED",
              "RUN",
              "RESPECT",
              "BAKED",
              "LOVE",
              "DANCE"
            ],
            "result_count": null,
            "seed": null
          },
          "sensitive_attributes": [],
          "private": "bnVsbA=="
        },
        {
          "index_key": 90,
          "schema_version": 0,
          "attributes": {
            "id": "-",
            "input": [
              "RUN",
              "DANCE",
              "LOVE",
              "RESPECT",
              "KICKED",
              "BAKED"
            ],
            "keepers": null,
            "result": [
              "DANCE",
              "BAKED",
              "LOVE",
              "KICKED",
              "RESPECT",
              "RUN"
            ],
            "result_count": null,
            "seed": null
          },
          "sensitive_attributes": [],
          "private": "bnVsbA=="
        },
        {
          "index_key": 91,
          "schema_version": 0,
          "attributes": {
            "id": "-",
            "input": [
              "RUN",
              "DANCE",
              "LOVE",
              "RESPECT",
              "KICKED",
              "BAKED"
            ],
            "keepers": null,
            "result": [
              "DANCE",
              "RESPECT",
              "KICKED",
              "RUN",
              "LOVE",
              "BAKED"
            ],
            "result_count": null,
            "seed": null
          },
          "sensitive_attributes": [],
          "private": "bnVsbA=="
        },
        {
          "index_key": 92,
          "schema_version": 0,
          "attributes": {
            "id": "-",
            "input": [
              "RUN",
              "DANCE",
              "LOVE",
              "RESPECT",
              "KICKED",
              "BAKED"
            ],
            "keepers": null,
            "result": [
              "LOVE",
              "KICKED",
              "RUN",
              "RESPECT",
              "BAKED",
              "DANCE"
            ],
            "result_count": null,
            "seed": null
          },
          "sensitive_attributes": [],
          "private": "bnVsbA=="
        },
        {
          "index_key": 93,
          "schema_version": 0,
          "attributes": {
            "id": "-",
            "input": [
              "RUN",
              "DANCE",
              "LOVE",
              "RESPECT",
              "KICKED",
              "BAKED"
            ],
            "keepers": null,
            "result": [
              "LOVE",
              "BAKED",
              "DANCE",
              "RESPECT",
              "RUN",
              "KICKED"
            ],
            "result_count": null,
            "seed": null
          },
          "sensitive_attributes": [],
          "private": "bnVsbA=="
        },
        {
          "index_key": 94,
          "schema_version": 0,
          "attributes": {
            "id": "-",
            "input": [
              "RUN",
              "DANCE",
              "LOVE",
              "RESPECT",
              "KICKED",
              "BAKED"
            ],
            "keepers": null,
            "result": [
              "KICKED",
              "RUN",
              "DANCE",
              "LOVE",
              "BAKED",
              "RESPECT"
            ],
            "result_count": null,
            "seed": null
          },
          "sensitive_attributes": [],
          "private": "bnVsbA=="
        },
        {
          "index_key": 95,
          "schema_version": 0,
          "attributes": {
            "id": "-",
            "input": [
              "RUN",
              "DANCE",
              "LOVE",
              "RESPECT",
              "KICKED",
              "BAKED"
            ],
            "keepers": null,
            "result": [
              "RESPECT",
              "RUN",
              "LOVE",
              "DANCE",
              "BAKED",
              "KICKED"
            ],
            "result_count": null,
            "seed": null
          },
          "sensitive_attributes": [],
          "private": "bnVsbA=="
        },
        {
          "index_key": 96,
          "schema_version": 0,
          "attributes": {
            "id": "-",
            "input": [
              "RUN",
              "DANCE",
              "LOVE",
              "RESPECT",
              "KICKED",
              "BAKED"
            ],
            "keepers": null,
            "result": [
              "LOVE",
              "BAKED",
              "KICKED",
              "DANCE",
              "RUN",
              "RESPECT"
            ],
            "result_count": null,
            "seed": null
          },
          "sensitive_attributes": [],
          "private": "bnVsbA=="
        },
        {
          "index_key": 97,
          "schema_version": 0,
          "attributes": {
            "id": "-",
            "input": [
              "RUN",
              "DANCE",
              "LOVE",
              "RESPECT",
              "KICKED",
              "BAKED"
            ],
            "keepers": null,
            "result": [
              "DANCE",
              "BAKED",
              "RESPECT",
              "LOVE",
              "KICKED",
              "RUN"
            ],
            "result_count": null,
            "seed": null
          },
          "sensitive_attributes": [],
          "private": "bnVsbA=="
        },
        {
          "index_key": 98,
          "schema_version": 0,
          "attributes": {
            "id": "-",
            "input": [
              "RUN",
              "DANCE",
              "LOVE",
              "RESPECT",
              "KICKED",
              "BAKED"
            ],
            "keepers": null,
            "result": [
              "RESPECT",
              "LOVE",
              "RUN",
              "DANCE",
              "BAKED",
              "KICKED"
            ],
            "result_count": null,
            "seed": null
          },
          "sensitive_attributes": [],
          "private": "bnVsbA=="
        },
        {
          "index_key": 99,
          "schema_version": 0,
          "attributes": {
            "id": "-",
            "input": [
              "RUN",
              "DANCE",
              "LOVE",
              "RESPECT",
              "KICKED",
              "BAKED"
            ],
            "keepers": null,
            "result": [
              "RUN",
              "RESPECT",
              "BAKED",
              "DANCE",
              "KICKED",
              "LOVE"
            ],
            "result_count": null,
            "seed": null
          },
          "sensitive_attributes": [],
          "private": "bnVsbA=="
        }
      ]
    }
  ]
}
